{
  "version": 4,
  "terraform_version": "1.5.7",
  "serial": 119,
  "lineage": "0440253c-4e9a-5be2-5817-57b2a6c87fa7",
  "outputs": {
    "subnetlbid1": {
      "value": "/subscriptions/5f94af94-2e21-425d-a715-e2b7df92f974/resourceGroups/app-networkes1-rg/providers/Microsoft.Network/virtualNetworks/app-es1-vnet/subnets/LBsubnet",
      "type": "string"
    }
  },
  "resources": [
    {
      "mode": "data",
      "type": "azurerm_client_config",
      "name": "current",
      "provider": "provider[\"registry.terraform.io/hashicorp/azurerm\"]",
      "instances": [
        {
          "schema_version": 0,
          "attributes": {
            "client_id": "bac0f6eb-ced4-4143-969e-5f6f46ff85f3",
            "id": "Y2xpZW50Q29uZmlncy9jbGllbnRJZD1iYWMwZjZlYi1jZWQ0LTQxNDMtOTY5ZS01ZjZmNDZmZjg1ZjM7b2JqZWN0SWQ9YzU1ZTdiNjctODZmMS00NTNkLThkODMtZjA0ZjJmYWM1YWNiO3N1YnNjcmlwdGlvbklkPTVmOTRhZjk0LTJlMjEtNDI1ZC1hNzE1LWUyYjdkZjkyZjk3NDt0ZW5hbnRJZD00YWU1NGIwNS1iNzdlLTQyMjQtYWVmMS04NjYxNDIyZTA4MTY=",
            "object_id": "c55e7b67-86f1-453d-8d83-f04f2fac5acb",
            "subscription_id": "5f94af94-2e21-425d-a715-e2b7df92f974",
            "tenant_id": "4ae54b05-b77e-4224-aef1-8661422e0816",
            "timeouts": null
          },
          "sensitive_attributes": []
        }
      ]
    },
    {
      "module": "module.aads_RG",
      "mode": "managed",
      "type": "azurerm_resource_group",
      "name": "lawsrg",
      "provider": "provider[\"registry.terraform.io/hashicorp/azurerm\"]",
      "instances": [
        {
          "schema_version": 0,
          "attributes": {
            "id": "/subscriptions/5f94af94-2e21-425d-a715-e2b7df92f974/resourceGroups/aads-es1-rg",
            "location": "eastus",
            "managed_by": "",
            "name": "aads-es1-rg",
            "tags": {
              "Environment": "Shared",
              "Location": "eastus"
            },
            "timeouts": null
          },
          "sensitive_attributes": [],
          "private": "eyJlMmJmYjczMC1lY2FhLTExZTYtOGY4OC0zNDM2M2JjN2M0YzAiOnsiY3JlYXRlIjo1NDAwMDAwMDAwMDAwLCJkZWxldGUiOjU0MDAwMDAwMDAwMDAsInJlYWQiOjMwMDAwMDAwMDAwMCwidXBkYXRlIjo1NDAwMDAwMDAwMDAwfX0="
        }
      ]
    },
    {
      "module": "module.app_network_rg",
      "mode": "managed",
      "type": "azurerm_resource_group",
      "name": "lawsrg",
      "provider": "provider[\"registry.terraform.io/hashicorp/azurerm\"]",
      "instances": [
        {
          "schema_version": 0,
          "attributes": {
            "id": "/subscriptions/5f94af94-2e21-425d-a715-e2b7df92f974/resourceGroups/app-networkes1-rg",
            "location": "eastus",
            "managed_by": "",
            "name": "app-networkes1-rg",
            "tags": {
              "Environment": "PRD",
              "Location": "eastus"
            },
            "timeouts": null
          },
          "sensitive_attributes": [],
          "private": "eyJlMmJmYjczMC1lY2FhLTExZTYtOGY4OC0zNDM2M2JjN2M0YzAiOnsiY3JlYXRlIjo1NDAwMDAwMDAwMDAwLCJkZWxldGUiOjU0MDAwMDAwMDAwMDAsInJlYWQiOjMwMDAwMDAwMDAwMCwidXBkYXRlIjo1NDAwMDAwMDAwMDAwfX0="
        }
      ]
    },
    {
      "module": "module.app_vnet",
      "mode": "managed",
      "type": "azurerm_route_table",
      "name": "sharedrt",
      "provider": "provider[\"registry.terraform.io/hashicorp/azurerm\"]",
      "instances": [
        {
          "schema_version": 0,
          "attributes": {
            "disable_bgp_route_propagation": false,
            "id": "/subscriptions/5f94af94-2e21-425d-a715-e2b7df92f974/resourceGroups/app-networkes1-rg/providers/Microsoft.Network/routeTables/shared-rt",
            "location": "eastus",
            "name": "shared-rt",
            "resource_group_name": "app-networkes1-rg",
            "route": [
              {
                "address_prefix": "10.41.0.0/22",
                "name": "sharedrt",
                "next_hop_in_ip_address": "",
                "next_hop_type": "VnetLocal"
              }
            ],
            "subnets": [
              "/subscriptions/5f94af94-2e21-425d-a715-e2b7df92f974/resourceGroups/app-networkes1-rg/providers/Microsoft.Network/virtualNetworks/app-es1-vnet/subnets/DBSubnet"
            ],
            "tags": {},
            "timeouts": null
          },
          "sensitive_attributes": [],
          "private": "eyJlMmJmYjczMC1lY2FhLTExZTYtOGY4OC0zNDM2M2JjN2M0YzAiOnsiY3JlYXRlIjoxODAwMDAwMDAwMDAwLCJkZWxldGUiOjE4MDAwMDAwMDAwMDAsInJlYWQiOjMwMDAwMDAwMDAwMCwidXBkYXRlIjoxODAwMDAwMDAwMDAwfX0=",
          "dependencies": [
            "module.app_network_rg.azurerm_resource_group.lawsrg",
            "module.app_vnet.azurerm_network_security_group.vnet-nsg",
            "module.app_vnet.azurerm_virtual_network.hubvnet"
          ]
        }
      ]
    },
    {
      "module": "module.app_vnet",
      "mode": "managed",
      "type": "azurerm_subnet_route_table_association",
      "name": "sharedrtasso",
      "provider": "provider[\"registry.terraform.io/hashicorp/azurerm\"]",
      "instances": [
        {
          "schema_version": 0,
          "attributes": {
            "id": "/subscriptions/5f94af94-2e21-425d-a715-e2b7df92f974/resourceGroups/app-networkes1-rg/providers/Microsoft.Network/virtualNetworks/app-es1-vnet/subnets/DBSubnet",
            "route_table_id": "/subscriptions/5f94af94-2e21-425d-a715-e2b7df92f974/resourceGroups/app-networkes1-rg/providers/Microsoft.Network/routeTables/shared-rt",
            "subnet_id": "/subscriptions/5f94af94-2e21-425d-a715-e2b7df92f974/resourceGroups/app-networkes1-rg/providers/Microsoft.Network/virtualNetworks/app-es1-vnet/subnets/DBSubnet",
            "timeouts": null
          },
          "sensitive_attributes": [],
          "private": "eyJlMmJmYjczMC1lY2FhLTExZTYtOGY4OC0zNDM2M2JjN2M0YzAiOnsiY3JlYXRlIjoxODAwMDAwMDAwMDAwLCJkZWxldGUiOjE4MDAwMDAwMDAwMDAsInJlYWQiOjMwMDAwMDAwMDAwMCwidXBkYXRlIjoxODAwMDAwMDAwMDAwfX0=",
          "dependencies": [
            "module.app_network_rg.azurerm_resource_group.lawsrg",
            "module.app_vnet.azurerm_network_security_group.vnet-nsg",
            "module.app_vnet.azurerm_route_table.sharedrt",
            "module.app_vnet.azurerm_virtual_network.hubvnet"
          ]
        }
      ]
    },
    {
      "module": "module.app_vnet",
      "mode": "managed",
      "type": "azurerm_virtual_network",
      "name": "hubvnet",
      "provider": "provider[\"registry.terraform.io/hashicorp/azurerm\"]",
      "instances": [
        {
          "schema_version": 0,
          "attributes": {
            "address_space": [
              "10.46.0.0/22"
            ],
            "bgp_community": "",
            "ddos_protection_plan": [],
            "dns_servers": [],
            "edge_zone": "",
            "encryption": [],
            "flow_timeout_in_minutes": 0,
            "guid": "f03bdc69-1d47-44b7-a686-f5a5c9366ea7",
            "id": "/subscriptions/5f94af94-2e21-425d-a715-e2b7df92f974/resourceGroups/app-networkes1-rg/providers/Microsoft.Network/virtualNetworks/app-es1-vnet",
            "location": "eastus",
            "name": "app-es1-vnet",
            "resource_group_name": "app-networkes1-rg",
            "subnet": [
              {
                "address_prefix": "10.46.0.0/25",
                "id": "/subscriptions/5f94af94-2e21-425d-a715-e2b7df92f974/resourceGroups/app-networkes1-rg/providers/Microsoft.Network/virtualNetworks/app-es1-vnet/subnets/AppSubnet",
                "name": "AppSubnet",
                "security_group": ""
              },
              {
                "address_prefix": "10.46.0.128/25",
                "id": "/subscriptions/5f94af94-2e21-425d-a715-e2b7df92f974/resourceGroups/app-networkes1-rg/providers/Microsoft.Network/virtualNetworks/app-es1-vnet/subnets/LBsubnet",
                "name": "LBsubnet",
                "security_group": ""
              },
              {
                "address_prefix": "10.46.3.0/26",
                "id": "/subscriptions/5f94af94-2e21-425d-a715-e2b7df92f974/resourceGroups/app-networkes1-rg/providers/Microsoft.Network/virtualNetworks/app-es1-vnet/subnets/DBSubnet",
                "name": "DBSubnet",
                "security_group": ""
              }
            ],
            "tags": {
              "Business unit": "N/A",
              "Bussiness Criticality": "High",
              "Cost center": "Exactlyit",
              "Data Classification": "General",
              "Environment": "PRD",
              "Location": "eastus",
              "Operations team": "Cloud Operations"
            },
            "timeouts": null
          },
          "sensitive_attributes": [],
          "private": "eyJlMmJmYjczMC1lY2FhLTExZTYtOGY4OC0zNDM2M2JjN2M0YzAiOnsiY3JlYXRlIjoxODAwMDAwMDAwMDAwLCJkZWxldGUiOjE4MDAwMDAwMDAwMDAsInJlYWQiOjMwMDAwMDAwMDAwMCwidXBkYXRlIjoxODAwMDAwMDAwMDAwfX0=",
          "dependencies": [
            "module.app_network_rg.azurerm_resource_group.lawsrg",
            "module.app_vnet.azurerm_network_security_group.vnet-nsg"
          ]
        }
      ]
    },
    {
      "module": "module.app_workload_rg",
      "mode": "managed",
      "type": "azurerm_resource_group",
      "name": "lawsrg",
      "provider": "provider[\"registry.terraform.io/hashicorp/azurerm\"]",
      "instances": [
        {
          "schema_version": 0,
          "attributes": {
            "id": "/subscriptions/5f94af94-2e21-425d-a715-e2b7df92f974/resourceGroups/app-workloades1-rg",
            "location": "eastus",
            "managed_by": "",
            "name": "app-workloades1-rg",
            "tags": {
              "Environment": "PRD",
              "Location": "eastus"
            },
            "timeouts": null
          },
          "sensitive_attributes": [],
          "private": "eyJlMmJmYjczMC1lY2FhLTExZTYtOGY4OC0zNDM2M2JjN2M0YzAiOnsiY3JlYXRlIjo1NDAwMDAwMDAwMDAwLCJkZWxldGUiOjU0MDAwMDAwMDAwMDAsInJlYWQiOjMwMDAwMDAwMDAwMCwidXBkYXRlIjo1NDAwMDAwMDAwMDAwfX0="
        }
      ]
    },
    {
      "module": "module.audit_SA[0]",
      "mode": "managed",
      "type": "azurerm_storage_account",
      "name": "storage_account",
      "provider": "provider[\"registry.terraform.io/hashicorp/azurerm\"]",
      "instances": [
        {
          "schema_version": 4,
          "attributes": {
            "access_tier": "Hot",
            "account_kind": "StorageV2",
            "account_replication_type": "LRS",
            "account_tier": "Standard",
            "allow_nested_items_to_be_public": true,
            "allowed_copy_scope": "",
            "azure_files_authentication": [],
            "blob_properties": [
              {
                "change_feed_enabled": false,
                "change_feed_retention_in_days": 0,
                "container_delete_retention_policy": [],
                "cors_rule": [],
                "default_service_version": "",
                "delete_retention_policy": [],
                "last_access_time_enabled": false,
                "restore_policy": [],
                "versioning_enabled": false
              }
            ],
            "cross_tenant_replication_enabled": true,
            "custom_domain": [],
            "customer_managed_key": [],
            "default_to_oauth_authentication": false,
            "edge_zone": "",
            "enable_https_traffic_only": true,
            "id": "/subscriptions/5f94af94-2e21-425d-a715-e2b7df92f974/resourceGroups/auditlogs-glb-rg/providers/Microsoft.Storage/storageAccounts/cl5auditsaalzes1sta",
            "identity": [],
            "immutability_policy": [],
            "infrastructure_encryption_enabled": false,
            "is_hns_enabled": false,
            "large_file_share_enabled": null,
            "location": "eastus",
            "min_tls_version": "TLS1_2",
            "name": "cl5auditsaalzes1sta",
            "network_rules": [
              {
                "bypass": [
                  "AzureServices"
                ],
                "default_action": "Allow",
                "ip_rules": [],
                "private_link_access": [],
                "virtual_network_subnet_ids": []
              }
            ],
            "nfsv3_enabled": false,
            "primary_access_key": "j5UFhrYAbHkGu2n1qBszx+/VsglOM6f9Q54g/OAZN/B0JCYQrv/tQfHCoRQCWV7/2rSkuTo0FluC+ASt+aQF6w==",
            "primary_blob_connection_string": "DefaultEndpointsProtocol=https;BlobEndpoint=https://cl5auditsaalzes1sta.blob.core.windows.net/;AccountName=cl5auditsaalzes1sta;AccountKey=j5UFhrYAbHkGu2n1qBszx+/VsglOM6f9Q54g/OAZN/B0JCYQrv/tQfHCoRQCWV7/2rSkuTo0FluC+ASt+aQF6w==",
            "primary_blob_endpoint": "https://cl5auditsaalzes1sta.blob.core.windows.net/",
            "primary_blob_host": "cl5auditsaalzes1sta.blob.core.windows.net",
            "primary_connection_string": "DefaultEndpointsProtocol=https;AccountName=cl5auditsaalzes1sta;AccountKey=j5UFhrYAbHkGu2n1qBszx+/VsglOM6f9Q54g/OAZN/B0JCYQrv/tQfHCoRQCWV7/2rSkuTo0FluC+ASt+aQF6w==;EndpointSuffix=core.windows.net",
            "primary_dfs_endpoint": "https://cl5auditsaalzes1sta.dfs.core.windows.net/",
            "primary_dfs_host": "cl5auditsaalzes1sta.dfs.core.windows.net",
            "primary_file_endpoint": "https://cl5auditsaalzes1sta.file.core.windows.net/",
            "primary_file_host": "cl5auditsaalzes1sta.file.core.windows.net",
            "primary_location": "eastus",
            "primary_queue_endpoint": "https://cl5auditsaalzes1sta.queue.core.windows.net/",
            "primary_queue_host": "cl5auditsaalzes1sta.queue.core.windows.net",
            "primary_table_endpoint": "https://cl5auditsaalzes1sta.table.core.windows.net/",
            "primary_table_host": "cl5auditsaalzes1sta.table.core.windows.net",
            "primary_web_endpoint": "https://cl5auditsaalzes1sta.z13.web.core.windows.net/",
            "primary_web_host": "cl5auditsaalzes1sta.z13.web.core.windows.net",
            "public_network_access_enabled": true,
            "queue_encryption_key_type": "Service",
            "queue_properties": [
              {
                "cors_rule": [],
                "hour_metrics": [
                  {
                    "enabled": true,
                    "include_apis": true,
                    "retention_policy_days": 7,
                    "version": "1.0"
                  }
                ],
                "logging": [
                  {
                    "delete": false,
                    "read": false,
                    "retention_policy_days": 0,
                    "version": "1.0",
                    "write": false
                  }
                ],
                "minute_metrics": [
                  {
                    "enabled": false,
                    "include_apis": false,
                    "retention_policy_days": 0,
                    "version": "1.0"
                  }
                ]
              }
            ],
            "resource_group_name": "auditlogs-glb-rg",
            "routing": [],
            "sas_policy": [],
            "secondary_access_key": "E8YJsZioZIxZSw7wrqvhO9N8xS2SpRGOqLg2wozZqhem8cf1WqLiIXf0i+2sH18sX26F+IC/2lOV+ASt4V1p5w==",
            "secondary_blob_connection_string": "",
            "secondary_blob_endpoint": null,
            "secondary_blob_host": null,
            "secondary_connection_string": "DefaultEndpointsProtocol=https;AccountName=cl5auditsaalzes1sta;AccountKey=E8YJsZioZIxZSw7wrqvhO9N8xS2SpRGOqLg2wozZqhem8cf1WqLiIXf0i+2sH18sX26F+IC/2lOV+ASt4V1p5w==;EndpointSuffix=core.windows.net",
            "secondary_dfs_endpoint": null,
            "secondary_dfs_host": null,
            "secondary_file_endpoint": null,
            "secondary_file_host": null,
            "secondary_location": "",
            "secondary_queue_endpoint": null,
            "secondary_queue_host": null,
            "secondary_table_endpoint": null,
            "secondary_table_host": null,
            "secondary_web_endpoint": null,
            "secondary_web_host": null,
            "sftp_enabled": false,
            "share_properties": [
              {
                "cors_rule": [],
                "retention_policy": [
                  {
                    "days": 7
                  }
                ],
                "smb": []
              }
            ],
            "shared_access_key_enabled": true,
            "static_website": [],
            "table_encryption_key_type": "Service",
            "tags": {
              "Business unit": "N/A",
              "Bussiness Criticality": "High",
              "Cost center": "Exactlyit",
              "Data Classification": "General",
              "Environment": "Audit",
              "Location": "eastus",
              "Operations team": "Cloud Operations"
            },
            "timeouts": null
          },
          "sensitive_attributes": [],
          "private": "eyJlMmJmYjczMC1lY2FhLTExZTYtOGY4OC0zNDM2M2JjN2M0YzAiOnsiY3JlYXRlIjozNjAwMDAwMDAwMDAwLCJkZWxldGUiOjM2MDAwMDAwMDAwMDAsInJlYWQiOjMwMDAwMDAwMDAwMCwidXBkYXRlIjozNjAwMDAwMDAwMDAwfSwic2NoZW1hX3ZlcnNpb24iOiI0In0=",
          "dependencies": [
            "module.auditlogs_RG.azurerm_resource_group.lawsrg"
          ]
        }
      ]
    },
    {
      "module": "module.auditlogs_RG",
      "mode": "managed",
      "type": "azurerm_resource_group",
      "name": "lawsrg",
      "provider": "provider[\"registry.terraform.io/hashicorp/azurerm\"]",
      "instances": [
        {
          "schema_version": 0,
          "attributes": {
            "id": "/subscriptions/5f94af94-2e21-425d-a715-e2b7df92f974/resourceGroups/auditlogs-glb-rg",
            "location": "eastus",
            "managed_by": "",
            "name": "auditlogs-glb-rg",
            "tags": {
              "Environment": "Audit",
              "Location": "eastus"
            },
            "timeouts": null
          },
          "sensitive_attributes": [],
          "private": "eyJlMmJmYjczMC1lY2FhLTExZTYtOGY4OC0zNDM2M2JjN2M0YzAiOnsiY3JlYXRlIjo1NDAwMDAwMDAwMDAwLCJkZWxldGUiOjU0MDAwMDAwMDAwMDAsInJlYWQiOjMwMDAwMDAwMDAwMCwidXBkYXRlIjo1NDAwMDAwMDAwMDAwfX0="
        }
      ]
    },
    {
      "module": "module.auditlogs_WS",
      "mode": "managed",
      "type": "azurerm_log_analytics_workspace",
      "name": "laws",
      "provider": "provider[\"registry.terraform.io/hashicorp/azurerm\"]",
      "instances": [
        {
          "schema_version": 3,
          "attributes": {
            "allow_resource_only_permissions": true,
            "cmk_for_query_forced": false,
            "daily_quota_gb": -1,
            "id": "/subscriptions/5f94af94-2e21-425d-a715-e2b7df92f974/resourceGroups/auditlogs-glb-rg/providers/Microsoft.OperationalInsights/workspaces/cl5-auditlogs-alz-es1-workspace",
            "internet_ingestion_enabled": true,
            "internet_query_enabled": true,
            "local_authentication_disabled": false,
            "location": "eastus",
            "name": "cl5-auditlogs-alz-es1-workspace",
            "primary_shared_key": "sfXZq1tSYqH1FRiv6sN+a1XAAj6K9G+IOISBIecWZxrKohjd2aC8BVtZwZbprv7zOn8N1XvD5tHnr9Bak6lKdw==",
            "reservation_capacity_in_gb_per_day": null,
            "resource_group_name": "auditlogs-glb-rg",
            "retention_in_days": 90,
            "secondary_shared_key": "CQ0ycQENh38XsOmfcNHGT/BqdPd2icATuZQiCPMvfO5UdyzKTbaFHY0H6Iqc2AQqb7cHHBjgsCCz0gVRuKG5nw==",
            "sku": "PerGB2018",
            "tags": {
              "Business unit": "N/A",
              "Bussiness Criticality": "High",
              "Cost center": "Exactlyit",
              "Data Classification": "General",
              "Environment": "Audit",
              "Location": "eastus",
              "Operations team": "Cloud Operations"
            },
            "timeouts": null,
            "workspace_id": "79c4859a-72c8-4604-aca2-ef49ae38698d"
          },
          "sensitive_attributes": [],
          "private": "eyJlMmJmYjczMC1lY2FhLTExZTYtOGY4OC0zNDM2M2JjN2M0YzAiOnsiY3JlYXRlIjoxODAwMDAwMDAwMDAwLCJkZWxldGUiOjE4MDAwMDAwMDAwMDAsInJlYWQiOjMwMDAwMDAwMDAwMCwidXBkYXRlIjoxODAwMDAwMDAwMDAwfSwic2NoZW1hX3ZlcnNpb24iOiIzIn0=",
          "dependencies": [
            "module.auditlogs_RG.azurerm_resource_group.lawsrg"
          ]
        }
      ]
    },
    {
      "module": "module.az_recovery_service_vault",
      "mode": "managed",
      "type": "azurerm_recovery_services_vault",
      "name": "vault",
      "provider": "provider[\"registry.terraform.io/hashicorp/azurerm\"]",
      "instances": [
        {
          "schema_version": 0,
          "attributes": {
            "classic_vmware_replication_enabled": null,
            "cross_region_restore_enabled": false,
            "encryption": [],
            "id": "/subscriptions/5f94af94-2e21-425d-a715-e2b7df92f974/resourceGroups/backup-es1-rg/providers/Microsoft.RecoveryServices/vaults/backup-es1-rsv",
            "identity": [],
            "immutability": null,
            "location": "eastus",
            "monitoring": [],
            "name": "backup-es1-rsv",
            "public_network_access_enabled": true,
            "resource_group_name": "backup-es1-rg",
            "sku": "Standard",
            "soft_delete_enabled": true,
            "storage_mode_type": "GeoRedundant",
            "tags": {
              "Business unit": "N/A",
              "Bussiness Criticality": "High",
              "Cost center": "Exactlyit",
              "Data Classification": "General",
              "Environment": "Shared",
              "Location": "eastus",
              "Operations team": "Cloud Operations"
            },
            "timeouts": null
          },
          "sensitive_attributes": [],
          "private": "eyJlMmJmYjczMC1lY2FhLTExZTYtOGY4OC0zNDM2M2JjN2M0YzAiOnsiY3JlYXRlIjo3MjAwMDAwMDAwMDAwLCJkZWxldGUiOjE4MDAwMDAwMDAwMDAsInJlYWQiOjMwMDAwMDAwMDAwMCwidXBkYXRlIjozNjAwMDAwMDAwMDAwfX0=",
          "dependencies": [
            "module.backup_RG.azurerm_resource_group.lawsrg"
          ]
        }
      ]
    },
    {
      "module": "module.backup_RG",
      "mode": "managed",
      "type": "azurerm_resource_group",
      "name": "lawsrg",
      "provider": "provider[\"registry.terraform.io/hashicorp/azurerm\"]",
      "instances": [
        {
          "schema_version": 0,
          "attributes": {
            "id": "/subscriptions/5f94af94-2e21-425d-a715-e2b7df92f974/resourceGroups/backup-es1-rg",
            "location": "eastus",
            "managed_by": "",
            "name": "backup-es1-rg",
            "tags": {
              "Environment": "Shared",
              "Location": "eastus"
            },
            "timeouts": null
          },
          "sensitive_attributes": [],
          "private": "eyJlMmJmYjczMC1lY2FhLTExZTYtOGY4OC0zNDM2M2JjN2M0YzAiOnsiY3JlYXRlIjo1NDAwMDAwMDAwMDAwLCJkZWxldGUiOjU0MDAwMDAwMDAwMDAsInJlYWQiOjMwMDAwMDAwMDAwMCwidXBkYXRlIjo1NDAwMDAwMDAwMDAwfX0="
        }
      ]
    },
    {
      "module": "module.costmgmt_RG",
      "mode": "managed",
      "type": "azurerm_resource_group",
      "name": "lawsrg",
      "provider": "provider[\"registry.terraform.io/hashicorp/azurerm\"]",
      "instances": [
        {
          "schema_version": 0,
          "attributes": {
            "id": "/subscriptions/5f94af94-2e21-425d-a715-e2b7df92f974/resourceGroups/costmgmt-glb-rg",
            "location": "eastus",
            "managed_by": "",
            "name": "costmgmt-glb-rg",
            "tags": {
              "Environment": "Management",
              "Location": "eastus"
            },
            "timeouts": null
          },
          "sensitive_attributes": [],
          "private": "eyJlMmJmYjczMC1lY2FhLTExZTYtOGY4OC0zNDM2M2JjN2M0YzAiOnsiY3JlYXRlIjo1NDAwMDAwMDAwMDAwLCJkZWxldGUiOjU0MDAwMDAwMDAwMDAsInJlYWQiOjMwMDAwMDAwMDAwMCwidXBkYXRlIjo1NDAwMDAwMDAwMDAwfX0="
        }
      ]
    },
    {
      "module": "module.disk_attachment[\"cl5dces1p00-data-00\"]",
      "mode": "managed",
      "type": "azurerm_virtual_machine_data_disk_attachment",
      "name": "disk_attach",
      "provider": "provider[\"registry.terraform.io/hashicorp/azurerm\"]",
      "instances": [
        {
          "schema_version": 0,
          "attributes": {
            "caching": "None",
            "create_option": "Attach",
            "id": "/subscriptions/5f94af94-2e21-425d-a715-e2b7df92f974/resourceGroups/aads-es1-rg/providers/Microsoft.Compute/virtualMachines/cl5dces1p00/dataDisks/cl5dces1p00-data-00",
            "lun": 0,
            "managed_disk_id": "/subscriptions/5f94af94-2e21-425d-a715-e2b7df92f974/resourceGroups/aads-es1-rg/providers/Microsoft.Compute/disks/cl5dces1p00-data-00",
            "timeouts": null,
            "virtual_machine_id": "/subscriptions/5f94af94-2e21-425d-a715-e2b7df92f974/resourceGroups/aads-es1-rg/providers/Microsoft.Compute/virtualMachines/cl5dces1p00",
            "write_accelerator_enabled": false
          },
          "sensitive_attributes": [],
          "private": "eyJlMmJmYjczMC1lY2FhLTExZTYtOGY4OC0zNDM2M2JjN2M0YzAiOnsiY3JlYXRlIjoxODAwMDAwMDAwMDAwLCJkZWxldGUiOjE4MDAwMDAwMDAwMDAsInJlYWQiOjMwMDAwMDAwMDAwMCwidXBkYXRlIjoxODAwMDAwMDAwMDAwfX0=",
          "dependencies": [
            "data.azurerm_client_config.current",
            "module.aads_RG.azurerm_resource_group.lawsrg",
            "module.keyvault.azurerm_key_vault.keyvault",
            "module.keyvault.azurerm_key_vault_access_policy.accesspolicy_sp",
            "module.keyvault.azurerm_key_vault_access_policy.accesspolicy_user",
            "module.keyvault_RG.azurerm_resource_group.lawsrg",
            "module.managed_disk.azurerm_managed_disk.disk",
            "module.secret_key.azurerm_key_vault_secret.key_vault_secret",
            "module.secret_key.random_string.password",
            "module.shared_vnet.azurerm_network_security_group.vnet-nsg",
            "module.shared_vnet.azurerm_route_table.sharedrt",
            "module.shared_vnet.azurerm_subnet_route_table_association.sharedrtasso",
            "module.shared_vnet.azurerm_virtual_network.hubvnet",
            "module.sharednetwork_RG.azurerm_resource_group.lawsrg",
            "module.windows_vm.azurerm_network_interface.nic",
            "module.windows_vm.azurerm_windows_virtual_machine.virtual-machine"
          ]
        }
      ]
    },
    {
      "module": "module.disk_attachment[\"cl5dces1p00-data-01\"]",
      "mode": "managed",
      "type": "azurerm_virtual_machine_data_disk_attachment",
      "name": "disk_attach",
      "provider": "provider[\"registry.terraform.io/hashicorp/azurerm\"]",
      "instances": [
        {
          "schema_version": 0,
          "attributes": {
            "caching": "None",
            "create_option": "Attach",
            "id": "/subscriptions/5f94af94-2e21-425d-a715-e2b7df92f974/resourceGroups/aads-es1-rg/providers/Microsoft.Compute/virtualMachines/cl5dces1p00/dataDisks/cl5dces1p00-data-01",
            "lun": 1,
            "managed_disk_id": "/subscriptions/5f94af94-2e21-425d-a715-e2b7df92f974/resourceGroups/aads-es1-rg/providers/Microsoft.Compute/disks/cl5dces1p00-data-01",
            "timeouts": null,
            "virtual_machine_id": "/subscriptions/5f94af94-2e21-425d-a715-e2b7df92f974/resourceGroups/aads-es1-rg/providers/Microsoft.Compute/virtualMachines/cl5dces1p00",
            "write_accelerator_enabled": false
          },
          "sensitive_attributes": [],
          "private": "eyJlMmJmYjczMC1lY2FhLTExZTYtOGY4OC0zNDM2M2JjN2M0YzAiOnsiY3JlYXRlIjoxODAwMDAwMDAwMDAwLCJkZWxldGUiOjE4MDAwMDAwMDAwMDAsInJlYWQiOjMwMDAwMDAwMDAwMCwidXBkYXRlIjoxODAwMDAwMDAwMDAwfX0=",
          "dependencies": [
            "data.azurerm_client_config.current",
            "module.aads_RG.azurerm_resource_group.lawsrg",
            "module.keyvault.azurerm_key_vault.keyvault",
            "module.keyvault.azurerm_key_vault_access_policy.accesspolicy_sp",
            "module.keyvault.azurerm_key_vault_access_policy.accesspolicy_user",
            "module.keyvault_RG.azurerm_resource_group.lawsrg",
            "module.managed_disk.azurerm_managed_disk.disk",
            "module.secret_key.azurerm_key_vault_secret.key_vault_secret",
            "module.secret_key.random_string.password",
            "module.shared_vnet.azurerm_network_security_group.vnet-nsg",
            "module.shared_vnet.azurerm_route_table.sharedrt",
            "module.shared_vnet.azurerm_subnet_route_table_association.sharedrtasso",
            "module.shared_vnet.azurerm_virtual_network.hubvnet",
            "module.sharednetwork_RG.azurerm_resource_group.lawsrg",
            "module.windows_vm.azurerm_network_interface.nic",
            "module.windows_vm.azurerm_windows_virtual_machine.virtual-machine"
          ]
        }
      ]
    },
    {
      "module": "module.disk_attachment[\"cl5dces1p00-data-02\"]",
      "mode": "managed",
      "type": "azurerm_virtual_machine_data_disk_attachment",
      "name": "disk_attach",
      "provider": "provider[\"registry.terraform.io/hashicorp/azurerm\"]",
      "instances": [
        {
          "schema_version": 0,
          "attributes": {
            "caching": "None",
            "create_option": "Attach",
            "id": "/subscriptions/5f94af94-2e21-425d-a715-e2b7df92f974/resourceGroups/aads-es1-rg/providers/Microsoft.Compute/virtualMachines/cl5dces1p00/dataDisks/cl5dces1p00-data-02",
            "lun": 2,
            "managed_disk_id": "/subscriptions/5f94af94-2e21-425d-a715-e2b7df92f974/resourceGroups/aads-es1-rg/providers/Microsoft.Compute/disks/cl5dces1p00-data-02",
            "timeouts": null,
            "virtual_machine_id": "/subscriptions/5f94af94-2e21-425d-a715-e2b7df92f974/resourceGroups/aads-es1-rg/providers/Microsoft.Compute/virtualMachines/cl5dces1p00",
            "write_accelerator_enabled": false
          },
          "sensitive_attributes": [],
          "private": "eyJlMmJmYjczMC1lY2FhLTExZTYtOGY4OC0zNDM2M2JjN2M0YzAiOnsiY3JlYXRlIjoxODAwMDAwMDAwMDAwLCJkZWxldGUiOjE4MDAwMDAwMDAwMDAsInJlYWQiOjMwMDAwMDAwMDAwMCwidXBkYXRlIjoxODAwMDAwMDAwMDAwfX0=",
          "dependencies": [
            "data.azurerm_client_config.current",
            "module.aads_RG.azurerm_resource_group.lawsrg",
            "module.keyvault.azurerm_key_vault.keyvault",
            "module.keyvault.azurerm_key_vault_access_policy.accesspolicy_sp",
            "module.keyvault.azurerm_key_vault_access_policy.accesspolicy_user",
            "module.keyvault_RG.azurerm_resource_group.lawsrg",
            "module.managed_disk.azurerm_managed_disk.disk",
            "module.secret_key.azurerm_key_vault_secret.key_vault_secret",
            "module.secret_key.random_string.password",
            "module.shared_vnet.azurerm_network_security_group.vnet-nsg",
            "module.shared_vnet.azurerm_route_table.sharedrt",
            "module.shared_vnet.azurerm_subnet_route_table_association.sharedrtasso",
            "module.shared_vnet.azurerm_virtual_network.hubvnet",
            "module.sharednetwork_RG.azurerm_resource_group.lawsrg",
            "module.windows_vm.azurerm_network_interface.nic",
            "module.windows_vm.azurerm_windows_virtual_machine.virtual-machine"
          ]
        }
      ]
    },
    {
      "module": "module.disk_attachment[\"cl5dces1p01-data-00\"]",
      "mode": "managed",
      "type": "azurerm_virtual_machine_data_disk_attachment",
      "name": "disk_attach",
      "provider": "provider[\"registry.terraform.io/hashicorp/azurerm\"]",
      "instances": [
        {
          "schema_version": 0,
          "attributes": {
            "caching": "None",
            "create_option": "Attach",
            "id": "/subscriptions/5f94af94-2e21-425d-a715-e2b7df92f974/resourceGroups/aads-es1-rg/providers/Microsoft.Compute/virtualMachines/cl5dces1p01/dataDisks/cl5dces1p01-data-00",
            "lun": 0,
            "managed_disk_id": "/subscriptions/5f94af94-2e21-425d-a715-e2b7df92f974/resourceGroups/aads-es1-rg/providers/Microsoft.Compute/disks/cl5dces1p01-data-00",
            "timeouts": null,
            "virtual_machine_id": "/subscriptions/5f94af94-2e21-425d-a715-e2b7df92f974/resourceGroups/aads-es1-rg/providers/Microsoft.Compute/virtualMachines/cl5dces1p01",
            "write_accelerator_enabled": false
          },
          "sensitive_attributes": [],
          "private": "eyJlMmJmYjczMC1lY2FhLTExZTYtOGY4OC0zNDM2M2JjN2M0YzAiOnsiY3JlYXRlIjoxODAwMDAwMDAwMDAwLCJkZWxldGUiOjE4MDAwMDAwMDAwMDAsInJlYWQiOjMwMDAwMDAwMDAwMCwidXBkYXRlIjoxODAwMDAwMDAwMDAwfX0=",
          "dependencies": [
            "data.azurerm_client_config.current",
            "module.aads_RG.azurerm_resource_group.lawsrg",
            "module.keyvault.azurerm_key_vault.keyvault",
            "module.keyvault.azurerm_key_vault_access_policy.accesspolicy_sp",
            "module.keyvault.azurerm_key_vault_access_policy.accesspolicy_user",
            "module.keyvault_RG.azurerm_resource_group.lawsrg",
            "module.managed_disk.azurerm_managed_disk.disk",
            "module.secret_key.azurerm_key_vault_secret.key_vault_secret",
            "module.secret_key.random_string.password",
            "module.shared_vnet.azurerm_network_security_group.vnet-nsg",
            "module.shared_vnet.azurerm_route_table.sharedrt",
            "module.shared_vnet.azurerm_subnet_route_table_association.sharedrtasso",
            "module.shared_vnet.azurerm_virtual_network.hubvnet",
            "module.sharednetwork_RG.azurerm_resource_group.lawsrg",
            "module.windows_vm.azurerm_network_interface.nic",
            "module.windows_vm.azurerm_windows_virtual_machine.virtual-machine"
          ]
        }
      ]
    },
    {
      "module": "module.disk_attachment[\"cl5dces1p01-data-01\"]",
      "mode": "managed",
      "type": "azurerm_virtual_machine_data_disk_attachment",
      "name": "disk_attach",
      "provider": "provider[\"registry.terraform.io/hashicorp/azurerm\"]",
      "instances": [
        {
          "schema_version": 0,
          "attributes": {
            "caching": "None",
            "create_option": "Attach",
            "id": "/subscriptions/5f94af94-2e21-425d-a715-e2b7df92f974/resourceGroups/aads-es1-rg/providers/Microsoft.Compute/virtualMachines/cl5dces1p01/dataDisks/cl5dces1p01-data-01",
            "lun": 1,
            "managed_disk_id": "/subscriptions/5f94af94-2e21-425d-a715-e2b7df92f974/resourceGroups/aads-es1-rg/providers/Microsoft.Compute/disks/cl5dces1p01-data-01",
            "timeouts": null,
            "virtual_machine_id": "/subscriptions/5f94af94-2e21-425d-a715-e2b7df92f974/resourceGroups/aads-es1-rg/providers/Microsoft.Compute/virtualMachines/cl5dces1p01",
            "write_accelerator_enabled": false
          },
          "sensitive_attributes": [],
          "private": "eyJlMmJmYjczMC1lY2FhLTExZTYtOGY4OC0zNDM2M2JjN2M0YzAiOnsiY3JlYXRlIjoxODAwMDAwMDAwMDAwLCJkZWxldGUiOjE4MDAwMDAwMDAwMDAsInJlYWQiOjMwMDAwMDAwMDAwMCwidXBkYXRlIjoxODAwMDAwMDAwMDAwfX0=",
          "dependencies": [
            "data.azurerm_client_config.current",
            "module.aads_RG.azurerm_resource_group.lawsrg",
            "module.keyvault.azurerm_key_vault.keyvault",
            "module.keyvault.azurerm_key_vault_access_policy.accesspolicy_sp",
            "module.keyvault.azurerm_key_vault_access_policy.accesspolicy_user",
            "module.keyvault_RG.azurerm_resource_group.lawsrg",
            "module.managed_disk.azurerm_managed_disk.disk",
            "module.secret_key.azurerm_key_vault_secret.key_vault_secret",
            "module.secret_key.random_string.password",
            "module.shared_vnet.azurerm_network_security_group.vnet-nsg",
            "module.shared_vnet.azurerm_route_table.sharedrt",
            "module.shared_vnet.azurerm_subnet_route_table_association.sharedrtasso",
            "module.shared_vnet.azurerm_virtual_network.hubvnet",
            "module.sharednetwork_RG.azurerm_resource_group.lawsrg",
            "module.windows_vm.azurerm_network_interface.nic",
            "module.windows_vm.azurerm_windows_virtual_machine.virtual-machine"
          ]
        }
      ]
    },
    {
      "module": "module.disk_attachment[\"cl5dces1p01-data-02\"]",
      "mode": "managed",
      "type": "azurerm_virtual_machine_data_disk_attachment",
      "name": "disk_attach",
      "provider": "provider[\"registry.terraform.io/hashicorp/azurerm\"]",
      "instances": [
        {
          "schema_version": 0,
          "attributes": {
            "caching": "None",
            "create_option": "Attach",
            "id": "/subscriptions/5f94af94-2e21-425d-a715-e2b7df92f974/resourceGroups/aads-es1-rg/providers/Microsoft.Compute/virtualMachines/cl5dces1p01/dataDisks/cl5dces1p01-data-02",
            "lun": 2,
            "managed_disk_id": "/subscriptions/5f94af94-2e21-425d-a715-e2b7df92f974/resourceGroups/aads-es1-rg/providers/Microsoft.Compute/disks/cl5dces1p01-data-02",
            "timeouts": null,
            "virtual_machine_id": "/subscriptions/5f94af94-2e21-425d-a715-e2b7df92f974/resourceGroups/aads-es1-rg/providers/Microsoft.Compute/virtualMachines/cl5dces1p01",
            "write_accelerator_enabled": false
          },
          "sensitive_attributes": [],
          "private": "eyJlMmJmYjczMC1lY2FhLTExZTYtOGY4OC0zNDM2M2JjN2M0YzAiOnsiY3JlYXRlIjoxODAwMDAwMDAwMDAwLCJkZWxldGUiOjE4MDAwMDAwMDAwMDAsInJlYWQiOjMwMDAwMDAwMDAwMCwidXBkYXRlIjoxODAwMDAwMDAwMDAwfX0=",
          "dependencies": [
            "data.azurerm_client_config.current",
            "module.aads_RG.azurerm_resource_group.lawsrg",
            "module.keyvault.azurerm_key_vault.keyvault",
            "module.keyvault.azurerm_key_vault_access_policy.accesspolicy_sp",
            "module.keyvault.azurerm_key_vault_access_policy.accesspolicy_user",
            "module.keyvault_RG.azurerm_resource_group.lawsrg",
            "module.managed_disk.azurerm_managed_disk.disk",
            "module.secret_key.azurerm_key_vault_secret.key_vault_secret",
            "module.secret_key.random_string.password",
            "module.shared_vnet.azurerm_network_security_group.vnet-nsg",
            "module.shared_vnet.azurerm_route_table.sharedrt",
            "module.shared_vnet.azurerm_subnet_route_table_association.sharedrtasso",
            "module.shared_vnet.azurerm_virtual_network.hubvnet",
            "module.sharednetwork_RG.azurerm_resource_group.lawsrg",
            "module.windows_vm.azurerm_network_interface.nic",
            "module.windows_vm.azurerm_windows_virtual_machine.virtual-machine"
          ]
        }
      ]
    },
    {
      "module": "module.dr_aut_acc",
      "mode": "managed",
      "type": "azurerm_automation_account",
      "name": "automation_acc",
      "provider": "provider[\"registry.terraform.io/hashicorp/azurerm\"]",
      "instances": [
        {
          "schema_version": 0,
          "attributes": {
            "dsc_primary_access_key": "u8oo+5Ji3DLFWWZTZaKlh2hIUFQRa44udT8h4QCkgCTw3Q12U4izJgWbO6cPfr/kBCzK/i8LH6TFjzGq4WM7Aw==",
            "dsc_secondary_access_key": "QHIJ6mYzs4QpOQBBoSNBf48lSFA8hl5W5hoSwv6vY6VccI/PzLqR7fa08IEBfW8WH+qOIYADGZ9pyb6jCxDDig==",
            "dsc_server_endpoint": "https://adcde4dc-c868-4236-9bcf-aed2129514be.agentsvc.wus.azure-automation.net/accounts/adcde4dc-c868-4236-9bcf-aed2129514be",
            "encryption": [],
            "hybrid_service_url": "https://adcde4dc-c868-4236-9bcf-aed2129514be.jrds.wus.azure-automation.net/automationAccounts/adcde4dc-c868-4236-9bcf-aed2129514be",
            "id": "/subscriptions/5f94af94-2e21-425d-a715-e2b7df92f974/resourceGroups/recoverywu-rg/providers/Microsoft.Automation/automationAccounts/recovery-wu-autacc",
            "identity": [],
            "local_authentication_enabled": true,
            "location": "westus",
            "name": "recovery-wu-autacc",
            "private_endpoint_connection": [],
            "public_network_access_enabled": true,
            "resource_group_name": "recoverywu-rg",
            "sku_name": "Basic",
            "tags": {
              "Business unit": "N/A",
              "Bussiness Criticality": "High",
              "Cost center": "Exactlyit",
              "Data Classification": "General",
              "Environment": "DR",
              "Location": "eastus",
              "Operations team": "Cloud Operations"
            },
            "timeouts": null
          },
          "sensitive_attributes": [],
          "private": "eyJlMmJmYjczMC1lY2FhLTExZTYtOGY4OC0zNDM2M2JjN2M0YzAiOnsiY3JlYXRlIjoxODAwMDAwMDAwMDAwLCJkZWxldGUiOjE4MDAwMDAwMDAwMDAsInJlYWQiOjMwMDAwMDAwMDAwMCwidXBkYXRlIjoxODAwMDAwMDAwMDAwfX0=",
          "dependencies": [
            "module.recovery_rg.azurerm_resource_group.lawsrg"
          ]
        }
      ]
    },
    {
      "module": "module.dr_rsv",
      "mode": "managed",
      "type": "azurerm_recovery_services_vault",
      "name": "vault",
      "provider": "provider[\"registry.terraform.io/hashicorp/azurerm\"]",
      "instances": [
        {
          "schema_version": 0,
          "attributes": {
            "classic_vmware_replication_enabled": null,
            "cross_region_restore_enabled": false,
            "encryption": [],
            "id": "/subscriptions/5f94af94-2e21-425d-a715-e2b7df92f974/resourceGroups/recoverywu-rg/providers/Microsoft.RecoveryServices/vaults/dr-wu-rsv",
            "identity": [],
            "immutability": null,
            "location": "westus",
            "monitoring": [],
            "name": "dr-wu-rsv",
            "public_network_access_enabled": true,
            "resource_group_name": "recoverywu-rg",
            "sku": "Standard",
            "soft_delete_enabled": true,
            "storage_mode_type": "GeoRedundant",
            "tags": {
              "Business unit": "N/A",
              "Bussiness Criticality": "High",
              "Cost center": "Exactlyit",
              "Data Classification": "General",
              "Environment": "DR",
              "Location": "eastus",
              "Operations team": "Cloud Operations"
            },
            "timeouts": null
          },
          "sensitive_attributes": [],
          "private": "eyJlMmJmYjczMC1lY2FhLTExZTYtOGY4OC0zNDM2M2JjN2M0YzAiOnsiY3JlYXRlIjo3MjAwMDAwMDAwMDAwLCJkZWxldGUiOjE4MDAwMDAwMDAwMDAsInJlYWQiOjMwMDAwMDAwMDAwMCwidXBkYXRlIjozNjAwMDAwMDAwMDAwfX0=",
          "dependencies": [
            "module.recovery_rg.azurerm_resource_group.lawsrg"
          ]
        }
      ]
    },
    {
      "module": "module.hub_vnet_rgn1",
      "mode": "managed",
      "type": "azurerm_network_security_group",
      "name": "vnet-nsg",
      "provider": "provider[\"registry.terraform.io/hashicorp/azurerm\"]",
      "instances": [
        {
          "index_key": "ApplicationGateway-nsg",
          "schema_version": 0,
          "attributes": {
            "id": "/subscriptions/5f94af94-2e21-425d-a715-e2b7df92f974/resourceGroups/network-es1-rg/providers/Microsoft.Network/networkSecurityGroups/ApplicationGateway-nsg",
            "location": "eastus",
            "name": "ApplicationGateway-nsg",
            "resource_group_name": "network-es1-rg",
            "security_rule": [],
            "tags": {},
            "timeouts": null
          },
          "sensitive_attributes": [],
          "private": "eyJlMmJmYjczMC1lY2FhLTExZTYtOGY4OC0zNDM2M2JjN2M0YzAiOnsiY3JlYXRlIjoxODAwMDAwMDAwMDAwLCJkZWxldGUiOjE4MDAwMDAwMDAwMDAsInJlYWQiOjMwMDAwMDAwMDAwMCwidXBkYXRlIjoxODAwMDAwMDAwMDAwfX0=",
          "dependencies": [
            "module.network_RG.azurerm_resource_group.lawsrg"
          ]
        }
      ]
    },
    {
      "module": "module.hub_vnet_rgn1",
      "mode": "managed",
      "type": "azurerm_route_table",
      "name": "sharedrt",
      "provider": "provider[\"registry.terraform.io/hashicorp/azurerm\"]",
      "instances": [
        {
          "schema_version": 0,
          "attributes": {
            "disable_bgp_route_propagation": false,
            "id": "/subscriptions/5f94af94-2e21-425d-a715-e2b7df92f974/resourceGroups/network-es1-rg/providers/Microsoft.Network/routeTables/shared-rt",
            "location": "eastus",
            "name": "shared-rt",
            "resource_group_name": "network-es1-rg",
            "route": [
              {
                "address_prefix": "10.41.0.0/22",
                "name": "sharedrt",
                "next_hop_in_ip_address": "",
                "next_hop_type": "VnetLocal"
              }
            ],
            "subnets": [
              "/subscriptions/5f94af94-2e21-425d-a715-e2b7df92f974/resourceGroups/network-es1-rg/providers/Microsoft.Network/virtualNetworks/hubvnet-es11/subnets/GatewaySubnet"
            ],
            "tags": {},
            "timeouts": null
          },
          "sensitive_attributes": [],
          "private": "eyJlMmJmYjczMC1lY2FhLTExZTYtOGY4OC0zNDM2M2JjN2M0YzAiOnsiY3JlYXRlIjoxODAwMDAwMDAwMDAwLCJkZWxldGUiOjE4MDAwMDAwMDAwMDAsInJlYWQiOjMwMDAwMDAwMDAwMCwidXBkYXRlIjoxODAwMDAwMDAwMDAwfX0=",
          "dependencies": [
            "module.hub_vnet_rgn1.azurerm_network_security_group.vnet-nsg",
            "module.hub_vnet_rgn1.azurerm_virtual_network.hubvnet",
            "module.network_RG.azurerm_resource_group.lawsrg"
          ]
        }
      ]
    },
    {
      "module": "module.hub_vnet_rgn1",
      "mode": "managed",
      "type": "azurerm_subnet_route_table_association",
      "name": "sharedrtasso",
      "provider": "provider[\"registry.terraform.io/hashicorp/azurerm\"]",
      "instances": [
        {
          "schema_version": 0,
          "attributes": {
            "id": "/subscriptions/5f94af94-2e21-425d-a715-e2b7df92f974/resourceGroups/network-es1-rg/providers/Microsoft.Network/virtualNetworks/hubvnet-es11/subnets/GatewaySubnet",
            "route_table_id": "/subscriptions/5f94af94-2e21-425d-a715-e2b7df92f974/resourceGroups/network-es1-rg/providers/Microsoft.Network/routeTables/shared-rt",
            "subnet_id": "/subscriptions/5f94af94-2e21-425d-a715-e2b7df92f974/resourceGroups/network-es1-rg/providers/Microsoft.Network/virtualNetworks/hubvnet-es11/subnets/GatewaySubnet",
            "timeouts": null
          },
          "sensitive_attributes": [],
          "private": "eyJlMmJmYjczMC1lY2FhLTExZTYtOGY4OC0zNDM2M2JjN2M0YzAiOnsiY3JlYXRlIjoxODAwMDAwMDAwMDAwLCJkZWxldGUiOjE4MDAwMDAwMDAwMDAsInJlYWQiOjMwMDAwMDAwMDAwMCwidXBkYXRlIjoxODAwMDAwMDAwMDAwfX0=",
          "dependencies": [
            "module.hub_vnet_rgn1.azurerm_network_security_group.vnet-nsg",
            "module.hub_vnet_rgn1.azurerm_route_table.sharedrt",
            "module.hub_vnet_rgn1.azurerm_virtual_network.hubvnet",
            "module.network_RG.azurerm_resource_group.lawsrg"
          ]
        }
      ]
    },
    {
      "module": "module.hub_vnet_rgn1",
      "mode": "managed",
      "type": "azurerm_virtual_network",
      "name": "hubvnet",
      "provider": "provider[\"registry.terraform.io/hashicorp/azurerm\"]",
      "instances": [
        {
          "schema_version": 0,
          "attributes": {
            "address_space": [
              "10.41.0.0/22"
            ],
            "bgp_community": "",
            "ddos_protection_plan": [],
            "dns_servers": [],
            "edge_zone": "",
            "encryption": [],
            "flow_timeout_in_minutes": 0,
            "guid": "100a892a-9532-421f-8e79-2fc177b45eab",
            "id": "/subscriptions/5f94af94-2e21-425d-a715-e2b7df92f974/resourceGroups/network-es1-rg/providers/Microsoft.Network/virtualNetworks/hubvnet-es11",
            "location": "eastus",
            "name": "hubvnet-es11",
            "resource_group_name": "network-es1-rg",
            "subnet": [
              {
                "address_prefix": "10.41.3.0/26",
                "id": "/subscriptions/5f94af94-2e21-425d-a715-e2b7df92f974/resourceGroups/network-es1-rg/providers/Microsoft.Network/virtualNetworks/hubvnet-es11/subnets/FirewallSubnet",
                "name": "FirewallSubnet",
                "security_group": ""
              },
              {
                "address_prefix": "10.41.3.160/27",
                "id": "/subscriptions/5f94af94-2e21-425d-a715-e2b7df92f974/resourceGroups/network-es1-rg/providers/Microsoft.Network/virtualNetworks/hubvnet-es11/subnets/ApplicationGateway",
                "name": "ApplicationGateway",
                "security_group": "/subscriptions/5f94af94-2e21-425d-a715-e2b7df92f974/resourceGroups/network-es1-rg/providers/Microsoft.Network/networkSecurityGroups/ApplicationGateway-nsg"
              },
              {
                "address_prefix": "10.41.3.224/27",
                "id": "/subscriptions/5f94af94-2e21-425d-a715-e2b7df92f974/resourceGroups/network-es1-rg/providers/Microsoft.Network/virtualNetworks/hubvnet-es11/subnets/GatewaySubnet",
                "name": "GatewaySubnet",
                "security_group": ""
              }
            ],
            "tags": {
              "Business unit": "N/A",
              "Bussiness Criticality": "High",
              "Cost center": "Exactlyit",
              "Data Classification": "General",
              "Environment": "Connectivity",
              "Location": "eastus",
              "Operations team": "Cloud Operations"
            },
            "timeouts": null
          },
          "sensitive_attributes": [],
          "private": "eyJlMmJmYjczMC1lY2FhLTExZTYtOGY4OC0zNDM2M2JjN2M0YzAiOnsiY3JlYXRlIjoxODAwMDAwMDAwMDAwLCJkZWxldGUiOjE4MDAwMDAwMDAwMDAsInJlYWQiOjMwMDAwMDAwMDAwMCwidXBkYXRlIjoxODAwMDAwMDAwMDAwfX0=",
          "dependencies": [
            "module.hub_vnet_rgn1.azurerm_network_security_group.vnet-nsg",
            "module.network_RG.azurerm_resource_group.lawsrg"
          ]
        }
      ]
    },
    {
      "module": "module.keyvault[0]",
      "mode": "managed",
      "type": "azurerm_key_vault",
      "name": "keyvault",
      "provider": "provider[\"registry.terraform.io/hashicorp/azurerm\"]",
      "instances": [
        {
          "schema_version": 2,
          "attributes": {
            "access_policy": [
              {
                "application_id": "",
                "certificate_permissions": [],
                "key_permissions": [
                  "List",
                  "Create",
                  "Delete",
                  "Get",
                  "Purge",
                  "Recover",
                  "Update",
                  "GetRotationPolicy",
                  "SetRotationPolicy"
                ],
                "object_id": "d223ee36-0475-4dbb-b3f0-96d8d8a65363",
                "secret_permissions": [
                  "Backup",
                  "Delete",
                  "Get",
                  "List",
                  "Purge",
                  "Recover",
                  "Restore",
                  "Set"
                ],
                "storage_permissions": [],
                "tenant_id": "4ae54b05-b77e-4224-aef1-8661422e0816"
              },
              {
                "application_id": "",
                "certificate_permissions": [],
                "key_permissions": [
                  "List",
                  "Create",
                  "Delete",
                  "Get",
                  "Purge",
                  "Recover",
                  "Update",
                  "GetRotationPolicy",
                  "SetRotationPolicy"
                ],
                "object_id": "c55e7b67-86f1-453d-8d83-f04f2fac5acb",
                "secret_permissions": [
                  "Backup",
                  "Delete",
                  "Get",
                  "List",
                  "Purge",
                  "Recover",
                  "Restore",
                  "Set"
                ],
                "storage_permissions": [],
                "tenant_id": "4ae54b05-b77e-4224-aef1-8661422e0816"
              }
            ],
            "contact": [],
            "enable_rbac_authorization": false,
            "enabled_for_deployment": false,
            "enabled_for_disk_encryption": false,
            "enabled_for_template_deployment": false,
            "id": "/subscriptions/5f94af94-2e21-425d-a715-e2b7df92f974/resourceGroups/keys-glb-rg/providers/Microsoft.KeyVault/vaults/cl5-alz-es1-kv",
            "location": "eastus",
            "name": "cl5-alz-es1-kv",
            "network_acls": [
              {
                "bypass": "AzureServices",
                "default_action": "Allow",
                "ip_rules": [],
                "virtual_network_subnet_ids": []
              }
            ],
            "public_network_access_enabled": true,
            "purge_protection_enabled": false,
            "resource_group_name": "keys-glb-rg",
            "sku_name": "standard",
            "soft_delete_retention_days": 7,
            "tags": {
              "Business unit": "N/A",
              "Bussiness Criticality": "High",
              "Cost center": "Exactlyit",
              "Data Classification": "General",
              "Environment": "Management",
              "Location": "eastus",
              "Operations team": "Cloud Operations"
            },
            "tenant_id": "4ae54b05-b77e-4224-aef1-8661422e0816",
            "timeouts": null,
            "vault_uri": "https://cl5-alz-es1-kv.vault.azure.net/"
          },
          "sensitive_attributes": [],
          "private": "eyJlMmJmYjczMC1lY2FhLTExZTYtOGY4OC0zNDM2M2JjN2M0YzAiOnsiY3JlYXRlIjoxODAwMDAwMDAwMDAwLCJkZWxldGUiOjE4MDAwMDAwMDAwMDAsInJlYWQiOjMwMDAwMDAwMDAwMCwidXBkYXRlIjoxODAwMDAwMDAwMDAwfSwic2NoZW1hX3ZlcnNpb24iOiIyIn0=",
          "dependencies": [
            "data.azurerm_client_config.current",
            "module.keyvault_RG.azurerm_resource_group.lawsrg"
          ]
        }
      ]
    },
    {
      "module": "module.keyvault[0]",
      "mode": "managed",
      "type": "azurerm_key_vault_access_policy",
      "name": "accesspolicy_sp",
      "provider": "provider[\"registry.terraform.io/hashicorp/azurerm\"]",
      "instances": [
        {
          "schema_version": 0,
          "attributes": {
            "application_id": "",
            "certificate_permissions": [],
            "id": "/subscriptions/5f94af94-2e21-425d-a715-e2b7df92f974/resourceGroups/keys-glb-rg/providers/Microsoft.KeyVault/vaults/cl5-alz-es1-kv/objectId/c55e7b67-86f1-453d-8d83-f04f2fac5acb",
            "key_permissions": [
              "List",
              "Create",
              "Delete",
              "Get",
              "Purge",
              "Recover",
              "Update",
              "GetRotationPolicy",
              "SetRotationPolicy"
            ],
            "key_vault_id": "/subscriptions/5f94af94-2e21-425d-a715-e2b7df92f974/resourceGroups/keys-glb-rg/providers/Microsoft.KeyVault/vaults/cl5-alz-es1-kv",
            "object_id": "c55e7b67-86f1-453d-8d83-f04f2fac5acb",
            "secret_permissions": [
              "Backup",
              "Delete",
              "Get",
              "List",
              "Purge",
              "Recover",
              "Restore",
              "Set"
            ],
            "storage_permissions": [],
            "tenant_id": "4ae54b05-b77e-4224-aef1-8661422e0816",
            "timeouts": null
          },
          "sensitive_attributes": [],
          "private": "eyJlMmJmYjczMC1lY2FhLTExZTYtOGY4OC0zNDM2M2JjN2M0YzAiOnsiY3JlYXRlIjoxODAwMDAwMDAwMDAwLCJkZWxldGUiOjE4MDAwMDAwMDAwMDAsInJlYWQiOjMwMDAwMDAwMDAwMCwidXBkYXRlIjoxODAwMDAwMDAwMDAwfX0=",
          "dependencies": [
            "data.azurerm_client_config.current",
            "module.keyvault.azurerm_key_vault.keyvault",
            "module.keyvault_RG.azurerm_resource_group.lawsrg"
          ]
        }
      ]
    },
    {
      "module": "module.keyvault[0]",
      "mode": "managed",
      "type": "azurerm_key_vault_access_policy",
      "name": "accesspolicy_user",
      "provider": "provider[\"registry.terraform.io/hashicorp/azurerm\"]",
      "instances": [
        {
          "schema_version": 0,
          "attributes": {
            "application_id": "",
            "certificate_permissions": [],
            "id": "/subscriptions/5f94af94-2e21-425d-a715-e2b7df92f974/resourceGroups/keys-glb-rg/providers/Microsoft.KeyVault/vaults/cl5-alz-es1-kv/objectId/d223ee36-0475-4dbb-b3f0-96d8d8a65363",
            "key_permissions": [
              "List",
              "Create",
              "Delete",
              "Get",
              "Purge",
              "Recover",
              "Update",
              "GetRotationPolicy",
              "SetRotationPolicy"
            ],
            "key_vault_id": "/subscriptions/5f94af94-2e21-425d-a715-e2b7df92f974/resourceGroups/keys-glb-rg/providers/Microsoft.KeyVault/vaults/cl5-alz-es1-kv",
            "object_id": "d223ee36-0475-4dbb-b3f0-96d8d8a65363",
            "secret_permissions": [
              "Backup",
              "Delete",
              "Get",
              "List",
              "Purge",
              "Recover",
              "Restore",
              "Set"
            ],
            "storage_permissions": [],
            "tenant_id": "4ae54b05-b77e-4224-aef1-8661422e0816",
            "timeouts": null
          },
          "sensitive_attributes": [],
          "private": "eyJlMmJmYjczMC1lY2FhLTExZTYtOGY4OC0zNDM2M2JjN2M0YzAiOnsiY3JlYXRlIjoxODAwMDAwMDAwMDAwLCJkZWxldGUiOjE4MDAwMDAwMDAwMDAsInJlYWQiOjMwMDAwMDAwMDAwMCwidXBkYXRlIjoxODAwMDAwMDAwMDAwfX0=",
          "dependencies": [
            "data.azurerm_client_config.current",
            "module.keyvault.azurerm_key_vault.keyvault",
            "module.keyvault_RG.azurerm_resource_group.lawsrg"
          ]
        }
      ]
    },
    {
      "module": "module.keyvault_RG",
      "mode": "managed",
      "type": "azurerm_resource_group",
      "name": "lawsrg",
      "provider": "provider[\"registry.terraform.io/hashicorp/azurerm\"]",
      "instances": [
        {
          "schema_version": 0,
          "attributes": {
            "id": "/subscriptions/5f94af94-2e21-425d-a715-e2b7df92f974/resourceGroups/keys-glb-rg",
            "location": "eastus",
            "managed_by": "",
            "name": "keys-glb-rg",
            "tags": {
              "Environment": "Management",
              "Location": "eastus"
            },
            "timeouts": null
          },
          "sensitive_attributes": [],
          "private": "eyJlMmJmYjczMC1lY2FhLTExZTYtOGY4OC0zNDM2M2JjN2M0YzAiOnsiY3JlYXRlIjo1NDAwMDAwMDAwMDAwLCJkZWxldGUiOjU0MDAwMDAwMDAwMDAsInJlYWQiOjMwMDAwMDAwMDAwMCwidXBkYXRlIjo1NDAwMDAwMDAwMDAwfX0="
        }
      ]
    },
    {
      "module": "module.lb_frontend",
      "mode": "managed",
      "type": "azurerm_public_ip",
      "name": "pip",
      "provider": "provider[\"registry.terraform.io/hashicorp/azurerm\"]",
      "instances": [
        {
          "schema_version": 0,
          "attributes": {
            "allocation_method": "Static",
            "ddos_protection_mode": "VirtualNetworkInherited",
            "ddos_protection_plan_id": null,
            "domain_name_label": null,
            "edge_zone": "",
            "fqdn": null,
            "id": "/subscriptions/5f94af94-2e21-425d-a715-e2b7df92f974/resourceGroups/app-networkes1-rg/providers/Microsoft.Network/publicIPAddresses/app-LB",
            "idle_timeout_in_minutes": 4,
            "ip_address": "20.25.120.209",
            "ip_tags": {},
            "ip_version": "IPv4",
            "location": "eastus",
            "name": "app-LB",
            "public_ip_prefix_id": null,
            "resource_group_name": "app-networkes1-rg",
            "reverse_fqdn": null,
            "sku": "Standard",
            "sku_tier": "Regional",
            "tags": {
              "Business unit": "N/A",
              "Bussiness Criticality": "High",
              "Cost center": "Exactlyit",
              "Data Classification": "General",
              "Environment": "PRD",
              "Location": "eastus",
              "Operations team": "Cloud Operations"
            },
            "timeouts": null,
            "zones": []
          },
          "sensitive_attributes": [],
          "private": "eyJlMmJmYjczMC1lY2FhLTExZTYtOGY4OC0zNDM2M2JjN2M0YzAiOnsiY3JlYXRlIjoxODAwMDAwMDAwMDAwLCJkZWxldGUiOjE4MDAwMDAwMDAwMDAsInJlYWQiOjMwMDAwMDAwMDAwMCwidXBkYXRlIjoxODAwMDAwMDAwMDAwfX0=",
          "dependencies": [
            "module.app_network_rg.azurerm_resource_group.lawsrg"
          ]
        }
      ]
    },
    {
      "module": "module.load_balancer",
      "mode": "managed",
      "type": "azurerm_lb",
      "name": "az_lb",
      "provider": "provider[\"registry.terraform.io/hashicorp/azurerm\"]",
      "instances": [
        {
          "schema_version": 0,
          "attributes": {
            "edge_zone": "",
            "frontend_ip_configuration": [
              {
                "gateway_load_balancer_frontend_ip_configuration_id": "",
                "id": "/subscriptions/5f94af94-2e21-425d-a715-e2b7df92f974/resourceGroups/app-networkes1-rg/providers/Microsoft.Network/loadBalancers/app_lb/frontendIPConfigurations/app-LB",
                "inbound_nat_rules": [],
                "load_balancer_rules": [],
                "name": "app-LB",
                "outbound_rules": [],
                "private_ip_address": "10.46.0.133",
                "private_ip_address_allocation": "Static",
                "private_ip_address_version": "IPv4",
                "public_ip_address_id": "",
                "public_ip_prefix_id": "",
                "subnet_id": "/subscriptions/5f94af94-2e21-425d-a715-e2b7df92f974/resourceGroups/app-networkes1-rg/providers/Microsoft.Network/virtualNetworks/app-es1-vnet/subnets/LBsubnet",
                "zones": []
              }
            ],
            "id": "/subscriptions/5f94af94-2e21-425d-a715-e2b7df92f974/resourceGroups/app-networkes1-rg/providers/Microsoft.Network/loadBalancers/app_lb",
            "location": "eastus",
            "name": "app_lb",
            "private_ip_address": "10.46.0.133",
            "private_ip_addresses": [
              "10.46.0.133"
            ],
            "resource_group_name": "app-networkes1-rg",
            "sku": "Standard",
            "sku_tier": "Regional",
            "tags": {
              "Business unit": "N/A",
              "Bussiness Criticality": "High",
              "Cost center": "Exactlyit",
              "Data Classification": "General",
              "Environment": "PRD",
              "Location": "eastus",
              "Operations team": "Cloud Operations"
            },
            "timeouts": null
          },
          "sensitive_attributes": [],
          "private": "eyJlMmJmYjczMC1lY2FhLTExZTYtOGY4OC0zNDM2M2JjN2M0YzAiOnsiY3JlYXRlIjoxODAwMDAwMDAwMDAwLCJkZWxldGUiOjE4MDAwMDAwMDAwMDAsInJlYWQiOjMwMDAwMDAwMDAwMCwidXBkYXRlIjoxODAwMDAwMDAwMDAwfX0=",
          "dependencies": [
            "module.app_network_rg.azurerm_resource_group.lawsrg",
            "module.app_vnet.azurerm_network_security_group.vnet-nsg",
            "module.app_vnet.azurerm_virtual_network.hubvnet",
            "module.lb_frontend.azurerm_public_ip.pip"
          ]
        }
      ]
    },
    {
      "module": "module.managed_disk[\"cl5dces1p00-data-00\"]",
      "mode": "managed",
      "type": "azurerm_managed_disk",
      "name": "disk",
      "provider": "provider[\"registry.terraform.io/hashicorp/azurerm\"]",
      "instances": [
        {
          "schema_version": 1,
          "attributes": {
            "create_option": "Empty",
            "disk_access_id": "",
            "disk_encryption_set_id": "",
            "disk_iops_read_only": 0,
            "disk_iops_read_write": 500,
            "disk_mbps_read_only": 0,
            "disk_mbps_read_write": 60,
            "disk_size_gb": 8,
            "edge_zone": "",
            "encryption_settings": [],
            "gallery_image_reference_id": "",
            "hyper_v_generation": "",
            "id": "/subscriptions/5f94af94-2e21-425d-a715-e2b7df92f974/resourceGroups/aads-es1-rg/providers/Microsoft.Compute/disks/cl5dces1p00-data-00",
            "image_reference_id": "",
            "location": "eastus",
            "logical_sector_size": null,
            "max_shares": 0,
            "name": "cl5dces1p00-data-00",
            "network_access_policy": null,
            "on_demand_bursting_enabled": false,
            "os_type": "",
            "public_network_access_enabled": true,
            "resource_group_name": "aads-es1-rg",
            "secure_vm_disk_encryption_set_id": "",
            "security_type": "",
            "source_resource_id": "",
            "source_uri": "",
            "storage_account_id": "",
            "storage_account_type": "Standard_LRS",
            "tags": {
              "Business unit": "N/A",
              "Bussiness Criticality": "High",
              "Cost center": "Exactlyit",
              "Data Classification": "General",
              "Environment": "Shared",
              "Location": "eastus",
              "Operations team": "Cloud Operations"
            },
            "tier": "",
            "timeouts": null,
            "trusted_launch_enabled": false,
            "upload_size_bytes": 0,
            "zone": ""
          },
          "sensitive_attributes": [],
          "private": "eyJlMmJmYjczMC1lY2FhLTExZTYtOGY4OC0zNDM2M2JjN2M0YzAiOnsiY3JlYXRlIjoxODAwMDAwMDAwMDAwLCJkZWxldGUiOjE4MDAwMDAwMDAwMDAsInJlYWQiOjMwMDAwMDAwMDAwMCwidXBkYXRlIjoxODAwMDAwMDAwMDAwfSwic2NoZW1hX3ZlcnNpb24iOiIxIn0=",
          "dependencies": [
            "data.azurerm_client_config.current",
            "module.aads_RG.azurerm_resource_group.lawsrg",
            "module.keyvault.azurerm_key_vault.keyvault",
            "module.keyvault.azurerm_key_vault_access_policy.accesspolicy_sp",
            "module.keyvault.azurerm_key_vault_access_policy.accesspolicy_user",
            "module.keyvault_RG.azurerm_resource_group.lawsrg",
            "module.secret_key.azurerm_key_vault_secret.key_vault_secret",
            "module.secret_key.random_string.password",
            "module.shared_vnet.azurerm_network_security_group.vnet-nsg",
            "module.shared_vnet.azurerm_route_table.sharedrt",
            "module.shared_vnet.azurerm_subnet_route_table_association.sharedrtasso",
            "module.shared_vnet.azurerm_virtual_network.hubvnet",
            "module.sharednetwork_RG.azurerm_resource_group.lawsrg",
            "module.windows_vm.azurerm_network_interface.nic",
            "module.windows_vm.azurerm_windows_virtual_machine.virtual-machine"
          ]
        }
      ]
    },
    {
      "module": "module.managed_disk[\"cl5dces1p00-data-01\"]",
      "mode": "managed",
      "type": "azurerm_managed_disk",
      "name": "disk",
      "provider": "provider[\"registry.terraform.io/hashicorp/azurerm\"]",
      "instances": [
        {
          "schema_version": 1,
          "attributes": {
            "create_option": "Empty",
            "disk_access_id": "",
            "disk_encryption_set_id": "",
            "disk_iops_read_only": 0,
            "disk_iops_read_write": 120,
            "disk_mbps_read_only": 0,
            "disk_mbps_read_write": 25,
            "disk_size_gb": 8,
            "edge_zone": "",
            "encryption_settings": [],
            "gallery_image_reference_id": "",
            "hyper_v_generation": "",
            "id": "/subscriptions/5f94af94-2e21-425d-a715-e2b7df92f974/resourceGroups/aads-es1-rg/providers/Microsoft.Compute/disks/cl5dces1p00-data-01",
            "image_reference_id": "",
            "location": "eastus",
            "logical_sector_size": null,
            "max_shares": 0,
            "name": "cl5dces1p00-data-01",
            "network_access_policy": null,
            "on_demand_bursting_enabled": false,
            "os_type": "",
            "public_network_access_enabled": true,
            "resource_group_name": "aads-es1-rg",
            "secure_vm_disk_encryption_set_id": "",
            "security_type": "",
            "source_resource_id": "",
            "source_uri": "",
            "storage_account_id": "",
            "storage_account_type": "Premium_LRS",
            "tags": {
              "Business unit": "N/A",
              "Bussiness Criticality": "High",
              "Cost center": "Exactlyit",
              "Data Classification": "General",
              "Environment": "Shared",
              "Location": "eastus",
              "Operations team": "Cloud Operations"
            },
            "tier": "P2",
            "timeouts": null,
            "trusted_launch_enabled": false,
            "upload_size_bytes": 0,
            "zone": ""
          },
          "sensitive_attributes": [],
          "private": "eyJlMmJmYjczMC1lY2FhLTExZTYtOGY4OC0zNDM2M2JjN2M0YzAiOnsiY3JlYXRlIjoxODAwMDAwMDAwMDAwLCJkZWxldGUiOjE4MDAwMDAwMDAwMDAsInJlYWQiOjMwMDAwMDAwMDAwMCwidXBkYXRlIjoxODAwMDAwMDAwMDAwfSwic2NoZW1hX3ZlcnNpb24iOiIxIn0=",
          "dependencies": [
            "data.azurerm_client_config.current",
            "module.aads_RG.azurerm_resource_group.lawsrg",
            "module.keyvault.azurerm_key_vault.keyvault",
            "module.keyvault.azurerm_key_vault_access_policy.accesspolicy_sp",
            "module.keyvault.azurerm_key_vault_access_policy.accesspolicy_user",
            "module.keyvault_RG.azurerm_resource_group.lawsrg",
            "module.secret_key.azurerm_key_vault_secret.key_vault_secret",
            "module.secret_key.random_string.password",
            "module.shared_vnet.azurerm_network_security_group.vnet-nsg",
            "module.shared_vnet.azurerm_route_table.sharedrt",
            "module.shared_vnet.azurerm_subnet_route_table_association.sharedrtasso",
            "module.shared_vnet.azurerm_virtual_network.hubvnet",
            "module.sharednetwork_RG.azurerm_resource_group.lawsrg",
            "module.windows_vm.azurerm_network_interface.nic",
            "module.windows_vm.azurerm_windows_virtual_machine.virtual-machine"
          ]
        }
      ]
    },
    {
      "module": "module.managed_disk[\"cl5dces1p00-data-02\"]",
      "mode": "managed",
      "type": "azurerm_managed_disk",
      "name": "disk",
      "provider": "provider[\"registry.terraform.io/hashicorp/azurerm\"]",
      "instances": [
        {
          "schema_version": 1,
          "attributes": {
            "create_option": "Empty",
            "disk_access_id": "",
            "disk_encryption_set_id": "",
            "disk_iops_read_only": 0,
            "disk_iops_read_write": 120,
            "disk_mbps_read_only": 0,
            "disk_mbps_read_write": 25,
            "disk_size_gb": 4,
            "edge_zone": "",
            "encryption_settings": [],
            "gallery_image_reference_id": "",
            "hyper_v_generation": "",
            "id": "/subscriptions/5f94af94-2e21-425d-a715-e2b7df92f974/resourceGroups/aads-es1-rg/providers/Microsoft.Compute/disks/cl5dces1p00-data-02",
            "image_reference_id": "",
            "location": "eastus",
            "logical_sector_size": null,
            "max_shares": 0,
            "name": "cl5dces1p00-data-02",
            "network_access_policy": null,
            "on_demand_bursting_enabled": false,
            "os_type": "",
            "public_network_access_enabled": true,
            "resource_group_name": "aads-es1-rg",
            "secure_vm_disk_encryption_set_id": "",
            "security_type": "",
            "source_resource_id": "",
            "source_uri": "",
            "storage_account_id": "",
            "storage_account_type": "Premium_LRS",
            "tags": {
              "Business unit": "N/A",
              "Bussiness Criticality": "High",
              "Cost center": "Exactlyit",
              "Data Classification": "General",
              "Environment": "Shared",
              "Location": "eastus",
              "Operations team": "Cloud Operations"
            },
            "tier": "P1",
            "timeouts": null,
            "trusted_launch_enabled": false,
            "upload_size_bytes": 0,
            "zone": ""
          },
          "sensitive_attributes": [],
          "private": "eyJlMmJmYjczMC1lY2FhLTExZTYtOGY4OC0zNDM2M2JjN2M0YzAiOnsiY3JlYXRlIjoxODAwMDAwMDAwMDAwLCJkZWxldGUiOjE4MDAwMDAwMDAwMDAsInJlYWQiOjMwMDAwMDAwMDAwMCwidXBkYXRlIjoxODAwMDAwMDAwMDAwfSwic2NoZW1hX3ZlcnNpb24iOiIxIn0=",
          "dependencies": [
            "data.azurerm_client_config.current",
            "module.aads_RG.azurerm_resource_group.lawsrg",
            "module.keyvault.azurerm_key_vault.keyvault",
            "module.keyvault.azurerm_key_vault_access_policy.accesspolicy_sp",
            "module.keyvault.azurerm_key_vault_access_policy.accesspolicy_user",
            "module.keyvault_RG.azurerm_resource_group.lawsrg",
            "module.secret_key.azurerm_key_vault_secret.key_vault_secret",
            "module.secret_key.random_string.password",
            "module.shared_vnet.azurerm_network_security_group.vnet-nsg",
            "module.shared_vnet.azurerm_route_table.sharedrt",
            "module.shared_vnet.azurerm_subnet_route_table_association.sharedrtasso",
            "module.shared_vnet.azurerm_virtual_network.hubvnet",
            "module.sharednetwork_RG.azurerm_resource_group.lawsrg",
            "module.windows_vm.azurerm_network_interface.nic",
            "module.windows_vm.azurerm_windows_virtual_machine.virtual-machine"
          ]
        }
      ]
    },
    {
      "module": "module.managed_disk[\"cl5dces1p01-data-00\"]",
      "mode": "managed",
      "type": "azurerm_managed_disk",
      "name": "disk",
      "provider": "provider[\"registry.terraform.io/hashicorp/azurerm\"]",
      "instances": [
        {
          "schema_version": 1,
          "attributes": {
            "create_option": "Empty",
            "disk_access_id": "",
            "disk_encryption_set_id": "",
            "disk_iops_read_only": 0,
            "disk_iops_read_write": 500,
            "disk_mbps_read_only": 0,
            "disk_mbps_read_write": 60,
            "disk_size_gb": 8,
            "edge_zone": "",
            "encryption_settings": [],
            "gallery_image_reference_id": "",
            "hyper_v_generation": "",
            "id": "/subscriptions/5f94af94-2e21-425d-a715-e2b7df92f974/resourceGroups/aads-es1-rg/providers/Microsoft.Compute/disks/cl5dces1p01-data-00",
            "image_reference_id": "",
            "location": "eastus",
            "logical_sector_size": null,
            "max_shares": 0,
            "name": "cl5dces1p01-data-00",
            "network_access_policy": null,
            "on_demand_bursting_enabled": false,
            "os_type": "",
            "public_network_access_enabled": true,
            "resource_group_name": "aads-es1-rg",
            "secure_vm_disk_encryption_set_id": "",
            "security_type": "",
            "source_resource_id": "",
            "source_uri": "",
            "storage_account_id": "",
            "storage_account_type": "Standard_LRS",
            "tags": {
              "Business unit": "N/A",
              "Bussiness Criticality": "High",
              "Cost center": "Exactlyit",
              "Data Classification": "General",
              "Environment": "Shared",
              "Location": "eastus",
              "Operations team": "Cloud Operations"
            },
            "tier": "",
            "timeouts": null,
            "trusted_launch_enabled": false,
            "upload_size_bytes": 0,
            "zone": ""
          },
          "sensitive_attributes": [],
          "private": "eyJlMmJmYjczMC1lY2FhLTExZTYtOGY4OC0zNDM2M2JjN2M0YzAiOnsiY3JlYXRlIjoxODAwMDAwMDAwMDAwLCJkZWxldGUiOjE4MDAwMDAwMDAwMDAsInJlYWQiOjMwMDAwMDAwMDAwMCwidXBkYXRlIjoxODAwMDAwMDAwMDAwfSwic2NoZW1hX3ZlcnNpb24iOiIxIn0=",
          "dependencies": [
            "data.azurerm_client_config.current",
            "module.aads_RG.azurerm_resource_group.lawsrg",
            "module.keyvault.azurerm_key_vault.keyvault",
            "module.keyvault.azurerm_key_vault_access_policy.accesspolicy_sp",
            "module.keyvault.azurerm_key_vault_access_policy.accesspolicy_user",
            "module.keyvault_RG.azurerm_resource_group.lawsrg",
            "module.secret_key.azurerm_key_vault_secret.key_vault_secret",
            "module.secret_key.random_string.password",
            "module.shared_vnet.azurerm_network_security_group.vnet-nsg",
            "module.shared_vnet.azurerm_route_table.sharedrt",
            "module.shared_vnet.azurerm_subnet_route_table_association.sharedrtasso",
            "module.shared_vnet.azurerm_virtual_network.hubvnet",
            "module.sharednetwork_RG.azurerm_resource_group.lawsrg",
            "module.windows_vm.azurerm_network_interface.nic",
            "module.windows_vm.azurerm_windows_virtual_machine.virtual-machine"
          ]
        }
      ]
    },
    {
      "module": "module.managed_disk[\"cl5dces1p01-data-01\"]",
      "mode": "managed",
      "type": "azurerm_managed_disk",
      "name": "disk",
      "provider": "provider[\"registry.terraform.io/hashicorp/azurerm\"]",
      "instances": [
        {
          "schema_version": 1,
          "attributes": {
            "create_option": "Empty",
            "disk_access_id": "",
            "disk_encryption_set_id": "",
            "disk_iops_read_only": 0,
            "disk_iops_read_write": 120,
            "disk_mbps_read_only": 0,
            "disk_mbps_read_write": 25,
            "disk_size_gb": 8,
            "edge_zone": "",
            "encryption_settings": [],
            "gallery_image_reference_id": "",
            "hyper_v_generation": "",
            "id": "/subscriptions/5f94af94-2e21-425d-a715-e2b7df92f974/resourceGroups/aads-es1-rg/providers/Microsoft.Compute/disks/cl5dces1p01-data-01",
            "image_reference_id": "",
            "location": "eastus",
            "logical_sector_size": null,
            "max_shares": 0,
            "name": "cl5dces1p01-data-01",
            "network_access_policy": null,
            "on_demand_bursting_enabled": false,
            "os_type": "",
            "public_network_access_enabled": true,
            "resource_group_name": "aads-es1-rg",
            "secure_vm_disk_encryption_set_id": "",
            "security_type": "",
            "source_resource_id": "",
            "source_uri": "",
            "storage_account_id": "",
            "storage_account_type": "Premium_LRS",
            "tags": {
              "Business unit": "N/A",
              "Bussiness Criticality": "High",
              "Cost center": "Exactlyit",
              "Data Classification": "General",
              "Environment": "Shared",
              "Location": "eastus",
              "Operations team": "Cloud Operations"
            },
            "tier": "P2",
            "timeouts": null,
            "trusted_launch_enabled": false,
            "upload_size_bytes": 0,
            "zone": ""
          },
          "sensitive_attributes": [],
          "private": "eyJlMmJmYjczMC1lY2FhLTExZTYtOGY4OC0zNDM2M2JjN2M0YzAiOnsiY3JlYXRlIjoxODAwMDAwMDAwMDAwLCJkZWxldGUiOjE4MDAwMDAwMDAwMDAsInJlYWQiOjMwMDAwMDAwMDAwMCwidXBkYXRlIjoxODAwMDAwMDAwMDAwfSwic2NoZW1hX3ZlcnNpb24iOiIxIn0=",
          "dependencies": [
            "data.azurerm_client_config.current",
            "module.aads_RG.azurerm_resource_group.lawsrg",
            "module.keyvault.azurerm_key_vault.keyvault",
            "module.keyvault.azurerm_key_vault_access_policy.accesspolicy_sp",
            "module.keyvault.azurerm_key_vault_access_policy.accesspolicy_user",
            "module.keyvault_RG.azurerm_resource_group.lawsrg",
            "module.secret_key.azurerm_key_vault_secret.key_vault_secret",
            "module.secret_key.random_string.password",
            "module.shared_vnet.azurerm_network_security_group.vnet-nsg",
            "module.shared_vnet.azurerm_route_table.sharedrt",
            "module.shared_vnet.azurerm_subnet_route_table_association.sharedrtasso",
            "module.shared_vnet.azurerm_virtual_network.hubvnet",
            "module.sharednetwork_RG.azurerm_resource_group.lawsrg",
            "module.windows_vm.azurerm_network_interface.nic",
            "module.windows_vm.azurerm_windows_virtual_machine.virtual-machine"
          ]
        }
      ]
    },
    {
      "module": "module.managed_disk[\"cl5dces1p01-data-02\"]",
      "mode": "managed",
      "type": "azurerm_managed_disk",
      "name": "disk",
      "provider": "provider[\"registry.terraform.io/hashicorp/azurerm\"]",
      "instances": [
        {
          "schema_version": 1,
          "attributes": {
            "create_option": "Empty",
            "disk_access_id": "",
            "disk_encryption_set_id": "",
            "disk_iops_read_only": 0,
            "disk_iops_read_write": 120,
            "disk_mbps_read_only": 0,
            "disk_mbps_read_write": 25,
            "disk_size_gb": 4,
            "edge_zone": "",
            "encryption_settings": [],
            "gallery_image_reference_id": "",
            "hyper_v_generation": "",
            "id": "/subscriptions/5f94af94-2e21-425d-a715-e2b7df92f974/resourceGroups/aads-es1-rg/providers/Microsoft.Compute/disks/cl5dces1p01-data-02",
            "image_reference_id": "",
            "location": "eastus",
            "logical_sector_size": null,
            "max_shares": 0,
            "name": "cl5dces1p01-data-02",
            "network_access_policy": null,
            "on_demand_bursting_enabled": false,
            "os_type": "",
            "public_network_access_enabled": true,
            "resource_group_name": "aads-es1-rg",
            "secure_vm_disk_encryption_set_id": "",
            "security_type": "",
            "source_resource_id": "",
            "source_uri": "",
            "storage_account_id": "",
            "storage_account_type": "Premium_LRS",
            "tags": {
              "Business unit": "N/A",
              "Bussiness Criticality": "High",
              "Cost center": "Exactlyit",
              "Data Classification": "General",
              "Environment": "Shared",
              "Location": "eastus",
              "Operations team": "Cloud Operations"
            },
            "tier": "P1",
            "timeouts": null,
            "trusted_launch_enabled": false,
            "upload_size_bytes": 0,
            "zone": ""
          },
          "sensitive_attributes": [],
          "private": "eyJlMmJmYjczMC1lY2FhLTExZTYtOGY4OC0zNDM2M2JjN2M0YzAiOnsiY3JlYXRlIjoxODAwMDAwMDAwMDAwLCJkZWxldGUiOjE4MDAwMDAwMDAwMDAsInJlYWQiOjMwMDAwMDAwMDAwMCwidXBkYXRlIjoxODAwMDAwMDAwMDAwfSwic2NoZW1hX3ZlcnNpb24iOiIxIn0=",
          "dependencies": [
            "data.azurerm_client_config.current",
            "module.aads_RG.azurerm_resource_group.lawsrg",
            "module.keyvault.azurerm_key_vault.keyvault",
            "module.keyvault.azurerm_key_vault_access_policy.accesspolicy_sp",
            "module.keyvault.azurerm_key_vault_access_policy.accesspolicy_user",
            "module.keyvault_RG.azurerm_resource_group.lawsrg",
            "module.secret_key.azurerm_key_vault_secret.key_vault_secret",
            "module.secret_key.random_string.password",
            "module.shared_vnet.azurerm_network_security_group.vnet-nsg",
            "module.shared_vnet.azurerm_route_table.sharedrt",
            "module.shared_vnet.azurerm_subnet_route_table_association.sharedrtasso",
            "module.shared_vnet.azurerm_virtual_network.hubvnet",
            "module.sharednetwork_RG.azurerm_resource_group.lawsrg",
            "module.windows_vm.azurerm_network_interface.nic",
            "module.windows_vm.azurerm_windows_virtual_machine.virtual-machine"
          ]
        }
      ]
    },
    {
      "module": "module.management_SA[0]",
      "mode": "managed",
      "type": "azurerm_storage_account",
      "name": "storage_account",
      "provider": "provider[\"registry.terraform.io/hashicorp/azurerm\"]",
      "instances": [
        {
          "schema_version": 4,
          "attributes": {
            "access_tier": "Hot",
            "account_kind": "StorageV2",
            "account_replication_type": "LRS",
            "account_tier": "Standard",
            "allow_nested_items_to_be_public": true,
            "allowed_copy_scope": "",
            "azure_files_authentication": [],
            "blob_properties": [
              {
                "change_feed_enabled": false,
                "change_feed_retention_in_days": 0,
                "container_delete_retention_policy": [],
                "cors_rule": [],
                "default_service_version": "",
                "delete_retention_policy": [],
                "last_access_time_enabled": false,
                "restore_policy": [],
                "versioning_enabled": false
              }
            ],
            "cross_tenant_replication_enabled": true,
            "custom_domain": [],
            "customer_managed_key": [],
            "default_to_oauth_authentication": false,
            "edge_zone": "",
            "enable_https_traffic_only": true,
            "id": "/subscriptions/5f94af94-2e21-425d-a715-e2b7df92f974/resourceGroups/costmgmt-glb-rg/providers/Microsoft.Storage/storageAccounts/cl5diagalzes1sta",
            "identity": [],
            "immutability_policy": [],
            "infrastructure_encryption_enabled": false,
            "is_hns_enabled": false,
            "large_file_share_enabled": null,
            "location": "eastus",
            "min_tls_version": "TLS1_2",
            "name": "cl5diagalzes1sta",
            "network_rules": [
              {
                "bypass": [
                  "AzureServices"
                ],
                "default_action": "Allow",
                "ip_rules": [],
                "private_link_access": [],
                "virtual_network_subnet_ids": []
              }
            ],
            "nfsv3_enabled": false,
            "primary_access_key": "lzDN/h8K/xakbc1PKMThix6SkaZjjSIqAlQoBHyKRNUxy/muJMWIZRBNE+ryOmdmCNTiNmIMHoRE+AStlKEFZA==",
            "primary_blob_connection_string": "DefaultEndpointsProtocol=https;BlobEndpoint=https://cl5diagalzes1sta.blob.core.windows.net/;AccountName=cl5diagalzes1sta;AccountKey=lzDN/h8K/xakbc1PKMThix6SkaZjjSIqAlQoBHyKRNUxy/muJMWIZRBNE+ryOmdmCNTiNmIMHoRE+AStlKEFZA==",
            "primary_blob_endpoint": "https://cl5diagalzes1sta.blob.core.windows.net/",
            "primary_blob_host": "cl5diagalzes1sta.blob.core.windows.net",
            "primary_connection_string": "DefaultEndpointsProtocol=https;AccountName=cl5diagalzes1sta;AccountKey=lzDN/h8K/xakbc1PKMThix6SkaZjjSIqAlQoBHyKRNUxy/muJMWIZRBNE+ryOmdmCNTiNmIMHoRE+AStlKEFZA==;EndpointSuffix=core.windows.net",
            "primary_dfs_endpoint": "https://cl5diagalzes1sta.dfs.core.windows.net/",
            "primary_dfs_host": "cl5diagalzes1sta.dfs.core.windows.net",
            "primary_file_endpoint": "https://cl5diagalzes1sta.file.core.windows.net/",
            "primary_file_host": "cl5diagalzes1sta.file.core.windows.net",
            "primary_location": "eastus",
            "primary_queue_endpoint": "https://cl5diagalzes1sta.queue.core.windows.net/",
            "primary_queue_host": "cl5diagalzes1sta.queue.core.windows.net",
            "primary_table_endpoint": "https://cl5diagalzes1sta.table.core.windows.net/",
            "primary_table_host": "cl5diagalzes1sta.table.core.windows.net",
            "primary_web_endpoint": "https://cl5diagalzes1sta.z13.web.core.windows.net/",
            "primary_web_host": "cl5diagalzes1sta.z13.web.core.windows.net",
            "public_network_access_enabled": true,
            "queue_encryption_key_type": "Service",
            "queue_properties": [
              {
                "cors_rule": [],
                "hour_metrics": [
                  {
                    "enabled": true,
                    "include_apis": true,
                    "retention_policy_days": 7,
                    "version": "1.0"
                  }
                ],
                "logging": [
                  {
                    "delete": false,
                    "read": false,
                    "retention_policy_days": 0,
                    "version": "1.0",
                    "write": false
                  }
                ],
                "minute_metrics": [
                  {
                    "enabled": false,
                    "include_apis": false,
                    "retention_policy_days": 0,
                    "version": "1.0"
                  }
                ]
              }
            ],
            "resource_group_name": "costmgmt-glb-rg",
            "routing": [],
            "sas_policy": [],
            "secondary_access_key": "Zo6b7io+MoM9xcetl4iJT4k0DemArcO8hMDA1/69MYgAdUZLhqY3WMtJAVPLIbJaaDYKFbjuW7Ih+AStCZGTaQ==",
            "secondary_blob_connection_string": "",
            "secondary_blob_endpoint": null,
            "secondary_blob_host": null,
            "secondary_connection_string": "DefaultEndpointsProtocol=https;AccountName=cl5diagalzes1sta;AccountKey=Zo6b7io+MoM9xcetl4iJT4k0DemArcO8hMDA1/69MYgAdUZLhqY3WMtJAVPLIbJaaDYKFbjuW7Ih+AStCZGTaQ==;EndpointSuffix=core.windows.net",
            "secondary_dfs_endpoint": null,
            "secondary_dfs_host": null,
            "secondary_file_endpoint": null,
            "secondary_file_host": null,
            "secondary_location": "",
            "secondary_queue_endpoint": null,
            "secondary_queue_host": null,
            "secondary_table_endpoint": null,
            "secondary_table_host": null,
            "secondary_web_endpoint": null,
            "secondary_web_host": null,
            "sftp_enabled": false,
            "share_properties": [
              {
                "cors_rule": [],
                "retention_policy": [
                  {
                    "days": 7
                  }
                ],
                "smb": []
              }
            ],
            "shared_access_key_enabled": true,
            "static_website": [],
            "table_encryption_key_type": "Service",
            "tags": {
              "Business unit": "N/A",
              "Bussiness Criticality": "High",
              "Cost center": "Exactlyit",
              "Data Classification": "General",
              "Environment": "Management",
              "Location": "eastus",
              "Operations team": "Cloud Operations"
            },
            "timeouts": null
          },
          "sensitive_attributes": [],
          "private": "eyJlMmJmYjczMC1lY2FhLTExZTYtOGY4OC0zNDM2M2JjN2M0YzAiOnsiY3JlYXRlIjozNjAwMDAwMDAwMDAwLCJkZWxldGUiOjM2MDAwMDAwMDAwMDAsInJlYWQiOjMwMDAwMDAwMDAwMCwidXBkYXRlIjozNjAwMDAwMDAwMDAwfSwic2NoZW1hX3ZlcnNpb24iOiI0In0=",
          "dependencies": [
            "module.costmgmt_RG.azurerm_resource_group.lawsrg"
          ]
        }
      ]
    },
    {
      "module": "module.mgmt_aut_acc",
      "mode": "managed",
      "type": "azurerm_automation_account",
      "name": "automation_acc",
      "provider": "provider[\"registry.terraform.io/hashicorp/azurerm\"]",
      "instances": [
        {
          "schema_version": 0,
          "attributes": {
            "dsc_primary_access_key": "XdMx4F12ZcfTUCOhUoDwpHRn4RaJaDu8VkAtCYx+DtRwLEbijvhvXxvRbHWlLRAYUwfGg2SRsxB7Shhaw9SGnQ==",
            "dsc_secondary_access_key": "1q5PJ/pqbmdJmvw5PUtdCRHyFDeLrWJjueyzADgISv4lZZ86FnLcF+49cs2vdZJ7VOdYH+Itx5zTjBRJCWAXmw==",
            "dsc_server_endpoint": "https://0a237d6e-2e42-4f0d-97eb-14c8043be105.agentsvc.wus.azure-automation.net/accounts/0a237d6e-2e42-4f0d-97eb-14c8043be105",
            "encryption": [],
            "hybrid_service_url": "https://0a237d6e-2e42-4f0d-97eb-14c8043be105.jrds.wus.azure-automation.net/automationAccounts/0a237d6e-2e42-4f0d-97eb-14c8043be105",
            "id": "/subscriptions/5f94af94-2e21-425d-a715-e2b7df92f974/resourceGroups/costmgmt-glb-rg/providers/Microsoft.Automation/automationAccounts/automation-wu-autacc",
            "identity": [],
            "local_authentication_enabled": true,
            "location": "westus",
            "name": "automation-wu-autacc",
            "private_endpoint_connection": [],
            "public_network_access_enabled": true,
            "resource_group_name": "costmgmt-glb-rg",
            "sku_name": "Basic",
            "tags": {
              "Business unit": "N/A",
              "Bussiness Criticality": "High",
              "Cost center": "Exactlyit",
              "Data Classification": "General",
              "Environment": "Management",
              "Location": "eastus",
              "Operations team": "Cloud Operations"
            },
            "timeouts": null
          },
          "sensitive_attributes": [],
          "private": "eyJlMmJmYjczMC1lY2FhLTExZTYtOGY4OC0zNDM2M2JjN2M0YzAiOnsiY3JlYXRlIjoxODAwMDAwMDAwMDAwLCJkZWxldGUiOjE4MDAwMDAwMDAwMDAsInJlYWQiOjMwMDAwMDAwMDAwMCwidXBkYXRlIjoxODAwMDAwMDAwMDAwfX0=",
          "dependencies": [
            "module.costmgmt_RG.azurerm_resource_group.lawsrg"
          ]
        }
      ]
    },
    {
      "module": "module.monitoring_RG",
      "mode": "managed",
      "type": "azurerm_resource_group",
      "name": "lawsrg",
      "provider": "provider[\"registry.terraform.io/hashicorp/azurerm\"]",
      "instances": [
        {
          "schema_version": 0,
          "attributes": {
            "id": "/subscriptions/5f94af94-2e21-425d-a715-e2b7df92f974/resourceGroups/monitoring-glb-rg",
            "location": "eastus",
            "managed_by": "",
            "name": "monitoring-glb-rg",
            "tags": {
              "Environment": "Management",
              "Location": "eastus"
            },
            "timeouts": null
          },
          "sensitive_attributes": [],
          "private": "eyJlMmJmYjczMC1lY2FhLTExZTYtOGY4OC0zNDM2M2JjN2M0YzAiOnsiY3JlYXRlIjo1NDAwMDAwMDAwMDAwLCJkZWxldGUiOjU0MDAwMDAwMDAwMDAsInJlYWQiOjMwMDAwMDAwMDAwMCwidXBkYXRlIjo1NDAwMDAwMDAwMDAwfX0="
        }
      ]
    },
    {
      "module": "module.network_RG",
      "mode": "managed",
      "type": "azurerm_resource_group",
      "name": "lawsrg",
      "provider": "provider[\"registry.terraform.io/hashicorp/azurerm\"]",
      "instances": [
        {
          "schema_version": 0,
          "attributes": {
            "id": "/subscriptions/5f94af94-2e21-425d-a715-e2b7df92f974/resourceGroups/network-es1-rg",
            "location": "eastus",
            "managed_by": "",
            "name": "network-es1-rg",
            "tags": {
              "Environment": "Connectivity",
              "Location": "eastus"
            },
            "timeouts": null
          },
          "sensitive_attributes": [],
          "private": "eyJlMmJmYjczMC1lY2FhLTExZTYtOGY4OC0zNDM2M2JjN2M0YzAiOnsiY3JlYXRlIjo1NDAwMDAwMDAwMDAwLCJkZWxldGUiOjU0MDAwMDAwMDAwMDAsInJlYWQiOjMwMDAwMDAwMDAwMCwidXBkYXRlIjo1NDAwMDAwMDAwMDAwfX0="
        }
      ]
    },
    {
      "module": "module.operationallogs_WS",
      "mode": "managed",
      "type": "azurerm_log_analytics_workspace",
      "name": "laws",
      "provider": "provider[\"registry.terraform.io/hashicorp/azurerm\"]",
      "instances": [
        {
          "schema_version": 3,
          "attributes": {
            "allow_resource_only_permissions": true,
            "cmk_for_query_forced": false,
            "daily_quota_gb": -1,
            "id": "/subscriptions/5f94af94-2e21-425d-a715-e2b7df92f974/resourceGroups/keys-glb-rg/providers/Microsoft.OperationalInsights/workspaces/cl5-operationallogs-alz-es1-workspace",
            "internet_ingestion_enabled": true,
            "internet_query_enabled": true,
            "local_authentication_disabled": false,
            "location": "eastus",
            "name": "cl5-operationallogs-alz-es1-workspace",
            "primary_shared_key": "Zp2xclmarX5LPTu9fBkwIKaFtS+7WTeOv5dDgs32YIeP4h+yBQroVpPgm2LKVQ8bdorTwuJ6ZOgA4nd050O4tQ==",
            "reservation_capacity_in_gb_per_day": null,
            "resource_group_name": "keys-glb-rg",
            "retention_in_days": 90,
            "secondary_shared_key": "e6cYapXH+iJPQkWOKUI0Mr+JkwQatRgLVAzGvKuU2hWL3diGaTeKRiIFdabHy/TyfN2dXTCYbzY2yxCV3vGfTQ==",
            "sku": "PerGB2018",
            "tags": {
              "Business unit": "N/A",
              "Bussiness Criticality": "High",
              "Cost center": "Exactlyit",
              "Data Classification": "General",
              "Environment": "Management",
              "Location": "eastus",
              "Operations team": "Cloud Operations"
            },
            "timeouts": null,
            "workspace_id": "384ebf0f-2fab-4615-b19f-8b6d7f93013f"
          },
          "sensitive_attributes": [],
          "private": "eyJlMmJmYjczMC1lY2FhLTExZTYtOGY4OC0zNDM2M2JjN2M0YzAiOnsiY3JlYXRlIjoxODAwMDAwMDAwMDAwLCJkZWxldGUiOjE4MDAwMDAwMDAwMDAsInJlYWQiOjMwMDAwMDAwMDAwMCwidXBkYXRlIjoxODAwMDAwMDAwMDAwfSwic2NoZW1hX3ZlcnNpb24iOiIzIn0=",
          "dependencies": [
            "module.keyvault_RG.azurerm_resource_group.lawsrg"
          ]
        }
      ]
    },
    {
      "module": "module.recovery_SA[0]",
      "mode": "managed",
      "type": "azurerm_storage_account",
      "name": "storage_account",
      "provider": "provider[\"registry.terraform.io/hashicorp/azurerm\"]",
      "instances": [
        {
          "schema_version": 4,
          "attributes": {
            "access_tier": "Hot",
            "account_kind": "StorageV2",
            "account_replication_type": "LRS",
            "account_tier": "Standard",
            "allow_nested_items_to_be_public": true,
            "allowed_copy_scope": "",
            "azure_files_authentication": [],
            "blob_properties": [
              {
                "change_feed_enabled": false,
                "change_feed_retention_in_days": 0,
                "container_delete_retention_policy": [],
                "cors_rule": [],
                "default_service_version": "",
                "delete_retention_policy": [],
                "last_access_time_enabled": false,
                "restore_policy": [],
                "versioning_enabled": false
              }
            ],
            "cross_tenant_replication_enabled": true,
            "custom_domain": [],
            "customer_managed_key": [],
            "default_to_oauth_authentication": false,
            "edge_zone": "",
            "enable_https_traffic_only": true,
            "id": "/subscriptions/5f94af94-2e21-425d-a715-e2b7df92f974/resourceGroups/recoverywu-rg/providers/Microsoft.Storage/storageAccounts/cl5recoverywusta",
            "identity": [],
            "immutability_policy": [],
            "infrastructure_encryption_enabled": false,
            "is_hns_enabled": false,
            "large_file_share_enabled": null,
            "location": "westus",
            "min_tls_version": "TLS1_2",
            "name": "cl5recoverywusta",
            "network_rules": [
              {
                "bypass": [
                  "AzureServices"
                ],
                "default_action": "Allow",
                "ip_rules": [],
                "private_link_access": [],
                "virtual_network_subnet_ids": []
              }
            ],
            "nfsv3_enabled": false,
            "primary_access_key": "rjzi2sRSZ0JiwSvQyngHWPdVrM2FpxXvsxwKhYpMTIMp7ZTt5q1Ob+XWIa5/EHFwlFSaLF1x0v7/+AStIjoAMA==",
            "primary_blob_connection_string": "DefaultEndpointsProtocol=https;BlobEndpoint=https://cl5recoverywusta.blob.core.windows.net/;AccountName=cl5recoverywusta;AccountKey=rjzi2sRSZ0JiwSvQyngHWPdVrM2FpxXvsxwKhYpMTIMp7ZTt5q1Ob+XWIa5/EHFwlFSaLF1x0v7/+AStIjoAMA==",
            "primary_blob_endpoint": "https://cl5recoverywusta.blob.core.windows.net/",
            "primary_blob_host": "cl5recoverywusta.blob.core.windows.net",
            "primary_connection_string": "DefaultEndpointsProtocol=https;AccountName=cl5recoverywusta;AccountKey=rjzi2sRSZ0JiwSvQyngHWPdVrM2FpxXvsxwKhYpMTIMp7ZTt5q1Ob+XWIa5/EHFwlFSaLF1x0v7/+AStIjoAMA==;EndpointSuffix=core.windows.net",
            "primary_dfs_endpoint": "https://cl5recoverywusta.dfs.core.windows.net/",
            "primary_dfs_host": "cl5recoverywusta.dfs.core.windows.net",
            "primary_file_endpoint": "https://cl5recoverywusta.file.core.windows.net/",
            "primary_file_host": "cl5recoverywusta.file.core.windows.net",
            "primary_location": "westus",
            "primary_queue_endpoint": "https://cl5recoverywusta.queue.core.windows.net/",
            "primary_queue_host": "cl5recoverywusta.queue.core.windows.net",
            "primary_table_endpoint": "https://cl5recoverywusta.table.core.windows.net/",
            "primary_table_host": "cl5recoverywusta.table.core.windows.net",
            "primary_web_endpoint": "https://cl5recoverywusta.z22.web.core.windows.net/",
            "primary_web_host": "cl5recoverywusta.z22.web.core.windows.net",
            "public_network_access_enabled": true,
            "queue_encryption_key_type": "Service",
            "queue_properties": [
              {
                "cors_rule": [],
                "hour_metrics": [
                  {
                    "enabled": true,
                    "include_apis": true,
                    "retention_policy_days": 7,
                    "version": "1.0"
                  }
                ],
                "logging": [
                  {
                    "delete": false,
                    "read": false,
                    "retention_policy_days": 0,
                    "version": "1.0",
                    "write": false
                  }
                ],
                "minute_metrics": [
                  {
                    "enabled": false,
                    "include_apis": false,
                    "retention_policy_days": 0,
                    "version": "1.0"
                  }
                ]
              }
            ],
            "resource_group_name": "recoverywu-rg",
            "routing": [],
            "sas_policy": [],
            "secondary_access_key": "EZUllhYB2+m5ZIZwFJT+0yjcCOGQE7oEuNVWqLZ9q3wrEcmk8G/pBbANrpnUatnUA6eg7TDDusOj+ASt0GYZeA==",
            "secondary_blob_connection_string": "",
            "secondary_blob_endpoint": null,
            "secondary_blob_host": null,
            "secondary_connection_string": "DefaultEndpointsProtocol=https;AccountName=cl5recoverywusta;AccountKey=EZUllhYB2+m5ZIZwFJT+0yjcCOGQE7oEuNVWqLZ9q3wrEcmk8G/pBbANrpnUatnUA6eg7TDDusOj+ASt0GYZeA==;EndpointSuffix=core.windows.net",
            "secondary_dfs_endpoint": null,
            "secondary_dfs_host": null,
            "secondary_file_endpoint": null,
            "secondary_file_host": null,
            "secondary_location": "",
            "secondary_queue_endpoint": null,
            "secondary_queue_host": null,
            "secondary_table_endpoint": null,
            "secondary_table_host": null,
            "secondary_web_endpoint": null,
            "secondary_web_host": null,
            "sftp_enabled": false,
            "share_properties": [
              {
                "cors_rule": [],
                "retention_policy": [
                  {
                    "days": 7
                  }
                ],
                "smb": []
              }
            ],
            "shared_access_key_enabled": true,
            "static_website": [],
            "table_encryption_key_type": "Service",
            "tags": {
              "Business unit": "N/A",
              "Bussiness Criticality": "High",
              "Cost center": "Exactlyit",
              "Data Classification": "General",
              "Environment": "DR",
              "Location": "eastus",
              "Operations team": "Cloud Operations"
            },
            "timeouts": null
          },
          "sensitive_attributes": [],
          "private": "eyJlMmJmYjczMC1lY2FhLTExZTYtOGY4OC0zNDM2M2JjN2M0YzAiOnsiY3JlYXRlIjozNjAwMDAwMDAwMDAwLCJkZWxldGUiOjM2MDAwMDAwMDAwMDAsInJlYWQiOjMwMDAwMDAwMDAwMCwidXBkYXRlIjozNjAwMDAwMDAwMDAwfSwic2NoZW1hX3ZlcnNpb24iOiI0In0=",
          "dependencies": [
            "module.recovery_rg.azurerm_resource_group.lawsrg"
          ]
        }
      ]
    },
    {
      "module": "module.recovery_rg",
      "mode": "managed",
      "type": "azurerm_resource_group",
      "name": "lawsrg",
      "provider": "provider[\"registry.terraform.io/hashicorp/azurerm\"]",
      "instances": [
        {
          "schema_version": 0,
          "attributes": {
            "id": "/subscriptions/5f94af94-2e21-425d-a715-e2b7df92f974/resourceGroups/recoverywu-rg",
            "location": "westus",
            "managed_by": "",
            "name": "recoverywu-rg",
            "tags": {
              "Environment": "DR",
              "Location": "eastus"
            },
            "timeouts": null
          },
          "sensitive_attributes": [],
          "private": "eyJlMmJmYjczMC1lY2FhLTExZTYtOGY4OC0zNDM2M2JjN2M0YzAiOnsiY3JlYXRlIjo1NDAwMDAwMDAwMDAwLCJkZWxldGUiOjU0MDAwMDAwMDAwMDAsInJlYWQiOjMwMDAwMDAwMDAwMCwidXBkYXRlIjo1NDAwMDAwMDAwMDAwfX0="
        }
      ]
    },
    {
      "module": "module.secret_key",
      "mode": "managed",
      "type": "azurerm_key_vault_secret",
      "name": "key_vault_secret",
      "provider": "provider[\"registry.terraform.io/hashicorp/azurerm\"]",
      "instances": [
        {
          "schema_version": 0,
          "attributes": {
            "content_type": "",
            "expiration_date": null,
            "id": "https://cl5-alz-es1-kv.vault.azure.net/secrets/Terraform-vm-password/aa6720767f4f46a485ce1c2acdb4ebd4",
            "key_vault_id": "/subscriptions/5f94af94-2e21-425d-a715-e2b7df92f974/resourceGroups/keys-glb-rg/providers/Microsoft.KeyVault/vaults/cl5-alz-es1-kv",
            "name": "Terraform-vm-password",
            "not_before_date": null,
            "resource_id": "/subscriptions/5f94af94-2e21-425d-a715-e2b7df92f974/resourceGroups/keys-glb-rg/providers/Microsoft.KeyVault/vaults/cl5-alz-es1-kv/secrets/Terraform-vm-password/versions/aa6720767f4f46a485ce1c2acdb4ebd4",
            "resource_versionless_id": "/subscriptions/5f94af94-2e21-425d-a715-e2b7df92f974/resourceGroups/keys-glb-rg/providers/Microsoft.KeyVault/vaults/cl5-alz-es1-kv/secrets/Terraform-vm-password",
            "tags": {
              "Business unit": "N/A",
              "Bussiness Criticality": "High",
              "Cost center": "Exactlyit",
              "Data Classification": "General",
              "Environment": "Audit",
              "Location": "eastus",
              "Operations team": "Cloud Operations"
            },
            "timeouts": null,
            "value": "i$QR\u003e$T3FT0HV2b\u003e",
            "version": "aa6720767f4f46a485ce1c2acdb4ebd4",
            "versionless_id": "https://cl5-alz-es1-kv.vault.azure.net/secrets/Terraform-vm-password"
          },
          "sensitive_attributes": [],
          "private": "eyJlMmJmYjczMC1lY2FhLTExZTYtOGY4OC0zNDM2M2JjN2M0YzAiOnsiY3JlYXRlIjoxODAwMDAwMDAwMDAwLCJkZWxldGUiOjE4MDAwMDAwMDAwMDAsInJlYWQiOjE4MDAwMDAwMDAwMDAsInVwZGF0ZSI6MTgwMDAwMDAwMDAwMH19",
          "dependencies": [
            "data.azurerm_client_config.current",
            "module.keyvault.azurerm_key_vault.keyvault",
            "module.keyvault.azurerm_key_vault_access_policy.accesspolicy_sp",
            "module.keyvault.azurerm_key_vault_access_policy.accesspolicy_user",
            "module.keyvault_RG.azurerm_resource_group.lawsrg",
            "module.secret_key.random_string.password"
          ]
        }
      ]
    },
    {
      "module": "module.secret_key",
      "mode": "managed",
      "type": "random_string",
      "name": "password",
      "provider": "provider[\"registry.terraform.io/hashicorp/random\"]",
      "instances": [
        {
          "schema_version": 1,
          "attributes": {
            "id": "i$QR\u003e$T3FT0HV2b\u003e",
            "keepers": null,
            "length": 16,
            "lower": true,
            "min_lower": 2,
            "min_numeric": 2,
            "min_special": 2,
            "min_upper": 2,
            "number": true,
            "override_special": null,
            "result": "i$QR\u003e$T3FT0HV2b\u003e",
            "special": true,
            "upper": true
          },
          "sensitive_attributes": [],
          "private": "eyJzY2hlbWFfdmVyc2lvbiI6IjEifQ==",
          "dependencies": [
            "data.azurerm_client_config.current",
            "module.keyvault.azurerm_key_vault.keyvault",
            "module.keyvault.azurerm_key_vault_access_policy.accesspolicy_sp",
            "module.keyvault.azurerm_key_vault_access_policy.accesspolicy_user",
            "module.keyvault_RG.azurerm_resource_group.lawsrg"
          ]
        }
      ]
    },
    {
      "module": "module.shared_SA[0]",
      "mode": "managed",
      "type": "azurerm_storage_account",
      "name": "storage_account",
      "provider": "provider[\"registry.terraform.io/hashicorp/azurerm\"]",
      "instances": [
        {
          "schema_version": 4,
          "attributes": {
            "access_tier": "Hot",
            "account_kind": "StorageV2",
            "account_replication_type": "LRS",
            "account_tier": "Standard",
            "allow_nested_items_to_be_public": true,
            "allowed_copy_scope": "",
            "azure_files_authentication": [],
            "blob_properties": [
              {
                "change_feed_enabled": false,
                "change_feed_retention_in_days": 0,
                "container_delete_retention_policy": [],
                "cors_rule": [],
                "default_service_version": "",
                "delete_retention_policy": [],
                "last_access_time_enabled": false,
                "restore_policy": [],
                "versioning_enabled": false
              }
            ],
            "cross_tenant_replication_enabled": true,
            "custom_domain": [],
            "customer_managed_key": [],
            "default_to_oauth_authentication": false,
            "edge_zone": "",
            "enable_https_traffic_only": true,
            "id": "/subscriptions/5f94af94-2e21-425d-a715-e2b7df92f974/resourceGroups/aads-es1-rg/providers/Microsoft.Storage/storageAccounts/sharedes1sta",
            "identity": [],
            "immutability_policy": [],
            "infrastructure_encryption_enabled": false,
            "is_hns_enabled": false,
            "large_file_share_enabled": null,
            "location": "eastus",
            "min_tls_version": "TLS1_2",
            "name": "sharedes1sta",
            "network_rules": [
              {
                "bypass": [
                  "AzureServices"
                ],
                "default_action": "Allow",
                "ip_rules": [],
                "private_link_access": [],
                "virtual_network_subnet_ids": []
              }
            ],
            "nfsv3_enabled": false,
            "primary_access_key": "zNcU5oQHpHJyFMtVn8Acswx8gzrdUNx2+oZIOXNhBl844skZZgj/lkcqVs+LqdX6p0CNjVg1ItSC+AStE4M63w==",
            "primary_blob_connection_string": "DefaultEndpointsProtocol=https;BlobEndpoint=https://sharedes1sta.blob.core.windows.net/;AccountName=sharedes1sta;AccountKey=zNcU5oQHpHJyFMtVn8Acswx8gzrdUNx2+oZIOXNhBl844skZZgj/lkcqVs+LqdX6p0CNjVg1ItSC+AStE4M63w==",
            "primary_blob_endpoint": "https://sharedes1sta.blob.core.windows.net/",
            "primary_blob_host": "sharedes1sta.blob.core.windows.net",
            "primary_connection_string": "DefaultEndpointsProtocol=https;AccountName=sharedes1sta;AccountKey=zNcU5oQHpHJyFMtVn8Acswx8gzrdUNx2+oZIOXNhBl844skZZgj/lkcqVs+LqdX6p0CNjVg1ItSC+AStE4M63w==;EndpointSuffix=core.windows.net",
            "primary_dfs_endpoint": "https://sharedes1sta.dfs.core.windows.net/",
            "primary_dfs_host": "sharedes1sta.dfs.core.windows.net",
            "primary_file_endpoint": "https://sharedes1sta.file.core.windows.net/",
            "primary_file_host": "sharedes1sta.file.core.windows.net",
            "primary_location": "eastus",
            "primary_queue_endpoint": "https://sharedes1sta.queue.core.windows.net/",
            "primary_queue_host": "sharedes1sta.queue.core.windows.net",
            "primary_table_endpoint": "https://sharedes1sta.table.core.windows.net/",
            "primary_table_host": "sharedes1sta.table.core.windows.net",
            "primary_web_endpoint": "https://sharedes1sta.z13.web.core.windows.net/",
            "primary_web_host": "sharedes1sta.z13.web.core.windows.net",
            "public_network_access_enabled": true,
            "queue_encryption_key_type": "Service",
            "queue_properties": [
              {
                "cors_rule": [],
                "hour_metrics": [
                  {
                    "enabled": true,
                    "include_apis": true,
                    "retention_policy_days": 7,
                    "version": "1.0"
                  }
                ],
                "logging": [
                  {
                    "delete": false,
                    "read": false,
                    "retention_policy_days": 0,
                    "version": "1.0",
                    "write": false
                  }
                ],
                "minute_metrics": [
                  {
                    "enabled": false,
                    "include_apis": false,
                    "retention_policy_days": 0,
                    "version": "1.0"
                  }
                ]
              }
            ],
            "resource_group_name": "aads-es1-rg",
            "routing": [],
            "sas_policy": [],
            "secondary_access_key": "F3GY4qrHV2F+5RL5fLuq0LOnCNGHsGFSHPu3+FpIk9/wCIz9v7HPKiC4a1zd774gfLR+wjqzp9KR+AStswZ8JQ==",
            "secondary_blob_connection_string": "",
            "secondary_blob_endpoint": null,
            "secondary_blob_host": null,
            "secondary_connection_string": "DefaultEndpointsProtocol=https;AccountName=sharedes1sta;AccountKey=F3GY4qrHV2F+5RL5fLuq0LOnCNGHsGFSHPu3+FpIk9/wCIz9v7HPKiC4a1zd774gfLR+wjqzp9KR+AStswZ8JQ==;EndpointSuffix=core.windows.net",
            "secondary_dfs_endpoint": null,
            "secondary_dfs_host": null,
            "secondary_file_endpoint": null,
            "secondary_file_host": null,
            "secondary_location": "",
            "secondary_queue_endpoint": null,
            "secondary_queue_host": null,
            "secondary_table_endpoint": null,
            "secondary_table_host": null,
            "secondary_web_endpoint": null,
            "secondary_web_host": null,
            "sftp_enabled": false,
            "share_properties": [
              {
                "cors_rule": [],
                "retention_policy": [
                  {
                    "days": 7
                  }
                ],
                "smb": []
              }
            ],
            "shared_access_key_enabled": true,
            "static_website": [],
            "table_encryption_key_type": "Service",
            "tags": {
              "Business unit": "N/A",
              "Bussiness Criticality": "High",
              "Cost center": "Exactlyit",
              "Data Classification": "General",
              "Environment": "Shared",
              "Location": "eastus",
              "Operations team": "Cloud Operations"
            },
            "timeouts": null
          },
          "sensitive_attributes": [],
          "private": "eyJlMmJmYjczMC1lY2FhLTExZTYtOGY4OC0zNDM2M2JjN2M0YzAiOnsiY3JlYXRlIjozNjAwMDAwMDAwMDAwLCJkZWxldGUiOjM2MDAwMDAwMDAwMDAsInJlYWQiOjMwMDAwMDAwMDAwMCwidXBkYXRlIjozNjAwMDAwMDAwMDAwfSwic2NoZW1hX3ZlcnNpb24iOiI0In0=",
          "dependencies": [
            "module.aads_RG.azurerm_resource_group.lawsrg"
          ]
        }
      ]
    },
    {
      "module": "module.shared_vnet",
      "mode": "managed",
      "type": "azurerm_network_security_group",
      "name": "vnet-nsg",
      "provider": "provider[\"registry.terraform.io/hashicorp/azurerm\"]",
      "instances": [
        {
          "index_key": "sharedServicesSubnet-nsg",
          "schema_version": 0,
          "attributes": {
            "id": "/subscriptions/5f94af94-2e21-425d-a715-e2b7df92f974/resourceGroups/shared-network-es1-rg/providers/Microsoft.Network/networkSecurityGroups/sharedServicesSubnet-nsg",
            "location": "eastus",
            "name": "sharedServicesSubnet-nsg",
            "resource_group_name": "shared-network-es1-rg",
            "security_rule": [],
            "tags": {},
            "timeouts": null
          },
          "sensitive_attributes": [],
          "private": "eyJlMmJmYjczMC1lY2FhLTExZTYtOGY4OC0zNDM2M2JjN2M0YzAiOnsiY3JlYXRlIjoxODAwMDAwMDAwMDAwLCJkZWxldGUiOjE4MDAwMDAwMDAwMDAsInJlYWQiOjMwMDAwMDAwMDAwMCwidXBkYXRlIjoxODAwMDAwMDAwMDAwfX0=",
          "dependencies": [
            "module.sharednetwork_RG.azurerm_resource_group.lawsrg"
          ]
        }
      ]
    },
    {
      "module": "module.shared_vnet",
      "mode": "managed",
      "type": "azurerm_route_table",
      "name": "sharedrt",
      "provider": "provider[\"registry.terraform.io/hashicorp/azurerm\"]",
      "instances": [
        {
          "schema_version": 0,
          "attributes": {
            "disable_bgp_route_propagation": false,
            "id": "/subscriptions/5f94af94-2e21-425d-a715-e2b7df92f974/resourceGroups/shared-network-es1-rg/providers/Microsoft.Network/routeTables/shared-rt",
            "location": "eastus",
            "name": "shared-rt",
            "resource_group_name": "shared-network-es1-rg",
            "route": [
              {
                "address_prefix": "10.41.0.0/22",
                "name": "sharedrt",
                "next_hop_in_ip_address": "",
                "next_hop_type": "VnetLocal"
              }
            ],
            "subnets": [
              "/subscriptions/5f94af94-2e21-425d-a715-e2b7df92f974/resourceGroups/shared-network-es1-rg/providers/Microsoft.Network/virtualNetworks/sharedvnet-es1/subnets/sharedServicesSubnet"
            ],
            "tags": {},
            "timeouts": null
          },
          "sensitive_attributes": [],
          "private": "eyJlMmJmYjczMC1lY2FhLTExZTYtOGY4OC0zNDM2M2JjN2M0YzAiOnsiY3JlYXRlIjoxODAwMDAwMDAwMDAwLCJkZWxldGUiOjE4MDAwMDAwMDAwMDAsInJlYWQiOjMwMDAwMDAwMDAwMCwidXBkYXRlIjoxODAwMDAwMDAwMDAwfX0=",
          "dependencies": [
            "module.shared_vnet.azurerm_network_security_group.vnet-nsg",
            "module.shared_vnet.azurerm_virtual_network.hubvnet",
            "module.sharednetwork_RG.azurerm_resource_group.lawsrg"
          ]
        }
      ]
    },
    {
      "module": "module.shared_vnet",
      "mode": "managed",
      "type": "azurerm_subnet_route_table_association",
      "name": "sharedrtasso",
      "provider": "provider[\"registry.terraform.io/hashicorp/azurerm\"]",
      "instances": [
        {
          "schema_version": 0,
          "attributes": {
            "id": "/subscriptions/5f94af94-2e21-425d-a715-e2b7df92f974/resourceGroups/shared-network-es1-rg/providers/Microsoft.Network/virtualNetworks/sharedvnet-es1/subnets/sharedServicesSubnet",
            "route_table_id": "/subscriptions/5f94af94-2e21-425d-a715-e2b7df92f974/resourceGroups/shared-network-es1-rg/providers/Microsoft.Network/routeTables/shared-rt",
            "subnet_id": "/subscriptions/5f94af94-2e21-425d-a715-e2b7df92f974/resourceGroups/shared-network-es1-rg/providers/Microsoft.Network/virtualNetworks/sharedvnet-es1/subnets/sharedServicesSubnet",
            "timeouts": null
          },
          "sensitive_attributes": [],
          "private": "eyJlMmJmYjczMC1lY2FhLTExZTYtOGY4OC0zNDM2M2JjN2M0YzAiOnsiY3JlYXRlIjoxODAwMDAwMDAwMDAwLCJkZWxldGUiOjE4MDAwMDAwMDAwMDAsInJlYWQiOjMwMDAwMDAwMDAwMCwidXBkYXRlIjoxODAwMDAwMDAwMDAwfX0=",
          "dependencies": [
            "module.shared_vnet.azurerm_network_security_group.vnet-nsg",
            "module.shared_vnet.azurerm_route_table.sharedrt",
            "module.shared_vnet.azurerm_virtual_network.hubvnet",
            "module.sharednetwork_RG.azurerm_resource_group.lawsrg"
          ]
        }
      ]
    },
    {
      "module": "module.shared_vnet",
      "mode": "managed",
      "type": "azurerm_virtual_network",
      "name": "hubvnet",
      "provider": "provider[\"registry.terraform.io/hashicorp/azurerm\"]",
      "instances": [
        {
          "schema_version": 0,
          "attributes": {
            "address_space": [
              "10.45.0.0/22"
            ],
            "bgp_community": "",
            "ddos_protection_plan": [],
            "dns_servers": [],
            "edge_zone": "",
            "encryption": [],
            "flow_timeout_in_minutes": 0,
            "guid": "0b746fce-1593-4f0e-803b-308f0a1973de",
            "id": "/subscriptions/5f94af94-2e21-425d-a715-e2b7df92f974/resourceGroups/shared-network-es1-rg/providers/Microsoft.Network/virtualNetworks/sharedvnet-es1",
            "location": "eastus",
            "name": "sharedvnet-es1",
            "resource_group_name": "shared-network-es1-rg",
            "subnet": [
              {
                "address_prefix": "10.45.0.0/25",
                "id": "/subscriptions/5f94af94-2e21-425d-a715-e2b7df92f974/resourceGroups/shared-network-es1-rg/providers/Microsoft.Network/virtualNetworks/sharedvnet-es1/subnets/sharedServicesSubnet",
                "name": "sharedServicesSubnet",
                "security_group": "/subscriptions/5f94af94-2e21-425d-a715-e2b7df92f974/resourceGroups/shared-network-es1-rg/providers/Microsoft.Network/networkSecurityGroups/sharedServicesSubnet-nsg"
              }
            ],
            "tags": {
              "Business unit": "N/A",
              "Bussiness Criticality": "High",
              "Cost center": "Exactlyit",
              "Data Classification": "General",
              "Environment": "Shared",
              "Location": "eastus",
              "Operations team": "Cloud Operations"
            },
            "timeouts": null
          },
          "sensitive_attributes": [],
          "private": "eyJlMmJmYjczMC1lY2FhLTExZTYtOGY4OC0zNDM2M2JjN2M0YzAiOnsiY3JlYXRlIjoxODAwMDAwMDAwMDAwLCJkZWxldGUiOjE4MDAwMDAwMDAwMDAsInJlYWQiOjMwMDAwMDAwMDAwMCwidXBkYXRlIjoxODAwMDAwMDAwMDAwfX0=",
          "dependencies": [
            "module.shared_vnet.azurerm_network_security_group.vnet-nsg",
            "module.sharednetwork_RG.azurerm_resource_group.lawsrg"
          ]
        }
      ]
    },
    {
      "module": "module.sharednetwork_RG",
      "mode": "managed",
      "type": "azurerm_resource_group",
      "name": "lawsrg",
      "provider": "provider[\"registry.terraform.io/hashicorp/azurerm\"]",
      "instances": [
        {
          "schema_version": 0,
          "attributes": {
            "id": "/subscriptions/5f94af94-2e21-425d-a715-e2b7df92f974/resourceGroups/shared-network-es1-rg",
            "location": "eastus",
            "managed_by": "",
            "name": "shared-network-es1-rg",
            "tags": {
              "Environment": "Shared",
              "Location": "eastus"
            },
            "timeouts": null
          },
          "sensitive_attributes": [],
          "private": "eyJlMmJmYjczMC1lY2FhLTExZTYtOGY4OC0zNDM2M2JjN2M0YzAiOnsiY3JlYXRlIjo1NDAwMDAwMDAwMDAwLCJkZWxldGUiOjU0MDAwMDAwMDAwMDAsInJlYWQiOjMwMDAwMDAwMDAwMCwidXBkYXRlIjo1NDAwMDAwMDAwMDAwfX0="
        }
      ]
    },
    {
      "module": "module.vpn_pip",
      "mode": "managed",
      "type": "azurerm_public_ip",
      "name": "pip",
      "provider": "provider[\"registry.terraform.io/hashicorp/azurerm\"]",
      "instances": [
        {
          "schema_version": 0,
          "attributes": {
            "allocation_method": "Dynamic",
            "ddos_protection_mode": "VirtualNetworkInherited",
            "ddos_protection_plan_id": null,
            "domain_name_label": null,
            "edge_zone": "",
            "fqdn": null,
            "id": "/subscriptions/5f94af94-2e21-425d-a715-e2b7df92f974/resourceGroups/app-networkes1-rg/providers/Microsoft.Network/publicIPAddresses/cl5-es1-vpn-pip",
            "idle_timeout_in_minutes": 4,
            "ip_address": "",
            "ip_tags": {},
            "ip_version": "IPv4",
            "location": "eastus",
            "name": "cl5-es1-vpn-pip",
            "public_ip_prefix_id": null,
            "resource_group_name": "app-networkes1-rg",
            "reverse_fqdn": null,
            "sku": "Basic",
            "sku_tier": "Regional",
            "tags": {
              "Business unit": "N/A",
              "Bussiness Criticality": "High",
              "Cost center": "Exactlyit",
              "Data Classification": "General",
              "Environment": "PRD",
              "Location": "eastus",
              "Operations team": "Cloud Operations"
            },
            "timeouts": null,
            "zones": []
          },
          "sensitive_attributes": [],
          "private": "eyJlMmJmYjczMC1lY2FhLTExZTYtOGY4OC0zNDM2M2JjN2M0YzAiOnsiY3JlYXRlIjoxODAwMDAwMDAwMDAwLCJkZWxldGUiOjE4MDAwMDAwMDAwMDAsInJlYWQiOjMwMDAwMDAwMDAwMCwidXBkYXRlIjoxODAwMDAwMDAwMDAwfX0=",
          "dependencies": [
            "module.app_network_rg.azurerm_resource_group.lawsrg"
          ]
        }
      ]
    },
    {
      "module": "module.vpn_s2s[0]",
      "mode": "managed",
      "type": "azurerm_virtual_network_gateway",
      "name": "vpn",
      "provider": "provider[\"registry.terraform.io/hashicorp/azurerm\"]",
      "instances": [
        {
          "schema_version": 0,
          "attributes": {
            "active_active": false,
            "bgp_settings": [
              {
                "asn": 65515,
                "peer_weight": 0,
                "peering_addresses": [
                  {
                    "apipa_addresses": [],
                    "default_addresses": [
                      "10.41.3.254"
                    ],
                    "ip_configuration_name": "vnetGatewayConfig",
                    "tunnel_ip_addresses": [
                      "40.114.50.99"
                    ]
                  }
                ]
              }
            ],
            "custom_route": [],
            "default_local_network_gateway_id": null,
            "edge_zone": "",
            "enable_bgp": false,
            "generation": "Generation1",
            "id": "/subscriptions/5f94af94-2e21-425d-a715-e2b7df92f974/resourceGroups/network-es1-rg/providers/Microsoft.Network/virtualNetworkGateways/cl5-es1-vpn-vng",
            "ip_configuration": [
              {
                "name": "vnetGatewayConfig",
                "private_ip_address_allocation": "Dynamic",
                "public_ip_address_id": "/subscriptions/5f94af94-2e21-425d-a715-e2b7df92f974/resourceGroups/app-networkes1-rg/providers/Microsoft.Network/publicIPAddresses/cl5-es1-vpn-pip",
                "subnet_id": "/subscriptions/5f94af94-2e21-425d-a715-e2b7df92f974/resourceGroups/network-es1-rg/providers/Microsoft.Network/virtualNetworks/hubvnet-es11/subnets/GatewaySubnet"
              }
            ],
            "location": "eastus",
            "name": "cl5-es1-vpn-vng",
            "private_ip_address_enabled": false,
            "resource_group_name": "network-es1-rg",
            "sku": "VpnGw1",
            "tags": {
              "Business unit": "N/A",
              "Bussiness Criticality": "High",
              "Cost center": "Exactlyit",
              "Data Classification": "General",
              "Environment": "PRD",
              "Location": "eastus",
              "Operations team": "Cloud Operations"
            },
            "timeouts": null,
            "type": "Vpn",
            "vpn_client_configuration": [],
            "vpn_type": "RouteBased"
          },
          "sensitive_attributes": [],
          "private": "eyJlMmJmYjczMC1lY2FhLTExZTYtOGY4OC0zNDM2M2JjN2M0YzAiOnsiY3JlYXRlIjozNjAwMDAwMDAwMDAwLCJkZWxldGUiOjM2MDAwMDAwMDAwMDAsInJlYWQiOjMwMDAwMDAwMDAwMCwidXBkYXRlIjozNjAwMDAwMDAwMDAwfX0=",
          "dependencies": [
            "module.app_network_rg.azurerm_resource_group.lawsrg",
            "module.hub_vnet_rgn1.azurerm_virtual_network.hubvnet",
            "module.network_RG.azurerm_resource_group.lawsrg",
            "module.vpn_pip.azurerm_public_ip.pip"
          ]
        }
      ]
    },
    {
      "module": "module.windows_vm[0]",
      "mode": "managed",
      "type": "azurerm_network_interface",
      "name": "nic",
      "provider": "provider[\"registry.terraform.io/hashicorp/azurerm\"]",
      "instances": [
        {
          "schema_version": 0,
          "attributes": {
            "applied_dns_servers": [],
            "dns_servers": [],
            "edge_zone": "",
            "enable_accelerated_networking": false,
            "enable_ip_forwarding": false,
            "id": "/subscriptions/5f94af94-2e21-425d-a715-e2b7df92f974/resourceGroups/aads-es1-rg/providers/Microsoft.Network/networkInterfaces/cl5dces1p00-eth0",
            "internal_dns_name_label": "",
            "internal_domain_name_suffix": "zzxxic2tcuhe5ab1gchquglt1g.bx.internal.cloudapp.net",
            "ip_configuration": [
              {
                "gateway_load_balancer_frontend_ip_configuration_id": "",
                "name": "internal",
                "primary": true,
                "private_ip_address": "10.45.0.4",
                "private_ip_address_allocation": "Dynamic",
                "private_ip_address_version": "IPv4",
                "public_ip_address_id": "",
                "subnet_id": "/subscriptions/5f94af94-2e21-425d-a715-e2b7df92f974/resourceGroups/shared-network-es1-rg/providers/Microsoft.Network/virtualNetworks/sharedvnet-es1/subnets/sharedServicesSubnet"
              }
            ],
            "location": "eastus",
            "mac_address": "00-0D-3A-8B-1D-C7",
            "name": "cl5dces1p00-eth0",
            "private_ip_address": "10.45.0.4",
            "private_ip_addresses": [
              "10.45.0.4"
            ],
            "resource_group_name": "aads-es1-rg",
            "tags": {},
            "timeouts": null,
            "virtual_machine_id": "/subscriptions/5f94af94-2e21-425d-a715-e2b7df92f974/resourceGroups/aads-es1-rg/providers/Microsoft.Compute/virtualMachines/cl5dces1p00"
          },
          "sensitive_attributes": [],
          "private": "eyJlMmJmYjczMC1lY2FhLTExZTYtOGY4OC0zNDM2M2JjN2M0YzAiOnsiY3JlYXRlIjoxODAwMDAwMDAwMDAwLCJkZWxldGUiOjE4MDAwMDAwMDAwMDAsInJlYWQiOjMwMDAwMDAwMDAwMCwidXBkYXRlIjoxODAwMDAwMDAwMDAwfX0=",
          "dependencies": [
            "data.azurerm_client_config.current",
            "module.aads_RG.azurerm_resource_group.lawsrg",
            "module.keyvault.azurerm_key_vault.keyvault",
            "module.keyvault.azurerm_key_vault_access_policy.accesspolicy_sp",
            "module.keyvault.azurerm_key_vault_access_policy.accesspolicy_user",
            "module.keyvault_RG.azurerm_resource_group.lawsrg",
            "module.shared_vnet.azurerm_network_security_group.vnet-nsg",
            "module.shared_vnet.azurerm_route_table.sharedrt",
            "module.shared_vnet.azurerm_subnet_route_table_association.sharedrtasso",
            "module.shared_vnet.azurerm_virtual_network.hubvnet",
            "module.sharednetwork_RG.azurerm_resource_group.lawsrg"
          ]
        }
      ]
    },
    {
      "module": "module.windows_vm[0]",
      "mode": "managed",
      "type": "azurerm_windows_virtual_machine",
      "name": "virtual-machine",
      "provider": "provider[\"registry.terraform.io/hashicorp/azurerm\"]",
      "instances": [
        {
          "schema_version": 0,
          "attributes": {
            "additional_capabilities": [],
            "additional_unattend_content": [],
            "admin_password": "random_string.password.result0!",
            "admin_username": "eitadm",
            "allow_extension_operations": true,
            "availability_set_id": "",
            "boot_diagnostics": [],
            "bypass_platform_safety_checks_on_user_schedule_enabled": false,
            "capacity_reservation_group_id": "",
            "computer_name": "cl5dces1p00",
            "custom_data": null,
            "dedicated_host_group_id": "",
            "dedicated_host_id": "",
            "edge_zone": "",
            "enable_automatic_updates": true,
            "encryption_at_host_enabled": false,
            "eviction_policy": "",
            "extensions_time_budget": "PT1H30M",
            "gallery_application": [],
            "hotpatching_enabled": false,
            "id": "/subscriptions/5f94af94-2e21-425d-a715-e2b7df92f974/resourceGroups/aads-es1-rg/providers/Microsoft.Compute/virtualMachines/cl5dces1p00",
            "identity": [],
            "license_type": "",
            "location": "eastus",
            "max_bid_price": -1,
            "name": "cl5dces1p00",
            "network_interface_ids": [
              "/subscriptions/5f94af94-2e21-425d-a715-e2b7df92f974/resourceGroups/aads-es1-rg/providers/Microsoft.Network/networkInterfaces/cl5dces1p00-eth0"
            ],
            "os_disk": [
              {
                "caching": "ReadWrite",
                "diff_disk_settings": [],
                "disk_encryption_set_id": "",
                "disk_size_gb": 127,
                "name": "cl5dces1p00_disk1_bdf3deed0f1a45af9eb227e1478a9c89",
                "secure_vm_disk_encryption_set_id": "",
                "security_encryption_type": "",
                "storage_account_type": "Standard_LRS",
                "write_accelerator_enabled": false
              }
            ],
            "patch_assessment_mode": "ImageDefault",
            "patch_mode": "AutomaticByOS",
            "plan": [],
            "platform_fault_domain": -1,
            "priority": "Regular",
            "private_ip_address": "10.45.0.4",
            "private_ip_addresses": [
              "10.45.0.4"
            ],
            "provision_vm_agent": true,
            "proximity_placement_group_id": "",
            "public_ip_address": "",
            "public_ip_addresses": [],
            "reboot_setting": "",
            "resource_group_name": "aads-es1-rg",
            "secret": [],
            "secure_boot_enabled": false,
            "size": "Standard_B2s",
            "source_image_id": "",
            "source_image_reference": [
              {
                "offer": "WindowsServer",
                "publisher": "MicrosoftWindowsServer",
                "sku": "2016-Datacenter",
                "version": "latest"
              }
            ],
            "tags": {
              "Backup": "Commvault",
              "Business unit": "N/A",
              "Bussiness Criticality": "High",
              "Cost center": "Exactlyit",
              "Data Classification": "Confidential",
              "Disaster Recovery": "DR required",
              "Environment": "Domain Controller",
              "Location": "eastus",
              "Operations team": "Cloud Operations",
              "Patching": "Win-3-Sat-CST-Reboot"
            },
            "termination_notification": [],
            "timeouts": null,
            "timezone": "",
            "user_data": "",
            "virtual_machine_id": "03d163a3-684f-48b1-85cf-33a085c22855",
            "virtual_machine_scale_set_id": "",
            "vtpm_enabled": false,
            "winrm_listener": [],
            "zone": ""
          },
          "sensitive_attributes": [],
          "private": "eyJlMmJmYjczMC1lY2FhLTExZTYtOGY4OC0zNDM2M2JjN2M0YzAiOnsiY3JlYXRlIjoyNzAwMDAwMDAwMDAwLCJkZWxldGUiOjI3MDAwMDAwMDAwMDAsInJlYWQiOjMwMDAwMDAwMDAwMCwidXBkYXRlIjoyNzAwMDAwMDAwMDAwfX0=",
          "dependencies": [
            "data.azurerm_client_config.current",
            "module.aads_RG.azurerm_resource_group.lawsrg",
            "module.keyvault.azurerm_key_vault.keyvault",
            "module.keyvault.azurerm_key_vault_access_policy.accesspolicy_sp",
            "module.keyvault.azurerm_key_vault_access_policy.accesspolicy_user",
            "module.keyvault_RG.azurerm_resource_group.lawsrg",
            "module.shared_vnet.azurerm_network_security_group.vnet-nsg",
            "module.shared_vnet.azurerm_route_table.sharedrt",
            "module.shared_vnet.azurerm_subnet_route_table_association.sharedrtasso",
            "module.shared_vnet.azurerm_virtual_network.hubvnet",
            "module.sharednetwork_RG.azurerm_resource_group.lawsrg",
            "module.windows_vm.azurerm_network_interface.nic"
          ]
        }
      ]
    },
    {
      "module": "module.windows_vm[1]",
      "mode": "managed",
      "type": "azurerm_network_interface",
      "name": "nic",
      "provider": "provider[\"registry.terraform.io/hashicorp/azurerm\"]",
      "instances": [
        {
          "schema_version": 0,
          "attributes": {
            "applied_dns_servers": [],
            "dns_servers": [],
            "edge_zone": "",
            "enable_accelerated_networking": false,
            "enable_ip_forwarding": false,
            "id": "/subscriptions/5f94af94-2e21-425d-a715-e2b7df92f974/resourceGroups/aads-es1-rg/providers/Microsoft.Network/networkInterfaces/cl5dces1p01-eth0",
            "internal_dns_name_label": "",
            "internal_domain_name_suffix": "zzxxic2tcuhe5ab1gchquglt1g.bx.internal.cloudapp.net",
            "ip_configuration": [
              {
                "gateway_load_balancer_frontend_ip_configuration_id": "",
                "name": "internal",
                "primary": true,
                "private_ip_address": "10.45.0.5",
                "private_ip_address_allocation": "Dynamic",
                "private_ip_address_version": "IPv4",
                "public_ip_address_id": "",
                "subnet_id": "/subscriptions/5f94af94-2e21-425d-a715-e2b7df92f974/resourceGroups/shared-network-es1-rg/providers/Microsoft.Network/virtualNetworks/sharedvnet-es1/subnets/sharedServicesSubnet"
              }
            ],
            "location": "eastus",
            "mac_address": "00-0D-3A-9E-1B-FB",
            "name": "cl5dces1p01-eth0",
            "private_ip_address": "10.45.0.5",
            "private_ip_addresses": [
              "10.45.0.5"
            ],
            "resource_group_name": "aads-es1-rg",
            "tags": {},
            "timeouts": null,
            "virtual_machine_id": "/subscriptions/5f94af94-2e21-425d-a715-e2b7df92f974/resourceGroups/aads-es1-rg/providers/Microsoft.Compute/virtualMachines/cl5dces1p01"
          },
          "sensitive_attributes": [],
          "private": "eyJlMmJmYjczMC1lY2FhLTExZTYtOGY4OC0zNDM2M2JjN2M0YzAiOnsiY3JlYXRlIjoxODAwMDAwMDAwMDAwLCJkZWxldGUiOjE4MDAwMDAwMDAwMDAsInJlYWQiOjMwMDAwMDAwMDAwMCwidXBkYXRlIjoxODAwMDAwMDAwMDAwfX0=",
          "dependencies": [
            "data.azurerm_client_config.current",
            "module.aads_RG.azurerm_resource_group.lawsrg",
            "module.keyvault.azurerm_key_vault.keyvault",
            "module.keyvault.azurerm_key_vault_access_policy.accesspolicy_sp",
            "module.keyvault.azurerm_key_vault_access_policy.accesspolicy_user",
            "module.keyvault_RG.azurerm_resource_group.lawsrg",
            "module.shared_vnet.azurerm_network_security_group.vnet-nsg",
            "module.shared_vnet.azurerm_route_table.sharedrt",
            "module.shared_vnet.azurerm_subnet_route_table_association.sharedrtasso",
            "module.shared_vnet.azurerm_virtual_network.hubvnet",
            "module.sharednetwork_RG.azurerm_resource_group.lawsrg"
          ]
        }
      ]
    },
    {
      "module": "module.windows_vm[1]",
      "mode": "managed",
      "type": "azurerm_windows_virtual_machine",
      "name": "virtual-machine",
      "provider": "provider[\"registry.terraform.io/hashicorp/azurerm\"]",
      "instances": [
        {
          "schema_version": 0,
          "attributes": {
            "additional_capabilities": [],
            "additional_unattend_content": [],
            "admin_password": "random_string.password.result0!",
            "admin_username": "eitadm",
            "allow_extension_operations": true,
            "availability_set_id": "",
            "boot_diagnostics": [],
            "bypass_platform_safety_checks_on_user_schedule_enabled": false,
            "capacity_reservation_group_id": "",
            "computer_name": "cl5dces1p01",
            "custom_data": null,
            "dedicated_host_group_id": "",
            "dedicated_host_id": "",
            "edge_zone": "",
            "enable_automatic_updates": true,
            "encryption_at_host_enabled": false,
            "eviction_policy": "",
            "extensions_time_budget": "PT1H30M",
            "gallery_application": [],
            "hotpatching_enabled": false,
            "id": "/subscriptions/5f94af94-2e21-425d-a715-e2b7df92f974/resourceGroups/aads-es1-rg/providers/Microsoft.Compute/virtualMachines/cl5dces1p01",
            "identity": [],
            "license_type": "",
            "location": "eastus",
            "max_bid_price": -1,
            "name": "cl5dces1p01",
            "network_interface_ids": [
              "/subscriptions/5f94af94-2e21-425d-a715-e2b7df92f974/resourceGroups/aads-es1-rg/providers/Microsoft.Network/networkInterfaces/cl5dces1p01-eth0"
            ],
            "os_disk": [
              {
                "caching": "ReadWrite",
                "diff_disk_settings": [],
                "disk_encryption_set_id": "",
                "disk_size_gb": 127,
                "name": "cl5dces1p01_disk1_bf48037c77674f0487b1f132bf5ca569",
                "secure_vm_disk_encryption_set_id": "",
                "security_encryption_type": "",
                "storage_account_type": "Standard_LRS",
                "write_accelerator_enabled": false
              }
            ],
            "patch_assessment_mode": "ImageDefault",
            "patch_mode": "AutomaticByOS",
            "plan": [],
            "platform_fault_domain": -1,
            "priority": "Regular",
            "private_ip_address": "10.45.0.5",
            "private_ip_addresses": [
              "10.45.0.5"
            ],
            "provision_vm_agent": true,
            "proximity_placement_group_id": "",
            "public_ip_address": "",
            "public_ip_addresses": [],
            "reboot_setting": "",
            "resource_group_name": "aads-es1-rg",
            "secret": [],
            "secure_boot_enabled": false,
            "size": "Standard_B2s",
            "source_image_id": "",
            "source_image_reference": [
              {
                "offer": "WindowsServer",
                "publisher": "MicrosoftWindowsServer",
                "sku": "2016-Datacenter",
                "version": "latest"
              }
            ],
            "tags": {
              "Backup": "Commvault",
              "Business unit": "N/A",
              "Bussiness Criticality": "High",
              "Cost center": "Exactlyit",
              "Data Classification": "Confidential",
              "Disaster Recovery": "DR required",
              "Environment": "Domain Controller",
              "Location": "eastus",
              "Operations team": "Cloud Operations",
              "Patching": "Win-3-Sat-CST-Reboot"
            },
            "termination_notification": [],
            "timeouts": null,
            "timezone": "",
            "user_data": "",
            "virtual_machine_id": "ae9ec79d-8539-4475-90fe-ffdd1d0ec351",
            "virtual_machine_scale_set_id": "",
            "vtpm_enabled": false,
            "winrm_listener": [],
            "zone": ""
          },
          "sensitive_attributes": [],
          "private": "eyJlMmJmYjczMC1lY2FhLTExZTYtOGY4OC0zNDM2M2JjN2M0YzAiOnsiY3JlYXRlIjoyNzAwMDAwMDAwMDAwLCJkZWxldGUiOjI3MDAwMDAwMDAwMDAsInJlYWQiOjMwMDAwMDAwMDAwMCwidXBkYXRlIjoyNzAwMDAwMDAwMDAwfX0=",
          "dependencies": [
            "data.azurerm_client_config.current",
            "module.aads_RG.azurerm_resource_group.lawsrg",
            "module.keyvault.azurerm_key_vault.keyvault",
            "module.keyvault.azurerm_key_vault_access_policy.accesspolicy_sp",
            "module.keyvault.azurerm_key_vault_access_policy.accesspolicy_user",
            "module.keyvault_RG.azurerm_resource_group.lawsrg",
            "module.shared_vnet.azurerm_network_security_group.vnet-nsg",
            "module.shared_vnet.azurerm_route_table.sharedrt",
            "module.shared_vnet.azurerm_subnet_route_table_association.sharedrtasso",
            "module.shared_vnet.azurerm_virtual_network.hubvnet",
            "module.sharednetwork_RG.azurerm_resource_group.lawsrg",
            "module.windows_vm.azurerm_network_interface.nic"
          ]
        }
      ]
    }
  ],
  "check_results": null
}
