{
  "version": 4,
  "terraform_version": "1.5.7",
  "serial": 1063,
  "lineage": "0440253c-4e9a-5be2-5817-57b2a6c87fa7",
  "outputs": {},
  "resources": [
    {
      "mode": "data",
      "type": "azurerm_client_config",
      "name": "current",
      "provider": "provider[\"registry.terraform.io/hashicorp/azurerm\"]",
      "instances": [
        {
          "schema_version": 0,
          "attributes": {
            "client_id": "7e419d06-e03a-4b7b-8662-1676f116fb04",
            "id": "Y2xpZW50Q29uZmlncy9jbGllbnRJZD03ZTQxOWQwNi1lMDNhLTRiN2ItODY2Mi0xNjc2ZjExNmZiMDQ7b2JqZWN0SWQ9YjE0MjJjN2YtN2ViMC00YzVhLTkzZGYtMTllZGU5OGI0YzA4O3N1YnNjcmlwdGlvbklkPTkwYzY4M2U2LWMzZmEtNGVkZi1hYzAwLTIyNGUwY2I3YTMzYzt0ZW5hbnRJZD1mMmMzN2ViOS05ZGNiLTRiZjAtYTdkZS0wODdjYzdkNDE0YWY=",
            "object_id": "b1422c7f-7eb0-4c5a-93df-19ede98b4c08",
            "subscription_id": "90c683e6-c3fa-4edf-ac00-224e0cb7a33c",
            "tenant_id": "f2c37eb9-9dcb-4bf0-a7de-087cc7d414af",
            "timeouts": null
          },
          "sensitive_attributes": []
        }
      ]
    },
    {
      "module": "module.aads_RG",
      "mode": "managed",
      "type": "azurerm_resource_group",
      "name": "lawsrg",
      "provider": "provider[\"registry.terraform.io/hashicorp/azurerm\"]",
      "instances": [
        {
          "schema_version": 0,
          "attributes": {
            "id": "/subscriptions/90c683e6-c3fa-4edf-ac00-224e0cb7a33c/resourceGroups/aads-es1-rg",
            "location": "eastus",
            "managed_by": "",
            "name": "aads-es1-rg",
            "tags": {
              "Environment": "Shared",
              "Location": "eastus"
            },
            "timeouts": null
          },
          "sensitive_attributes": [],
          "private": "eyJlMmJmYjczMC1lY2FhLTExZTYtOGY4OC0zNDM2M2JjN2M0YzAiOnsiY3JlYXRlIjo1NDAwMDAwMDAwMDAwLCJkZWxldGUiOjU0MDAwMDAwMDAwMDAsInJlYWQiOjMwMDAwMDAwMDAwMCwidXBkYXRlIjo1NDAwMDAwMDAwMDAwfX0="
        }
      ]
    },
    {
      "module": "module.action_group_test",
      "mode": "managed",
      "type": "azurerm_monitor_action_group",
      "name": "action_group",
      "provider": "provider[\"registry.terraform.io/hashicorp/azurerm\"]",
      "instances": [
        {
          "schema_version": 1,
          "attributes": {
            "arm_role_receiver": [],
            "automation_runbook_receiver": [],
            "azure_app_push_receiver": [],
            "azure_function_receiver": [],
            "email_receiver": [
              {
                "email_address": "albertotlapa@outlook.com",
                "name": "sendtoadmin",
                "use_common_alert_schema": false
              }
            ],
            "enabled": true,
            "event_hub_receiver": [],
            "id": "/subscriptions/90c683e6-c3fa-4edf-ac00-224e0cb7a33c/resourceGroups/monitoring-glb-rg/providers/Microsoft.Insights/actionGroups/test_action_group",
            "itsm_receiver": [],
            "location": "global",
            "logic_app_receiver": [],
            "name": "test_action_group",
            "resource_group_name": "monitoring-glb-rg",
            "short_name": "p0action",
            "sms_receiver": [],
            "tags": null,
            "timeouts": null,
            "voice_receiver": [],
            "webhook_receiver": []
          },
          "sensitive_attributes": [],
          "private": "eyJlMmJmYjczMC1lY2FhLTExZTYtOGY4OC0zNDM2M2JjN2M0YzAiOnsiY3JlYXRlIjoxODAwMDAwMDAwMDAwLCJkZWxldGUiOjE4MDAwMDAwMDAwMDAsInJlYWQiOjMwMDAwMDAwMDAwMCwidXBkYXRlIjoxODAwMDAwMDAwMDAwfSwic2NoZW1hX3ZlcnNpb24iOiIxIn0=",
          "dependencies": [
            "module.monitoring_RG.azurerm_resource_group.lawsrg"
          ]
        }
      ]
    },
    {
      "module": "module.app_network_rg",
      "mode": "managed",
      "type": "azurerm_resource_group",
      "name": "lawsrg",
      "provider": "provider[\"registry.terraform.io/hashicorp/azurerm\"]",
      "instances": [
        {
          "schema_version": 0,
          "attributes": {
            "id": "/subscriptions/90c683e6-c3fa-4edf-ac00-224e0cb7a33c/resourceGroups/app-network-es1-rg",
            "location": "eastus",
            "managed_by": "",
            "name": "app-network-es1-rg",
            "tags": {
              "Environment": "PRD",
              "Location": "eastus"
            },
            "timeouts": null
          },
          "sensitive_attributes": [],
          "private": "eyJlMmJmYjczMC1lY2FhLTExZTYtOGY4OC0zNDM2M2JjN2M0YzAiOnsiY3JlYXRlIjo1NDAwMDAwMDAwMDAwLCJkZWxldGUiOjU0MDAwMDAwMDAwMDAsInJlYWQiOjMwMDAwMDAwMDAwMCwidXBkYXRlIjo1NDAwMDAwMDAwMDAwfX0="
        }
      ]
    },
    {
      "module": "module.app_vnet",
      "mode": "managed",
      "type": "azurerm_network_security_group",
      "name": "vnet-nsg",
      "provider": "provider[\"registry.terraform.io/hashicorp/azurerm\"]",
      "instances": []
    },
    {
      "module": "module.app_vnet",
      "mode": "managed",
      "type": "azurerm_virtual_network",
      "name": "az_vnet",
      "provider": "provider[\"registry.terraform.io/hashicorp/azurerm\"]",
      "instances": [
        {
          "schema_version": 0,
          "attributes": {
            "address_space": [
              "10.46.0.0/22"
            ],
            "bgp_community": "",
            "ddos_protection_plan": [],
            "dns_servers": [],
            "edge_zone": "",
            "encryption": [],
            "flow_timeout_in_minutes": 0,
            "guid": "37c2b90a-4867-49b2-8de1-ae0e84d73a79",
            "id": "/subscriptions/90c683e6-c3fa-4edf-ac00-224e0cb7a33c/resourceGroups/app-network-es1-rg/providers/Microsoft.Network/virtualNetworks/app-es1-vnet",
            "location": "eastus",
            "name": "app-es1-vnet",
            "resource_group_name": "app-network-es1-rg",
            "subnet": [
              {
                "address_prefix": "10.46.0.0/25",
                "id": "/subscriptions/90c683e6-c3fa-4edf-ac00-224e0cb7a33c/resourceGroups/app-network-es1-rg/providers/Microsoft.Network/virtualNetworks/app-es1-vnet/subnets/AppSubnet",
                "name": "AppSubnet",
                "security_group": ""
              },
              {
                "address_prefix": "10.46.0.128/25",
                "id": "/subscriptions/90c683e6-c3fa-4edf-ac00-224e0cb7a33c/resourceGroups/app-network-es1-rg/providers/Microsoft.Network/virtualNetworks/app-es1-vnet/subnets/LBsubnet",
                "name": "LBsubnet",
                "security_group": ""
              },
              {
                "address_prefix": "10.46.3.0/26",
                "id": "/subscriptions/90c683e6-c3fa-4edf-ac00-224e0cb7a33c/resourceGroups/app-network-es1-rg/providers/Microsoft.Network/virtualNetworks/app-es1-vnet/subnets/DBSubnet",
                "name": "DBSubnet",
                "security_group": ""
              }
            ],
            "tags": {
              "Business unit": "N/A",
              "Bussiness Criticality": "High",
              "Cost center": "Exactlyit",
              "Data Classification": "General",
              "Environment": "PRD",
              "Location": "eastus",
              "Operations team": "Cloud Operations"
            },
            "timeouts": null
          },
          "sensitive_attributes": [],
          "private": "eyJlMmJmYjczMC1lY2FhLTExZTYtOGY4OC0zNDM2M2JjN2M0YzAiOnsiY3JlYXRlIjoxODAwMDAwMDAwMDAwLCJkZWxldGUiOjE4MDAwMDAwMDAwMDAsInJlYWQiOjMwMDAwMDAwMDAwMCwidXBkYXRlIjoxODAwMDAwMDAwMDAwfX0=",
          "dependencies": [
            "module.app_network_rg.azurerm_resource_group.lawsrg",
            "module.app_vnet.azurerm_network_security_group.vnet-nsg"
          ]
        }
      ]
    },
    {
      "module": "module.app_vnet_rt",
      "mode": "managed",
      "type": "azurerm_route_table",
      "name": "subnet-rt",
      "provider": "provider[\"registry.terraform.io/hashicorp/azurerm\"]",
      "instances": [
        {
          "index_key": "AppSubnet",
          "schema_version": 0,
          "attributes": {
            "disable_bgp_route_propagation": false,
            "id": "/subscriptions/90c683e6-c3fa-4edf-ac00-224e0cb7a33c/resourceGroups/shared-network-es1-rg/providers/Microsoft.Network/routeTables/AppSubnet-rt",
            "location": "eastus",
            "name": "AppSubnet-rt",
            "resource_group_name": "shared-network-es1-rg",
            "route": [
              {
                "address_prefix": "10.45.0.0/22",
                "name": "AppSubnet-rt",
                "next_hop_in_ip_address": "",
                "next_hop_type": "VnetLocal"
              }
            ],
            "subnets": [],
            "tags": null,
            "timeouts": null
          },
          "sensitive_attributes": [],
          "private": "eyJlMmJmYjczMC1lY2FhLTExZTYtOGY4OC0zNDM2M2JjN2M0YzAiOnsiY3JlYXRlIjoxODAwMDAwMDAwMDAwLCJkZWxldGUiOjE4MDAwMDAwMDAwMDAsInJlYWQiOjMwMDAwMDAwMDAwMCwidXBkYXRlIjoxODAwMDAwMDAwMDAwfX0=",
          "dependencies": [
            "module.shared_vnet.azurerm_network_security_group.vnet-nsg",
            "module.shared_vnet.azurerm_virtual_network.az_vnet",
            "module.sharednetwork_RG.azurerm_resource_group.lawsrg"
          ]
        },
        {
          "index_key": "DBSubnet",
          "schema_version": 0,
          "attributes": {
            "disable_bgp_route_propagation": false,
            "id": "/subscriptions/90c683e6-c3fa-4edf-ac00-224e0cb7a33c/resourceGroups/shared-network-es1-rg/providers/Microsoft.Network/routeTables/DBSubnet-rt",
            "location": "eastus",
            "name": "DBSubnet-rt",
            "resource_group_name": "shared-network-es1-rg",
            "route": [
              {
                "address_prefix": "10.45.0.0/22",
                "name": "DBSubnet-rt",
                "next_hop_in_ip_address": "",
                "next_hop_type": "VnetLocal"
              }
            ],
            "subnets": [],
            "tags": null,
            "timeouts": null
          },
          "sensitive_attributes": [],
          "private": "eyJlMmJmYjczMC1lY2FhLTExZTYtOGY4OC0zNDM2M2JjN2M0YzAiOnsiY3JlYXRlIjoxODAwMDAwMDAwMDAwLCJkZWxldGUiOjE4MDAwMDAwMDAwMDAsInJlYWQiOjMwMDAwMDAwMDAwMCwidXBkYXRlIjoxODAwMDAwMDAwMDAwfX0=",
          "dependencies": [
            "module.shared_vnet.azurerm_network_security_group.vnet-nsg",
            "module.shared_vnet.azurerm_virtual_network.az_vnet",
            "module.sharednetwork_RG.azurerm_resource_group.lawsrg"
          ]
        },
        {
          "index_key": "LBsubnet",
          "schema_version": 0,
          "attributes": {
            "disable_bgp_route_propagation": false,
            "id": "/subscriptions/90c683e6-c3fa-4edf-ac00-224e0cb7a33c/resourceGroups/shared-network-es1-rg/providers/Microsoft.Network/routeTables/LBsubnet-rt",
            "location": "eastus",
            "name": "LBsubnet-rt",
            "resource_group_name": "shared-network-es1-rg",
            "route": [
              {
                "address_prefix": "10.45.0.0/22",
                "name": "LBsubnet-rt",
                "next_hop_in_ip_address": "",
                "next_hop_type": "VnetLocal"
              }
            ],
            "subnets": [],
            "tags": null,
            "timeouts": null
          },
          "sensitive_attributes": [],
          "private": "eyJlMmJmYjczMC1lY2FhLTExZTYtOGY4OC0zNDM2M2JjN2M0YzAiOnsiY3JlYXRlIjoxODAwMDAwMDAwMDAwLCJkZWxldGUiOjE4MDAwMDAwMDAwMDAsInJlYWQiOjMwMDAwMDAwMDAwMCwidXBkYXRlIjoxODAwMDAwMDAwMDAwfX0=",
          "dependencies": [
            "module.shared_vnet.azurerm_network_security_group.vnet-nsg",
            "module.shared_vnet.azurerm_virtual_network.az_vnet",
            "module.sharednetwork_RG.azurerm_resource_group.lawsrg"
          ]
        }
      ]
    },
    {
      "module": "module.app_workload_rg",
      "mode": "managed",
      "type": "azurerm_resource_group",
      "name": "lawsrg",
      "provider": "provider[\"registry.terraform.io/hashicorp/azurerm\"]",
      "instances": [
        {
          "schema_version": 0,
          "attributes": {
            "id": "/subscriptions/90c683e6-c3fa-4edf-ac00-224e0cb7a33c/resourceGroups/app-workload-es1-rg",
            "location": "eastus",
            "managed_by": "",
            "name": "app-workload-es1-rg",
            "tags": {
              "Environment": "PRD",
              "Location": "eastus"
            },
            "timeouts": null
          },
          "sensitive_attributes": [],
          "private": "eyJlMmJmYjczMC1lY2FhLTExZTYtOGY4OC0zNDM2M2JjN2M0YzAiOnsiY3JlYXRlIjo1NDAwMDAwMDAwMDAwLCJkZWxldGUiOjU0MDAwMDAwMDAwMDAsInJlYWQiOjMwMDAwMDAwMDAwMCwidXBkYXRlIjo1NDAwMDAwMDAwMDAwfX0="
        }
      ]
    },
    {
      "module": "module.audit_SA[0]",
      "mode": "managed",
      "type": "azurerm_storage_account",
      "name": "storage_account",
      "provider": "provider[\"registry.terraform.io/hashicorp/azurerm\"]",
      "instances": [
        {
          "schema_version": 4,
          "attributes": {
            "access_tier": "Hot",
            "account_kind": "StorageV2",
            "account_replication_type": "LRS",
            "account_tier": "Standard",
            "allow_nested_items_to_be_public": true,
            "allowed_copy_scope": "",
            "azure_files_authentication": [],
            "blob_properties": [
              {
                "change_feed_enabled": false,
                "change_feed_retention_in_days": 0,
                "container_delete_retention_policy": [],
                "cors_rule": [],
                "default_service_version": "",
                "delete_retention_policy": [],
                "last_access_time_enabled": false,
                "restore_policy": [],
                "versioning_enabled": false
              }
            ],
            "cross_tenant_replication_enabled": true,
            "custom_domain": [],
            "customer_managed_key": [],
            "default_to_oauth_authentication": false,
            "edge_zone": "",
            "enable_https_traffic_only": true,
            "id": "/subscriptions/90c683e6-c3fa-4edf-ac00-224e0cb7a33c/resourceGroups/audit-logs-glb-rg/providers/Microsoft.Storage/storageAccounts/sb1auditsaalzes1sta",
            "identity": [],
            "immutability_policy": [],
            "infrastructure_encryption_enabled": false,
            "is_hns_enabled": false,
            "large_file_share_enabled": null,
            "location": "eastus",
            "min_tls_version": "TLS1_2",
            "name": "sb1auditsaalzes1sta",
            "network_rules": [
              {
                "bypass": [
                  "AzureServices"
                ],
                "default_action": "Allow",
                "ip_rules": [],
                "private_link_access": [],
                "virtual_network_subnet_ids": []
              }
            ],
            "nfsv3_enabled": false,
            "primary_access_key": "1l0bYVFluqdgkiIn1vLDNAR5zMSCErZPzYle0V+/V71xstsmPw80YTwlzh6tsWZslywk2SdXEcrF+AStj57ZLQ==",
            "primary_blob_connection_string": "DefaultEndpointsProtocol=https;BlobEndpoint=https://sb1auditsaalzes1sta.blob.core.windows.net/;AccountName=sb1auditsaalzes1sta;AccountKey=1l0bYVFluqdgkiIn1vLDNAR5zMSCErZPzYle0V+/V71xstsmPw80YTwlzh6tsWZslywk2SdXEcrF+AStj57ZLQ==",
            "primary_blob_endpoint": "https://sb1auditsaalzes1sta.blob.core.windows.net/",
            "primary_blob_host": "sb1auditsaalzes1sta.blob.core.windows.net",
            "primary_connection_string": "DefaultEndpointsProtocol=https;AccountName=sb1auditsaalzes1sta;AccountKey=1l0bYVFluqdgkiIn1vLDNAR5zMSCErZPzYle0V+/V71xstsmPw80YTwlzh6tsWZslywk2SdXEcrF+AStj57ZLQ==;EndpointSuffix=core.windows.net",
            "primary_dfs_endpoint": "https://sb1auditsaalzes1sta.dfs.core.windows.net/",
            "primary_dfs_host": "sb1auditsaalzes1sta.dfs.core.windows.net",
            "primary_file_endpoint": "https://sb1auditsaalzes1sta.file.core.windows.net/",
            "primary_file_host": "sb1auditsaalzes1sta.file.core.windows.net",
            "primary_location": "eastus",
            "primary_queue_endpoint": "https://sb1auditsaalzes1sta.queue.core.windows.net/",
            "primary_queue_host": "sb1auditsaalzes1sta.queue.core.windows.net",
            "primary_table_endpoint": "https://sb1auditsaalzes1sta.table.core.windows.net/",
            "primary_table_host": "sb1auditsaalzes1sta.table.core.windows.net",
            "primary_web_endpoint": "https://sb1auditsaalzes1sta.z13.web.core.windows.net/",
            "primary_web_host": "sb1auditsaalzes1sta.z13.web.core.windows.net",
            "public_network_access_enabled": true,
            "queue_encryption_key_type": "Service",
            "queue_properties": [
              {
                "cors_rule": [],
                "hour_metrics": [
                  {
                    "enabled": true,
                    "include_apis": true,
                    "retention_policy_days": 7,
                    "version": "1.0"
                  }
                ],
                "logging": [
                  {
                    "delete": false,
                    "read": false,
                    "retention_policy_days": 0,
                    "version": "1.0",
                    "write": false
                  }
                ],
                "minute_metrics": [
                  {
                    "enabled": false,
                    "include_apis": false,
                    "retention_policy_days": 0,
                    "version": "1.0"
                  }
                ]
              }
            ],
            "resource_group_name": "audit-logs-glb-rg",
            "routing": [],
            "sas_policy": [],
            "secondary_access_key": "dNOtpxgTAPy/BxiwBArNMWLondzPEZXb52xTlgs66UY3cAP/UZIjl1gdNwsHgtv1r2YVTjyxCtHj+AStvfoXxQ==",
            "secondary_blob_connection_string": "",
            "secondary_blob_endpoint": null,
            "secondary_blob_host": null,
            "secondary_connection_string": "DefaultEndpointsProtocol=https;AccountName=sb1auditsaalzes1sta;AccountKey=dNOtpxgTAPy/BxiwBArNMWLondzPEZXb52xTlgs66UY3cAP/UZIjl1gdNwsHgtv1r2YVTjyxCtHj+AStvfoXxQ==;EndpointSuffix=core.windows.net",
            "secondary_dfs_endpoint": null,
            "secondary_dfs_host": null,
            "secondary_file_endpoint": null,
            "secondary_file_host": null,
            "secondary_location": "",
            "secondary_queue_endpoint": null,
            "secondary_queue_host": null,
            "secondary_table_endpoint": null,
            "secondary_table_host": null,
            "secondary_web_endpoint": null,
            "secondary_web_host": null,
            "sftp_enabled": false,
            "share_properties": [
              {
                "cors_rule": [],
                "retention_policy": [
                  {
                    "days": 7
                  }
                ],
                "smb": []
              }
            ],
            "shared_access_key_enabled": true,
            "static_website": [],
            "table_encryption_key_type": "Service",
            "tags": {
              "Business unit": "N/A",
              "Bussiness Criticality": "High",
              "Cost center": "Exactlyit",
              "Data Classification": "General",
              "Environment": "Audit",
              "Location": "eastus",
              "Operations team": "Cloud Operations"
            },
            "timeouts": null
          },
          "sensitive_attributes": [],
          "private": "eyJlMmJmYjczMC1lY2FhLTExZTYtOGY4OC0zNDM2M2JjN2M0YzAiOnsiY3JlYXRlIjozNjAwMDAwMDAwMDAwLCJkZWxldGUiOjM2MDAwMDAwMDAwMDAsInJlYWQiOjMwMDAwMDAwMDAwMCwidXBkYXRlIjozNjAwMDAwMDAwMDAwfSwic2NoZW1hX3ZlcnNpb24iOiI0In0=",
          "dependencies": [
            "module.auditlogs_RG.azurerm_resource_group.lawsrg"
          ]
        }
      ]
    },
    {
      "module": "module.audit_mgmt",
      "mode": "managed",
      "type": "azurerm_management_group",
      "name": "mgmt_group",
      "provider": "provider[\"registry.terraform.io/hashicorp/azurerm\"]",
      "instances": [
        {
          "schema_version": 0,
          "attributes": {
            "display_name": "Audit",
            "id": "/providers/Microsoft.Management/managementGroups/54fe2238-24ab-41c9-9568-8af9053693ad",
            "name": "54fe2238-24ab-41c9-9568-8af9053693ad",
            "parent_management_group_id": "/providers/Microsoft.Management/managementGroups/f93526fb-4d38-4c87-9a6b-6f655fae3e11",
            "subscription_ids": [],
            "timeouts": null
          },
          "sensitive_attributes": [],
          "private": "eyJlMmJmYjczMC1lY2FhLTExZTYtOGY4OC0zNDM2M2JjN2M0YzAiOnsiY3JlYXRlIjoxODAwMDAwMDAwMDAwLCJkZWxldGUiOjE4MDAwMDAwMDAwMDAsInJlYWQiOjMwMDAwMDAwMDAwMCwidXBkYXRlIjoxODAwMDAwMDAwMDAwfX0=",
          "dependencies": [
            "module.parent_mgmt.azurerm_management_group.mgmt_group"
          ]
        }
      ]
    },
    {
      "module": "module.auditlogs_RG",
      "mode": "managed",
      "type": "azurerm_resource_group",
      "name": "lawsrg",
      "provider": "provider[\"registry.terraform.io/hashicorp/azurerm\"]",
      "instances": [
        {
          "schema_version": 0,
          "attributes": {
            "id": "/subscriptions/90c683e6-c3fa-4edf-ac00-224e0cb7a33c/resourceGroups/audit-logs-glb-rg",
            "location": "eastus",
            "managed_by": "",
            "name": "audit-logs-glb-rg",
            "tags": {
              "Environment": "Audit",
              "Location": "eastus"
            },
            "timeouts": null
          },
          "sensitive_attributes": [],
          "private": "eyJlMmJmYjczMC1lY2FhLTExZTYtOGY4OC0zNDM2M2JjN2M0YzAiOnsiY3JlYXRlIjo1NDAwMDAwMDAwMDAwLCJkZWxldGUiOjU0MDAwMDAwMDAwMDAsInJlYWQiOjMwMDAwMDAwMDAwMCwidXBkYXRlIjo1NDAwMDAwMDAwMDAwfX0="
        }
      ]
    },
    {
      "module": "module.auditlogs_WS",
      "mode": "managed",
      "type": "azurerm_log_analytics_workspace",
      "name": "laws",
      "provider": "provider[\"registry.terraform.io/hashicorp/azurerm\"]",
      "instances": [
        {
          "schema_version": 3,
          "attributes": {
            "allow_resource_only_permissions": true,
            "cmk_for_query_forced": false,
            "daily_quota_gb": -1,
            "id": "/subscriptions/90c683e6-c3fa-4edf-ac00-224e0cb7a33c/resourceGroups/audit-logs-glb-rg/providers/Microsoft.OperationalInsights/workspaces/sb1-auditlogs-alz-es1-workspace",
            "internet_ingestion_enabled": true,
            "internet_query_enabled": true,
            "local_authentication_disabled": false,
            "location": "eastus",
            "name": "sb1-auditlogs-alz-es1-workspace",
            "primary_shared_key": "4fT7jNEDoEG8YFhi41X5fQb0LP0FCZgnwBI/AwRXN7sFRcpVDl/EtpZOVYFhszjGXZ6dVHfEuwgT7kYmIO+3Qw==",
            "reservation_capacity_in_gb_per_day": null,
            "resource_group_name": "audit-logs-glb-rg",
            "retention_in_days": 90,
            "secondary_shared_key": "1Nc6Uw5V8nZK1pwFOdCn1JI6tOhK0jNeiw5l6Vgl5qzUCYHJBAsqaN0I2O3in3HzCI2Zy/idNzoRCMznH4un+A==",
            "sku": "PerGB2018",
            "tags": {
              "Business unit": "N/A",
              "Bussiness Criticality": "High",
              "Cost center": "Exactlyit",
              "Data Classification": "General",
              "Environment": "Audit",
              "Location": "eastus",
              "Operations team": "Cloud Operations"
            },
            "timeouts": null,
            "workspace_id": "f25cc2bf-edd6-4497-a469-c6b1c5d4c37e"
          },
          "sensitive_attributes": [],
          "private": "eyJlMmJmYjczMC1lY2FhLTExZTYtOGY4OC0zNDM2M2JjN2M0YzAiOnsiY3JlYXRlIjoxODAwMDAwMDAwMDAwLCJkZWxldGUiOjE4MDAwMDAwMDAwMDAsInJlYWQiOjMwMDAwMDAwMDAwMCwidXBkYXRlIjoxODAwMDAwMDAwMDAwfSwic2NoZW1hX3ZlcnNpb24iOiIzIn0=",
          "dependencies": [
            "module.auditlogs_RG.azurerm_resource_group.lawsrg"
          ]
        }
      ]
    },
    {
      "module": "module.az_recovery_service_vault",
      "mode": "managed",
      "type": "azurerm_recovery_services_vault",
      "name": "vault",
      "provider": "provider[\"registry.terraform.io/hashicorp/azurerm\"]",
      "instances": [
        {
          "schema_version": 0,
          "attributes": {
            "classic_vmware_replication_enabled": null,
            "cross_region_restore_enabled": false,
            "encryption": [],
            "id": "/subscriptions/90c683e6-c3fa-4edf-ac00-224e0cb7a33c/resourceGroups/backup-es1-rg/providers/Microsoft.RecoveryServices/vaults/backup-es1-rsv",
            "identity": [],
            "immutability": null,
            "location": "eastus",
            "monitoring": [],
            "name": "backup-es1-rsv",
            "public_network_access_enabled": true,
            "resource_group_name": "backup-es1-rg",
            "sku": "Standard",
            "soft_delete_enabled": true,
            "storage_mode_type": "GeoRedundant",
            "tags": {
              "Business unit": "N/A",
              "Bussiness Criticality": "High",
              "Cost center": "Exactlyit",
              "Data Classification": "General",
              "Environment": "Shared",
              "Location": "eastus",
              "Operations team": "Cloud Operations"
            },
            "timeouts": null
          },
          "sensitive_attributes": [],
          "private": "eyJlMmJmYjczMC1lY2FhLTExZTYtOGY4OC0zNDM2M2JjN2M0YzAiOnsiY3JlYXRlIjo3MjAwMDAwMDAwMDAwLCJkZWxldGUiOjE4MDAwMDAwMDAwMDAsInJlYWQiOjMwMDAwMDAwMDAwMCwidXBkYXRlIjozNjAwMDAwMDAwMDAwfX0=",
          "dependencies": [
            "module.backup_RG.azurerm_resource_group.lawsrg"
          ]
        }
      ]
    },
    {
      "module": "module.backup_RG",
      "mode": "managed",
      "type": "azurerm_resource_group",
      "name": "lawsrg",
      "provider": "provider[\"registry.terraform.io/hashicorp/azurerm\"]",
      "instances": [
        {
          "schema_version": 0,
          "attributes": {
            "id": "/subscriptions/90c683e6-c3fa-4edf-ac00-224e0cb7a33c/resourceGroups/backup-es1-rg",
            "location": "eastus",
            "managed_by": "",
            "name": "backup-es1-rg",
            "tags": {
              "Environment": "Shared",
              "Location": "eastus"
            },
            "timeouts": null
          },
          "sensitive_attributes": [],
          "private": "eyJlMmJmYjczMC1lY2FhLTExZTYtOGY4OC0zNDM2M2JjN2M0YzAiOnsiY3JlYXRlIjo1NDAwMDAwMDAwMDAwLCJkZWxldGUiOjU0MDAwMDAwMDAwMDAsInJlYWQiOjMwMDAwMDAwMDAwMCwidXBkYXRlIjo1NDAwMDAwMDAwMDAwfX0="
        }
      ]
    },
    {
      "module": "module.costmgmt_RG",
      "mode": "managed",
      "type": "azurerm_resource_group",
      "name": "lawsrg",
      "provider": "provider[\"registry.terraform.io/hashicorp/azurerm\"]",
      "instances": [
        {
          "schema_version": 0,
          "attributes": {
            "id": "/subscriptions/90c683e6-c3fa-4edf-ac00-224e0cb7a33c/resourceGroups/costmgmt-glb-rg",
            "location": "eastus",
            "managed_by": "",
            "name": "costmgmt-glb-rg",
            "tags": {
              "Environment": "Management",
              "Location": "eastus"
            },
            "timeouts": null
          },
          "sensitive_attributes": [],
          "private": "eyJlMmJmYjczMC1lY2FhLTExZTYtOGY4OC0zNDM2M2JjN2M0YzAiOnsiY3JlYXRlIjo1NDAwMDAwMDAwMDAwLCJkZWxldGUiOjU0MDAwMDAwMDAwMDAsInJlYWQiOjMwMDAwMDAwMDAwMCwidXBkYXRlIjo1NDAwMDAwMDAwMDAwfX0="
        }
      ]
    },
    {
      "module": "module.disk_attachment[\"sb1dces1p00-data-00\"]",
      "mode": "managed",
      "type": "azurerm_virtual_machine_data_disk_attachment",
      "name": "disk_attach",
      "provider": "provider[\"registry.terraform.io/hashicorp/azurerm\"]",
      "instances": [
        {
          "schema_version": 0,
          "attributes": {
            "caching": "None",
            "create_option": "Attach",
            "id": "/subscriptions/90c683e6-c3fa-4edf-ac00-224e0cb7a33c/resourceGroups/aads-es1-rg/providers/Microsoft.Compute/virtualMachines/sb1dces1p00/dataDisks/sb1dces1p00-data-00",
            "lun": 0,
            "managed_disk_id": "/subscriptions/90c683e6-c3fa-4edf-ac00-224e0cb7a33c/resourceGroups/aads-es1-rg/providers/Microsoft.Compute/disks/sb1dces1p00-data-00",
            "timeouts": null,
            "virtual_machine_id": "/subscriptions/90c683e6-c3fa-4edf-ac00-224e0cb7a33c/resourceGroups/aads-es1-rg/providers/Microsoft.Compute/virtualMachines/sb1dces1p00",
            "write_accelerator_enabled": false
          },
          "sensitive_attributes": [],
          "private": "eyJlMmJmYjczMC1lY2FhLTExZTYtOGY4OC0zNDM2M2JjN2M0YzAiOnsiY3JlYXRlIjoxODAwMDAwMDAwMDAwLCJkZWxldGUiOjE4MDAwMDAwMDAwMDAsInJlYWQiOjMwMDAwMDAwMDAwMCwidXBkYXRlIjoxODAwMDAwMDAwMDAwfX0=",
          "dependencies": [
            "data.azurerm_client_config.current",
            "module.aads_RG.azurerm_resource_group.lawsrg",
            "module.keyvault.azurerm_key_vault.keyvault",
            "module.keyvault.azurerm_key_vault_access_policy.accesspolicy_sp",
            "module.keyvault.azurerm_key_vault_access_policy.accesspolicy_user",
            "module.keyvault_RG.azurerm_resource_group.lawsrg",
            "module.managed_disk.azurerm_managed_disk.disk",
            "module.secret_key.azurerm_key_vault_secret.key_vault_secret",
            "module.secret_key.random_string.password",
            "module.shared_vnet.azurerm_network_security_group.vnet-nsg",
            "module.shared_vnet.azurerm_virtual_network.az_vnet",
            "module.sharednetwork_RG.azurerm_resource_group.lawsrg",
            "module.windows_vm.azurerm_network_interface.nic",
            "module.windows_vm.azurerm_windows_virtual_machine.virtual-machine"
          ]
        }
      ]
    },
    {
      "module": "module.disk_attachment[\"sb1dces1p00-data-01\"]",
      "mode": "managed",
      "type": "azurerm_virtual_machine_data_disk_attachment",
      "name": "disk_attach",
      "provider": "provider[\"registry.terraform.io/hashicorp/azurerm\"]",
      "instances": [
        {
          "schema_version": 0,
          "attributes": {
            "caching": "None",
            "create_option": "Attach",
            "id": "/subscriptions/90c683e6-c3fa-4edf-ac00-224e0cb7a33c/resourceGroups/aads-es1-rg/providers/Microsoft.Compute/virtualMachines/sb1dces1p00/dataDisks/sb1dces1p00-data-01",
            "lun": 1,
            "managed_disk_id": "/subscriptions/90c683e6-c3fa-4edf-ac00-224e0cb7a33c/resourceGroups/aads-es1-rg/providers/Microsoft.Compute/disks/sb1dces1p00-data-01",
            "timeouts": null,
            "virtual_machine_id": "/subscriptions/90c683e6-c3fa-4edf-ac00-224e0cb7a33c/resourceGroups/aads-es1-rg/providers/Microsoft.Compute/virtualMachines/sb1dces1p00",
            "write_accelerator_enabled": false
          },
          "sensitive_attributes": [],
          "private": "eyJlMmJmYjczMC1lY2FhLTExZTYtOGY4OC0zNDM2M2JjN2M0YzAiOnsiY3JlYXRlIjoxODAwMDAwMDAwMDAwLCJkZWxldGUiOjE4MDAwMDAwMDAwMDAsInJlYWQiOjMwMDAwMDAwMDAwMCwidXBkYXRlIjoxODAwMDAwMDAwMDAwfX0=",
          "dependencies": [
            "data.azurerm_client_config.current",
            "module.aads_RG.azurerm_resource_group.lawsrg",
            "module.keyvault.azurerm_key_vault.keyvault",
            "module.keyvault.azurerm_key_vault_access_policy.accesspolicy_sp",
            "module.keyvault.azurerm_key_vault_access_policy.accesspolicy_user",
            "module.keyvault_RG.azurerm_resource_group.lawsrg",
            "module.managed_disk.azurerm_managed_disk.disk",
            "module.secret_key.azurerm_key_vault_secret.key_vault_secret",
            "module.secret_key.random_string.password",
            "module.shared_vnet.azurerm_network_security_group.vnet-nsg",
            "module.shared_vnet.azurerm_virtual_network.az_vnet",
            "module.sharednetwork_RG.azurerm_resource_group.lawsrg",
            "module.windows_vm.azurerm_network_interface.nic",
            "module.windows_vm.azurerm_windows_virtual_machine.virtual-machine"
          ]
        }
      ]
    },
    {
      "module": "module.disk_attachment[\"sb1dces1p00-data-02\"]",
      "mode": "managed",
      "type": "azurerm_virtual_machine_data_disk_attachment",
      "name": "disk_attach",
      "provider": "provider[\"registry.terraform.io/hashicorp/azurerm\"]",
      "instances": [
        {
          "schema_version": 0,
          "attributes": {
            "caching": "None",
            "create_option": "Attach",
            "id": "/subscriptions/90c683e6-c3fa-4edf-ac00-224e0cb7a33c/resourceGroups/aads-es1-rg/providers/Microsoft.Compute/virtualMachines/sb1dces1p00/dataDisks/sb1dces1p00-data-02",
            "lun": 2,
            "managed_disk_id": "/subscriptions/90c683e6-c3fa-4edf-ac00-224e0cb7a33c/resourceGroups/aads-es1-rg/providers/Microsoft.Compute/disks/sb1dces1p00-data-02",
            "timeouts": null,
            "virtual_machine_id": "/subscriptions/90c683e6-c3fa-4edf-ac00-224e0cb7a33c/resourceGroups/aads-es1-rg/providers/Microsoft.Compute/virtualMachines/sb1dces1p00",
            "write_accelerator_enabled": false
          },
          "sensitive_attributes": [],
          "private": "eyJlMmJmYjczMC1lY2FhLTExZTYtOGY4OC0zNDM2M2JjN2M0YzAiOnsiY3JlYXRlIjoxODAwMDAwMDAwMDAwLCJkZWxldGUiOjE4MDAwMDAwMDAwMDAsInJlYWQiOjMwMDAwMDAwMDAwMCwidXBkYXRlIjoxODAwMDAwMDAwMDAwfX0=",
          "dependencies": [
            "data.azurerm_client_config.current",
            "module.aads_RG.azurerm_resource_group.lawsrg",
            "module.keyvault.azurerm_key_vault.keyvault",
            "module.keyvault.azurerm_key_vault_access_policy.accesspolicy_sp",
            "module.keyvault.azurerm_key_vault_access_policy.accesspolicy_user",
            "module.keyvault_RG.azurerm_resource_group.lawsrg",
            "module.managed_disk.azurerm_managed_disk.disk",
            "module.secret_key.azurerm_key_vault_secret.key_vault_secret",
            "module.secret_key.random_string.password",
            "module.shared_vnet.azurerm_network_security_group.vnet-nsg",
            "module.shared_vnet.azurerm_virtual_network.az_vnet",
            "module.sharednetwork_RG.azurerm_resource_group.lawsrg",
            "module.windows_vm.azurerm_network_interface.nic",
            "module.windows_vm.azurerm_windows_virtual_machine.virtual-machine"
          ]
        }
      ]
    },
    {
      "module": "module.disk_attachment[\"sb1dces1p01-data-00\"]",
      "mode": "managed",
      "type": "azurerm_virtual_machine_data_disk_attachment",
      "name": "disk_attach",
      "provider": "provider[\"registry.terraform.io/hashicorp/azurerm\"]",
      "instances": [
        {
          "schema_version": 0,
          "attributes": {
            "caching": "None",
            "create_option": "Attach",
            "id": "/subscriptions/90c683e6-c3fa-4edf-ac00-224e0cb7a33c/resourceGroups/aads-es1-rg/providers/Microsoft.Compute/virtualMachines/sb1dces1p01/dataDisks/sb1dces1p01-data-00",
            "lun": 0,
            "managed_disk_id": "/subscriptions/90c683e6-c3fa-4edf-ac00-224e0cb7a33c/resourceGroups/aads-es1-rg/providers/Microsoft.Compute/disks/sb1dces1p01-data-00",
            "timeouts": null,
            "virtual_machine_id": "/subscriptions/90c683e6-c3fa-4edf-ac00-224e0cb7a33c/resourceGroups/aads-es1-rg/providers/Microsoft.Compute/virtualMachines/sb1dces1p01",
            "write_accelerator_enabled": false
          },
          "sensitive_attributes": [],
          "private": "eyJlMmJmYjczMC1lY2FhLTExZTYtOGY4OC0zNDM2M2JjN2M0YzAiOnsiY3JlYXRlIjoxODAwMDAwMDAwMDAwLCJkZWxldGUiOjE4MDAwMDAwMDAwMDAsInJlYWQiOjMwMDAwMDAwMDAwMCwidXBkYXRlIjoxODAwMDAwMDAwMDAwfX0=",
          "dependencies": [
            "data.azurerm_client_config.current",
            "module.aads_RG.azurerm_resource_group.lawsrg",
            "module.keyvault.azurerm_key_vault.keyvault",
            "module.keyvault.azurerm_key_vault_access_policy.accesspolicy_sp",
            "module.keyvault.azurerm_key_vault_access_policy.accesspolicy_user",
            "module.keyvault_RG.azurerm_resource_group.lawsrg",
            "module.managed_disk.azurerm_managed_disk.disk",
            "module.secret_key.azurerm_key_vault_secret.key_vault_secret",
            "module.secret_key.random_string.password",
            "module.shared_vnet.azurerm_network_security_group.vnet-nsg",
            "module.shared_vnet.azurerm_virtual_network.az_vnet",
            "module.sharednetwork_RG.azurerm_resource_group.lawsrg",
            "module.windows_vm.azurerm_network_interface.nic",
            "module.windows_vm.azurerm_windows_virtual_machine.virtual-machine"
          ]
        }
      ]
    },
    {
      "module": "module.disk_attachment[\"sb1dces1p01-data-01\"]",
      "mode": "managed",
      "type": "azurerm_virtual_machine_data_disk_attachment",
      "name": "disk_attach",
      "provider": "provider[\"registry.terraform.io/hashicorp/azurerm\"]",
      "instances": [
        {
          "schema_version": 0,
          "attributes": {
            "caching": "None",
            "create_option": "Attach",
            "id": "/subscriptions/90c683e6-c3fa-4edf-ac00-224e0cb7a33c/resourceGroups/aads-es1-rg/providers/Microsoft.Compute/virtualMachines/sb1dces1p01/dataDisks/sb1dces1p01-data-01",
            "lun": 1,
            "managed_disk_id": "/subscriptions/90c683e6-c3fa-4edf-ac00-224e0cb7a33c/resourceGroups/aads-es1-rg/providers/Microsoft.Compute/disks/sb1dces1p01-data-01",
            "timeouts": null,
            "virtual_machine_id": "/subscriptions/90c683e6-c3fa-4edf-ac00-224e0cb7a33c/resourceGroups/aads-es1-rg/providers/Microsoft.Compute/virtualMachines/sb1dces1p01",
            "write_accelerator_enabled": false
          },
          "sensitive_attributes": [],
          "private": "eyJlMmJmYjczMC1lY2FhLTExZTYtOGY4OC0zNDM2M2JjN2M0YzAiOnsiY3JlYXRlIjoxODAwMDAwMDAwMDAwLCJkZWxldGUiOjE4MDAwMDAwMDAwMDAsInJlYWQiOjMwMDAwMDAwMDAwMCwidXBkYXRlIjoxODAwMDAwMDAwMDAwfX0=",
          "dependencies": [
            "data.azurerm_client_config.current",
            "module.aads_RG.azurerm_resource_group.lawsrg",
            "module.keyvault.azurerm_key_vault.keyvault",
            "module.keyvault.azurerm_key_vault_access_policy.accesspolicy_sp",
            "module.keyvault.azurerm_key_vault_access_policy.accesspolicy_user",
            "module.keyvault_RG.azurerm_resource_group.lawsrg",
            "module.managed_disk.azurerm_managed_disk.disk",
            "module.secret_key.azurerm_key_vault_secret.key_vault_secret",
            "module.secret_key.random_string.password",
            "module.shared_vnet.azurerm_network_security_group.vnet-nsg",
            "module.shared_vnet.azurerm_virtual_network.az_vnet",
            "module.sharednetwork_RG.azurerm_resource_group.lawsrg",
            "module.windows_vm.azurerm_network_interface.nic",
            "module.windows_vm.azurerm_windows_virtual_machine.virtual-machine"
          ]
        }
      ]
    },
    {
      "module": "module.disk_attachment[\"sb1dces1p01-data-02\"]",
      "mode": "managed",
      "type": "azurerm_virtual_machine_data_disk_attachment",
      "name": "disk_attach",
      "provider": "provider[\"registry.terraform.io/hashicorp/azurerm\"]",
      "instances": [
        {
          "schema_version": 0,
          "attributes": {
            "caching": "None",
            "create_option": "Attach",
            "id": "/subscriptions/90c683e6-c3fa-4edf-ac00-224e0cb7a33c/resourceGroups/aads-es1-rg/providers/Microsoft.Compute/virtualMachines/sb1dces1p01/dataDisks/sb1dces1p01-data-02",
            "lun": 2,
            "managed_disk_id": "/subscriptions/90c683e6-c3fa-4edf-ac00-224e0cb7a33c/resourceGroups/aads-es1-rg/providers/Microsoft.Compute/disks/sb1dces1p01-data-02",
            "timeouts": null,
            "virtual_machine_id": "/subscriptions/90c683e6-c3fa-4edf-ac00-224e0cb7a33c/resourceGroups/aads-es1-rg/providers/Microsoft.Compute/virtualMachines/sb1dces1p01",
            "write_accelerator_enabled": false
          },
          "sensitive_attributes": [],
          "private": "eyJlMmJmYjczMC1lY2FhLTExZTYtOGY4OC0zNDM2M2JjN2M0YzAiOnsiY3JlYXRlIjoxODAwMDAwMDAwMDAwLCJkZWxldGUiOjE4MDAwMDAwMDAwMDAsInJlYWQiOjMwMDAwMDAwMDAwMCwidXBkYXRlIjoxODAwMDAwMDAwMDAwfX0=",
          "dependencies": [
            "data.azurerm_client_config.current",
            "module.aads_RG.azurerm_resource_group.lawsrg",
            "module.keyvault.azurerm_key_vault.keyvault",
            "module.keyvault.azurerm_key_vault_access_policy.accesspolicy_sp",
            "module.keyvault.azurerm_key_vault_access_policy.accesspolicy_user",
            "module.keyvault_RG.azurerm_resource_group.lawsrg",
            "module.managed_disk.azurerm_managed_disk.disk",
            "module.secret_key.azurerm_key_vault_secret.key_vault_secret",
            "module.secret_key.random_string.password",
            "module.shared_vnet.azurerm_network_security_group.vnet-nsg",
            "module.shared_vnet.azurerm_virtual_network.az_vnet",
            "module.sharednetwork_RG.azurerm_resource_group.lawsrg",
            "module.windows_vm.azurerm_network_interface.nic",
            "module.windows_vm.azurerm_windows_virtual_machine.virtual-machine"
          ]
        }
      ]
    },
    {
      "module": "module.dr_aut_acc",
      "mode": "managed",
      "type": "azurerm_automation_account",
      "name": "automation_acc",
      "provider": "provider[\"registry.terraform.io/hashicorp/azurerm\"]",
      "instances": [
        {
          "schema_version": 0,
          "attributes": {
            "dsc_primary_access_key": "AeFXPzJorEbx5mG56AQxVBv2xiODAOK8vnpc86Q7kQol8+Fcv7tcroZVPkofahnM+QZylKAxHMyNGXVTkb2WzA==",
            "dsc_secondary_access_key": "ASy4W3bHMkxIilJJhNwjuoMsCJGgzRpglGmVlLy/eDZGFrM+evuyq8859Pdkc+SkKi7E5HAHDFgx60wcq1IP4w==",
            "dsc_server_endpoint": "https://8d3846bc-80bf-4045-9618-6cf54f1c7cf9.agentsvc.wus.azure-automation.net/accounts/8d3846bc-80bf-4045-9618-6cf54f1c7cf9",
            "encryption": [],
            "hybrid_service_url": "https://8d3846bc-80bf-4045-9618-6cf54f1c7cf9.jrds.wus.azure-automation.net/automationAccounts/8d3846bc-80bf-4045-9618-6cf54f1c7cf9",
            "id": "/subscriptions/90c683e6-c3fa-4edf-ac00-224e0cb7a33c/resourceGroups/recovery-wu-rg/providers/Microsoft.Automation/automationAccounts/recovery-wu-autacc",
            "identity": [],
            "local_authentication_enabled": true,
            "location": "westus",
            "name": "recovery-wu-autacc",
            "private_endpoint_connection": [],
            "public_network_access_enabled": true,
            "resource_group_name": "recovery-wu-rg",
            "sku_name": "Basic",
            "tags": {
              "Business unit": "N/A",
              "Bussiness Criticality": "High",
              "Cost center": "Exactlyit",
              "Data Classification": "General",
              "Environment": "DR",
              "Location": "eastus",
              "Operations team": "Cloud Operations"
            },
            "timeouts": null
          },
          "sensitive_attributes": [],
          "private": "eyJlMmJmYjczMC1lY2FhLTExZTYtOGY4OC0zNDM2M2JjN2M0YzAiOnsiY3JlYXRlIjoxODAwMDAwMDAwMDAwLCJkZWxldGUiOjE4MDAwMDAwMDAwMDAsInJlYWQiOjMwMDAwMDAwMDAwMCwidXBkYXRlIjoxODAwMDAwMDAwMDAwfX0=",
          "dependencies": [
            "module.recovery_rg.azurerm_resource_group.lawsrg"
          ]
        }
      ]
    },
    {
      "module": "module.dr_rsv",
      "mode": "managed",
      "type": "azurerm_recovery_services_vault",
      "name": "vault",
      "provider": "provider[\"registry.terraform.io/hashicorp/azurerm\"]",
      "instances": [
        {
          "schema_version": 0,
          "attributes": {
            "classic_vmware_replication_enabled": null,
            "cross_region_restore_enabled": false,
            "encryption": [],
            "id": "/subscriptions/90c683e6-c3fa-4edf-ac00-224e0cb7a33c/resourceGroups/recovery-wu-rg/providers/Microsoft.RecoveryServices/vaults/dr-wu-rsv",
            "identity": [],
            "immutability": null,
            "location": "westus",
            "monitoring": [],
            "name": "dr-wu-rsv",
            "public_network_access_enabled": true,
            "resource_group_name": "recovery-wu-rg",
            "sku": "Standard",
            "soft_delete_enabled": true,
            "storage_mode_type": "GeoRedundant",
            "tags": {
              "Business unit": "N/A",
              "Bussiness Criticality": "High",
              "Cost center": "Exactlyit",
              "Data Classification": "General",
              "Environment": "DR",
              "Location": "eastus",
              "Operations team": "Cloud Operations"
            },
            "timeouts": null
          },
          "sensitive_attributes": [],
          "private": "eyJlMmJmYjczMC1lY2FhLTExZTYtOGY4OC0zNDM2M2JjN2M0YzAiOnsiY3JlYXRlIjo3MjAwMDAwMDAwMDAwLCJkZWxldGUiOjE4MDAwMDAwMDAwMDAsInJlYWQiOjMwMDAwMDAwMDAwMCwidXBkYXRlIjozNjAwMDAwMDAwMDAwfX0=",
          "dependencies": [
            "module.recovery_rg.azurerm_resource_group.lawsrg"
          ]
        }
      ]
    },
    {
      "module": "module.hub_vnet_rgn1",
      "mode": "managed",
      "type": "azurerm_virtual_network",
      "name": "az_vnet",
      "provider": "provider[\"registry.terraform.io/hashicorp/azurerm\"]",
      "instances": []
    },
    {
      "module": "module.hub_vnet_rgn2",
      "mode": "managed",
      "type": "azurerm_network_security_group",
      "name": "vnet-nsg",
      "provider": "provider[\"registry.terraform.io/hashicorp/azurerm\"]",
      "instances": [
        {
          "index_key": "ApplicationGateway-nsg",
          "schema_version": 0,
          "attributes": {
            "id": "/subscriptions/90c683e6-c3fa-4edf-ac00-224e0cb7a33c/resourceGroups/network-es1-rg/providers/Microsoft.Network/networkSecurityGroups/ApplicationGateway-nsg",
            "location": "westus",
            "name": "ApplicationGateway-nsg",
            "resource_group_name": "network-es1-rg",
            "security_rule": [],
            "tags": null,
            "timeouts": null
          },
          "sensitive_attributes": [],
          "private": "eyJlMmJmYjczMC1lY2FhLTExZTYtOGY4OC0zNDM2M2JjN2M0YzAiOnsiY3JlYXRlIjoxODAwMDAwMDAwMDAwLCJkZWxldGUiOjE4MDAwMDAwMDAwMDAsInJlYWQiOjMwMDAwMDAwMDAwMCwidXBkYXRlIjoxODAwMDAwMDAwMDAwfX0=",
          "dependencies": [
            "module.network_RG.azurerm_resource_group.lawsrg"
          ]
        }
      ]
    },
    {
      "module": "module.hub_vnet_rgn2",
      "mode": "managed",
      "type": "azurerm_virtual_network",
      "name": "az_vnet",
      "provider": "provider[\"registry.terraform.io/hashicorp/azurerm\"]",
      "instances": [
        {
          "schema_version": 0,
          "attributes": {
            "address_space": [
              "10.42.0.0/22"
            ],
            "bgp_community": "",
            "ddos_protection_plan": [],
            "dns_servers": [],
            "edge_zone": "",
            "encryption": [],
            "flow_timeout_in_minutes": 0,
            "guid": "5f4335ec-0c4a-49d5-9ad9-6a91129fa0e2",
            "id": "/subscriptions/90c683e6-c3fa-4edf-ac00-224e0cb7a33c/resourceGroups/network-es1-rg/providers/Microsoft.Network/virtualNetworks/hubvnet-wu2",
            "location": "westus",
            "name": "hubvnet-wu2",
            "resource_group_name": "network-es1-rg",
            "subnet": [
              {
                "address_prefix": "10.42.3.0/26",
                "id": "/subscriptions/90c683e6-c3fa-4edf-ac00-224e0cb7a33c/resourceGroups/network-es1-rg/providers/Microsoft.Network/virtualNetworks/hubvnet-wu2/subnets/FirewallSubnet",
                "name": "FirewallSubnet",
                "security_group": ""
              },
              {
                "address_prefix": "10.42.3.160/27",
                "id": "/subscriptions/90c683e6-c3fa-4edf-ac00-224e0cb7a33c/resourceGroups/network-es1-rg/providers/Microsoft.Network/virtualNetworks/hubvnet-wu2/subnets/ApplicationGateway",
                "name": "ApplicationGateway",
                "security_group": "/subscriptions/90c683e6-c3fa-4edf-ac00-224e0cb7a33c/resourceGroups/network-es1-rg/providers/Microsoft.Network/networkSecurityGroups/ApplicationGateway-nsg"
              },
              {
                "address_prefix": "10.42.3.224/27",
                "id": "/subscriptions/90c683e6-c3fa-4edf-ac00-224e0cb7a33c/resourceGroups/network-es1-rg/providers/Microsoft.Network/virtualNetworks/hubvnet-wu2/subnets/GatewaySubnet",
                "name": "GatewaySubnet",
                "security_group": ""
              }
            ],
            "tags": {
              "Business unit": "N/A",
              "Bussiness Criticality": "High",
              "Cost center": "Exactlyit",
              "Data Classification": "General",
              "Environment": "Connectivity",
              "Location": "eastus",
              "Operations team": "Cloud Operations"
            },
            "timeouts": null
          },
          "sensitive_attributes": [],
          "private": "eyJlMmJmYjczMC1lY2FhLTExZTYtOGY4OC0zNDM2M2JjN2M0YzAiOnsiY3JlYXRlIjoxODAwMDAwMDAwMDAwLCJkZWxldGUiOjE4MDAwMDAwMDAwMDAsInJlYWQiOjMwMDAwMDAwMDAwMCwidXBkYXRlIjoxODAwMDAwMDAwMDAwfX0=",
          "dependencies": [
            "module.hub_vnet_rgn2.azurerm_network_security_group.vnet-nsg",
            "module.network_RG.azurerm_resource_group.lawsrg"
          ]
        }
      ]
    },
    {
      "module": "module.hub_vnet_rgn2_rt",
      "mode": "managed",
      "type": "azurerm_route_table",
      "name": "subnet-rt",
      "provider": "provider[\"registry.terraform.io/hashicorp/azurerm\"]",
      "instances": [
        {
          "index_key": "ApplicationGateway",
          "schema_version": 0,
          "attributes": {
            "disable_bgp_route_propagation": false,
            "id": "/subscriptions/90c683e6-c3fa-4edf-ac00-224e0cb7a33c/resourceGroups/network-es1-rg/providers/Microsoft.Network/routeTables/ApplicationGateway-rt",
            "location": "westus",
            "name": "ApplicationGateway-rt",
            "resource_group_name": "network-es1-rg",
            "route": [
              {
                "address_prefix": "10.42.0.0/22",
                "name": "ApplicationGateway-rt",
                "next_hop_in_ip_address": "",
                "next_hop_type": "VnetLocal"
              }
            ],
            "subnets": [],
            "tags": null,
            "timeouts": null
          },
          "sensitive_attributes": [],
          "private": "eyJlMmJmYjczMC1lY2FhLTExZTYtOGY4OC0zNDM2M2JjN2M0YzAiOnsiY3JlYXRlIjoxODAwMDAwMDAwMDAwLCJkZWxldGUiOjE4MDAwMDAwMDAwMDAsInJlYWQiOjMwMDAwMDAwMDAwMCwidXBkYXRlIjoxODAwMDAwMDAwMDAwfX0=",
          "dependencies": [
            "module.hub_vnet_rgn2.azurerm_network_security_group.vnet-nsg",
            "module.hub_vnet_rgn2.azurerm_virtual_network.az_vnet",
            "module.network_RG.azurerm_resource_group.lawsrg"
          ]
        }
      ]
    },
    {
      "module": "module.infra_mgmt",
      "mode": "managed",
      "type": "azurerm_management_group",
      "name": "mgmt_group",
      "provider": "provider[\"registry.terraform.io/hashicorp/azurerm\"]",
      "instances": [
        {
          "schema_version": 0,
          "attributes": {
            "display_name": "Infrastructure",
            "id": "/providers/Microsoft.Management/managementGroups/3c8cb7de-88fa-4120-9f8f-1768523beaed",
            "name": "3c8cb7de-88fa-4120-9f8f-1768523beaed",
            "parent_management_group_id": "/providers/Microsoft.Management/managementGroups/f93526fb-4d38-4c87-9a6b-6f655fae3e11",
            "subscription_ids": [],
            "timeouts": null
          },
          "sensitive_attributes": [],
          "private": "eyJlMmJmYjczMC1lY2FhLTExZTYtOGY4OC0zNDM2M2JjN2M0YzAiOnsiY3JlYXRlIjoxODAwMDAwMDAwMDAwLCJkZWxldGUiOjE4MDAwMDAwMDAwMDAsInJlYWQiOjMwMDAwMDAwMDAwMCwidXBkYXRlIjoxODAwMDAwMDAwMDAwfX0=",
          "dependencies": [
            "module.parent_mgmt.azurerm_management_group.mgmt_group"
          ]
        }
      ]
    },
    {
      "module": "module.keyvault[0]",
      "mode": "managed",
      "type": "azurerm_key_vault",
      "name": "keyvault",
      "provider": "provider[\"registry.terraform.io/hashicorp/azurerm\"]",
      "instances": [
        {
          "schema_version": 2,
          "attributes": {
            "access_policy": [],
            "contact": [],
            "enable_rbac_authorization": false,
            "enabled_for_deployment": false,
            "enabled_for_disk_encryption": false,
            "enabled_for_template_deployment": false,
            "id": "/subscriptions/90c683e6-c3fa-4edf-ac00-224e0cb7a33c/resourceGroups/keys-glb-rg/providers/Microsoft.KeyVault/vaults/sb1-alz-es1-kv",
            "location": "eastus",
            "name": "sb1-alz-es1-kv",
            "network_acls": [
              {
                "bypass": "AzureServices",
                "default_action": "Allow",
                "ip_rules": [],
                "virtual_network_subnet_ids": []
              }
            ],
            "public_network_access_enabled": true,
            "purge_protection_enabled": false,
            "resource_group_name": "keys-glb-rg",
            "sku_name": "standard",
            "soft_delete_retention_days": 7,
            "tags": {
              "Business unit": "N/A",
              "Bussiness Criticality": "High",
              "Cost center": "Exactlyit",
              "Data Classification": "General",
              "Environment": "Management",
              "Location": "eastus",
              "Operations team": "Cloud Operations"
            },
            "tenant_id": "f2c37eb9-9dcb-4bf0-a7de-087cc7d414af",
            "timeouts": null,
            "vault_uri": "https://sb1-alz-es1-kv.vault.azure.net/"
          },
          "sensitive_attributes": [],
          "private": "eyJlMmJmYjczMC1lY2FhLTExZTYtOGY4OC0zNDM2M2JjN2M0YzAiOnsiY3JlYXRlIjoxODAwMDAwMDAwMDAwLCJkZWxldGUiOjE4MDAwMDAwMDAwMDAsInJlYWQiOjMwMDAwMDAwMDAwMCwidXBkYXRlIjoxODAwMDAwMDAwMDAwfSwic2NoZW1hX3ZlcnNpb24iOiIyIn0=",
          "dependencies": [
            "data.azurerm_client_config.current",
            "module.keyvault_RG.azurerm_resource_group.lawsrg"
          ]
        }
      ]
    },
    {
      "module": "module.keyvault[0]",
      "mode": "managed",
      "type": "azurerm_key_vault_access_policy",
      "name": "accesspolicy_sp",
      "provider": "provider[\"registry.terraform.io/hashicorp/azurerm\"]",
      "instances": [
        {
          "schema_version": 0,
          "attributes": {
            "application_id": null,
            "certificate_permissions": null,
            "id": "/subscriptions/90c683e6-c3fa-4edf-ac00-224e0cb7a33c/resourceGroups/keys-glb-rg/providers/Microsoft.KeyVault/vaults/sb1-alz-es1-kv/objectId/b1422c7f-7eb0-4c5a-93df-19ede98b4c08",
            "key_permissions": [
              "List",
              "Create",
              "Delete",
              "Get",
              "Purge",
              "Recover",
              "Update",
              "GetRotationPolicy",
              "SetRotationPolicy"
            ],
            "key_vault_id": "/subscriptions/90c683e6-c3fa-4edf-ac00-224e0cb7a33c/resourceGroups/keys-glb-rg/providers/Microsoft.KeyVault/vaults/sb1-alz-es1-kv",
            "object_id": "b1422c7f-7eb0-4c5a-93df-19ede98b4c08",
            "secret_permissions": [
              "Backup",
              "Delete",
              "Get",
              "List",
              "Purge",
              "Recover",
              "Restore",
              "Set"
            ],
            "storage_permissions": null,
            "tenant_id": "f2c37eb9-9dcb-4bf0-a7de-087cc7d414af",
            "timeouts": null
          },
          "sensitive_attributes": [],
          "private": "eyJlMmJmYjczMC1lY2FhLTExZTYtOGY4OC0zNDM2M2JjN2M0YzAiOnsiY3JlYXRlIjoxODAwMDAwMDAwMDAwLCJkZWxldGUiOjE4MDAwMDAwMDAwMDAsInJlYWQiOjMwMDAwMDAwMDAwMCwidXBkYXRlIjoxODAwMDAwMDAwMDAwfX0=",
          "dependencies": [
            "data.azurerm_client_config.current",
            "module.keyvault.azurerm_key_vault.keyvault",
            "module.keyvault_RG.azurerm_resource_group.lawsrg"
          ]
        }
      ]
    },
    {
      "module": "module.keyvault[0]",
      "mode": "managed",
      "type": "azurerm_key_vault_access_policy",
      "name": "accesspolicy_user",
      "provider": "provider[\"registry.terraform.io/hashicorp/azurerm\"]",
      "instances": [
        {
          "schema_version": 0,
          "attributes": {
            "application_id": null,
            "certificate_permissions": null,
            "id": "/subscriptions/90c683e6-c3fa-4edf-ac00-224e0cb7a33c/resourceGroups/keys-glb-rg/providers/Microsoft.KeyVault/vaults/sb1-alz-es1-kv/objectId/d223ee36-0475-4dbb-b3f0-96d8d8a65363",
            "key_permissions": [
              "List",
              "Create",
              "Delete",
              "Get",
              "Purge",
              "Recover",
              "Update",
              "GetRotationPolicy",
              "SetRotationPolicy"
            ],
            "key_vault_id": "/subscriptions/90c683e6-c3fa-4edf-ac00-224e0cb7a33c/resourceGroups/keys-glb-rg/providers/Microsoft.KeyVault/vaults/sb1-alz-es1-kv",
            "object_id": "d223ee36-0475-4dbb-b3f0-96d8d8a65363",
            "secret_permissions": [
              "Backup",
              "Delete",
              "Get",
              "List",
              "Purge",
              "Recover",
              "Restore",
              "Set"
            ],
            "storage_permissions": null,
            "tenant_id": "f2c37eb9-9dcb-4bf0-a7de-087cc7d414af",
            "timeouts": null
          },
          "sensitive_attributes": [],
          "private": "eyJlMmJmYjczMC1lY2FhLTExZTYtOGY4OC0zNDM2M2JjN2M0YzAiOnsiY3JlYXRlIjoxODAwMDAwMDAwMDAwLCJkZWxldGUiOjE4MDAwMDAwMDAwMDAsInJlYWQiOjMwMDAwMDAwMDAwMCwidXBkYXRlIjoxODAwMDAwMDAwMDAwfX0=",
          "dependencies": [
            "data.azurerm_client_config.current",
            "module.keyvault.azurerm_key_vault.keyvault",
            "module.keyvault_RG.azurerm_resource_group.lawsrg"
          ]
        }
      ]
    },
    {
      "module": "module.keyvault_RG",
      "mode": "managed",
      "type": "azurerm_resource_group",
      "name": "lawsrg",
      "provider": "provider[\"registry.terraform.io/hashicorp/azurerm\"]",
      "instances": [
        {
          "schema_version": 0,
          "attributes": {
            "id": "/subscriptions/90c683e6-c3fa-4edf-ac00-224e0cb7a33c/resourceGroups/keys-glb-rg",
            "location": "eastus",
            "managed_by": "",
            "name": "keys-glb-rg",
            "tags": {
              "Environment": "Management",
              "Location": "eastus"
            },
            "timeouts": null
          },
          "sensitive_attributes": [],
          "private": "eyJlMmJmYjczMC1lY2FhLTExZTYtOGY4OC0zNDM2M2JjN2M0YzAiOnsiY3JlYXRlIjo1NDAwMDAwMDAwMDAwLCJkZWxldGUiOjU0MDAwMDAwMDAwMDAsInJlYWQiOjMwMDAwMDAwMDAwMCwidXBkYXRlIjo1NDAwMDAwMDAwMDAwfX0="
        }
      ]
    },
    {
      "module": "module.lb_frontend",
      "mode": "managed",
      "type": "azurerm_public_ip",
      "name": "pip",
      "provider": "provider[\"registry.terraform.io/hashicorp/azurerm\"]",
      "instances": [
        {
          "schema_version": 0,
          "attributes": {
            "allocation_method": "Static",
            "ddos_protection_mode": "VirtualNetworkInherited",
            "ddos_protection_plan_id": null,
            "domain_name_label": null,
            "edge_zone": "",
            "fqdn": null,
            "id": "/subscriptions/90c683e6-c3fa-4edf-ac00-224e0cb7a33c/resourceGroups/app-network-es1-rg/providers/Microsoft.Network/publicIPAddresses/app-LB",
            "idle_timeout_in_minutes": 4,
            "ip_address": "52.170.114.114",
            "ip_tags": null,
            "ip_version": "IPv4",
            "location": "eastus",
            "name": "app-LB",
            "public_ip_prefix_id": null,
            "resource_group_name": "app-network-es1-rg",
            "reverse_fqdn": null,
            "sku": "Standard",
            "sku_tier": "Regional",
            "tags": {
              "Business unit": "N/A",
              "Bussiness Criticality": "High",
              "Cost center": "Exactlyit",
              "Data Classification": "General",
              "Environment": "PRD",
              "Location": "eastus",
              "Operations team": "Cloud Operations"
            },
            "timeouts": null,
            "zones": null
          },
          "sensitive_attributes": [],
          "private": "eyJlMmJmYjczMC1lY2FhLTExZTYtOGY4OC0zNDM2M2JjN2M0YzAiOnsiY3JlYXRlIjoxODAwMDAwMDAwMDAwLCJkZWxldGUiOjE4MDAwMDAwMDAwMDAsInJlYWQiOjMwMDAwMDAwMDAwMCwidXBkYXRlIjoxODAwMDAwMDAwMDAwfX0=",
          "dependencies": [
            "module.app_network_rg.azurerm_resource_group.lawsrg"
          ]
        }
      ]
    },
    {
      "module": "module.load_balancer",
      "mode": "managed",
      "type": "azurerm_lb",
      "name": "az_lb",
      "provider": "provider[\"registry.terraform.io/hashicorp/azurerm\"]",
      "instances": [
        {
          "schema_version": 0,
          "attributes": {
            "edge_zone": "",
            "frontend_ip_configuration": [
              {
                "gateway_load_balancer_frontend_ip_configuration_id": "",
                "id": "/subscriptions/90c683e6-c3fa-4edf-ac00-224e0cb7a33c/resourceGroups/app-network-es1-rg/providers/Microsoft.Network/loadBalancers/app_lb/frontendIPConfigurations/app-LB",
                "inbound_nat_rules": [],
                "load_balancer_rules": [],
                "name": "app-LB",
                "outbound_rules": [],
                "private_ip_address": "10.46.0.133",
                "private_ip_address_allocation": "Static",
                "private_ip_address_version": "IPv4",
                "public_ip_address_id": "",
                "public_ip_prefix_id": "",
                "subnet_id": "/subscriptions/90c683e6-c3fa-4edf-ac00-224e0cb7a33c/resourceGroups/app-network-es1-rg/providers/Microsoft.Network/virtualNetworks/app-es1-vnet/subnets/LBsubnet",
                "zones": null
              }
            ],
            "id": "/subscriptions/90c683e6-c3fa-4edf-ac00-224e0cb7a33c/resourceGroups/app-network-es1-rg/providers/Microsoft.Network/loadBalancers/app_lb",
            "location": "eastus",
            "name": "app_lb",
            "private_ip_address": "10.46.0.133",
            "private_ip_addresses": [
              "10.46.0.133"
            ],
            "resource_group_name": "app-network-es1-rg",
            "sku": "Standard",
            "sku_tier": "Regional",
            "tags": {
              "Business unit": "N/A",
              "Bussiness Criticality": "High",
              "Cost center": "Exactlyit",
              "Data Classification": "General",
              "Environment": "PRD",
              "Location": "eastus",
              "Operations team": "Cloud Operations"
            },
            "timeouts": null
          },
          "sensitive_attributes": [],
          "private": "eyJlMmJmYjczMC1lY2FhLTExZTYtOGY4OC0zNDM2M2JjN2M0YzAiOnsiY3JlYXRlIjoxODAwMDAwMDAwMDAwLCJkZWxldGUiOjE4MDAwMDAwMDAwMDAsInJlYWQiOjMwMDAwMDAwMDAwMCwidXBkYXRlIjoxODAwMDAwMDAwMDAwfX0=",
          "dependencies": [
            "module.app_network_rg.azurerm_resource_group.lawsrg",
            "module.app_vnet.azurerm_network_security_group.vnet-nsg",
            "module.app_vnet.azurerm_virtual_network.az_vnet",
            "module.lb_frontend.azurerm_public_ip.pip"
          ]
        }
      ]
    },
    {
      "module": "module.managed_disk[\"sb1dces1p00-data-00\"]",
      "mode": "managed",
      "type": "azurerm_managed_disk",
      "name": "disk",
      "provider": "provider[\"registry.terraform.io/hashicorp/azurerm\"]",
      "instances": [
        {
          "schema_version": 1,
          "attributes": {
            "create_option": "Empty",
            "disk_access_id": "",
            "disk_encryption_set_id": "",
            "disk_iops_read_only": 0,
            "disk_iops_read_write": 500,
            "disk_mbps_read_only": 0,
            "disk_mbps_read_write": 60,
            "disk_size_gb": 8,
            "edge_zone": "",
            "encryption_settings": [],
            "gallery_image_reference_id": "",
            "hyper_v_generation": "",
            "id": "/subscriptions/90c683e6-c3fa-4edf-ac00-224e0cb7a33c/resourceGroups/aads-es1-rg/providers/Microsoft.Compute/disks/sb1dces1p00-data-00",
            "image_reference_id": "",
            "location": "eastus",
            "logical_sector_size": null,
            "max_shares": 0,
            "name": "sb1dces1p00-data-00",
            "network_access_policy": null,
            "on_demand_bursting_enabled": false,
            "os_type": "",
            "public_network_access_enabled": true,
            "resource_group_name": "aads-es1-rg",
            "secure_vm_disk_encryption_set_id": "",
            "security_type": "",
            "source_resource_id": "",
            "source_uri": "",
            "storage_account_id": "",
            "storage_account_type": "Standard_LRS",
            "tags": {
              "Business unit": "N/A",
              "Bussiness Criticality": "High",
              "Cost center": "Exactlyit",
              "Data Classification": "General",
              "Environment": "Shared",
              "Location": "eastus",
              "Operations team": "Cloud Operations"
            },
            "tier": "",
            "timeouts": null,
            "trusted_launch_enabled": false,
            "upload_size_bytes": 0,
            "zone": ""
          },
          "sensitive_attributes": [],
          "private": "eyJlMmJmYjczMC1lY2FhLTExZTYtOGY4OC0zNDM2M2JjN2M0YzAiOnsiY3JlYXRlIjoxODAwMDAwMDAwMDAwLCJkZWxldGUiOjE4MDAwMDAwMDAwMDAsInJlYWQiOjMwMDAwMDAwMDAwMCwidXBkYXRlIjoxODAwMDAwMDAwMDAwfSwic2NoZW1hX3ZlcnNpb24iOiIxIn0=",
          "dependencies": [
            "data.azurerm_client_config.current",
            "module.aads_RG.azurerm_resource_group.lawsrg",
            "module.keyvault.azurerm_key_vault.keyvault",
            "module.keyvault.azurerm_key_vault_access_policy.accesspolicy_sp",
            "module.keyvault.azurerm_key_vault_access_policy.accesspolicy_user",
            "module.keyvault_RG.azurerm_resource_group.lawsrg",
            "module.secret_key.azurerm_key_vault_secret.key_vault_secret",
            "module.secret_key.random_string.password",
            "module.shared_vnet.azurerm_network_security_group.vnet-nsg",
            "module.shared_vnet.azurerm_virtual_network.az_vnet",
            "module.sharednetwork_RG.azurerm_resource_group.lawsrg",
            "module.windows_vm.azurerm_network_interface.nic",
            "module.windows_vm.azurerm_windows_virtual_machine.virtual-machine"
          ]
        }
      ]
    },
    {
      "module": "module.managed_disk[\"sb1dces1p00-data-01\"]",
      "mode": "managed",
      "type": "azurerm_managed_disk",
      "name": "disk",
      "provider": "provider[\"registry.terraform.io/hashicorp/azurerm\"]",
      "instances": [
        {
          "schema_version": 1,
          "attributes": {
            "create_option": "Empty",
            "disk_access_id": "",
            "disk_encryption_set_id": "",
            "disk_iops_read_only": 0,
            "disk_iops_read_write": 120,
            "disk_mbps_read_only": 0,
            "disk_mbps_read_write": 25,
            "disk_size_gb": 8,
            "edge_zone": "",
            "encryption_settings": [],
            "gallery_image_reference_id": "",
            "hyper_v_generation": "",
            "id": "/subscriptions/90c683e6-c3fa-4edf-ac00-224e0cb7a33c/resourceGroups/aads-es1-rg/providers/Microsoft.Compute/disks/sb1dces1p00-data-01",
            "image_reference_id": "",
            "location": "eastus",
            "logical_sector_size": null,
            "max_shares": 0,
            "name": "sb1dces1p00-data-01",
            "network_access_policy": null,
            "on_demand_bursting_enabled": false,
            "os_type": "",
            "public_network_access_enabled": true,
            "resource_group_name": "aads-es1-rg",
            "secure_vm_disk_encryption_set_id": "",
            "security_type": "",
            "source_resource_id": "",
            "source_uri": "",
            "storage_account_id": "",
            "storage_account_type": "Premium_LRS",
            "tags": {
              "Business unit": "N/A",
              "Bussiness Criticality": "High",
              "Cost center": "Exactlyit",
              "Data Classification": "General",
              "Environment": "Shared",
              "Location": "eastus",
              "Operations team": "Cloud Operations"
            },
            "tier": "P2",
            "timeouts": null,
            "trusted_launch_enabled": false,
            "upload_size_bytes": 0,
            "zone": ""
          },
          "sensitive_attributes": [],
          "private": "eyJlMmJmYjczMC1lY2FhLTExZTYtOGY4OC0zNDM2M2JjN2M0YzAiOnsiY3JlYXRlIjoxODAwMDAwMDAwMDAwLCJkZWxldGUiOjE4MDAwMDAwMDAwMDAsInJlYWQiOjMwMDAwMDAwMDAwMCwidXBkYXRlIjoxODAwMDAwMDAwMDAwfSwic2NoZW1hX3ZlcnNpb24iOiIxIn0=",
          "dependencies": [
            "data.azurerm_client_config.current",
            "module.aads_RG.azurerm_resource_group.lawsrg",
            "module.keyvault.azurerm_key_vault.keyvault",
            "module.keyvault.azurerm_key_vault_access_policy.accesspolicy_sp",
            "module.keyvault.azurerm_key_vault_access_policy.accesspolicy_user",
            "module.keyvault_RG.azurerm_resource_group.lawsrg",
            "module.secret_key.azurerm_key_vault_secret.key_vault_secret",
            "module.secret_key.random_string.password",
            "module.shared_vnet.azurerm_network_security_group.vnet-nsg",
            "module.shared_vnet.azurerm_virtual_network.az_vnet",
            "module.sharednetwork_RG.azurerm_resource_group.lawsrg",
            "module.windows_vm.azurerm_network_interface.nic",
            "module.windows_vm.azurerm_windows_virtual_machine.virtual-machine"
          ]
        }
      ]
    },
    {
      "module": "module.managed_disk[\"sb1dces1p00-data-02\"]",
      "mode": "managed",
      "type": "azurerm_managed_disk",
      "name": "disk",
      "provider": "provider[\"registry.terraform.io/hashicorp/azurerm\"]",
      "instances": [
        {
          "schema_version": 1,
          "attributes": {
            "create_option": "Empty",
            "disk_access_id": "",
            "disk_encryption_set_id": "",
            "disk_iops_read_only": 0,
            "disk_iops_read_write": 120,
            "disk_mbps_read_only": 0,
            "disk_mbps_read_write": 25,
            "disk_size_gb": 4,
            "edge_zone": "",
            "encryption_settings": [],
            "gallery_image_reference_id": "",
            "hyper_v_generation": "",
            "id": "/subscriptions/90c683e6-c3fa-4edf-ac00-224e0cb7a33c/resourceGroups/aads-es1-rg/providers/Microsoft.Compute/disks/sb1dces1p00-data-02",
            "image_reference_id": "",
            "location": "eastus",
            "logical_sector_size": null,
            "max_shares": 0,
            "name": "sb1dces1p00-data-02",
            "network_access_policy": null,
            "on_demand_bursting_enabled": false,
            "os_type": "",
            "public_network_access_enabled": true,
            "resource_group_name": "aads-es1-rg",
            "secure_vm_disk_encryption_set_id": "",
            "security_type": "",
            "source_resource_id": "",
            "source_uri": "",
            "storage_account_id": "",
            "storage_account_type": "Premium_LRS",
            "tags": {
              "Business unit": "N/A",
              "Bussiness Criticality": "High",
              "Cost center": "Exactlyit",
              "Data Classification": "General",
              "Environment": "Shared",
              "Location": "eastus",
              "Operations team": "Cloud Operations"
            },
            "tier": "P1",
            "timeouts": null,
            "trusted_launch_enabled": false,
            "upload_size_bytes": 0,
            "zone": ""
          },
          "sensitive_attributes": [],
          "private": "eyJlMmJmYjczMC1lY2FhLTExZTYtOGY4OC0zNDM2M2JjN2M0YzAiOnsiY3JlYXRlIjoxODAwMDAwMDAwMDAwLCJkZWxldGUiOjE4MDAwMDAwMDAwMDAsInJlYWQiOjMwMDAwMDAwMDAwMCwidXBkYXRlIjoxODAwMDAwMDAwMDAwfSwic2NoZW1hX3ZlcnNpb24iOiIxIn0=",
          "dependencies": [
            "data.azurerm_client_config.current",
            "module.aads_RG.azurerm_resource_group.lawsrg",
            "module.keyvault.azurerm_key_vault.keyvault",
            "module.keyvault.azurerm_key_vault_access_policy.accesspolicy_sp",
            "module.keyvault.azurerm_key_vault_access_policy.accesspolicy_user",
            "module.keyvault_RG.azurerm_resource_group.lawsrg",
            "module.secret_key.azurerm_key_vault_secret.key_vault_secret",
            "module.secret_key.random_string.password",
            "module.shared_vnet.azurerm_network_security_group.vnet-nsg",
            "module.shared_vnet.azurerm_virtual_network.az_vnet",
            "module.sharednetwork_RG.azurerm_resource_group.lawsrg",
            "module.windows_vm.azurerm_network_interface.nic",
            "module.windows_vm.azurerm_windows_virtual_machine.virtual-machine"
          ]
        }
      ]
    },
    {
      "module": "module.managed_disk[\"sb1dces1p01-data-00\"]",
      "mode": "managed",
      "type": "azurerm_managed_disk",
      "name": "disk",
      "provider": "provider[\"registry.terraform.io/hashicorp/azurerm\"]",
      "instances": [
        {
          "schema_version": 1,
          "attributes": {
            "create_option": "Empty",
            "disk_access_id": "",
            "disk_encryption_set_id": "",
            "disk_iops_read_only": 0,
            "disk_iops_read_write": 500,
            "disk_mbps_read_only": 0,
            "disk_mbps_read_write": 60,
            "disk_size_gb": 8,
            "edge_zone": "",
            "encryption_settings": [],
            "gallery_image_reference_id": "",
            "hyper_v_generation": "",
            "id": "/subscriptions/90c683e6-c3fa-4edf-ac00-224e0cb7a33c/resourceGroups/aads-es1-rg/providers/Microsoft.Compute/disks/sb1dces1p01-data-00",
            "image_reference_id": "",
            "location": "eastus",
            "logical_sector_size": null,
            "max_shares": 0,
            "name": "sb1dces1p01-data-00",
            "network_access_policy": null,
            "on_demand_bursting_enabled": false,
            "os_type": "",
            "public_network_access_enabled": true,
            "resource_group_name": "aads-es1-rg",
            "secure_vm_disk_encryption_set_id": "",
            "security_type": "",
            "source_resource_id": "",
            "source_uri": "",
            "storage_account_id": "",
            "storage_account_type": "Standard_LRS",
            "tags": {
              "Business unit": "N/A",
              "Bussiness Criticality": "High",
              "Cost center": "Exactlyit",
              "Data Classification": "General",
              "Environment": "Shared",
              "Location": "eastus",
              "Operations team": "Cloud Operations"
            },
            "tier": "",
            "timeouts": null,
            "trusted_launch_enabled": false,
            "upload_size_bytes": 0,
            "zone": ""
          },
          "sensitive_attributes": [],
          "private": "eyJlMmJmYjczMC1lY2FhLTExZTYtOGY4OC0zNDM2M2JjN2M0YzAiOnsiY3JlYXRlIjoxODAwMDAwMDAwMDAwLCJkZWxldGUiOjE4MDAwMDAwMDAwMDAsInJlYWQiOjMwMDAwMDAwMDAwMCwidXBkYXRlIjoxODAwMDAwMDAwMDAwfSwic2NoZW1hX3ZlcnNpb24iOiIxIn0=",
          "dependencies": [
            "data.azurerm_client_config.current",
            "module.aads_RG.azurerm_resource_group.lawsrg",
            "module.keyvault.azurerm_key_vault.keyvault",
            "module.keyvault.azurerm_key_vault_access_policy.accesspolicy_sp",
            "module.keyvault.azurerm_key_vault_access_policy.accesspolicy_user",
            "module.keyvault_RG.azurerm_resource_group.lawsrg",
            "module.secret_key.azurerm_key_vault_secret.key_vault_secret",
            "module.secret_key.random_string.password",
            "module.shared_vnet.azurerm_network_security_group.vnet-nsg",
            "module.shared_vnet.azurerm_virtual_network.az_vnet",
            "module.sharednetwork_RG.azurerm_resource_group.lawsrg",
            "module.windows_vm.azurerm_network_interface.nic",
            "module.windows_vm.azurerm_windows_virtual_machine.virtual-machine"
          ]
        }
      ]
    },
    {
      "module": "module.managed_disk[\"sb1dces1p01-data-01\"]",
      "mode": "managed",
      "type": "azurerm_managed_disk",
      "name": "disk",
      "provider": "provider[\"registry.terraform.io/hashicorp/azurerm\"]",
      "instances": [
        {
          "schema_version": 1,
          "attributes": {
            "create_option": "Empty",
            "disk_access_id": "",
            "disk_encryption_set_id": "",
            "disk_iops_read_only": 0,
            "disk_iops_read_write": 120,
            "disk_mbps_read_only": 0,
            "disk_mbps_read_write": 25,
            "disk_size_gb": 8,
            "edge_zone": "",
            "encryption_settings": [],
            "gallery_image_reference_id": "",
            "hyper_v_generation": "",
            "id": "/subscriptions/90c683e6-c3fa-4edf-ac00-224e0cb7a33c/resourceGroups/aads-es1-rg/providers/Microsoft.Compute/disks/sb1dces1p01-data-01",
            "image_reference_id": "",
            "location": "eastus",
            "logical_sector_size": null,
            "max_shares": 0,
            "name": "sb1dces1p01-data-01",
            "network_access_policy": null,
            "on_demand_bursting_enabled": false,
            "os_type": "",
            "public_network_access_enabled": true,
            "resource_group_name": "aads-es1-rg",
            "secure_vm_disk_encryption_set_id": "",
            "security_type": "",
            "source_resource_id": "",
            "source_uri": "",
            "storage_account_id": "",
            "storage_account_type": "Premium_LRS",
            "tags": {
              "Business unit": "N/A",
              "Bussiness Criticality": "High",
              "Cost center": "Exactlyit",
              "Data Classification": "General",
              "Environment": "Shared",
              "Location": "eastus",
              "Operations team": "Cloud Operations"
            },
            "tier": "P2",
            "timeouts": null,
            "trusted_launch_enabled": false,
            "upload_size_bytes": 0,
            "zone": ""
          },
          "sensitive_attributes": [],
          "private": "eyJlMmJmYjczMC1lY2FhLTExZTYtOGY4OC0zNDM2M2JjN2M0YzAiOnsiY3JlYXRlIjoxODAwMDAwMDAwMDAwLCJkZWxldGUiOjE4MDAwMDAwMDAwMDAsInJlYWQiOjMwMDAwMDAwMDAwMCwidXBkYXRlIjoxODAwMDAwMDAwMDAwfSwic2NoZW1hX3ZlcnNpb24iOiIxIn0=",
          "dependencies": [
            "data.azurerm_client_config.current",
            "module.aads_RG.azurerm_resource_group.lawsrg",
            "module.keyvault.azurerm_key_vault.keyvault",
            "module.keyvault.azurerm_key_vault_access_policy.accesspolicy_sp",
            "module.keyvault.azurerm_key_vault_access_policy.accesspolicy_user",
            "module.keyvault_RG.azurerm_resource_group.lawsrg",
            "module.secret_key.azurerm_key_vault_secret.key_vault_secret",
            "module.secret_key.random_string.password",
            "module.shared_vnet.azurerm_network_security_group.vnet-nsg",
            "module.shared_vnet.azurerm_virtual_network.az_vnet",
            "module.sharednetwork_RG.azurerm_resource_group.lawsrg",
            "module.windows_vm.azurerm_network_interface.nic",
            "module.windows_vm.azurerm_windows_virtual_machine.virtual-machine"
          ]
        }
      ]
    },
    {
      "module": "module.managed_disk[\"sb1dces1p01-data-02\"]",
      "mode": "managed",
      "type": "azurerm_managed_disk",
      "name": "disk",
      "provider": "provider[\"registry.terraform.io/hashicorp/azurerm\"]",
      "instances": [
        {
          "schema_version": 1,
          "attributes": {
            "create_option": "Empty",
            "disk_access_id": "",
            "disk_encryption_set_id": "",
            "disk_iops_read_only": 0,
            "disk_iops_read_write": 120,
            "disk_mbps_read_only": 0,
            "disk_mbps_read_write": 25,
            "disk_size_gb": 4,
            "edge_zone": "",
            "encryption_settings": [],
            "gallery_image_reference_id": "",
            "hyper_v_generation": "",
            "id": "/subscriptions/90c683e6-c3fa-4edf-ac00-224e0cb7a33c/resourceGroups/aads-es1-rg/providers/Microsoft.Compute/disks/sb1dces1p01-data-02",
            "image_reference_id": "",
            "location": "eastus",
            "logical_sector_size": null,
            "max_shares": 0,
            "name": "sb1dces1p01-data-02",
            "network_access_policy": null,
            "on_demand_bursting_enabled": false,
            "os_type": "",
            "public_network_access_enabled": true,
            "resource_group_name": "aads-es1-rg",
            "secure_vm_disk_encryption_set_id": "",
            "security_type": "",
            "source_resource_id": "",
            "source_uri": "",
            "storage_account_id": "",
            "storage_account_type": "Premium_LRS",
            "tags": {
              "Business unit": "N/A",
              "Bussiness Criticality": "High",
              "Cost center": "Exactlyit",
              "Data Classification": "General",
              "Environment": "Shared",
              "Location": "eastus",
              "Operations team": "Cloud Operations"
            },
            "tier": "P1",
            "timeouts": null,
            "trusted_launch_enabled": false,
            "upload_size_bytes": 0,
            "zone": ""
          },
          "sensitive_attributes": [],
          "private": "eyJlMmJmYjczMC1lY2FhLTExZTYtOGY4OC0zNDM2M2JjN2M0YzAiOnsiY3JlYXRlIjoxODAwMDAwMDAwMDAwLCJkZWxldGUiOjE4MDAwMDAwMDAwMDAsInJlYWQiOjMwMDAwMDAwMDAwMCwidXBkYXRlIjoxODAwMDAwMDAwMDAwfSwic2NoZW1hX3ZlcnNpb24iOiIxIn0=",
          "dependencies": [
            "data.azurerm_client_config.current",
            "module.aads_RG.azurerm_resource_group.lawsrg",
            "module.keyvault.azurerm_key_vault.keyvault",
            "module.keyvault.azurerm_key_vault_access_policy.accesspolicy_sp",
            "module.keyvault.azurerm_key_vault_access_policy.accesspolicy_user",
            "module.keyvault_RG.azurerm_resource_group.lawsrg",
            "module.secret_key.azurerm_key_vault_secret.key_vault_secret",
            "module.secret_key.random_string.password",
            "module.shared_vnet.azurerm_network_security_group.vnet-nsg",
            "module.shared_vnet.azurerm_virtual_network.az_vnet",
            "module.sharednetwork_RG.azurerm_resource_group.lawsrg",
            "module.windows_vm.azurerm_network_interface.nic",
            "module.windows_vm.azurerm_windows_virtual_machine.virtual-machine"
          ]
        }
      ]
    },
    {
      "module": "module.management_SA[0]",
      "mode": "managed",
      "type": "azurerm_storage_account",
      "name": "storage_account",
      "provider": "provider[\"registry.terraform.io/hashicorp/azurerm\"]",
      "instances": [
        {
          "schema_version": 4,
          "attributes": {
            "access_tier": "Hot",
            "account_kind": "StorageV2",
            "account_replication_type": "LRS",
            "account_tier": "Standard",
            "allow_nested_items_to_be_public": true,
            "allowed_copy_scope": "",
            "azure_files_authentication": [],
            "blob_properties": [
              {
                "change_feed_enabled": false,
                "change_feed_retention_in_days": 0,
                "container_delete_retention_policy": [],
                "cors_rule": [],
                "default_service_version": "",
                "delete_retention_policy": [],
                "last_access_time_enabled": false,
                "restore_policy": [],
                "versioning_enabled": false
              }
            ],
            "cross_tenant_replication_enabled": true,
            "custom_domain": [],
            "customer_managed_key": [],
            "default_to_oauth_authentication": false,
            "edge_zone": "",
            "enable_https_traffic_only": true,
            "id": "/subscriptions/90c683e6-c3fa-4edf-ac00-224e0cb7a33c/resourceGroups/costmgmt-glb-rg/providers/Microsoft.Storage/storageAccounts/sb1diagalzes1sta",
            "identity": [],
            "immutability_policy": [],
            "infrastructure_encryption_enabled": false,
            "is_hns_enabled": false,
            "large_file_share_enabled": null,
            "location": "eastus",
            "min_tls_version": "TLS1_2",
            "name": "sb1diagalzes1sta",
            "network_rules": [
              {
                "bypass": [
                  "AzureServices"
                ],
                "default_action": "Allow",
                "ip_rules": [],
                "private_link_access": [],
                "virtual_network_subnet_ids": []
              }
            ],
            "nfsv3_enabled": false,
            "primary_access_key": "vgFTWb3uPV5V9M06+HecSeDkuWljYdE5Sf3/ClbDZU+Sfz8oNuoF9U8PiE81Uo2LvfWo+mqXPtDS+AStfwvLLA==",
            "primary_blob_connection_string": "DefaultEndpointsProtocol=https;BlobEndpoint=https://sb1diagalzes1sta.blob.core.windows.net/;AccountName=sb1diagalzes1sta;AccountKey=vgFTWb3uPV5V9M06+HecSeDkuWljYdE5Sf3/ClbDZU+Sfz8oNuoF9U8PiE81Uo2LvfWo+mqXPtDS+AStfwvLLA==",
            "primary_blob_endpoint": "https://sb1diagalzes1sta.blob.core.windows.net/",
            "primary_blob_host": "sb1diagalzes1sta.blob.core.windows.net",
            "primary_connection_string": "DefaultEndpointsProtocol=https;AccountName=sb1diagalzes1sta;AccountKey=vgFTWb3uPV5V9M06+HecSeDkuWljYdE5Sf3/ClbDZU+Sfz8oNuoF9U8PiE81Uo2LvfWo+mqXPtDS+AStfwvLLA==;EndpointSuffix=core.windows.net",
            "primary_dfs_endpoint": "https://sb1diagalzes1sta.dfs.core.windows.net/",
            "primary_dfs_host": "sb1diagalzes1sta.dfs.core.windows.net",
            "primary_file_endpoint": "https://sb1diagalzes1sta.file.core.windows.net/",
            "primary_file_host": "sb1diagalzes1sta.file.core.windows.net",
            "primary_location": "eastus",
            "primary_queue_endpoint": "https://sb1diagalzes1sta.queue.core.windows.net/",
            "primary_queue_host": "sb1diagalzes1sta.queue.core.windows.net",
            "primary_table_endpoint": "https://sb1diagalzes1sta.table.core.windows.net/",
            "primary_table_host": "sb1diagalzes1sta.table.core.windows.net",
            "primary_web_endpoint": "https://sb1diagalzes1sta.z13.web.core.windows.net/",
            "primary_web_host": "sb1diagalzes1sta.z13.web.core.windows.net",
            "public_network_access_enabled": true,
            "queue_encryption_key_type": "Service",
            "queue_properties": [
              {
                "cors_rule": [],
                "hour_metrics": [
                  {
                    "enabled": true,
                    "include_apis": true,
                    "retention_policy_days": 7,
                    "version": "1.0"
                  }
                ],
                "logging": [
                  {
                    "delete": false,
                    "read": false,
                    "retention_policy_days": 0,
                    "version": "1.0",
                    "write": false
                  }
                ],
                "minute_metrics": [
                  {
                    "enabled": false,
                    "include_apis": false,
                    "retention_policy_days": 0,
                    "version": "1.0"
                  }
                ]
              }
            ],
            "resource_group_name": "costmgmt-glb-rg",
            "routing": [],
            "sas_policy": [],
            "secondary_access_key": "ufacFKLNV1dmY56gsELMJFG9jEvgDU1LSw627uy+dO4Ktg9fv9PqIJXYv7zMlTwIpSfginDSREkO+AStpUjZAg==",
            "secondary_blob_connection_string": "",
            "secondary_blob_endpoint": null,
            "secondary_blob_host": null,
            "secondary_connection_string": "DefaultEndpointsProtocol=https;AccountName=sb1diagalzes1sta;AccountKey=ufacFKLNV1dmY56gsELMJFG9jEvgDU1LSw627uy+dO4Ktg9fv9PqIJXYv7zMlTwIpSfginDSREkO+AStpUjZAg==;EndpointSuffix=core.windows.net",
            "secondary_dfs_endpoint": null,
            "secondary_dfs_host": null,
            "secondary_file_endpoint": null,
            "secondary_file_host": null,
            "secondary_location": "",
            "secondary_queue_endpoint": null,
            "secondary_queue_host": null,
            "secondary_table_endpoint": null,
            "secondary_table_host": null,
            "secondary_web_endpoint": null,
            "secondary_web_host": null,
            "sftp_enabled": false,
            "share_properties": [
              {
                "cors_rule": [],
                "retention_policy": [
                  {
                    "days": 7
                  }
                ],
                "smb": []
              }
            ],
            "shared_access_key_enabled": true,
            "static_website": [],
            "table_encryption_key_type": "Service",
            "tags": {
              "Business unit": "N/A",
              "Bussiness Criticality": "High",
              "Cost center": "Exactlyit",
              "Data Classification": "General",
              "Environment": "Management",
              "Location": "eastus",
              "Operations team": "Cloud Operations"
            },
            "timeouts": null
          },
          "sensitive_attributes": [],
          "private": "eyJlMmJmYjczMC1lY2FhLTExZTYtOGY4OC0zNDM2M2JjN2M0YzAiOnsiY3JlYXRlIjozNjAwMDAwMDAwMDAwLCJkZWxldGUiOjM2MDAwMDAwMDAwMDAsInJlYWQiOjMwMDAwMDAwMDAwMCwidXBkYXRlIjozNjAwMDAwMDAwMDAwfSwic2NoZW1hX3ZlcnNpb24iOiI0In0=",
          "dependencies": [
            "module.costmgmt_RG.azurerm_resource_group.lawsrg"
          ]
        }
      ]
    },
    {
      "module": "module.mgmt_aut_acc",
      "mode": "managed",
      "type": "azurerm_automation_account",
      "name": "automation_acc",
      "provider": "provider[\"registry.terraform.io/hashicorp/azurerm\"]",
      "instances": [
        {
          "schema_version": 0,
          "attributes": {
            "dsc_primary_access_key": "L5JmUe79ozU9dtHLW6LOycHQvd3yqL21GoySyRSxWPvuXG+t9SY5tLRd8fTkb1Opu6nLmjv+fAc54M+iWXITMQ==",
            "dsc_secondary_access_key": "l1Qx4dW0E5uI+Uw2Q5442UFqliNM3xn2E0UV+Bas+jKbidMJxXJHo09GN1n9OfLSneL/ZZCWAlvxtNwbbh1XTA==",
            "dsc_server_endpoint": "https://af423bc8-d8fa-43e0-bda8-3da51a0e61a4.agentsvc.wus.azure-automation.net/accounts/af423bc8-d8fa-43e0-bda8-3da51a0e61a4",
            "encryption": [],
            "hybrid_service_url": "https://af423bc8-d8fa-43e0-bda8-3da51a0e61a4.jrds.wus.azure-automation.net/automationAccounts/af423bc8-d8fa-43e0-bda8-3da51a0e61a4",
            "id": "/subscriptions/90c683e6-c3fa-4edf-ac00-224e0cb7a33c/resourceGroups/costmgmt-glb-rg/providers/Microsoft.Automation/automationAccounts/automation-wu-autacc",
            "identity": [],
            "local_authentication_enabled": true,
            "location": "westus",
            "name": "automation-wu-autacc",
            "private_endpoint_connection": [],
            "public_network_access_enabled": true,
            "resource_group_name": "costmgmt-glb-rg",
            "sku_name": "Basic",
            "tags": {
              "Business unit": "N/A",
              "Bussiness Criticality": "High",
              "Cost center": "Exactlyit",
              "Data Classification": "General",
              "Environment": "Management",
              "Location": "eastus",
              "Operations team": "Cloud Operations"
            },
            "timeouts": null
          },
          "sensitive_attributes": [],
          "private": "eyJlMmJmYjczMC1lY2FhLTExZTYtOGY4OC0zNDM2M2JjN2M0YzAiOnsiY3JlYXRlIjoxODAwMDAwMDAwMDAwLCJkZWxldGUiOjE4MDAwMDAwMDAwMDAsInJlYWQiOjMwMDAwMDAwMDAwMCwidXBkYXRlIjoxODAwMDAwMDAwMDAwfX0=",
          "dependencies": [
            "module.costmgmt_RG.azurerm_resource_group.lawsrg",
            "module.monitoring_RG.azurerm_resource_group.lawsrg"
          ]
        }
      ]
    },
    {
      "module": "module.mgmt_mgmt",
      "mode": "managed",
      "type": "azurerm_management_group",
      "name": "mgmt_group",
      "provider": "provider[\"registry.terraform.io/hashicorp/azurerm\"]",
      "instances": [
        {
          "schema_version": 0,
          "attributes": {
            "display_name": "Management",
            "id": "/providers/Microsoft.Management/managementGroups/e197bcd0-ebc1-412b-8a9c-74876c4b4502",
            "name": "e197bcd0-ebc1-412b-8a9c-74876c4b4502",
            "parent_management_group_id": "/providers/Microsoft.Management/managementGroups/f93526fb-4d38-4c87-9a6b-6f655fae3e11",
            "subscription_ids": [],
            "timeouts": null
          },
          "sensitive_attributes": [],
          "private": "eyJlMmJmYjczMC1lY2FhLTExZTYtOGY4OC0zNDM2M2JjN2M0YzAiOnsiY3JlYXRlIjoxODAwMDAwMDAwMDAwLCJkZWxldGUiOjE4MDAwMDAwMDAwMDAsInJlYWQiOjMwMDAwMDAwMDAwMCwidXBkYXRlIjoxODAwMDAwMDAwMDAwfX0=",
          "dependencies": [
            "module.parent_mgmt.azurerm_management_group.mgmt_group"
          ]
        }
      ]
    },
    {
      "module": "module.monitoring_RG",
      "mode": "managed",
      "type": "azurerm_resource_group",
      "name": "lawsrg",
      "provider": "provider[\"registry.terraform.io/hashicorp/azurerm\"]",
      "instances": [
        {
          "schema_version": 0,
          "attributes": {
            "id": "/subscriptions/90c683e6-c3fa-4edf-ac00-224e0cb7a33c/resourceGroups/monitoring-glb-rg",
            "location": "eastus",
            "managed_by": "",
            "name": "monitoring-glb-rg",
            "tags": {
              "Environment": "Management",
              "Location": "eastus"
            },
            "timeouts": null
          },
          "sensitive_attributes": [],
          "private": "eyJlMmJmYjczMC1lY2FhLTExZTYtOGY4OC0zNDM2M2JjN2M0YzAiOnsiY3JlYXRlIjo1NDAwMDAwMDAwMDAwLCJkZWxldGUiOjU0MDAwMDAwMDAwMDAsInJlYWQiOjMwMDAwMDAwMDAwMCwidXBkYXRlIjo1NDAwMDAwMDAwMDAwfX0="
        }
      ]
    },
    {
      "module": "module.network_RG",
      "mode": "managed",
      "type": "azurerm_resource_group",
      "name": "lawsrg",
      "provider": "provider[\"registry.terraform.io/hashicorp/azurerm\"]",
      "instances": [
        {
          "schema_version": 0,
          "attributes": {
            "id": "/subscriptions/90c683e6-c3fa-4edf-ac00-224e0cb7a33c/resourceGroups/network-es1-rg",
            "location": "eastus",
            "managed_by": "",
            "name": "network-es1-rg",
            "tags": {
              "Environment": "Connectivity",
              "Location": "eastus"
            },
            "timeouts": null
          },
          "sensitive_attributes": [],
          "private": "eyJlMmJmYjczMC1lY2FhLTExZTYtOGY4OC0zNDM2M2JjN2M0YzAiOnsiY3JlYXRlIjo1NDAwMDAwMDAwMDAwLCJkZWxldGUiOjU0MDAwMDAwMDAwMDAsInJlYWQiOjMwMDAwMDAwMDAwMCwidXBkYXRlIjo1NDAwMDAwMDAwMDAwfX0="
        }
      ]
    },
    {
      "module": "module.operationallogs_WS",
      "mode": "managed",
      "type": "azurerm_log_analytics_workspace",
      "name": "laws",
      "provider": "provider[\"registry.terraform.io/hashicorp/azurerm\"]",
      "instances": [
        {
          "schema_version": 3,
          "attributes": {
            "allow_resource_only_permissions": true,
            "cmk_for_query_forced": false,
            "daily_quota_gb": -1,
            "id": "/subscriptions/90c683e6-c3fa-4edf-ac00-224e0cb7a33c/resourceGroups/monitoring-glb-rg/providers/Microsoft.OperationalInsights/workspaces/sb1-operationallogs-alz-es1-workspace",
            "internet_ingestion_enabled": true,
            "internet_query_enabled": true,
            "local_authentication_disabled": false,
            "location": "eastus",
            "name": "sb1-operationallogs-alz-es1-workspace",
            "primary_shared_key": "WlD7q65j9Pp2DIivFL+6jIz7c3nexna/EZRJl3TPifdQjJgWQOHh6qHQQ6yU5OEJpw7ABeQMG55nxZOycPMOEA==",
            "reservation_capacity_in_gb_per_day": null,
            "resource_group_name": "monitoring-glb-rg",
            "retention_in_days": 90,
            "secondary_shared_key": "0Iy+zlgUwFgsDbOBJ62AtC8MqQH3UtIO1AJycx/PfbJ/QQc0N52kOinJKc1WRYVbfxKQ4yXVRAGQyojGKlFpwg==",
            "sku": "PerGB2018",
            "tags": {
              "Business unit": "N/A",
              "Bussiness Criticality": "High",
              "Cost center": "Exactlyit",
              "Data Classification": "General",
              "Environment": "Management",
              "Location": "eastus",
              "Operations team": "Cloud Operations"
            },
            "timeouts": null,
            "workspace_id": "16d955c2-18cf-4689-91b9-b5f3f6e98a9d"
          },
          "sensitive_attributes": [],
          "private": "eyJlMmJmYjczMC1lY2FhLTExZTYtOGY4OC0zNDM2M2JjN2M0YzAiOnsiY3JlYXRlIjoxODAwMDAwMDAwMDAwLCJkZWxldGUiOjE4MDAwMDAwMDAwMDAsInJlYWQiOjMwMDAwMDAwMDAwMCwidXBkYXRlIjoxODAwMDAwMDAwMDAwfSwic2NoZW1hX3ZlcnNpb24iOiIzIn0=",
          "dependencies": [
            "module.monitoring_RG.azurerm_resource_group.lawsrg"
          ]
        }
      ]
    },
    {
      "module": "module.parent_mgmt",
      "mode": "managed",
      "type": "azurerm_management_group",
      "name": "mgmt_group",
      "provider": "provider[\"registry.terraform.io/hashicorp/azurerm\"]",
      "instances": [
        {
          "schema_version": 0,
          "attributes": {
            "display_name": "Sbx_Customer01100",
            "id": "/providers/Microsoft.Management/managementGroups/f93526fb-4d38-4c87-9a6b-6f655fae3e11",
            "name": "f93526fb-4d38-4c87-9a6b-6f655fae3e11",
            "parent_management_group_id": "/providers/Microsoft.Management/managementGroups/f2c37eb9-9dcb-4bf0-a7de-087cc7d414af",
            "subscription_ids": [],
            "timeouts": null
          },
          "sensitive_attributes": [],
          "private": "eyJlMmJmYjczMC1lY2FhLTExZTYtOGY4OC0zNDM2M2JjN2M0YzAiOnsiY3JlYXRlIjoxODAwMDAwMDAwMDAwLCJkZWxldGUiOjE4MDAwMDAwMDAwMDAsInJlYWQiOjMwMDAwMDAwMDAwMCwidXBkYXRlIjoxODAwMDAwMDAwMDAwfX0="
        }
      ]
    },
    {
      "module": "module.recovery_SA[0]",
      "mode": "managed",
      "type": "azurerm_storage_account",
      "name": "storage_account",
      "provider": "provider[\"registry.terraform.io/hashicorp/azurerm\"]",
      "instances": [
        {
          "schema_version": 4,
          "attributes": {
            "access_tier": "Hot",
            "account_kind": "StorageV2",
            "account_replication_type": "LRS",
            "account_tier": "Standard",
            "allow_nested_items_to_be_public": true,
            "allowed_copy_scope": "",
            "azure_files_authentication": [],
            "blob_properties": [
              {
                "change_feed_enabled": false,
                "change_feed_retention_in_days": 0,
                "container_delete_retention_policy": [],
                "cors_rule": [],
                "default_service_version": "",
                "delete_retention_policy": [],
                "last_access_time_enabled": false,
                "restore_policy": [],
                "versioning_enabled": false
              }
            ],
            "cross_tenant_replication_enabled": true,
            "custom_domain": [],
            "customer_managed_key": [],
            "default_to_oauth_authentication": false,
            "edge_zone": "",
            "enable_https_traffic_only": true,
            "id": "/subscriptions/90c683e6-c3fa-4edf-ac00-224e0cb7a33c/resourceGroups/recovery-wu-rg/providers/Microsoft.Storage/storageAccounts/sb1recoverywusta",
            "identity": [],
            "immutability_policy": [],
            "infrastructure_encryption_enabled": false,
            "is_hns_enabled": false,
            "large_file_share_enabled": null,
            "location": "westus",
            "min_tls_version": "TLS1_2",
            "name": "sb1recoverywusta",
            "network_rules": [
              {
                "bypass": [
                  "AzureServices"
                ],
                "default_action": "Allow",
                "ip_rules": [],
                "private_link_access": [],
                "virtual_network_subnet_ids": []
              }
            ],
            "nfsv3_enabled": false,
            "primary_access_key": "ISl5sYSB70QUUe0V/4Yh8l/fUwqBcyB5girYdd6BCxSpAFeinJDED2rp3TOLzQyUCoDoDp/L9PFz+AStItmKuA==",
            "primary_blob_connection_string": "DefaultEndpointsProtocol=https;BlobEndpoint=https://sb1recoverywusta.blob.core.windows.net/;AccountName=sb1recoverywusta;AccountKey=ISl5sYSB70QUUe0V/4Yh8l/fUwqBcyB5girYdd6BCxSpAFeinJDED2rp3TOLzQyUCoDoDp/L9PFz+AStItmKuA==",
            "primary_blob_endpoint": "https://sb1recoverywusta.blob.core.windows.net/",
            "primary_blob_host": "sb1recoverywusta.blob.core.windows.net",
            "primary_connection_string": "DefaultEndpointsProtocol=https;AccountName=sb1recoverywusta;AccountKey=ISl5sYSB70QUUe0V/4Yh8l/fUwqBcyB5girYdd6BCxSpAFeinJDED2rp3TOLzQyUCoDoDp/L9PFz+AStItmKuA==;EndpointSuffix=core.windows.net",
            "primary_dfs_endpoint": "https://sb1recoverywusta.dfs.core.windows.net/",
            "primary_dfs_host": "sb1recoverywusta.dfs.core.windows.net",
            "primary_file_endpoint": "https://sb1recoverywusta.file.core.windows.net/",
            "primary_file_host": "sb1recoverywusta.file.core.windows.net",
            "primary_location": "westus",
            "primary_queue_endpoint": "https://sb1recoverywusta.queue.core.windows.net/",
            "primary_queue_host": "sb1recoverywusta.queue.core.windows.net",
            "primary_table_endpoint": "https://sb1recoverywusta.table.core.windows.net/",
            "primary_table_host": "sb1recoverywusta.table.core.windows.net",
            "primary_web_endpoint": "https://sb1recoverywusta.z22.web.core.windows.net/",
            "primary_web_host": "sb1recoverywusta.z22.web.core.windows.net",
            "public_network_access_enabled": true,
            "queue_encryption_key_type": "Service",
            "queue_properties": [
              {
                "cors_rule": [],
                "hour_metrics": [
                  {
                    "enabled": true,
                    "include_apis": true,
                    "retention_policy_days": 7,
                    "version": "1.0"
                  }
                ],
                "logging": [
                  {
                    "delete": false,
                    "read": false,
                    "retention_policy_days": 0,
                    "version": "1.0",
                    "write": false
                  }
                ],
                "minute_metrics": [
                  {
                    "enabled": false,
                    "include_apis": false,
                    "retention_policy_days": 0,
                    "version": "1.0"
                  }
                ]
              }
            ],
            "resource_group_name": "recovery-wu-rg",
            "routing": [],
            "sas_policy": [],
            "secondary_access_key": "EgZv4MEJCRul5dNXGzwD3nEGkXWs7nSJ8mVtr1vV/YacwCNIbCdnKuDn8EmRx3lk3yfhHnLNTOnU+AStceZKoA==",
            "secondary_blob_connection_string": "",
            "secondary_blob_endpoint": null,
            "secondary_blob_host": null,
            "secondary_connection_string": "DefaultEndpointsProtocol=https;AccountName=sb1recoverywusta;AccountKey=EgZv4MEJCRul5dNXGzwD3nEGkXWs7nSJ8mVtr1vV/YacwCNIbCdnKuDn8EmRx3lk3yfhHnLNTOnU+AStceZKoA==;EndpointSuffix=core.windows.net",
            "secondary_dfs_endpoint": null,
            "secondary_dfs_host": null,
            "secondary_file_endpoint": null,
            "secondary_file_host": null,
            "secondary_location": "",
            "secondary_queue_endpoint": null,
            "secondary_queue_host": null,
            "secondary_table_endpoint": null,
            "secondary_table_host": null,
            "secondary_web_endpoint": null,
            "secondary_web_host": null,
            "sftp_enabled": false,
            "share_properties": [
              {
                "cors_rule": [],
                "retention_policy": [
                  {
                    "days": 7
                  }
                ],
                "smb": []
              }
            ],
            "shared_access_key_enabled": true,
            "static_website": [],
            "table_encryption_key_type": "Service",
            "tags": {
              "Business unit": "N/A",
              "Bussiness Criticality": "High",
              "Cost center": "Exactlyit",
              "Data Classification": "General",
              "Environment": "DR",
              "Location": "eastus",
              "Operations team": "Cloud Operations"
            },
            "timeouts": null
          },
          "sensitive_attributes": [],
          "private": "eyJlMmJmYjczMC1lY2FhLTExZTYtOGY4OC0zNDM2M2JjN2M0YzAiOnsiY3JlYXRlIjozNjAwMDAwMDAwMDAwLCJkZWxldGUiOjM2MDAwMDAwMDAwMDAsInJlYWQiOjMwMDAwMDAwMDAwMCwidXBkYXRlIjozNjAwMDAwMDAwMDAwfSwic2NoZW1hX3ZlcnNpb24iOiI0In0=",
          "dependencies": [
            "module.recovery_rg.azurerm_resource_group.lawsrg"
          ]
        }
      ]
    },
    {
      "module": "module.recovery_rg",
      "mode": "managed",
      "type": "azurerm_resource_group",
      "name": "lawsrg",
      "provider": "provider[\"registry.terraform.io/hashicorp/azurerm\"]",
      "instances": [
        {
          "schema_version": 0,
          "attributes": {
            "id": "/subscriptions/90c683e6-c3fa-4edf-ac00-224e0cb7a33c/resourceGroups/recovery-wu-rg",
            "location": "westus",
            "managed_by": "",
            "name": "recovery-wu-rg",
            "tags": {
              "Environment": "DR",
              "Location": "eastus"
            },
            "timeouts": null
          },
          "sensitive_attributes": [],
          "private": "eyJlMmJmYjczMC1lY2FhLTExZTYtOGY4OC0zNDM2M2JjN2M0YzAiOnsiY3JlYXRlIjo1NDAwMDAwMDAwMDAwLCJkZWxldGUiOjU0MDAwMDAwMDAwMDAsInJlYWQiOjMwMDAwMDAwMDAwMCwidXBkYXRlIjo1NDAwMDAwMDAwMDAwfX0="
        }
      ]
    },
    {
      "module": "module.secret_key",
      "mode": "managed",
      "type": "azurerm_key_vault_secret",
      "name": "key_vault_secret",
      "provider": "provider[\"registry.terraform.io/hashicorp/azurerm\"]",
      "instances": [
        {
          "schema_version": 0,
          "attributes": {
            "content_type": "",
            "expiration_date": null,
            "id": "https://sb1-alz-es1-kv.vault.azure.net/secrets/Terraform-vm-password/83aa5ffcf6524d68a1bca1bc143759e2",
            "key_vault_id": "/subscriptions/90c683e6-c3fa-4edf-ac00-224e0cb7a33c/resourceGroups/keys-glb-rg/providers/Microsoft.KeyVault/vaults/sb1-alz-es1-kv",
            "name": "Terraform-vm-password",
            "not_before_date": null,
            "resource_id": "/subscriptions/90c683e6-c3fa-4edf-ac00-224e0cb7a33c/resourceGroups/keys-glb-rg/providers/Microsoft.KeyVault/vaults/sb1-alz-es1-kv/secrets/Terraform-vm-password/versions/83aa5ffcf6524d68a1bca1bc143759e2",
            "resource_versionless_id": "/subscriptions/90c683e6-c3fa-4edf-ac00-224e0cb7a33c/resourceGroups/keys-glb-rg/providers/Microsoft.KeyVault/vaults/sb1-alz-es1-kv/secrets/Terraform-vm-password",
            "tags": {
              "Business unit": "N/A",
              "Bussiness Criticality": "High",
              "Cost center": "Exactlyit",
              "Data Classification": "General",
              "Environment": "Audit",
              "Location": "eastus",
              "Operations team": "Cloud Operations"
            },
            "timeouts": null,
            "value": "i$QR\u003e$T3FT0HV2b\u003e",
            "version": "83aa5ffcf6524d68a1bca1bc143759e2",
            "versionless_id": "https://sb1-alz-es1-kv.vault.azure.net/secrets/Terraform-vm-password"
          },
          "sensitive_attributes": [],
          "private": "eyJlMmJmYjczMC1lY2FhLTExZTYtOGY4OC0zNDM2M2JjN2M0YzAiOnsiY3JlYXRlIjoxODAwMDAwMDAwMDAwLCJkZWxldGUiOjE4MDAwMDAwMDAwMDAsInJlYWQiOjE4MDAwMDAwMDAwMDAsInVwZGF0ZSI6MTgwMDAwMDAwMDAwMH19",
          "dependencies": [
            "data.azurerm_client_config.current",
            "module.keyvault.azurerm_key_vault.keyvault",
            "module.keyvault.azurerm_key_vault_access_policy.accesspolicy_sp",
            "module.keyvault.azurerm_key_vault_access_policy.accesspolicy_user",
            "module.keyvault_RG.azurerm_resource_group.lawsrg",
            "module.secret_key.random_string.password"
          ]
        }
      ]
    },
    {
      "module": "module.secret_key",
      "mode": "managed",
      "type": "random_string",
      "name": "password",
      "provider": "provider[\"registry.terraform.io/hashicorp/random\"]",
      "instances": [
        {
          "schema_version": 1,
          "attributes": {
            "id": "i$QR\u003e$T3FT0HV2b\u003e",
            "keepers": null,
            "length": 16,
            "lower": true,
            "min_lower": 2,
            "min_numeric": 2,
            "min_special": 2,
            "min_upper": 2,
            "number": true,
            "override_special": null,
            "result": "i$QR\u003e$T3FT0HV2b\u003e",
            "special": true,
            "upper": true
          },
          "sensitive_attributes": [],
          "private": "eyJzY2hlbWFfdmVyc2lvbiI6IjEifQ==",
          "dependencies": [
            "data.azurerm_client_config.current",
            "module.keyvault.azurerm_key_vault.keyvault",
            "module.keyvault.azurerm_key_vault_access_policy.accesspolicy_sp",
            "module.keyvault.azurerm_key_vault_access_policy.accesspolicy_user",
            "module.keyvault_RG.azurerm_resource_group.lawsrg"
          ]
        }
      ]
    },
    {
      "module": "module.shared_SA[0]",
      "mode": "managed",
      "type": "azurerm_storage_account",
      "name": "storage_account",
      "provider": "provider[\"registry.terraform.io/hashicorp/azurerm\"]",
      "instances": [
        {
          "schema_version": 4,
          "attributes": {
            "access_tier": "Hot",
            "account_kind": "StorageV2",
            "account_replication_type": "LRS",
            "account_tier": "Standard",
            "allow_nested_items_to_be_public": true,
            "allowed_copy_scope": "",
            "azure_files_authentication": [],
            "blob_properties": [
              {
                "change_feed_enabled": false,
                "change_feed_retention_in_days": 0,
                "container_delete_retention_policy": [],
                "cors_rule": [],
                "default_service_version": "",
                "delete_retention_policy": [],
                "last_access_time_enabled": false,
                "restore_policy": [],
                "versioning_enabled": false
              }
            ],
            "cross_tenant_replication_enabled": true,
            "custom_domain": [],
            "customer_managed_key": [],
            "default_to_oauth_authentication": false,
            "edge_zone": "",
            "enable_https_traffic_only": true,
            "id": "/subscriptions/90c683e6-c3fa-4edf-ac00-224e0cb7a33c/resourceGroups/aads-es1-rg/providers/Microsoft.Storage/storageAccounts/sharees1sta",
            "identity": [],
            "immutability_policy": [],
            "infrastructure_encryption_enabled": false,
            "is_hns_enabled": false,
            "large_file_share_enabled": null,
            "location": "eastus",
            "min_tls_version": "TLS1_2",
            "name": "sharees1sta",
            "network_rules": [
              {
                "bypass": [
                  "AzureServices"
                ],
                "default_action": "Allow",
                "ip_rules": [],
                "private_link_access": [],
                "virtual_network_subnet_ids": []
              }
            ],
            "nfsv3_enabled": false,
            "primary_access_key": "AhnTbrYvD118uYfm5bAIzYNV3eMaBp7TQLQZNNPCQTxSRGrFkqe20T2vakRQGxVhqEkabklXvxkV+AStDFvGEA==",
            "primary_blob_connection_string": "DefaultEndpointsProtocol=https;BlobEndpoint=https://sharees1sta.blob.core.windows.net/;AccountName=sharees1sta;AccountKey=AhnTbrYvD118uYfm5bAIzYNV3eMaBp7TQLQZNNPCQTxSRGrFkqe20T2vakRQGxVhqEkabklXvxkV+AStDFvGEA==",
            "primary_blob_endpoint": "https://sharees1sta.blob.core.windows.net/",
            "primary_blob_host": "sharees1sta.blob.core.windows.net",
            "primary_connection_string": "DefaultEndpointsProtocol=https;AccountName=sharees1sta;AccountKey=AhnTbrYvD118uYfm5bAIzYNV3eMaBp7TQLQZNNPCQTxSRGrFkqe20T2vakRQGxVhqEkabklXvxkV+AStDFvGEA==;EndpointSuffix=core.windows.net",
            "primary_dfs_endpoint": "https://sharees1sta.dfs.core.windows.net/",
            "primary_dfs_host": "sharees1sta.dfs.core.windows.net",
            "primary_file_endpoint": "https://sharees1sta.file.core.windows.net/",
            "primary_file_host": "sharees1sta.file.core.windows.net",
            "primary_location": "eastus",
            "primary_queue_endpoint": "https://sharees1sta.queue.core.windows.net/",
            "primary_queue_host": "sharees1sta.queue.core.windows.net",
            "primary_table_endpoint": "https://sharees1sta.table.core.windows.net/",
            "primary_table_host": "sharees1sta.table.core.windows.net",
            "primary_web_endpoint": "https://sharees1sta.z13.web.core.windows.net/",
            "primary_web_host": "sharees1sta.z13.web.core.windows.net",
            "public_network_access_enabled": true,
            "queue_encryption_key_type": "Service",
            "queue_properties": [
              {
                "cors_rule": [],
                "hour_metrics": [
                  {
                    "enabled": true,
                    "include_apis": true,
                    "retention_policy_days": 7,
                    "version": "1.0"
                  }
                ],
                "logging": [
                  {
                    "delete": false,
                    "read": false,
                    "retention_policy_days": 0,
                    "version": "1.0",
                    "write": false
                  }
                ],
                "minute_metrics": [
                  {
                    "enabled": false,
                    "include_apis": false,
                    "retention_policy_days": 0,
                    "version": "1.0"
                  }
                ]
              }
            ],
            "resource_group_name": "aads-es1-rg",
            "routing": [],
            "sas_policy": [],
            "secondary_access_key": "8D370p1SuiSI/1SQ9MI6F8Fun68hjhPDghVyCs/VN8j6Q4ob44ts4mJGDMLrwi3cth24791U1wXp+ASt/wHvZw==",
            "secondary_blob_connection_string": "",
            "secondary_blob_endpoint": null,
            "secondary_blob_host": null,
            "secondary_connection_string": "DefaultEndpointsProtocol=https;AccountName=sharees1sta;AccountKey=8D370p1SuiSI/1SQ9MI6F8Fun68hjhPDghVyCs/VN8j6Q4ob44ts4mJGDMLrwi3cth24791U1wXp+ASt/wHvZw==;EndpointSuffix=core.windows.net",
            "secondary_dfs_endpoint": null,
            "secondary_dfs_host": null,
            "secondary_file_endpoint": null,
            "secondary_file_host": null,
            "secondary_location": "",
            "secondary_queue_endpoint": null,
            "secondary_queue_host": null,
            "secondary_table_endpoint": null,
            "secondary_table_host": null,
            "secondary_web_endpoint": null,
            "secondary_web_host": null,
            "sftp_enabled": false,
            "share_properties": [
              {
                "cors_rule": [],
                "retention_policy": [
                  {
                    "days": 7
                  }
                ],
                "smb": []
              }
            ],
            "shared_access_key_enabled": true,
            "static_website": [],
            "table_encryption_key_type": "Service",
            "tags": {
              "Business unit": "N/A",
              "Bussiness Criticality": "High",
              "Cost center": "Exactlyit",
              "Data Classification": "General",
              "Environment": "Shared",
              "Location": "eastus",
              "Operations team": "Cloud Operations"
            },
            "timeouts": null
          },
          "sensitive_attributes": [],
          "private": "eyJlMmJmYjczMC1lY2FhLTExZTYtOGY4OC0zNDM2M2JjN2M0YzAiOnsiY3JlYXRlIjozNjAwMDAwMDAwMDAwLCJkZWxldGUiOjM2MDAwMDAwMDAwMDAsInJlYWQiOjMwMDAwMDAwMDAwMCwidXBkYXRlIjozNjAwMDAwMDAwMDAwfSwic2NoZW1hX3ZlcnNpb24iOiI0In0=",
          "dependencies": [
            "module.aads_RG.azurerm_resource_group.lawsrg"
          ]
        }
      ]
    },
    {
      "module": "module.shared_vnet",
      "mode": "managed",
      "type": "azurerm_network_security_group",
      "name": "vnet-nsg",
      "provider": "provider[\"registry.terraform.io/hashicorp/azurerm\"]",
      "instances": [
        {
          "index_key": "sharedServicesSubnet-nsg",
          "schema_version": 0,
          "attributes": {
            "id": "/subscriptions/90c683e6-c3fa-4edf-ac00-224e0cb7a33c/resourceGroups/shared-network-es1-rg/providers/Microsoft.Network/networkSecurityGroups/sharedServicesSubnet-nsg",
            "location": "eastus",
            "name": "sharedServicesSubnet-nsg",
            "resource_group_name": "shared-network-es1-rg",
            "security_rule": [],
            "tags": null,
            "timeouts": null
          },
          "sensitive_attributes": [],
          "private": "eyJlMmJmYjczMC1lY2FhLTExZTYtOGY4OC0zNDM2M2JjN2M0YzAiOnsiY3JlYXRlIjoxODAwMDAwMDAwMDAwLCJkZWxldGUiOjE4MDAwMDAwMDAwMDAsInJlYWQiOjMwMDAwMDAwMDAwMCwidXBkYXRlIjoxODAwMDAwMDAwMDAwfX0=",
          "dependencies": [
            "module.sharednetwork_RG.azurerm_resource_group.lawsrg"
          ]
        }
      ]
    },
    {
      "module": "module.shared_vnet",
      "mode": "managed",
      "type": "azurerm_virtual_network",
      "name": "az_vnet",
      "provider": "provider[\"registry.terraform.io/hashicorp/azurerm\"]",
      "instances": [
        {
          "schema_version": 0,
          "attributes": {
            "address_space": [
              "10.45.0.0/22"
            ],
            "bgp_community": "",
            "ddos_protection_plan": [],
            "dns_servers": [],
            "edge_zone": "",
            "encryption": [],
            "flow_timeout_in_minutes": 0,
            "guid": "4c51846c-7d52-4575-8ed4-aa6c08ac348e",
            "id": "/subscriptions/90c683e6-c3fa-4edf-ac00-224e0cb7a33c/resourceGroups/shared-network-es1-rg/providers/Microsoft.Network/virtualNetworks/sharedvnet-es1",
            "location": "eastus",
            "name": "sharedvnet-es1",
            "resource_group_name": "shared-network-es1-rg",
            "subnet": [
              {
                "address_prefix": "10.45.0.0/25",
                "id": "/subscriptions/90c683e6-c3fa-4edf-ac00-224e0cb7a33c/resourceGroups/shared-network-es1-rg/providers/Microsoft.Network/virtualNetworks/sharedvnet-es1/subnets/sharedServicesSubnet",
                "name": "sharedServicesSubnet",
                "security_group": "/subscriptions/90c683e6-c3fa-4edf-ac00-224e0cb7a33c/resourceGroups/shared-network-es1-rg/providers/Microsoft.Network/networkSecurityGroups/sharedServicesSubnet-nsg"
              }
            ],
            "tags": {
              "Business unit": "N/A",
              "Bussiness Criticality": "High",
              "Cost center": "Exactlyit",
              "Data Classification": "General",
              "Environment": "Shared",
              "Location": "eastus",
              "Operations team": "Cloud Operations"
            },
            "timeouts": null
          },
          "sensitive_attributes": [],
          "private": "eyJlMmJmYjczMC1lY2FhLTExZTYtOGY4OC0zNDM2M2JjN2M0YzAiOnsiY3JlYXRlIjoxODAwMDAwMDAwMDAwLCJkZWxldGUiOjE4MDAwMDAwMDAwMDAsInJlYWQiOjMwMDAwMDAwMDAwMCwidXBkYXRlIjoxODAwMDAwMDAwMDAwfX0=",
          "dependencies": [
            "module.shared_vnet.azurerm_network_security_group.vnet-nsg",
            "module.sharednetwork_RG.azurerm_resource_group.lawsrg"
          ]
        }
      ]
    },
    {
      "module": "module.shared_vnet_rt",
      "mode": "managed",
      "type": "azurerm_route_table",
      "name": "subnet-rt",
      "provider": "provider[\"registry.terraform.io/hashicorp/azurerm\"]",
      "instances": [
        {
          "index_key": "sharedServicesSubnet",
          "schema_version": 0,
          "attributes": {
            "disable_bgp_route_propagation": false,
            "id": "/subscriptions/90c683e6-c3fa-4edf-ac00-224e0cb7a33c/resourceGroups/shared-network-es1-rg/providers/Microsoft.Network/routeTables/sharedServicesSubnet-rt",
            "location": "eastus",
            "name": "sharedServicesSubnet-rt",
            "resource_group_name": "shared-network-es1-rg",
            "route": [
              {
                "address_prefix": "10.45.0.0/22",
                "name": "sharedServicesSubnet-rt",
                "next_hop_in_ip_address": "",
                "next_hop_type": "VnetLocal"
              }
            ],
            "subnets": [],
            "tags": null,
            "timeouts": null
          },
          "sensitive_attributes": [],
          "private": "eyJlMmJmYjczMC1lY2FhLTExZTYtOGY4OC0zNDM2M2JjN2M0YzAiOnsiY3JlYXRlIjoxODAwMDAwMDAwMDAwLCJkZWxldGUiOjE4MDAwMDAwMDAwMDAsInJlYWQiOjMwMDAwMDAwMDAwMCwidXBkYXRlIjoxODAwMDAwMDAwMDAwfX0=",
          "dependencies": [
            "module.shared_vnet.azurerm_network_security_group.vnet-nsg",
            "module.shared_vnet.azurerm_virtual_network.az_vnet",
            "module.sharednetwork_RG.azurerm_resource_group.lawsrg"
          ]
        }
      ]
    },
    {
      "module": "module.sharednetwork_RG",
      "mode": "managed",
      "type": "azurerm_resource_group",
      "name": "lawsrg",
      "provider": "provider[\"registry.terraform.io/hashicorp/azurerm\"]",
      "instances": [
        {
          "schema_version": 0,
          "attributes": {
            "id": "/subscriptions/90c683e6-c3fa-4edf-ac00-224e0cb7a33c/resourceGroups/shared-network-es1-rg",
            "location": "eastus",
            "managed_by": "",
            "name": "shared-network-es1-rg",
            "tags": {
              "Environment": "Shared",
              "Location": "eastus"
            },
            "timeouts": null
          },
          "sensitive_attributes": [],
          "private": "eyJlMmJmYjczMC1lY2FhLTExZTYtOGY4OC0zNDM2M2JjN2M0YzAiOnsiY3JlYXRlIjo1NDAwMDAwMDAwMDAwLCJkZWxldGUiOjU0MDAwMDAwMDAwMDAsInJlYWQiOjMwMDAwMDAwMDAwMCwidXBkYXRlIjo1NDAwMDAwMDAwMDAwfX0="
        }
      ]
    },
    {
      "module": "module.vpn_pip",
      "mode": "managed",
      "type": "azurerm_public_ip",
      "name": "pip",
      "provider": "provider[\"registry.terraform.io/hashicorp/azurerm\"]",
      "instances": [
        {
          "schema_version": 0,
          "attributes": {
            "allocation_method": "Dynamic",
            "ddos_protection_mode": "VirtualNetworkInherited",
            "ddos_protection_plan_id": null,
            "domain_name_label": null,
            "edge_zone": "",
            "fqdn": null,
            "id": "/subscriptions/90c683e6-c3fa-4edf-ac00-224e0cb7a33c/resourceGroups/network-es1-rg/providers/Microsoft.Network/publicIPAddresses/sb1-es1-vpn-pip",
            "idle_timeout_in_minutes": 4,
            "ip_address": "",
            "ip_tags": null,
            "ip_version": "IPv4",
            "location": "eastus",
            "name": "sb1-es1-vpn-pip",
            "public_ip_prefix_id": null,
            "resource_group_name": "network-es1-rg",
            "reverse_fqdn": null,
            "sku": "Basic",
            "sku_tier": "Regional",
            "tags": {
              "Business unit": "N/A",
              "Bussiness Criticality": "High",
              "Cost center": "Exactlyit",
              "Data Classification": "General",
              "Environment": "PRD",
              "Location": "eastus",
              "Operations team": "Cloud Operations"
            },
            "timeouts": null,
            "zones": null
          },
          "sensitive_attributes": [],
          "private": "eyJlMmJmYjczMC1lY2FhLTExZTYtOGY4OC0zNDM2M2JjN2M0YzAiOnsiY3JlYXRlIjoxODAwMDAwMDAwMDAwLCJkZWxldGUiOjE4MDAwMDAwMDAwMDAsInJlYWQiOjMwMDAwMDAwMDAwMCwidXBkYXRlIjoxODAwMDAwMDAwMDAwfX0=",
          "dependencies": [
            "module.network_RG.azurerm_resource_group.lawsrg"
          ]
        }
      ]
    },
    {
      "module": "module.windows_vm[0]",
      "mode": "managed",
      "type": "azurerm_network_interface",
      "name": "nic",
      "provider": "provider[\"registry.terraform.io/hashicorp/azurerm\"]",
      "instances": [
        {
          "schema_version": 0,
          "attributes": {
            "applied_dns_servers": [],
            "dns_servers": [],
            "edge_zone": "",
            "enable_accelerated_networking": false,
            "enable_ip_forwarding": false,
            "id": "/subscriptions/90c683e6-c3fa-4edf-ac00-224e0cb7a33c/resourceGroups/aads-es1-rg/providers/Microsoft.Network/networkInterfaces/sb1dces1p00-eth0",
            "internal_dns_name_label": "",
            "internal_domain_name_suffix": "nscfctcspv0uldwuvjwarlburg.bx.internal.cloudapp.net",
            "ip_configuration": [
              {
                "gateway_load_balancer_frontend_ip_configuration_id": "",
                "name": "internal",
                "primary": true,
                "private_ip_address": "10.45.0.4",
                "private_ip_address_allocation": "Dynamic",
                "private_ip_address_version": "IPv4",
                "public_ip_address_id": "",
                "subnet_id": "/subscriptions/90c683e6-c3fa-4edf-ac00-224e0cb7a33c/resourceGroups/shared-network-es1-rg/providers/Microsoft.Network/virtualNetworks/sharedvnet-es1/subnets/sharedServicesSubnet"
              }
            ],
            "location": "eastus",
            "mac_address": "",
            "name": "sb1dces1p00-eth0",
            "private_ip_address": "10.45.0.4",
            "private_ip_addresses": [
              "10.45.0.4"
            ],
            "resource_group_name": "aads-es1-rg",
            "tags": null,
            "timeouts": null,
            "virtual_machine_id": ""
          },
          "sensitive_attributes": [],
          "private": "eyJlMmJmYjczMC1lY2FhLTExZTYtOGY4OC0zNDM2M2JjN2M0YzAiOnsiY3JlYXRlIjoxODAwMDAwMDAwMDAwLCJkZWxldGUiOjE4MDAwMDAwMDAwMDAsInJlYWQiOjMwMDAwMDAwMDAwMCwidXBkYXRlIjoxODAwMDAwMDAwMDAwfX0=",
          "dependencies": [
            "data.azurerm_client_config.current",
            "module.aads_RG.azurerm_resource_group.lawsrg",
            "module.keyvault.azurerm_key_vault.keyvault",
            "module.keyvault.azurerm_key_vault_access_policy.accesspolicy_sp",
            "module.keyvault.azurerm_key_vault_access_policy.accesspolicy_user",
            "module.keyvault_RG.azurerm_resource_group.lawsrg",
            "module.shared_vnet.azurerm_network_security_group.vnet-nsg",
            "module.shared_vnet.azurerm_virtual_network.az_vnet",
            "module.sharednetwork_RG.azurerm_resource_group.lawsrg"
          ]
        }
      ]
    },
    {
      "module": "module.windows_vm[0]",
      "mode": "managed",
      "type": "azurerm_windows_virtual_machine",
      "name": "virtual-machine",
      "provider": "provider[\"registry.terraform.io/hashicorp/azurerm\"]",
      "instances": [
        {
          "schema_version": 0,
          "attributes": {
            "additional_capabilities": [],
            "additional_unattend_content": [],
            "admin_password": "random_string.password.result0!",
            "admin_username": "eitadm",
            "allow_extension_operations": true,
            "availability_set_id": "",
            "boot_diagnostics": [],
            "bypass_platform_safety_checks_on_user_schedule_enabled": false,
            "capacity_reservation_group_id": "",
            "computer_name": "sb1dces1p00",
            "custom_data": null,
            "dedicated_host_group_id": "",
            "dedicated_host_id": "",
            "edge_zone": "",
            "enable_automatic_updates": true,
            "encryption_at_host_enabled": false,
            "eviction_policy": "",
            "extensions_time_budget": "PT1H30M",
            "gallery_application": [],
            "hotpatching_enabled": false,
            "id": "/subscriptions/90c683e6-c3fa-4edf-ac00-224e0cb7a33c/resourceGroups/aads-es1-rg/providers/Microsoft.Compute/virtualMachines/sb1dces1p00",
            "identity": [],
            "license_type": "",
            "location": "eastus",
            "max_bid_price": -1,
            "name": "sb1dces1p00",
            "network_interface_ids": [
              "/subscriptions/90c683e6-c3fa-4edf-ac00-224e0cb7a33c/resourceGroups/aads-es1-rg/providers/Microsoft.Network/networkInterfaces/sb1dces1p00-eth0"
            ],
            "os_disk": [
              {
                "caching": "ReadWrite",
                "diff_disk_settings": [],
                "disk_encryption_set_id": "",
                "disk_size_gb": 127,
                "name": "sb1dces1p00_disk1_d99316f62c8340bfac1a3d3b0136fa75",
                "secure_vm_disk_encryption_set_id": "",
                "security_encryption_type": "",
                "storage_account_type": "Standard_LRS",
                "write_accelerator_enabled": false
              }
            ],
            "patch_assessment_mode": "ImageDefault",
            "patch_mode": "AutomaticByOS",
            "plan": [],
            "platform_fault_domain": -1,
            "priority": "Regular",
            "private_ip_address": "10.45.0.4",
            "private_ip_addresses": [
              "10.45.0.4"
            ],
            "provision_vm_agent": true,
            "proximity_placement_group_id": "",
            "public_ip_address": "",
            "public_ip_addresses": [],
            "reboot_setting": "",
            "resource_group_name": "aads-es1-rg",
            "secret": [],
            "secure_boot_enabled": false,
            "size": "Standard_B2s",
            "source_image_id": "",
            "source_image_reference": [
              {
                "offer": "WindowsServer",
                "publisher": "MicrosoftWindowsServer",
                "sku": "2016-Datacenter",
                "version": "latest"
              }
            ],
            "tags": {
              "Backup": "Commvault",
              "Business unit": "N/A",
              "Bussiness Criticality": "High",
              "Cost center": "Exactlyit",
              "Data Classification": "Confidential",
              "Disaster Recovery": "DR required",
              "Environment": "Domain Controller",
              "Location": "eastus",
              "Operations team": "Cloud Operations",
              "Patching": "Win-3-Sat-CST-Reboot"
            },
            "termination_notification": null,
            "timeouts": null,
            "timezone": "",
            "user_data": "",
            "virtual_machine_id": "7a230768-3a37-481a-8bbf-371e2bf61f2b",
            "virtual_machine_scale_set_id": "",
            "vtpm_enabled": false,
            "winrm_listener": [],
            "zone": ""
          },
          "sensitive_attributes": [],
          "private": "eyJlMmJmYjczMC1lY2FhLTExZTYtOGY4OC0zNDM2M2JjN2M0YzAiOnsiY3JlYXRlIjoyNzAwMDAwMDAwMDAwLCJkZWxldGUiOjI3MDAwMDAwMDAwMDAsInJlYWQiOjMwMDAwMDAwMDAwMCwidXBkYXRlIjoyNzAwMDAwMDAwMDAwfX0=",
          "dependencies": [
            "data.azurerm_client_config.current",
            "module.aads_RG.azurerm_resource_group.lawsrg",
            "module.keyvault.azurerm_key_vault.keyvault",
            "module.keyvault.azurerm_key_vault_access_policy.accesspolicy_sp",
            "module.keyvault.azurerm_key_vault_access_policy.accesspolicy_user",
            "module.keyvault_RG.azurerm_resource_group.lawsrg",
            "module.shared_vnet.azurerm_network_security_group.vnet-nsg",
            "module.shared_vnet.azurerm_virtual_network.az_vnet",
            "module.sharednetwork_RG.azurerm_resource_group.lawsrg",
            "module.windows_vm.azurerm_network_interface.nic"
          ]
        }
      ]
    },
    {
      "module": "module.windows_vm[1]",
      "mode": "managed",
      "type": "azurerm_network_interface",
      "name": "nic",
      "provider": "provider[\"registry.terraform.io/hashicorp/azurerm\"]",
      "instances": [
        {
          "schema_version": 0,
          "attributes": {
            "applied_dns_servers": [],
            "dns_servers": [],
            "edge_zone": "",
            "enable_accelerated_networking": false,
            "enable_ip_forwarding": false,
            "id": "/subscriptions/90c683e6-c3fa-4edf-ac00-224e0cb7a33c/resourceGroups/aads-es1-rg/providers/Microsoft.Network/networkInterfaces/sb1dces1p01-eth0",
            "internal_dns_name_label": "",
            "internal_domain_name_suffix": "nscfctcspv0uldwuvjwarlburg.bx.internal.cloudapp.net",
            "ip_configuration": [
              {
                "gateway_load_balancer_frontend_ip_configuration_id": "",
                "name": "internal",
                "primary": true,
                "private_ip_address": "10.45.0.5",
                "private_ip_address_allocation": "Dynamic",
                "private_ip_address_version": "IPv4",
                "public_ip_address_id": "",
                "subnet_id": "/subscriptions/90c683e6-c3fa-4edf-ac00-224e0cb7a33c/resourceGroups/shared-network-es1-rg/providers/Microsoft.Network/virtualNetworks/sharedvnet-es1/subnets/sharedServicesSubnet"
              }
            ],
            "location": "eastus",
            "mac_address": "",
            "name": "sb1dces1p01-eth0",
            "private_ip_address": "10.45.0.5",
            "private_ip_addresses": [
              "10.45.0.5"
            ],
            "resource_group_name": "aads-es1-rg",
            "tags": null,
            "timeouts": null,
            "virtual_machine_id": ""
          },
          "sensitive_attributes": [],
          "private": "eyJlMmJmYjczMC1lY2FhLTExZTYtOGY4OC0zNDM2M2JjN2M0YzAiOnsiY3JlYXRlIjoxODAwMDAwMDAwMDAwLCJkZWxldGUiOjE4MDAwMDAwMDAwMDAsInJlYWQiOjMwMDAwMDAwMDAwMCwidXBkYXRlIjoxODAwMDAwMDAwMDAwfX0=",
          "dependencies": [
            "data.azurerm_client_config.current",
            "module.aads_RG.azurerm_resource_group.lawsrg",
            "module.keyvault.azurerm_key_vault.keyvault",
            "module.keyvault.azurerm_key_vault_access_policy.accesspolicy_sp",
            "module.keyvault.azurerm_key_vault_access_policy.accesspolicy_user",
            "module.keyvault_RG.azurerm_resource_group.lawsrg",
            "module.shared_vnet.azurerm_network_security_group.vnet-nsg",
            "module.shared_vnet.azurerm_virtual_network.az_vnet",
            "module.sharednetwork_RG.azurerm_resource_group.lawsrg"
          ]
        }
      ]
    },
    {
      "module": "module.windows_vm[1]",
      "mode": "managed",
      "type": "azurerm_windows_virtual_machine",
      "name": "virtual-machine",
      "provider": "provider[\"registry.terraform.io/hashicorp/azurerm\"]",
      "instances": [
        {
          "schema_version": 0,
          "attributes": {
            "additional_capabilities": [],
            "additional_unattend_content": [],
            "admin_password": "random_string.password.result0!",
            "admin_username": "eitadm",
            "allow_extension_operations": true,
            "availability_set_id": "",
            "boot_diagnostics": [],
            "bypass_platform_safety_checks_on_user_schedule_enabled": false,
            "capacity_reservation_group_id": "",
            "computer_name": "sb1dces1p01",
            "custom_data": null,
            "dedicated_host_group_id": "",
            "dedicated_host_id": "",
            "edge_zone": "",
            "enable_automatic_updates": true,
            "encryption_at_host_enabled": false,
            "eviction_policy": "",
            "extensions_time_budget": "PT1H30M",
            "gallery_application": [],
            "hotpatching_enabled": false,
            "id": "/subscriptions/90c683e6-c3fa-4edf-ac00-224e0cb7a33c/resourceGroups/aads-es1-rg/providers/Microsoft.Compute/virtualMachines/sb1dces1p01",
            "identity": [],
            "license_type": "",
            "location": "eastus",
            "max_bid_price": -1,
            "name": "sb1dces1p01",
            "network_interface_ids": [
              "/subscriptions/90c683e6-c3fa-4edf-ac00-224e0cb7a33c/resourceGroups/aads-es1-rg/providers/Microsoft.Network/networkInterfaces/sb1dces1p01-eth0"
            ],
            "os_disk": [
              {
                "caching": "ReadWrite",
                "diff_disk_settings": [],
                "disk_encryption_set_id": "",
                "disk_size_gb": 127,
                "name": "sb1dces1p01_disk1_720d71f09ca649aeb247ee5d081c9b05",
                "secure_vm_disk_encryption_set_id": "",
                "security_encryption_type": "",
                "storage_account_type": "Standard_LRS",
                "write_accelerator_enabled": false
              }
            ],
            "patch_assessment_mode": "ImageDefault",
            "patch_mode": "AutomaticByOS",
            "plan": [],
            "platform_fault_domain": -1,
            "priority": "Regular",
            "private_ip_address": "10.45.0.5",
            "private_ip_addresses": [
              "10.45.0.5"
            ],
            "provision_vm_agent": true,
            "proximity_placement_group_id": "",
            "public_ip_address": "",
            "public_ip_addresses": [],
            "reboot_setting": "",
            "resource_group_name": "aads-es1-rg",
            "secret": [],
            "secure_boot_enabled": false,
            "size": "Standard_B2s",
            "source_image_id": "",
            "source_image_reference": [
              {
                "offer": "WindowsServer",
                "publisher": "MicrosoftWindowsServer",
                "sku": "2016-Datacenter",
                "version": "latest"
              }
            ],
            "tags": {
              "Backup": "Commvault",
              "Business unit": "N/A",
              "Bussiness Criticality": "High",
              "Cost center": "Exactlyit",
              "Data Classification": "Confidential",
              "Disaster Recovery": "DR required",
              "Environment": "Domain Controller",
              "Location": "eastus",
              "Operations team": "Cloud Operations",
              "Patching": "Win-3-Sat-CST-Reboot"
            },
            "termination_notification": null,
            "timeouts": null,
            "timezone": "",
            "user_data": "",
            "virtual_machine_id": "531ba4c3-d61e-41fc-96fc-35a4c0d28732",
            "virtual_machine_scale_set_id": "",
            "vtpm_enabled": false,
            "winrm_listener": [],
            "zone": ""
          },
          "sensitive_attributes": [],
          "private": "eyJlMmJmYjczMC1lY2FhLTExZTYtOGY4OC0zNDM2M2JjN2M0YzAiOnsiY3JlYXRlIjoyNzAwMDAwMDAwMDAwLCJkZWxldGUiOjI3MDAwMDAwMDAwMDAsInJlYWQiOjMwMDAwMDAwMDAwMCwidXBkYXRlIjoyNzAwMDAwMDAwMDAwfX0=",
          "dependencies": [
            "data.azurerm_client_config.current",
            "module.aads_RG.azurerm_resource_group.lawsrg",
            "module.keyvault.azurerm_key_vault.keyvault",
            "module.keyvault.azurerm_key_vault_access_policy.accesspolicy_sp",
            "module.keyvault.azurerm_key_vault_access_policy.accesspolicy_user",
            "module.keyvault_RG.azurerm_resource_group.lawsrg",
            "module.shared_vnet.azurerm_network_security_group.vnet-nsg",
            "module.shared_vnet.azurerm_virtual_network.az_vnet",
            "module.sharednetwork_RG.azurerm_resource_group.lawsrg",
            "module.windows_vm.azurerm_network_interface.nic"
          ]
        }
      ]
    },
    {
      "module": "module.work_mgmt",
      "mode": "managed",
      "type": "azurerm_management_group",
      "name": "mgmt_group",
      "provider": "provider[\"registry.terraform.io/hashicorp/azurerm\"]",
      "instances": [
        {
          "schema_version": 0,
          "attributes": {
            "display_name": "Workloads01",
            "id": "/providers/Microsoft.Management/managementGroups/174036c4-18d3-4b73-a06e-2a1ebf367604",
            "name": "174036c4-18d3-4b73-a06e-2a1ebf367604",
            "parent_management_group_id": "/providers/Microsoft.Management/managementGroups/f93526fb-4d38-4c87-9a6b-6f655fae3e11",
            "subscription_ids": [
              "90c683e6-c3fa-4edf-ac00-224e0cb7a33c"
            ],
            "timeouts": null
          },
          "sensitive_attributes": [],
          "private": "eyJlMmJmYjczMC1lY2FhLTExZTYtOGY4OC0zNDM2M2JjN2M0YzAiOnsiY3JlYXRlIjoxODAwMDAwMDAwMDAwLCJkZWxldGUiOjE4MDAwMDAwMDAwMDAsInJlYWQiOjMwMDAwMDAwMDAwMCwidXBkYXRlIjoxODAwMDAwMDAwMDAwfX0="
        }
      ]
    }
  ],
  "check_results": null
}
