{
  "version": 4,
  "terraform_version": "1.5.7",
  "serial": 455,
  "lineage": "2bdf24d2-b0a1-e6dd-aee8-85c7851e826e",
  "outputs": {
    "fw_net_rules": {
      "value": [
        {
          "destination_addresses": "168.63.129.16",
          "destination_ports": "80,443,32526",
          "name": "azure-wireserver",
          "priority": "100",
          "protocols": "TCP",
          "source_addresses": "10.25.103.0/24"
        },
        {
          "destination_addresses": "169.254.169.254",
          "destination_ports": "*",
          "name": "Azure IMDS",
          "priority": "100",
          "protocols": "Any",
          "source_addresses": "10.25.103.0/24"
        },
        {
          "destination_addresses": "23.102.135.246",
          "destination_ports": "1688",
          "name": "Azure KMS",
          "priority": "102",
          "protocols": "TCP",
          "source_addresses": "10.25.103.0/24"
        }
      ],
      "type": [
        "list",
        [
          "object",
          {
            "destination_addresses": "string",
            "destination_ports": "string",
            "name": "string",
            "priority": "string",
            "protocols": "string",
            "source_addresses": "string"
          }
        ]
      ]
    },
    "fw_policy_id": {
      "value": "/subscriptions/76eaa65e-b2f7-4eb4-b96c-f91db52fbe8a/resourceGroups/hub-network-wu1-rg/providers/Microsoft.Network/firewallPolicies/test_policy",
      "type": "string"
    },
    "hub_subnets": {
      "value": {
        "subnet_id": "/subscriptions/76eaa65e-b2f7-4eb4-b96c-f91db52fbe8a/resourceGroups/hub-network-wu1-rg/providers/Microsoft.Network/virtualNetworks/hub-network-wu1-vnet/subnets/GatewaySubnet"
      },
      "type": [
        "object",
        {
          "subnet_id": "string"
        }
      ]
    },
    "network_rules": {
      "value": {
        "Azure IMDS.10.25.103.0/24.169.254.169.254.Any.*": {
          "rule_dst_address": "169.254.169.254",
          "rule_dst_ports": [
            "*"
          ],
          "rule_name": "Azure IMDS",
          "rule_protocols": "Any",
          "rule_src_address": "10.25.103.0/24"
        },
        "Azure KMS.10.25.103.0/24.23.102.135.246.TCP.1688": {
          "rule_dst_address": "23.102.135.246",
          "rule_dst_ports": [
            "1688"
          ],
          "rule_name": "Azure KMS",
          "rule_protocols": "TCP",
          "rule_src_address": "10.25.103.0/24"
        },
        "azure-wireserver.10.25.103.0/24.168.63.129.16.TCP.80,443,32526": {
          "rule_dst_address": "168.63.129.16",
          "rule_dst_ports": [
            "80",
            "443",
            "32526"
          ],
          "rule_name": "azure-wireserver",
          "rule_protocols": "TCP",
          "rule_src_address": "10.25.103.0/24"
        }
      },
      "type": [
        "object",
        {
          "Azure IMDS.10.25.103.0/24.169.254.169.254.Any.*": [
            "object",
            {
              "rule_dst_address": "string",
              "rule_dst_ports": [
                "list",
                "string"
              ],
              "rule_name": "string",
              "rule_protocols": "string",
              "rule_src_address": "string"
            }
          ],
          "Azure KMS.10.25.103.0/24.23.102.135.246.TCP.1688": [
            "object",
            {
              "rule_dst_address": "string",
              "rule_dst_ports": [
                "list",
                "string"
              ],
              "rule_name": "string",
              "rule_protocols": "string",
              "rule_src_address": "string"
            }
          ],
          "azure-wireserver.10.25.103.0/24.168.63.129.16.TCP.80,443,32526": [
            "object",
            {
              "rule_dst_address": "string",
              "rule_dst_ports": [
                "list",
                "string"
              ],
              "rule_name": "string",
              "rule_protocols": "string",
              "rule_src_address": "string"
            }
          ]
        }
      ]
    }
  },
  "resources": [
    {
      "mode": "data",
      "type": "azurerm_client_config",
      "name": "current",
      "provider": "provider[\"registry.terraform.io/hashicorp/azurerm\"]",
      "instances": [
        {
          "schema_version": 0,
          "attributes": {
            "client_id": "04b07795-8ddb-461a-bbee-02f9e1bf7b46",
            "id": "Y2xpZW50Q29uZmlncy9jbGllbnRJZD0wNGIwNzc5NS04ZGRiLTQ2MWEtYmJlZS0wMmY5ZTFiZjdiNDY7b2JqZWN0SWQ9MzBkY2ZkMzAtYzU4Yy00NzFlLTk2MDEtYzY2NDVmNzdhMWU0O3N1YnNjcmlwdGlvbklkPTc2ZWFhNjVlLWIyZjctNGViNC1iOTZjLWY5MWRiNTJmYmU4YTt0ZW5hbnRJZD02YjBlZTdmZC04MTY2LTQ3YTktYmM4OS0zMWE1NDBmMGRkZmY=",
            "object_id": "30dcfd30-c58c-471e-9601-c6645f77a1e4",
            "subscription_id": "76eaa65e-b2f7-4eb4-b96c-f91db52fbe8a",
            "tenant_id": "6b0ee7fd-8166-47a9-bc89-31a540f0ddff",
            "timeouts": null
          },
          "sensitive_attributes": []
        }
      ]
    },
    {
      "module": "module.aads_rg",
      "mode": "managed",
      "type": "azurerm_resource_group",
      "name": "lawsrg",
      "provider": "provider[\"registry.terraform.io/hashicorp/azurerm\"]",
      "instances": [
        {
          "schema_version": 0,
          "attributes": {
            "id": "/subscriptions/76eaa65e-b2f7-4eb4-b96c-f91db52fbe8a/resourceGroups/aads-wu1-rg",
            "location": "westus",
            "managed_by": "",
            "name": "aads-wu1-rg",
            "tags": {},
            "timeouts": null
          },
          "sensitive_attributes": [],
          "private": "eyJlMmJmYjczMC1lY2FhLTExZTYtOGY4OC0zNDM2M2JjN2M0YzAiOnsiY3JlYXRlIjo1NDAwMDAwMDAwMDAwLCJkZWxldGUiOjU0MDAwMDAwMDAwMDAsInJlYWQiOjMwMDAwMDAwMDAwMCwidXBkYXRlIjo1NDAwMDAwMDAwMDAwfX0="
        }
      ]
    },
    {
      "module": "module.app_network_rg",
      "mode": "managed",
      "type": "azurerm_resource_group",
      "name": "lawsrg",
      "provider": "provider[\"registry.terraform.io/hashicorp/azurerm\"]",
      "instances": [
        {
          "schema_version": 0,
          "attributes": {
            "id": "/subscriptions/76eaa65e-b2f7-4eb4-b96c-f91db52fbe8a/resourceGroups/app-network-wu1-rg",
            "location": "westus",
            "managed_by": "",
            "name": "app-network-wu1-rg",
            "tags": {},
            "timeouts": null
          },
          "sensitive_attributes": [],
          "private": "eyJlMmJmYjczMC1lY2FhLTExZTYtOGY4OC0zNDM2M2JjN2M0YzAiOnsiY3JlYXRlIjo1NDAwMDAwMDAwMDAwLCJkZWxldGUiOjU0MDAwMDAwMDAwMDAsInJlYWQiOjMwMDAwMDAwMDAwMCwidXBkYXRlIjo1NDAwMDAwMDAwMDAwfX0="
        }
      ]
    },
    {
      "module": "module.app_rg",
      "mode": "managed",
      "type": "azurerm_resource_group",
      "name": "lawsrg",
      "provider": "provider[\"registry.terraform.io/hashicorp/azurerm\"]",
      "instances": [
        {
          "schema_version": 0,
          "attributes": {
            "id": "/subscriptions/76eaa65e-b2f7-4eb4-b96c-f91db52fbe8a/resourceGroups/app-POWERBI-wu1-rg",
            "location": "westus",
            "managed_by": "",
            "name": "app-POWERBI-wu1-rg",
            "tags": {},
            "timeouts": null
          },
          "sensitive_attributes": [],
          "private": "eyJlMmJmYjczMC1lY2FhLTExZTYtOGY4OC0zNDM2M2JjN2M0YzAiOnsiY3JlYXRlIjo1NDAwMDAwMDAwMDAwLCJkZWxldGUiOjU0MDAwMDAwMDAwMDAsInJlYWQiOjMwMDAwMDAwMDAwMCwidXBkYXRlIjo1NDAwMDAwMDAwMDAwfX0="
        }
      ]
    },
    {
      "module": "module.audit_sta[0]",
      "mode": "managed",
      "type": "azurerm_storage_account",
      "name": "storage_account",
      "provider": "provider[\"registry.terraform.io/hashicorp/azurerm\"]",
      "instances": [
        {
          "schema_version": 4,
          "attributes": {
            "access_tier": "Hot",
            "account_kind": "StorageV2",
            "account_replication_type": "LRS",
            "account_tier": "Standard",
            "allow_nested_items_to_be_public": true,
            "allowed_copy_scope": "",
            "azure_files_authentication": [],
            "blob_properties": [
              {
                "change_feed_enabled": false,
                "change_feed_retention_in_days": 0,
                "container_delete_retention_policy": [],
                "cors_rule": [],
                "default_service_version": "",
                "delete_retention_policy": [],
                "last_access_time_enabled": false,
                "restore_policy": [],
                "versioning_enabled": false
              }
            ],
            "cross_tenant_replication_enabled": true,
            "custom_domain": [],
            "customer_managed_key": [],
            "default_to_oauth_authentication": false,
            "edge_zone": "",
            "enable_https_traffic_only": true,
            "id": "/subscriptions/76eaa65e-b2f7-4eb4-b96c-f91db52fbe8a/resourceGroups/audit-logs-glb-rg/providers/Microsoft.Storage/storageAccounts/auditstwu1sta",
            "identity": [],
            "immutability_policy": [],
            "infrastructure_encryption_enabled": false,
            "is_hns_enabled": false,
            "large_file_share_enabled": null,
            "location": "westus",
            "min_tls_version": "TLS1_2",
            "name": "auditstwu1sta",
            "network_rules": [
              {
                "bypass": [
                  "AzureServices"
                ],
                "default_action": "Allow",
                "ip_rules": [],
                "private_link_access": [],
                "virtual_network_subnet_ids": []
              }
            ],
            "nfsv3_enabled": false,
            "primary_access_key": "7TFvOgNvn8BymPeXYg8G8sxt9yNdq5Karv3mnjEoplHp7hdiw0lDU6gQUADuFqmtzL36EJJ911Tf+ASt585w7g==",
            "primary_blob_connection_string": "DefaultEndpointsProtocol=https;BlobEndpoint=https://auditstwu1sta.blob.core.windows.net/;AccountName=auditstwu1sta;AccountKey=7TFvOgNvn8BymPeXYg8G8sxt9yNdq5Karv3mnjEoplHp7hdiw0lDU6gQUADuFqmtzL36EJJ911Tf+ASt585w7g==",
            "primary_blob_endpoint": "https://auditstwu1sta.blob.core.windows.net/",
            "primary_blob_host": "auditstwu1sta.blob.core.windows.net",
            "primary_connection_string": "DefaultEndpointsProtocol=https;AccountName=auditstwu1sta;AccountKey=7TFvOgNvn8BymPeXYg8G8sxt9yNdq5Karv3mnjEoplHp7hdiw0lDU6gQUADuFqmtzL36EJJ911Tf+ASt585w7g==;EndpointSuffix=core.windows.net",
            "primary_dfs_endpoint": "https://auditstwu1sta.dfs.core.windows.net/",
            "primary_dfs_host": "auditstwu1sta.dfs.core.windows.net",
            "primary_file_endpoint": "https://auditstwu1sta.file.core.windows.net/",
            "primary_file_host": "auditstwu1sta.file.core.windows.net",
            "primary_location": "westus",
            "primary_queue_endpoint": "https://auditstwu1sta.queue.core.windows.net/",
            "primary_queue_host": "auditstwu1sta.queue.core.windows.net",
            "primary_table_endpoint": "https://auditstwu1sta.table.core.windows.net/",
            "primary_table_host": "auditstwu1sta.table.core.windows.net",
            "primary_web_endpoint": "https://auditstwu1sta.z22.web.core.windows.net/",
            "primary_web_host": "auditstwu1sta.z22.web.core.windows.net",
            "public_network_access_enabled": true,
            "queue_encryption_key_type": "Service",
            "queue_properties": [
              {
                "cors_rule": [],
                "hour_metrics": [
                  {
                    "enabled": true,
                    "include_apis": true,
                    "retention_policy_days": 7,
                    "version": "1.0"
                  }
                ],
                "logging": [
                  {
                    "delete": false,
                    "read": false,
                    "retention_policy_days": 0,
                    "version": "1.0",
                    "write": false
                  }
                ],
                "minute_metrics": [
                  {
                    "enabled": false,
                    "include_apis": false,
                    "retention_policy_days": 0,
                    "version": "1.0"
                  }
                ]
              }
            ],
            "resource_group_name": "audit-logs-glb-rg",
            "routing": [],
            "sas_policy": [],
            "secondary_access_key": "1Uf/yu9mtgyGLQw5h2bG6riJmt25nywkhAVEXfH0GtcN0vZe4bOj1cg4lQkJpZKgEGUgOkFIgfJj+AStWGDAwQ==",
            "secondary_blob_connection_string": "",
            "secondary_blob_endpoint": null,
            "secondary_blob_host": null,
            "secondary_connection_string": "DefaultEndpointsProtocol=https;AccountName=auditstwu1sta;AccountKey=1Uf/yu9mtgyGLQw5h2bG6riJmt25nywkhAVEXfH0GtcN0vZe4bOj1cg4lQkJpZKgEGUgOkFIgfJj+AStWGDAwQ==;EndpointSuffix=core.windows.net",
            "secondary_dfs_endpoint": null,
            "secondary_dfs_host": null,
            "secondary_file_endpoint": null,
            "secondary_file_host": null,
            "secondary_location": "",
            "secondary_queue_endpoint": null,
            "secondary_queue_host": null,
            "secondary_table_endpoint": null,
            "secondary_table_host": null,
            "secondary_web_endpoint": null,
            "secondary_web_host": null,
            "sftp_enabled": false,
            "share_properties": [
              {
                "cors_rule": [],
                "retention_policy": [
                  {
                    "days": 7
                  }
                ],
                "smb": []
              }
            ],
            "shared_access_key_enabled": true,
            "static_website": [],
            "table_encryption_key_type": "Service",
            "tags": {},
            "timeouts": null
          },
          "sensitive_attributes": [],
          "private": "eyJlMmJmYjczMC1lY2FhLTExZTYtOGY4OC0zNDM2M2JjN2M0YzAiOnsiY3JlYXRlIjozNjAwMDAwMDAwMDAwLCJkZWxldGUiOjM2MDAwMDAwMDAwMDAsInJlYWQiOjMwMDAwMDAwMDAwMCwidXBkYXRlIjozNjAwMDAwMDAwMDAwfSwic2NoZW1hX3ZlcnNpb24iOiI0In0=",
          "dependencies": [
            "module.auditlogs_rg.azurerm_resource_group.lawsrg"
          ]
        }
      ]
    },
    {
      "module": "module.auditlogs_log",
      "mode": "managed",
      "type": "azurerm_log_analytics_workspace",
      "name": "laws",
      "provider": "provider[\"registry.terraform.io/hashicorp/azurerm\"]",
      "instances": [
        {
          "schema_version": 3,
          "attributes": {
            "allow_resource_only_permissions": true,
            "cmk_for_query_forced": false,
            "daily_quota_gb": -1,
            "id": "/subscriptions/76eaa65e-b2f7-4eb4-b96c-f91db52fbe8a/resourceGroups/audit-logs-glb-rg/providers/Microsoft.OperationalInsights/workspaces/auditlogs-wu1-workspace",
            "internet_ingestion_enabled": true,
            "internet_query_enabled": true,
            "local_authentication_disabled": false,
            "location": "westus",
            "name": "auditlogs-wu1-workspace",
            "primary_shared_key": "UGX/sEQVf/fte6vrsdSUOiOZ5QaDqlLwmlmcvi7m0MjakFm43rpKHmKHGIsgzUBqe4yf2u2qpG4Gz/onjE+sxw==",
            "reservation_capacity_in_gb_per_day": null,
            "resource_group_name": "audit-logs-glb-rg",
            "retention_in_days": 90,
            "secondary_shared_key": "skNIR45weEFKiOcmIBJjAnvp5F9xgs/oA8d5XdSooK+kWGhrWM2qjZsHETjIocoCRVak5VG9BBkXHRHm7o51mw==",
            "sku": "PerGB2018",
            "tags": {},
            "timeouts": null,
            "workspace_id": "4332e3f2-cde6-40a3-bafb-c0fbda0c0840"
          },
          "sensitive_attributes": [],
          "private": "eyJlMmJmYjczMC1lY2FhLTExZTYtOGY4OC0zNDM2M2JjN2M0YzAiOnsiY3JlYXRlIjoxODAwMDAwMDAwMDAwLCJkZWxldGUiOjE4MDAwMDAwMDAwMDAsInJlYWQiOjMwMDAwMDAwMDAwMCwidXBkYXRlIjoxODAwMDAwMDAwMDAwfSwic2NoZW1hX3ZlcnNpb24iOiIzIn0=",
          "dependencies": [
            "module.auditlogs_rg.azurerm_resource_group.lawsrg"
          ]
        }
      ]
    },
    {
      "module": "module.auditlogs_rg",
      "mode": "managed",
      "type": "azurerm_resource_group",
      "name": "lawsrg",
      "provider": "provider[\"registry.terraform.io/hashicorp/azurerm\"]",
      "instances": [
        {
          "schema_version": 0,
          "attributes": {
            "id": "/subscriptions/76eaa65e-b2f7-4eb4-b96c-f91db52fbe8a/resourceGroups/audit-logs-glb-rg",
            "location": "westus",
            "managed_by": "",
            "name": "audit-logs-glb-rg",
            "tags": {},
            "timeouts": null
          },
          "sensitive_attributes": [],
          "private": "eyJlMmJmYjczMC1lY2FhLTExZTYtOGY4OC0zNDM2M2JjN2M0YzAiOnsiY3JlYXRlIjo1NDAwMDAwMDAwMDAwLCJkZWxldGUiOjU0MDAwMDAwMDAwMDAsInJlYWQiOjMwMDAwMDAwMDAwMCwidXBkYXRlIjo1NDAwMDAwMDAwMDAwfX0="
        }
      ]
    },
    {
      "module": "module.backup_recovery_service_vault",
      "mode": "managed",
      "type": "azurerm_recovery_services_vault",
      "name": "vault",
      "provider": "provider[\"registry.terraform.io/hashicorp/azurerm\"]",
      "instances": [
        {
          "schema_version": 0,
          "attributes": {
            "classic_vmware_replication_enabled": null,
            "cross_region_restore_enabled": false,
            "encryption": [],
            "id": "/subscriptions/76eaa65e-b2f7-4eb4-b96c-f91db52fbe8a/resourceGroups/backup-wu1-rg/providers/Microsoft.RecoveryServices/vaults/backup-wu1-rsv",
            "identity": [],
            "immutability": null,
            "location": "westus",
            "monitoring": [],
            "name": "backup-wu1-rsv",
            "public_network_access_enabled": true,
            "resource_group_name": "backup-wu1-rg",
            "sku": "Standard",
            "soft_delete_enabled": true,
            "storage_mode_type": "GeoRedundant",
            "tags": {},
            "timeouts": null
          },
          "sensitive_attributes": [],
          "private": "eyJlMmJmYjczMC1lY2FhLTExZTYtOGY4OC0zNDM2M2JjN2M0YzAiOnsiY3JlYXRlIjo3MjAwMDAwMDAwMDAwLCJkZWxldGUiOjE4MDAwMDAwMDAwMDAsInJlYWQiOjMwMDAwMDAwMDAwMCwidXBkYXRlIjozNjAwMDAwMDAwMDAwfX0=",
          "dependencies": [
            "module.backup_rg.azurerm_resource_group.lawsrg"
          ]
        }
      ]
    },
    {
      "module": "module.backup_rg",
      "mode": "managed",
      "type": "azurerm_resource_group",
      "name": "lawsrg",
      "provider": "provider[\"registry.terraform.io/hashicorp/azurerm\"]",
      "instances": [
        {
          "schema_version": 0,
          "attributes": {
            "id": "/subscriptions/76eaa65e-b2f7-4eb4-b96c-f91db52fbe8a/resourceGroups/backup-wu1-rg",
            "location": "westus",
            "managed_by": "",
            "name": "backup-wu1-rg",
            "tags": {},
            "timeouts": null
          },
          "sensitive_attributes": [],
          "private": "eyJlMmJmYjczMC1lY2FhLTExZTYtOGY4OC0zNDM2M2JjN2M0YzAiOnsiY3JlYXRlIjo1NDAwMDAwMDAwMDAwLCJkZWxldGUiOjU0MDAwMDAwMDAwMDAsInJlYWQiOjMwMDAwMDAwMDAwMCwidXBkYXRlIjo1NDAwMDAwMDAwMDAwfX0="
        }
      ]
    },
    {
      "module": "module.baseline_fw_policy",
      "mode": "managed",
      "type": "azurerm_firewall_policy",
      "name": "fw_policy",
      "provider": "provider[\"registry.terraform.io/hashicorp/azurerm\"]",
      "instances": [
        {
          "schema_version": 0,
          "attributes": {
            "auto_learn_private_ranges_enabled": false,
            "base_policy_id": "",
            "child_policies": [],
            "dns": [],
            "explicit_proxy": [],
            "firewalls": [],
            "id": "/subscriptions/76eaa65e-b2f7-4eb4-b96c-f91db52fbe8a/resourceGroups/hub-network-wu1-rg/providers/Microsoft.Network/firewallPolicies/test_policy",
            "identity": [],
            "insights": [],
            "intrusion_detection": [],
            "location": "westus",
            "name": "test_policy",
            "private_ip_ranges": [],
            "resource_group_name": "hub-network-wu1-rg",
            "rule_collection_groups": [
              "/subscriptions/76eaa65e-b2f7-4eb4-b96c-f91db52fbe8a/resourceGroups/hub-network-wu1-rg/providers/Microsoft.Network/firewallPolicies/test_policy/ruleCollectionGroups/network_policy_coll"
            ],
            "sku": "Standard",
            "sql_redirect_allowed": null,
            "tags": {},
            "threat_intelligence_allowlist": [],
            "threat_intelligence_mode": "Alert",
            "timeouts": null,
            "tls_certificate": []
          },
          "sensitive_attributes": [],
          "private": "eyJlMmJmYjczMC1lY2FhLTExZTYtOGY4OC0zNDM2M2JjN2M0YzAiOnsiY3JlYXRlIjoxODAwMDAwMDAwMDAwLCJkZWxldGUiOjE4MDAwMDAwMDAwMDAsInJlYWQiOjMwMDAwMDAwMDAwMCwidXBkYXRlIjoxODAwMDAwMDAwMDAwfX0=",
          "dependencies": [
            "module.hub_network_rg.azurerm_resource_group.lawsrg"
          ]
        }
      ]
    },
    {
      "module": "module.cost_mgmt_sta[0]",
      "mode": "managed",
      "type": "azurerm_storage_account",
      "name": "storage_account",
      "provider": "provider[\"registry.terraform.io/hashicorp/azurerm\"]",
      "instances": [
        {
          "schema_version": 4,
          "attributes": {
            "access_tier": "Hot",
            "account_kind": "StorageV2",
            "account_replication_type": "LRS",
            "account_tier": "Standard",
            "allow_nested_items_to_be_public": true,
            "allowed_copy_scope": "",
            "azure_files_authentication": [],
            "blob_properties": [
              {
                "change_feed_enabled": false,
                "change_feed_retention_in_days": 0,
                "container_delete_retention_policy": [],
                "cors_rule": [],
                "default_service_version": "",
                "delete_retention_policy": [],
                "last_access_time_enabled": false,
                "restore_policy": [],
                "versioning_enabled": false
              }
            ],
            "cross_tenant_replication_enabled": true,
            "custom_domain": [],
            "customer_managed_key": [],
            "default_to_oauth_authentication": false,
            "edge_zone": "",
            "enable_https_traffic_only": true,
            "id": "/subscriptions/76eaa65e-b2f7-4eb4-b96c-f91db52fbe8a/resourceGroups/costmgmt-glb-rg/providers/Microsoft.Storage/storageAccounts/costmgwu1sta",
            "identity": [],
            "immutability_policy": [],
            "infrastructure_encryption_enabled": false,
            "is_hns_enabled": false,
            "large_file_share_enabled": null,
            "location": "westus",
            "min_tls_version": "TLS1_2",
            "name": "costmgwu1sta",
            "network_rules": [
              {
                "bypass": [
                  "AzureServices"
                ],
                "default_action": "Allow",
                "ip_rules": [],
                "private_link_access": [],
                "virtual_network_subnet_ids": []
              }
            ],
            "nfsv3_enabled": false,
            "primary_access_key": "NYEE8m2XqrVZkjvqZtQVHhUyunJi0U5rtW6pfpQXhjDDVO/0jB8xSeYDQziLr8O37V7xaZeECCIM+ASt1CuQ0A==",
            "primary_blob_connection_string": "DefaultEndpointsProtocol=https;BlobEndpoint=https://costmgwu1sta.blob.core.windows.net/;AccountName=costmgwu1sta;AccountKey=NYEE8m2XqrVZkjvqZtQVHhUyunJi0U5rtW6pfpQXhjDDVO/0jB8xSeYDQziLr8O37V7xaZeECCIM+ASt1CuQ0A==",
            "primary_blob_endpoint": "https://costmgwu1sta.blob.core.windows.net/",
            "primary_blob_host": "costmgwu1sta.blob.core.windows.net",
            "primary_connection_string": "DefaultEndpointsProtocol=https;AccountName=costmgwu1sta;AccountKey=NYEE8m2XqrVZkjvqZtQVHhUyunJi0U5rtW6pfpQXhjDDVO/0jB8xSeYDQziLr8O37V7xaZeECCIM+ASt1CuQ0A==;EndpointSuffix=core.windows.net",
            "primary_dfs_endpoint": "https://costmgwu1sta.dfs.core.windows.net/",
            "primary_dfs_host": "costmgwu1sta.dfs.core.windows.net",
            "primary_file_endpoint": "https://costmgwu1sta.file.core.windows.net/",
            "primary_file_host": "costmgwu1sta.file.core.windows.net",
            "primary_location": "westus",
            "primary_queue_endpoint": "https://costmgwu1sta.queue.core.windows.net/",
            "primary_queue_host": "costmgwu1sta.queue.core.windows.net",
            "primary_table_endpoint": "https://costmgwu1sta.table.core.windows.net/",
            "primary_table_host": "costmgwu1sta.table.core.windows.net",
            "primary_web_endpoint": "https://costmgwu1sta.z22.web.core.windows.net/",
            "primary_web_host": "costmgwu1sta.z22.web.core.windows.net",
            "public_network_access_enabled": true,
            "queue_encryption_key_type": "Service",
            "queue_properties": [
              {
                "cors_rule": [],
                "hour_metrics": [
                  {
                    "enabled": true,
                    "include_apis": true,
                    "retention_policy_days": 7,
                    "version": "1.0"
                  }
                ],
                "logging": [
                  {
                    "delete": false,
                    "read": false,
                    "retention_policy_days": 0,
                    "version": "1.0",
                    "write": false
                  }
                ],
                "minute_metrics": [
                  {
                    "enabled": false,
                    "include_apis": false,
                    "retention_policy_days": 0,
                    "version": "1.0"
                  }
                ]
              }
            ],
            "resource_group_name": "costmgmt-glb-rg",
            "routing": [],
            "sas_policy": [],
            "secondary_access_key": "oVtm/MPbKZHMZ8d/DMhIOE+I4KVOP3RRGlN+7N3yx7MgbrWdS/xRNz1gPVrKHz7ITw7zCH19EZ6S+AStMnd2pw==",
            "secondary_blob_connection_string": "",
            "secondary_blob_endpoint": null,
            "secondary_blob_host": null,
            "secondary_connection_string": "DefaultEndpointsProtocol=https;AccountName=costmgwu1sta;AccountKey=oVtm/MPbKZHMZ8d/DMhIOE+I4KVOP3RRGlN+7N3yx7MgbrWdS/xRNz1gPVrKHz7ITw7zCH19EZ6S+AStMnd2pw==;EndpointSuffix=core.windows.net",
            "secondary_dfs_endpoint": null,
            "secondary_dfs_host": null,
            "secondary_file_endpoint": null,
            "secondary_file_host": null,
            "secondary_location": "",
            "secondary_queue_endpoint": null,
            "secondary_queue_host": null,
            "secondary_table_endpoint": null,
            "secondary_table_host": null,
            "secondary_web_endpoint": null,
            "secondary_web_host": null,
            "sftp_enabled": false,
            "share_properties": [
              {
                "cors_rule": [],
                "retention_policy": [
                  {
                    "days": 7
                  }
                ],
                "smb": []
              }
            ],
            "shared_access_key_enabled": true,
            "static_website": [],
            "table_encryption_key_type": "Service",
            "tags": {},
            "timeouts": null
          },
          "sensitive_attributes": [],
          "private": "eyJlMmJmYjczMC1lY2FhLTExZTYtOGY4OC0zNDM2M2JjN2M0YzAiOnsiY3JlYXRlIjozNjAwMDAwMDAwMDAwLCJkZWxldGUiOjM2MDAwMDAwMDAwMDAsInJlYWQiOjMwMDAwMDAwMDAwMCwidXBkYXRlIjozNjAwMDAwMDAwMDAwfSwic2NoZW1hX3ZlcnNpb24iOiI0In0=",
          "dependencies": [
            "module.costmgmt_rg.azurerm_resource_group.lawsrg"
          ]
        }
      ]
    },
    {
      "module": "module.costmgmt_rg",
      "mode": "managed",
      "type": "azurerm_resource_group",
      "name": "lawsrg",
      "provider": "provider[\"registry.terraform.io/hashicorp/azurerm\"]",
      "instances": [
        {
          "schema_version": 0,
          "attributes": {
            "id": "/subscriptions/76eaa65e-b2f7-4eb4-b96c-f91db52fbe8a/resourceGroups/costmgmt-glb-rg",
            "location": "westus",
            "managed_by": "",
            "name": "costmgmt-glb-rg",
            "tags": {},
            "timeouts": null
          },
          "sensitive_attributes": [],
          "private": "eyJlMmJmYjczMC1lY2FhLTExZTYtOGY4OC0zNDM2M2JjN2M0YzAiOnsiY3JlYXRlIjo1NDAwMDAwMDAwMDAwLCJkZWxldGUiOjU0MDAwMDAwMDAwMDAsInJlYWQiOjMwMDAwMDAwMDAwMCwidXBkYXRlIjo1NDAwMDAwMDAwMDAwfX0="
        }
      ]
    },
    {
      "module": "module.dr_rsv",
      "mode": "managed",
      "type": "azurerm_recovery_services_vault",
      "name": "vault",
      "provider": "provider[\"registry.terraform.io/hashicorp/azurerm\"]",
      "instances": [
        {
          "schema_version": 0,
          "attributes": {
            "classic_vmware_replication_enabled": null,
            "cross_region_restore_enabled": false,
            "encryption": [],
            "id": "/subscriptions/76eaa65e-b2f7-4eb4-b96c-f91db52fbe8a/resourceGroups/recovery-wu3-rg/providers/Microsoft.RecoveryServices/vaults/asr-wu3-rsv",
            "identity": [],
            "immutability": null,
            "location": "westus3",
            "monitoring": [],
            "name": "asr-wu3-rsv",
            "public_network_access_enabled": true,
            "resource_group_name": "recovery-wu3-rg",
            "sku": "Standard",
            "soft_delete_enabled": true,
            "storage_mode_type": "GeoRedundant",
            "tags": {},
            "timeouts": null
          },
          "sensitive_attributes": [],
          "private": "eyJlMmJmYjczMC1lY2FhLTExZTYtOGY4OC0zNDM2M2JjN2M0YzAiOnsiY3JlYXRlIjo3MjAwMDAwMDAwMDAwLCJkZWxldGUiOjE4MDAwMDAwMDAwMDAsInJlYWQiOjMwMDAwMDAwMDAwMCwidXBkYXRlIjozNjAwMDAwMDAwMDAwfX0=",
          "dependencies": [
            "module.recovery_rg.azurerm_resource_group.lawsrg"
          ]
        }
      ]
    },
    {
      "module": "module.fw_net_rules",
      "mode": "managed",
      "type": "azurerm_firewall_policy_rule_collection_group",
      "name": "az_fw_policy_rule_coll_grp",
      "provider": "provider[\"registry.terraform.io/hashicorp/azurerm\"]",
      "instances": [
        {
          "schema_version": 0,
          "attributes": {
            "application_rule_collection": [],
            "firewall_policy_id": "/subscriptions/76eaa65e-b2f7-4eb4-b96c-f91db52fbe8a/resourceGroups/hub-network-wu1-rg/providers/Microsoft.Network/firewallPolicies/test_policy",
            "id": "/subscriptions/76eaa65e-b2f7-4eb4-b96c-f91db52fbe8a/resourceGroups/hub-network-wu1-rg/providers/Microsoft.Network/firewallPolicies/test_policy/ruleCollectionGroups/network_policy_coll",
            "name": "network_policy_coll",
            "nat_rule_collection": [],
            "network_rule_collection": [
              {
                "action": "Allow",
                "name": "network_rule_collection1",
                "priority": 100,
                "rule": [
                  {
                    "destination_addresses": [
                      "169.254.169.254"
                    ],
                    "destination_fqdns": [],
                    "destination_ip_groups": [],
                    "destination_ports": [
                      "*"
                    ],
                    "name": "Azure IMDS",
                    "protocols": [
                      "Any"
                    ],
                    "source_addresses": [
                      "10.25.103.0/24"
                    ],
                    "source_ip_groups": []
                  },
                  {
                    "destination_addresses": [
                      "23.102.135.246"
                    ],
                    "destination_fqdns": null,
                    "destination_ip_groups": null,
                    "destination_ports": [
                      "1688"
                    ],
                    "name": "Azure KMS",
                    "protocols": [
                      "TCP"
                    ],
                    "source_addresses": [
                      "10.25.103.0/24"
                    ],
                    "source_ip_groups": null
                  },
                  {
                    "destination_addresses": [
                      "168.63.129.16"
                    ],
                    "destination_fqdns": null,
                    "destination_ip_groups": null,
                    "destination_ports": [
                      "80",
                      "443",
                      "32526"
                    ],
                    "name": "azure-wireserver",
                    "protocols": [
                      "TCP"
                    ],
                    "source_addresses": [
                      "10.25.103.0/24"
                    ],
                    "source_ip_groups": null
                  }
                ]
              }
            ],
            "priority": 120,
            "timeouts": null
          },
          "sensitive_attributes": [],
          "private": "eyJlMmJmYjczMC1lY2FhLTExZTYtOGY4OC0zNDM2M2JjN2M0YzAiOnsiY3JlYXRlIjoxODAwMDAwMDAwMDAwLCJkZWxldGUiOjE4MDAwMDAwMDAwMDAsInJlYWQiOjMwMDAwMDAwMDAwMCwidXBkYXRlIjoxODAwMDAwMDAwMDAwfX0=",
          "dependencies": [
            "module.baseline_fw_policy.azurerm_firewall_policy.fw_policy"
          ]
        }
      ]
    },
    {
      "module": "module.fw_pip",
      "mode": "managed",
      "type": "azurerm_public_ip",
      "name": "pip",
      "provider": "provider[\"registry.terraform.io/hashicorp/azurerm\"]",
      "instances": [
        {
          "schema_version": 0,
          "attributes": {
            "allocation_method": "Static",
            "ddos_protection_mode": "VirtualNetworkInherited",
            "ddos_protection_plan_id": null,
            "domain_name_label": null,
            "edge_zone": "",
            "fqdn": null,
            "id": "/subscriptions/76eaa65e-b2f7-4eb4-b96c-f91db52fbe8a/resourceGroups/hub-network-wu1-rg/providers/Microsoft.Network/publicIPAddresses/firewall-wu1-pip",
            "idle_timeout_in_minutes": 4,
            "ip_address": "13.88.169.37",
            "ip_tags": {},
            "ip_version": "IPv4",
            "location": "westus",
            "name": "firewall-wu1-pip",
            "public_ip_prefix_id": null,
            "resource_group_name": "hub-network-wu1-rg",
            "reverse_fqdn": null,
            "sku": "Standard",
            "sku_tier": "Regional",
            "tags": {},
            "timeouts": null,
            "zones": []
          },
          "sensitive_attributes": [],
          "private": "eyJlMmJmYjczMC1lY2FhLTExZTYtOGY4OC0zNDM2M2JjN2M0YzAiOnsiY3JlYXRlIjoxODAwMDAwMDAwMDAwLCJkZWxldGUiOjE4MDAwMDAwMDAwMDAsInJlYWQiOjMwMDAwMDAwMDAwMCwidXBkYXRlIjoxODAwMDAwMDAwMDAwfX0=",
          "dependencies": [
            "module.hub_network_rg.azurerm_resource_group.lawsrg"
          ]
        }
      ]
    },
    {
      "module": "module.hub_fw_subnet",
      "mode": "managed",
      "type": "azurerm_subnet",
      "name": "az_subnet",
      "provider": "provider[\"registry.terraform.io/hashicorp/azurerm\"]",
      "instances": [
        {
          "schema_version": 0,
          "attributes": {
            "address_prefixes": [
              "10.25.92.0/26"
            ],
            "delegation": [],
            "enforce_private_link_endpoint_network_policies": false,
            "enforce_private_link_service_network_policies": false,
            "id": "/subscriptions/76eaa65e-b2f7-4eb4-b96c-f91db52fbe8a/resourceGroups/hub-network-wu1-rg/providers/Microsoft.Network/virtualNetworks/hub-network-wu1-vnet/subnets/AzureFirewallSubnet",
            "name": "AzureFirewallSubnet",
            "private_endpoint_network_policies_enabled": true,
            "private_link_service_network_policies_enabled": true,
            "resource_group_name": "hub-network-wu1-rg",
            "service_endpoint_policy_ids": [],
            "service_endpoints": [],
            "timeouts": null,
            "virtual_network_name": "hub-network-wu1-vnet"
          },
          "sensitive_attributes": [],
          "private": "eyJlMmJmYjczMC1lY2FhLTExZTYtOGY4OC0zNDM2M2JjN2M0YzAiOnsiY3JlYXRlIjoxODAwMDAwMDAwMDAwLCJkZWxldGUiOjE4MDAwMDAwMDAwMDAsInJlYWQiOjMwMDAwMDAwMDAwMCwidXBkYXRlIjoxODAwMDAwMDAwMDAwfX0=",
          "dependencies": [
            "module.hub_network_rg.azurerm_resource_group.lawsrg",
            "module.hub_vnet.azurerm_virtual_network.alz_vnet"
          ]
        }
      ]
    },
    {
      "module": "module.hub_gw_subnet",
      "mode": "managed",
      "type": "azurerm_subnet",
      "name": "az_subnet",
      "provider": "provider[\"registry.terraform.io/hashicorp/azurerm\"]",
      "instances": [
        {
          "schema_version": 0,
          "attributes": {
            "address_prefixes": [
              "10.25.95.224/27"
            ],
            "delegation": [],
            "enforce_private_link_endpoint_network_policies": false,
            "enforce_private_link_service_network_policies": false,
            "id": "/subscriptions/76eaa65e-b2f7-4eb4-b96c-f91db52fbe8a/resourceGroups/hub-network-wu1-rg/providers/Microsoft.Network/virtualNetworks/hub-network-wu1-vnet/subnets/GatewaySubnet",
            "name": "GatewaySubnet",
            "private_endpoint_network_policies_enabled": true,
            "private_link_service_network_policies_enabled": true,
            "resource_group_name": "hub-network-wu1-rg",
            "service_endpoint_policy_ids": [],
            "service_endpoints": [],
            "timeouts": null,
            "virtual_network_name": "hub-network-wu1-vnet"
          },
          "sensitive_attributes": [],
          "private": "eyJlMmJmYjczMC1lY2FhLTExZTYtOGY4OC0zNDM2M2JjN2M0YzAiOnsiY3JlYXRlIjoxODAwMDAwMDAwMDAwLCJkZWxldGUiOjE4MDAwMDAwMDAwMDAsInJlYWQiOjMwMDAwMDAwMDAwMCwidXBkYXRlIjoxODAwMDAwMDAwMDAwfX0=",
          "dependencies": [
            "module.hub_network_rg.azurerm_resource_group.lawsrg",
            "module.hub_vnet.azurerm_virtual_network.alz_vnet"
          ]
        }
      ]
    },
    {
      "module": "module.hub_network_rg",
      "mode": "managed",
      "type": "azurerm_resource_group",
      "name": "lawsrg",
      "provider": "provider[\"registry.terraform.io/hashicorp/azurerm\"]",
      "instances": [
        {
          "schema_version": 0,
          "attributes": {
            "id": "/subscriptions/76eaa65e-b2f7-4eb4-b96c-f91db52fbe8a/resourceGroups/hub-network-wu1-rg",
            "location": "westus",
            "managed_by": "",
            "name": "hub-network-wu1-rg",
            "tags": {},
            "timeouts": null
          },
          "sensitive_attributes": [],
          "private": "eyJlMmJmYjczMC1lY2FhLTExZTYtOGY4OC0zNDM2M2JjN2M0YzAiOnsiY3JlYXRlIjo1NDAwMDAwMDAwMDAwLCJkZWxldGUiOjU0MDAwMDAwMDAwMDAsInJlYWQiOjMwMDAwMDAwMDAwMCwidXBkYXRlIjo1NDAwMDAwMDAwMDAwfX0="
        }
      ]
    },
    {
      "module": "module.hub_vnet",
      "mode": "managed",
      "type": "azurerm_virtual_network",
      "name": "alz_vnet",
      "provider": "provider[\"registry.terraform.io/hashicorp/azurerm\"]",
      "instances": [
        {
          "schema_version": 0,
          "attributes": {
            "address_space": [
              "10.25.92.0/22"
            ],
            "bgp_community": "",
            "ddos_protection_plan": [],
            "dns_servers": [],
            "edge_zone": "",
            "encryption": [],
            "flow_timeout_in_minutes": 0,
            "guid": "e975ee1a-95c8-4895-be1a-5a5372c9bd0e",
            "id": "/subscriptions/76eaa65e-b2f7-4eb4-b96c-f91db52fbe8a/resourceGroups/hub-network-wu1-rg/providers/Microsoft.Network/virtualNetworks/hub-network-wu1-vnet",
            "location": "westus",
            "name": "hub-network-wu1-vnet",
            "resource_group_name": "hub-network-wu1-rg",
            "subnet": [
              {
                "address_prefix": "10.25.92.0/26",
                "id": "/subscriptions/76eaa65e-b2f7-4eb4-b96c-f91db52fbe8a/resourceGroups/hub-network-wu1-rg/providers/Microsoft.Network/virtualNetworks/hub-network-wu1-vnet/subnets/AzureFirewallSubnet",
                "name": "AzureFirewallSubnet",
                "security_group": ""
              },
              {
                "address_prefix": "10.25.93.0/26",
                "id": "/subscriptions/76eaa65e-b2f7-4eb4-b96c-f91db52fbe8a/resourceGroups/hub-network-wu1-rg/providers/Microsoft.Network/virtualNetworks/hub-network-wu1-vnet/subnets/AzureFirewallManagementSubnet",
                "name": "AzureFirewallManagementSubnet",
                "security_group": ""
              },
              {
                "address_prefix": "10.25.95.224/27",
                "id": "/subscriptions/76eaa65e-b2f7-4eb4-b96c-f91db52fbe8a/resourceGroups/hub-network-wu1-rg/providers/Microsoft.Network/virtualNetworks/hub-network-wu1-vnet/subnets/GatewaySubnet",
                "name": "GatewaySubnet",
                "security_group": ""
              }
            ],
            "tags": {},
            "timeouts": null
          },
          "sensitive_attributes": [],
          "private": "eyJlMmJmYjczMC1lY2FhLTExZTYtOGY4OC0zNDM2M2JjN2M0YzAiOnsiY3JlYXRlIjoxODAwMDAwMDAwMDAwLCJkZWxldGUiOjE4MDAwMDAwMDAwMDAsInJlYWQiOjMwMDAwMDAwMDAwMCwidXBkYXRlIjoxODAwMDAwMDAwMDAwfX0=",
          "dependencies": [
            "module.hub_network_rg.azurerm_resource_group.lawsrg"
          ]
        }
      ]
    },
    {
      "module": "module.identity_subnet",
      "mode": "managed",
      "type": "azurerm_subnet",
      "name": "az_subnet",
      "provider": "provider[\"registry.terraform.io/hashicorp/azurerm\"]",
      "instances": [
        {
          "schema_version": 0,
          "attributes": {
            "address_prefixes": [
              "10.25.96.0/22"
            ],
            "delegation": [],
            "enforce_private_link_endpoint_network_policies": false,
            "enforce_private_link_service_network_policies": false,
            "id": "/subscriptions/76eaa65e-b2f7-4eb4-b96c-f91db52fbe8a/resourceGroups/shared-network-wu1-rg/providers/Microsoft.Network/virtualNetworks/shared-wu1-vnet/subnets/IdentitySubnet",
            "name": "IdentitySubnet",
            "private_endpoint_network_policies_enabled": true,
            "private_link_service_network_policies_enabled": true,
            "resource_group_name": "shared-network-wu1-rg",
            "service_endpoint_policy_ids": [],
            "service_endpoints": [],
            "timeouts": null,
            "virtual_network_name": "shared-wu1-vnet"
          },
          "sensitive_attributes": [],
          "private": "eyJlMmJmYjczMC1lY2FhLTExZTYtOGY4OC0zNDM2M2JjN2M0YzAiOnsiY3JlYXRlIjoxODAwMDAwMDAwMDAwLCJkZWxldGUiOjE4MDAwMDAwMDAwMDAsInJlYWQiOjMwMDAwMDAwMDAwMCwidXBkYXRlIjoxODAwMDAwMDAwMDAwfX0=",
          "dependencies": [
            "module.shared_vnet.azurerm_virtual_network.alz_vnet",
            "module.sharednetwork_rg.azurerm_resource_group.lawsrg"
          ]
        }
      ]
    },
    {
      "module": "module.identity_subnet-nsg",
      "mode": "managed",
      "type": "azurerm_network_security_group",
      "name": "nsg",
      "provider": "provider[\"registry.terraform.io/hashicorp/azurerm\"]",
      "instances": [
        {
          "schema_version": 0,
          "attributes": {
            "id": "/subscriptions/76eaa65e-b2f7-4eb4-b96c-f91db52fbe8a/resourceGroups/shared-network-wu1-rg/providers/Microsoft.Network/networkSecurityGroups/IdentitySubnet-nsg",
            "location": "westus",
            "name": "IdentitySubnet-nsg",
            "resource_group_name": "shared-network-wu1-rg",
            "security_rule": [],
            "tags": {
              "environment": "Production"
            },
            "timeouts": null
          },
          "sensitive_attributes": [],
          "private": "eyJlMmJmYjczMC1lY2FhLTExZTYtOGY4OC0zNDM2M2JjN2M0YzAiOnsiY3JlYXRlIjoxODAwMDAwMDAwMDAwLCJkZWxldGUiOjE4MDAwMDAwMDAwMDAsInJlYWQiOjMwMDAwMDAwMDAwMCwidXBkYXRlIjoxODAwMDAwMDAwMDAwfX0=",
          "dependencies": [
            "module.identity_subnet.azurerm_subnet.az_subnet",
            "module.shared_vnet.azurerm_virtual_network.alz_vnet",
            "module.sharednetwork_rg.azurerm_resource_group.lawsrg"
          ]
        }
      ]
    },
    {
      "module": "module.identity_subnet-rt",
      "mode": "managed",
      "type": "azurerm_route_table",
      "name": "subnet-rt",
      "provider": "provider[\"registry.terraform.io/hashicorp/azurerm\"]",
      "instances": [
        {
          "schema_version": 0,
          "attributes": {
            "disable_bgp_route_propagation": false,
            "id": "/subscriptions/76eaa65e-b2f7-4eb4-b96c-f91db52fbe8a/resourceGroups/shared-network-wu1-rg/providers/Microsoft.Network/routeTables/IdentitySubnet-rt",
            "location": "westus",
            "name": "IdentitySubnet-rt",
            "resource_group_name": "shared-network-wu1-rg",
            "route": [
              {
                "address_prefix": "10.25.96.0/22",
                "name": "to_fw",
                "next_hop_in_ip_address": "",
                "next_hop_type": "VnetLocal"
              }
            ],
            "subnets": [
              "/subscriptions/76eaa65e-b2f7-4eb4-b96c-f91db52fbe8a/resourceGroups/shared-network-wu1-rg/providers/Microsoft.Network/virtualNetworks/shared-wu1-vnet/subnets/IdentitySubnet"
            ],
            "tags": {},
            "timeouts": null
          },
          "sensitive_attributes": [],
          "private": "eyJlMmJmYjczMC1lY2FhLTExZTYtOGY4OC0zNDM2M2JjN2M0YzAiOnsiY3JlYXRlIjoxODAwMDAwMDAwMDAwLCJkZWxldGUiOjE4MDAwMDAwMDAwMDAsInJlYWQiOjMwMDAwMDAwMDAwMCwidXBkYXRlIjoxODAwMDAwMDAwMDAwfX0=",
          "dependencies": [
            "module.identity_subnet.azurerm_subnet.az_subnet",
            "module.shared_vnet.azurerm_virtual_network.alz_vnet",
            "module.sharednetwork_rg.azurerm_resource_group.lawsrg"
          ]
        }
      ]
    },
    {
      "module": "module.keyvault[0]",
      "mode": "managed",
      "type": "azurerm_key_vault",
      "name": "keyvault",
      "provider": "provider[\"registry.terraform.io/hashicorp/azurerm\"]",
      "instances": [
        {
          "schema_version": 2,
          "attributes": {
            "access_policy": [
              {
                "application_id": "",
                "certificate_permissions": [],
                "key_permissions": [
                  "List",
                  "Create",
                  "Delete",
                  "Get",
                  "Purge",
                  "Recover",
                  "Update",
                  "GetRotationPolicy",
                  "SetRotationPolicy"
                ],
                "object_id": "d223ee36-0475-4dbb-b3f0-96d8d8a65363",
                "secret_permissions": [
                  "Backup",
                  "Delete",
                  "Get",
                  "List",
                  "Purge",
                  "Recover",
                  "Restore",
                  "Set"
                ],
                "storage_permissions": [],
                "tenant_id": "6b0ee7fd-8166-47a9-bc89-31a540f0ddff"
              },
              {
                "application_id": "",
                "certificate_permissions": [],
                "key_permissions": [
                  "List",
                  "Create",
                  "Delete",
                  "Get",
                  "Purge",
                  "Recover",
                  "Update",
                  "GetRotationPolicy",
                  "SetRotationPolicy"
                ],
                "object_id": "30dcfd30-c58c-471e-9601-c6645f77a1e4",
                "secret_permissions": [
                  "Backup",
                  "Delete",
                  "Get",
                  "List",
                  "Purge",
                  "Recover",
                  "Restore",
                  "Set"
                ],
                "storage_permissions": [],
                "tenant_id": "6b0ee7fd-8166-47a9-bc89-31a540f0ddff"
              }
            ],
            "contact": [],
            "enable_rbac_authorization": false,
            "enabled_for_deployment": false,
            "enabled_for_disk_encryption": false,
            "enabled_for_template_deployment": false,
            "id": "/subscriptions/76eaa65e-b2f7-4eb4-b96c-f91db52fbe8a/resourceGroups/keys-glb-rg/providers/Microsoft.KeyVault/vaults/kvault01-wu1-kv",
            "location": "westus",
            "name": "kvault01-wu1-kv",
            "network_acls": [
              {
                "bypass": "AzureServices",
                "default_action": "Allow",
                "ip_rules": [],
                "virtual_network_subnet_ids": []
              }
            ],
            "public_network_access_enabled": true,
            "purge_protection_enabled": false,
            "resource_group_name": "keys-glb-rg",
            "sku_name": "standard",
            "soft_delete_retention_days": 7,
            "tags": {},
            "tenant_id": "6b0ee7fd-8166-47a9-bc89-31a540f0ddff",
            "timeouts": null,
            "vault_uri": "https://kvault01-wu1-kv.vault.azure.net/"
          },
          "sensitive_attributes": [],
          "private": "eyJlMmJmYjczMC1lY2FhLTExZTYtOGY4OC0zNDM2M2JjN2M0YzAiOnsiY3JlYXRlIjoxODAwMDAwMDAwMDAwLCJkZWxldGUiOjE4MDAwMDAwMDAwMDAsInJlYWQiOjMwMDAwMDAwMDAwMCwidXBkYXRlIjoxODAwMDAwMDAwMDAwfSwic2NoZW1hX3ZlcnNpb24iOiIyIn0=",
          "dependencies": [
            "data.azurerm_client_config.current",
            "module.keyvault_rg.azurerm_resource_group.lawsrg"
          ]
        }
      ]
    },
    {
      "module": "module.keyvault[0]",
      "mode": "managed",
      "type": "azurerm_key_vault_access_policy",
      "name": "accesspolicy_sp",
      "provider": "provider[\"registry.terraform.io/hashicorp/azurerm\"]",
      "instances": [
        {
          "schema_version": 0,
          "attributes": {
            "application_id": "",
            "certificate_permissions": [],
            "id": "/subscriptions/76eaa65e-b2f7-4eb4-b96c-f91db52fbe8a/resourceGroups/keys-glb-rg/providers/Microsoft.KeyVault/vaults/kvault01-wu1-kv/objectId/30dcfd30-c58c-471e-9601-c6645f77a1e4",
            "key_permissions": [
              "List",
              "Create",
              "Delete",
              "Get",
              "Purge",
              "Recover",
              "Update",
              "GetRotationPolicy",
              "SetRotationPolicy"
            ],
            "key_vault_id": "/subscriptions/76eaa65e-b2f7-4eb4-b96c-f91db52fbe8a/resourceGroups/keys-glb-rg/providers/Microsoft.KeyVault/vaults/kvault01-wu1-kv",
            "object_id": "30dcfd30-c58c-471e-9601-c6645f77a1e4",
            "secret_permissions": [
              "Backup",
              "Delete",
              "Get",
              "List",
              "Purge",
              "Recover",
              "Restore",
              "Set"
            ],
            "storage_permissions": [],
            "tenant_id": "6b0ee7fd-8166-47a9-bc89-31a540f0ddff",
            "timeouts": null
          },
          "sensitive_attributes": [],
          "private": "eyJlMmJmYjczMC1lY2FhLTExZTYtOGY4OC0zNDM2M2JjN2M0YzAiOnsiY3JlYXRlIjoxODAwMDAwMDAwMDAwLCJkZWxldGUiOjE4MDAwMDAwMDAwMDAsInJlYWQiOjMwMDAwMDAwMDAwMCwidXBkYXRlIjoxODAwMDAwMDAwMDAwfX0=",
          "dependencies": [
            "data.azurerm_client_config.current",
            "module.keyvault.azurerm_key_vault.keyvault",
            "module.keyvault_rg.azurerm_resource_group.lawsrg"
          ]
        }
      ]
    },
    {
      "module": "module.keyvault[0]",
      "mode": "managed",
      "type": "azurerm_key_vault_access_policy",
      "name": "accesspolicy_user",
      "provider": "provider[\"registry.terraform.io/hashicorp/azurerm\"]",
      "instances": [
        {
          "schema_version": 0,
          "attributes": {
            "application_id": "",
            "certificate_permissions": [],
            "id": "/subscriptions/76eaa65e-b2f7-4eb4-b96c-f91db52fbe8a/resourceGroups/keys-glb-rg/providers/Microsoft.KeyVault/vaults/kvault01-wu1-kv/objectId/d223ee36-0475-4dbb-b3f0-96d8d8a65363",
            "key_permissions": [
              "List",
              "Create",
              "Delete",
              "Get",
              "Purge",
              "Recover",
              "Update",
              "GetRotationPolicy",
              "SetRotationPolicy"
            ],
            "key_vault_id": "/subscriptions/76eaa65e-b2f7-4eb4-b96c-f91db52fbe8a/resourceGroups/keys-glb-rg/providers/Microsoft.KeyVault/vaults/kvault01-wu1-kv",
            "object_id": "d223ee36-0475-4dbb-b3f0-96d8d8a65363",
            "secret_permissions": [
              "Backup",
              "Delete",
              "Get",
              "List",
              "Purge",
              "Recover",
              "Restore",
              "Set"
            ],
            "storage_permissions": [],
            "tenant_id": "6b0ee7fd-8166-47a9-bc89-31a540f0ddff",
            "timeouts": null
          },
          "sensitive_attributes": [],
          "private": "eyJlMmJmYjczMC1lY2FhLTExZTYtOGY4OC0zNDM2M2JjN2M0YzAiOnsiY3JlYXRlIjoxODAwMDAwMDAwMDAwLCJkZWxldGUiOjE4MDAwMDAwMDAwMDAsInJlYWQiOjMwMDAwMDAwMDAwMCwidXBkYXRlIjoxODAwMDAwMDAwMDAwfX0=",
          "dependencies": [
            "data.azurerm_client_config.current",
            "module.keyvault.azurerm_key_vault.keyvault",
            "module.keyvault_rg.azurerm_resource_group.lawsrg"
          ]
        }
      ]
    },
    {
      "module": "module.keyvault_rg[0]",
      "mode": "managed",
      "type": "azurerm_resource_group",
      "name": "lawsrg",
      "provider": "provider[\"registry.terraform.io/hashicorp/azurerm\"]",
      "instances": [
        {
          "schema_version": 0,
          "attributes": {
            "id": "/subscriptions/76eaa65e-b2f7-4eb4-b96c-f91db52fbe8a/resourceGroups/keys-glb-rg",
            "location": "westus",
            "managed_by": "",
            "name": "keys-glb-rg",
            "tags": {},
            "timeouts": null
          },
          "sensitive_attributes": [],
          "private": "eyJlMmJmYjczMC1lY2FhLTExZTYtOGY4OC0zNDM2M2JjN2M0YzAiOnsiY3JlYXRlIjo1NDAwMDAwMDAwMDAwLCJkZWxldGUiOjU0MDAwMDAwMDAwMDAsInJlYWQiOjMwMDAwMDAwMDAwMCwidXBkYXRlIjo1NDAwMDAwMDAwMDAwfX0="
        }
      ]
    },
    {
      "module": "module.management_subnet",
      "mode": "managed",
      "type": "azurerm_subnet",
      "name": "az_subnet",
      "provider": "provider[\"registry.terraform.io/hashicorp/azurerm\"]",
      "instances": [
        {
          "schema_version": 0,
          "attributes": {
            "address_prefixes": [
              "10.25.100.0/24"
            ],
            "delegation": [],
            "enforce_private_link_endpoint_network_policies": false,
            "enforce_private_link_service_network_policies": false,
            "id": "/subscriptions/76eaa65e-b2f7-4eb4-b96c-f91db52fbe8a/resourceGroups/app-network-wu1-rg/providers/Microsoft.Network/virtualNetworks/workload-wu1-vnet/subnets/MgmtSubnet",
            "name": "MgmtSubnet",
            "private_endpoint_network_policies_enabled": true,
            "private_link_service_network_policies_enabled": true,
            "resource_group_name": "app-network-wu1-rg",
            "service_endpoint_policy_ids": [],
            "service_endpoints": [],
            "timeouts": null,
            "virtual_network_name": "workload-wu1-vnet"
          },
          "sensitive_attributes": [],
          "private": "eyJlMmJmYjczMC1lY2FhLTExZTYtOGY4OC0zNDM2M2JjN2M0YzAiOnsiY3JlYXRlIjoxODAwMDAwMDAwMDAwLCJkZWxldGUiOjE4MDAwMDAwMDAwMDAsInJlYWQiOjMwMDAwMDAwMDAwMCwidXBkYXRlIjoxODAwMDAwMDAwMDAwfX0=",
          "dependencies": [
            "module.app_network_rg.azurerm_resource_group.lawsrg",
            "module.workload_vnet.azurerm_virtual_network.alz_vnet"
          ]
        }
      ]
    },
    {
      "module": "module.management_subnet-nsg",
      "mode": "managed",
      "type": "azurerm_network_security_group",
      "name": "nsg",
      "provider": "provider[\"registry.terraform.io/hashicorp/azurerm\"]",
      "instances": [
        {
          "schema_version": 0,
          "attributes": {
            "id": "/subscriptions/76eaa65e-b2f7-4eb4-b96c-f91db52fbe8a/resourceGroups/app-network-wu1-rg/providers/Microsoft.Network/networkSecurityGroups/MgmtSubnet-nsg",
            "location": "westus",
            "name": "MgmtSubnet-nsg",
            "resource_group_name": "app-network-wu1-rg",
            "security_rule": [],
            "tags": {
              "environment": "Production"
            },
            "timeouts": null
          },
          "sensitive_attributes": [],
          "private": "eyJlMmJmYjczMC1lY2FhLTExZTYtOGY4OC0zNDM2M2JjN2M0YzAiOnsiY3JlYXRlIjoxODAwMDAwMDAwMDAwLCJkZWxldGUiOjE4MDAwMDAwMDAwMDAsInJlYWQiOjMwMDAwMDAwMDAwMCwidXBkYXRlIjoxODAwMDAwMDAwMDAwfX0=",
          "dependencies": [
            "module.app_network_rg.azurerm_resource_group.lawsrg"
          ]
        }
      ]
    },
    {
      "module": "module.management_subnet-rt",
      "mode": "managed",
      "type": "azurerm_route_table",
      "name": "subnet-rt",
      "provider": "provider[\"registry.terraform.io/hashicorp/azurerm\"]",
      "instances": [
        {
          "schema_version": 0,
          "attributes": {
            "disable_bgp_route_propagation": false,
            "id": "/subscriptions/76eaa65e-b2f7-4eb4-b96c-f91db52fbe8a/resourceGroups/app-network-wu1-rg/providers/Microsoft.Network/routeTables/MgmtSubnet-rt",
            "location": "westus",
            "name": "MgmtSubnet-rt",
            "resource_group_name": "app-network-wu1-rg",
            "route": [
              {
                "address_prefix": "10.25.100.0/24",
                "name": "to_fw",
                "next_hop_in_ip_address": "",
                "next_hop_type": "VnetLocal"
              }
            ],
            "subnets": [
              "/subscriptions/76eaa65e-b2f7-4eb4-b96c-f91db52fbe8a/resourceGroups/app-network-wu1-rg/providers/Microsoft.Network/virtualNetworks/workload-wu1-vnet/subnets/MgmtSubnet"
            ],
            "tags": {},
            "timeouts": null
          },
          "sensitive_attributes": [],
          "private": "eyJlMmJmYjczMC1lY2FhLTExZTYtOGY4OC0zNDM2M2JjN2M0YzAiOnsiY3JlYXRlIjoxODAwMDAwMDAwMDAwLCJkZWxldGUiOjE4MDAwMDAwMDAwMDAsInJlYWQiOjMwMDAwMDAwMDAwMCwidXBkYXRlIjoxODAwMDAwMDAwMDAwfX0=",
          "dependencies": [
            "module.app_network_rg.azurerm_resource_group.lawsrg"
          ]
        }
      ]
    },
    {
      "module": "module.management_subnet_nsg_association",
      "mode": "managed",
      "type": "azurerm_subnet_network_security_group_association",
      "name": "nsg_association",
      "provider": "provider[\"registry.terraform.io/hashicorp/azurerm\"]",
      "instances": [
        {
          "schema_version": 0,
          "attributes": {
            "id": "/subscriptions/76eaa65e-b2f7-4eb4-b96c-f91db52fbe8a/resourceGroups/app-network-wu1-rg/providers/Microsoft.Network/virtualNetworks/workload-wu1-vnet/subnets/MgmtSubnet",
            "network_security_group_id": "/subscriptions/76eaa65e-b2f7-4eb4-b96c-f91db52fbe8a/resourceGroups/app-network-wu1-rg/providers/Microsoft.Network/networkSecurityGroups/MgmtSubnet-nsg",
            "subnet_id": "/subscriptions/76eaa65e-b2f7-4eb4-b96c-f91db52fbe8a/resourceGroups/app-network-wu1-rg/providers/Microsoft.Network/virtualNetworks/workload-wu1-vnet/subnets/MgmtSubnet",
            "timeouts": null
          },
          "sensitive_attributes": [],
          "private": "eyJlMmJmYjczMC1lY2FhLTExZTYtOGY4OC0zNDM2M2JjN2M0YzAiOnsiY3JlYXRlIjoxODAwMDAwMDAwMDAwLCJkZWxldGUiOjE4MDAwMDAwMDAwMDAsInJlYWQiOjMwMDAwMDAwMDAwMCwidXBkYXRlIjoxODAwMDAwMDAwMDAwfX0=",
          "dependencies": [
            "module.app_network_rg.azurerm_resource_group.lawsrg",
            "module.management_subnet-nsg.azurerm_network_security_group.nsg",
            "module.management_subnet.azurerm_subnet.az_subnet",
            "module.workload_vnet.azurerm_virtual_network.alz_vnet"
          ]
        }
      ]
    },
    {
      "module": "module.mgmt_fw_pip",
      "mode": "managed",
      "type": "azurerm_public_ip",
      "name": "pip",
      "provider": "provider[\"registry.terraform.io/hashicorp/azurerm\"]",
      "instances": [
        {
          "schema_version": 0,
          "attributes": {
            "allocation_method": "Static",
            "ddos_protection_mode": "VirtualNetworkInherited",
            "ddos_protection_plan_id": null,
            "domain_name_label": null,
            "edge_zone": "",
            "fqdn": null,
            "id": "/subscriptions/76eaa65e-b2f7-4eb4-b96c-f91db52fbe8a/resourceGroups/hub-network-wu1-rg/providers/Microsoft.Network/publicIPAddresses/firewall-mgmt-wu1-pip",
            "idle_timeout_in_minutes": 4,
            "ip_address": "13.88.152.178",
            "ip_tags": {},
            "ip_version": "IPv4",
            "location": "westus",
            "name": "firewall-mgmt-wu1-pip",
            "public_ip_prefix_id": null,
            "resource_group_name": "hub-network-wu1-rg",
            "reverse_fqdn": null,
            "sku": "Standard",
            "sku_tier": "Regional",
            "tags": {},
            "timeouts": null,
            "zones": []
          },
          "sensitive_attributes": [],
          "private": "eyJlMmJmYjczMC1lY2FhLTExZTYtOGY4OC0zNDM2M2JjN2M0YzAiOnsiY3JlYXRlIjoxODAwMDAwMDAwMDAwLCJkZWxldGUiOjE4MDAwMDAwMDAwMDAsInJlYWQiOjMwMDAwMDAwMDAwMCwidXBkYXRlIjoxODAwMDAwMDAwMDAwfX0=",
          "dependencies": [
            "module.hub_network_rg.azurerm_resource_group.lawsrg"
          ]
        }
      ]
    },
    {
      "module": "module.mgmt_fw_subnet",
      "mode": "managed",
      "type": "azurerm_subnet",
      "name": "az_subnet",
      "provider": "provider[\"registry.terraform.io/hashicorp/azurerm\"]",
      "instances": [
        {
          "schema_version": 0,
          "attributes": {
            "address_prefixes": [
              "10.25.93.0/26"
            ],
            "delegation": [],
            "enforce_private_link_endpoint_network_policies": false,
            "enforce_private_link_service_network_policies": false,
            "id": "/subscriptions/76eaa65e-b2f7-4eb4-b96c-f91db52fbe8a/resourceGroups/hub-network-wu1-rg/providers/Microsoft.Network/virtualNetworks/hub-network-wu1-vnet/subnets/AzureFirewallManagementSubnet",
            "name": "AzureFirewallManagementSubnet",
            "private_endpoint_network_policies_enabled": true,
            "private_link_service_network_policies_enabled": true,
            "resource_group_name": "hub-network-wu1-rg",
            "service_endpoint_policy_ids": [],
            "service_endpoints": [],
            "timeouts": null,
            "virtual_network_name": "hub-network-wu1-vnet"
          },
          "sensitive_attributes": [],
          "private": "eyJlMmJmYjczMC1lY2FhLTExZTYtOGY4OC0zNDM2M2JjN2M0YzAiOnsiY3JlYXRlIjoxODAwMDAwMDAwMDAwLCJkZWxldGUiOjE4MDAwMDAwMDAwMDAsInJlYWQiOjMwMDAwMDAwMDAwMCwidXBkYXRlIjoxODAwMDAwMDAwMDAwfX0=",
          "dependencies": [
            "module.hub_network_rg.azurerm_resource_group.lawsrg",
            "module.hub_vnet.azurerm_virtual_network.alz_vnet"
          ]
        }
      ]
    },
    {
      "module": "module.monitoring_log",
      "mode": "managed",
      "type": "azurerm_log_analytics_workspace",
      "name": "laws",
      "provider": "provider[\"registry.terraform.io/hashicorp/azurerm\"]",
      "instances": [
        {
          "schema_version": 3,
          "attributes": {
            "allow_resource_only_permissions": true,
            "cmk_for_query_forced": false,
            "daily_quota_gb": -1,
            "id": "/subscriptions/76eaa65e-b2f7-4eb4-b96c-f91db52fbe8a/resourceGroups/monitoring-glb-rg/providers/Microsoft.OperationalInsights/workspaces/monitoringlog-wu1-workspace",
            "internet_ingestion_enabled": true,
            "internet_query_enabled": true,
            "local_authentication_disabled": false,
            "location": "westus",
            "name": "monitoringlog-wu1-workspace",
            "primary_shared_key": "XcSGrK1sHuUzlLykz3dZme/7mGdbVmQ2OdpZKHLOr/val/YuNfPF0IeG/T9Rf2+dhwFFL9+C8Qr67fsqie8wUg==",
            "reservation_capacity_in_gb_per_day": null,
            "resource_group_name": "monitoring-glb-rg",
            "retention_in_days": 90,
            "secondary_shared_key": "a0U8onHO0tyVgDJKtKeEN80mWg1iPC4bNhVFjsqLctgFoFdZyx0IaDoZXK9WUPPuK7vdLJeCcGInkuZy4EVH1Q==",
            "sku": "PerGB2018",
            "tags": {},
            "timeouts": null,
            "workspace_id": "be28307d-78cb-42b6-9a77-896d94ca575d"
          },
          "sensitive_attributes": [],
          "private": "eyJlMmJmYjczMC1lY2FhLTExZTYtOGY4OC0zNDM2M2JjN2M0YzAiOnsiY3JlYXRlIjoxODAwMDAwMDAwMDAwLCJkZWxldGUiOjE4MDAwMDAwMDAwMDAsInJlYWQiOjMwMDAwMDAwMDAwMCwidXBkYXRlIjoxODAwMDAwMDAwMDAwfSwic2NoZW1hX3ZlcnNpb24iOiIzIn0=",
          "dependencies": [
            "module.monitoring_rg.azurerm_resource_group.lawsrg"
          ]
        }
      ]
    },
    {
      "module": "module.monitoring_rg",
      "mode": "managed",
      "type": "azurerm_resource_group",
      "name": "lawsrg",
      "provider": "provider[\"registry.terraform.io/hashicorp/azurerm\"]",
      "instances": [
        {
          "schema_version": 0,
          "attributes": {
            "id": "/subscriptions/76eaa65e-b2f7-4eb4-b96c-f91db52fbe8a/resourceGroups/monitoring-glb-rg",
            "location": "westus",
            "managed_by": "",
            "name": "monitoring-glb-rg",
            "tags": {},
            "timeouts": null
          },
          "sensitive_attributes": [],
          "private": "eyJlMmJmYjczMC1lY2FhLTExZTYtOGY4OC0zNDM2M2JjN2M0YzAiOnsiY3JlYXRlIjo1NDAwMDAwMDAwMDAwLCJkZWxldGUiOjU0MDAwMDAwMDAwMDAsInJlYWQiOjMwMDAwMDAwMDAwMCwidXBkYXRlIjo1NDAwMDAwMDAwMDAwfX0="
        }
      ]
    },
    {
      "module": "module.recovery_rg",
      "mode": "managed",
      "type": "azurerm_resource_group",
      "name": "lawsrg",
      "provider": "provider[\"registry.terraform.io/hashicorp/azurerm\"]",
      "instances": [
        {
          "schema_version": 0,
          "attributes": {
            "id": "/subscriptions/76eaa65e-b2f7-4eb4-b96c-f91db52fbe8a/resourceGroups/recovery-wu3-rg",
            "location": "westus3",
            "managed_by": "",
            "name": "recovery-wu3-rg",
            "tags": {},
            "timeouts": null
          },
          "sensitive_attributes": [],
          "private": "eyJlMmJmYjczMC1lY2FhLTExZTYtOGY4OC0zNDM2M2JjN2M0YzAiOnsiY3JlYXRlIjo1NDAwMDAwMDAwMDAwLCJkZWxldGUiOjU0MDAwMDAwMDAwMDAsInJlYWQiOjMwMDAwMDAwMDAwMCwidXBkYXRlIjo1NDAwMDAwMDAwMDAwfX0="
        }
      ]
    },
    {
      "module": "module.recovery_sta[0]",
      "mode": "managed",
      "type": "azurerm_storage_account",
      "name": "storage_account",
      "provider": "provider[\"registry.terraform.io/hashicorp/azurerm\"]",
      "instances": [
        {
          "schema_version": 4,
          "attributes": {
            "access_tier": "Hot",
            "account_kind": "StorageV2",
            "account_replication_type": "LRS",
            "account_tier": "Standard",
            "allow_nested_items_to_be_public": true,
            "allowed_copy_scope": "",
            "azure_files_authentication": [],
            "blob_properties": [
              {
                "change_feed_enabled": false,
                "change_feed_retention_in_days": 0,
                "container_delete_retention_policy": [],
                "cors_rule": [],
                "default_service_version": "",
                "delete_retention_policy": [],
                "last_access_time_enabled": false,
                "restore_policy": [],
                "versioning_enabled": false
              }
            ],
            "cross_tenant_replication_enabled": true,
            "custom_domain": [],
            "customer_managed_key": [],
            "default_to_oauth_authentication": false,
            "edge_zone": "",
            "enable_https_traffic_only": true,
            "id": "/subscriptions/76eaa65e-b2f7-4eb4-b96c-f91db52fbe8a/resourceGroups/recovery-wu3-rg/providers/Microsoft.Storage/storageAccounts/recoverywu3sta",
            "identity": [],
            "immutability_policy": [],
            "infrastructure_encryption_enabled": false,
            "is_hns_enabled": false,
            "large_file_share_enabled": null,
            "location": "westus3",
            "min_tls_version": "TLS1_2",
            "name": "recoverywu3sta",
            "network_rules": [
              {
                "bypass": [
                  "AzureServices"
                ],
                "default_action": "Allow",
                "ip_rules": [],
                "private_link_access": [],
                "virtual_network_subnet_ids": []
              }
            ],
            "nfsv3_enabled": false,
            "primary_access_key": "MYV/ZWJeB6sDqYdIqb/u9EgElnF/rKO1gHgdNBqrirQt+46wa4MohFpR+xDPeJTEQadCu7AfmdNk+AStbxifaQ==",
            "primary_blob_connection_string": "DefaultEndpointsProtocol=https;BlobEndpoint=https://recoverywu3sta.blob.core.windows.net/;AccountName=recoverywu3sta;AccountKey=MYV/ZWJeB6sDqYdIqb/u9EgElnF/rKO1gHgdNBqrirQt+46wa4MohFpR+xDPeJTEQadCu7AfmdNk+AStbxifaQ==",
            "primary_blob_endpoint": "https://recoverywu3sta.blob.core.windows.net/",
            "primary_blob_host": "recoverywu3sta.blob.core.windows.net",
            "primary_connection_string": "DefaultEndpointsProtocol=https;AccountName=recoverywu3sta;AccountKey=MYV/ZWJeB6sDqYdIqb/u9EgElnF/rKO1gHgdNBqrirQt+46wa4MohFpR+xDPeJTEQadCu7AfmdNk+AStbxifaQ==;EndpointSuffix=core.windows.net",
            "primary_dfs_endpoint": "https://recoverywu3sta.dfs.core.windows.net/",
            "primary_dfs_host": "recoverywu3sta.dfs.core.windows.net",
            "primary_file_endpoint": "https://recoverywu3sta.file.core.windows.net/",
            "primary_file_host": "recoverywu3sta.file.core.windows.net",
            "primary_location": "westus3",
            "primary_queue_endpoint": "https://recoverywu3sta.queue.core.windows.net/",
            "primary_queue_host": "recoverywu3sta.queue.core.windows.net",
            "primary_table_endpoint": "https://recoverywu3sta.table.core.windows.net/",
            "primary_table_host": "recoverywu3sta.table.core.windows.net",
            "primary_web_endpoint": "https://recoverywu3sta.z1.web.core.windows.net/",
            "primary_web_host": "recoverywu3sta.z1.web.core.windows.net",
            "public_network_access_enabled": true,
            "queue_encryption_key_type": "Service",
            "queue_properties": [
              {
                "cors_rule": [],
                "hour_metrics": [
                  {
                    "enabled": true,
                    "include_apis": true,
                    "retention_policy_days": 7,
                    "version": "1.0"
                  }
                ],
                "logging": [
                  {
                    "delete": false,
                    "read": false,
                    "retention_policy_days": 0,
                    "version": "1.0",
                    "write": false
                  }
                ],
                "minute_metrics": [
                  {
                    "enabled": false,
                    "include_apis": false,
                    "retention_policy_days": 0,
                    "version": "1.0"
                  }
                ]
              }
            ],
            "resource_group_name": "recovery-wu3-rg",
            "routing": [],
            "sas_policy": [],
            "secondary_access_key": "tIENASEHgN0u26Q2zIaBaipKmRBx7MRpZI19KTELT2+KQRRB8T7PnuxqrR27cRENvMKe+nhS3t4B+AStcUhEJQ==",
            "secondary_blob_connection_string": "",
            "secondary_blob_endpoint": null,
            "secondary_blob_host": null,
            "secondary_connection_string": "DefaultEndpointsProtocol=https;AccountName=recoverywu3sta;AccountKey=tIENASEHgN0u26Q2zIaBaipKmRBx7MRpZI19KTELT2+KQRRB8T7PnuxqrR27cRENvMKe+nhS3t4B+AStcUhEJQ==;EndpointSuffix=core.windows.net",
            "secondary_dfs_endpoint": null,
            "secondary_dfs_host": null,
            "secondary_file_endpoint": null,
            "secondary_file_host": null,
            "secondary_location": "",
            "secondary_queue_endpoint": null,
            "secondary_queue_host": null,
            "secondary_table_endpoint": null,
            "secondary_table_host": null,
            "secondary_web_endpoint": null,
            "secondary_web_host": null,
            "sftp_enabled": false,
            "share_properties": [
              {
                "cors_rule": [],
                "retention_policy": [
                  {
                    "days": 7
                  }
                ],
                "smb": []
              }
            ],
            "shared_access_key_enabled": true,
            "static_website": [],
            "table_encryption_key_type": "Service",
            "tags": {},
            "timeouts": null
          },
          "sensitive_attributes": [],
          "private": "eyJlMmJmYjczMC1lY2FhLTExZTYtOGY4OC0zNDM2M2JjN2M0YzAiOnsiY3JlYXRlIjozNjAwMDAwMDAwMDAwLCJkZWxldGUiOjM2MDAwMDAwMDAwMDAsInJlYWQiOjMwMDAwMDAwMDAwMCwidXBkYXRlIjozNjAwMDAwMDAwMDAwfSwic2NoZW1hX3ZlcnNpb24iOiI0In0=",
          "dependencies": [
            "module.recovery_rg.azurerm_resource_group.lawsrg"
          ]
        }
      ]
    },
    {
      "module": "module.shared_vnet",
      "mode": "managed",
      "type": "azurerm_virtual_network",
      "name": "alz_vnet",
      "provider": "provider[\"registry.terraform.io/hashicorp/azurerm\"]",
      "instances": [
        {
          "schema_version": 0,
          "attributes": {
            "address_space": [
              "10.25.96.0/22"
            ],
            "bgp_community": "",
            "ddos_protection_plan": [],
            "dns_servers": [],
            "edge_zone": "",
            "encryption": [],
            "flow_timeout_in_minutes": 0,
            "guid": "231e77de-ac2a-4010-a7c9-bef934d6a8fc",
            "id": "/subscriptions/76eaa65e-b2f7-4eb4-b96c-f91db52fbe8a/resourceGroups/shared-network-wu1-rg/providers/Microsoft.Network/virtualNetworks/shared-wu1-vnet",
            "location": "westus",
            "name": "shared-wu1-vnet",
            "resource_group_name": "shared-network-wu1-rg",
            "subnet": [
              {
                "address_prefix": "10.25.96.0/22",
                "id": "/subscriptions/76eaa65e-b2f7-4eb4-b96c-f91db52fbe8a/resourceGroups/shared-network-wu1-rg/providers/Microsoft.Network/virtualNetworks/shared-wu1-vnet/subnets/IdentitySubnet",
                "name": "IdentitySubnet",
                "security_group": "/subscriptions/76eaa65e-b2f7-4eb4-b96c-f91db52fbe8a/resourceGroups/shared-network-wu1-rg/providers/Microsoft.Network/networkSecurityGroups/IdentitySubnet-nsg"
              }
            ],
            "tags": {},
            "timeouts": null
          },
          "sensitive_attributes": [],
          "private": "eyJlMmJmYjczMC1lY2FhLTExZTYtOGY4OC0zNDM2M2JjN2M0YzAiOnsiY3JlYXRlIjoxODAwMDAwMDAwMDAwLCJkZWxldGUiOjE4MDAwMDAwMDAwMDAsInJlYWQiOjMwMDAwMDAwMDAwMCwidXBkYXRlIjoxODAwMDAwMDAwMDAwfX0=",
          "dependencies": [
            "module.sharednetwork_rg.azurerm_resource_group.lawsrg"
          ]
        }
      ]
    },
    {
      "module": "module.sharednetwork_rg",
      "mode": "managed",
      "type": "azurerm_resource_group",
      "name": "lawsrg",
      "provider": "provider[\"registry.terraform.io/hashicorp/azurerm\"]",
      "instances": [
        {
          "schema_version": 0,
          "attributes": {
            "id": "/subscriptions/76eaa65e-b2f7-4eb4-b96c-f91db52fbe8a/resourceGroups/shared-network-wu1-rg",
            "location": "westus",
            "managed_by": "",
            "name": "shared-network-wu1-rg",
            "tags": {},
            "timeouts": null
          },
          "sensitive_attributes": [],
          "private": "eyJlMmJmYjczMC1lY2FhLTExZTYtOGY4OC0zNDM2M2JjN2M0YzAiOnsiY3JlYXRlIjo1NDAwMDAwMDAwMDAwLCJkZWxldGUiOjU0MDAwMDAwMDAwMDAsInJlYWQiOjMwMDAwMDAwMDAwMCwidXBkYXRlIjo1NDAwMDAwMDAwMDAwfX0="
        }
      ]
    },
    {
      "module": "module.sub_identity_nsg_association",
      "mode": "managed",
      "type": "azurerm_subnet_network_security_group_association",
      "name": "nsg_association",
      "provider": "provider[\"registry.terraform.io/hashicorp/azurerm\"]",
      "instances": [
        {
          "schema_version": 0,
          "attributes": {
            "id": "/subscriptions/76eaa65e-b2f7-4eb4-b96c-f91db52fbe8a/resourceGroups/shared-network-wu1-rg/providers/Microsoft.Network/virtualNetworks/shared-wu1-vnet/subnets/IdentitySubnet",
            "network_security_group_id": "/subscriptions/76eaa65e-b2f7-4eb4-b96c-f91db52fbe8a/resourceGroups/shared-network-wu1-rg/providers/Microsoft.Network/networkSecurityGroups/IdentitySubnet-nsg",
            "subnet_id": "/subscriptions/76eaa65e-b2f7-4eb4-b96c-f91db52fbe8a/resourceGroups/shared-network-wu1-rg/providers/Microsoft.Network/virtualNetworks/shared-wu1-vnet/subnets/IdentitySubnet",
            "timeouts": null
          },
          "sensitive_attributes": [],
          "private": "eyJlMmJmYjczMC1lY2FhLTExZTYtOGY4OC0zNDM2M2JjN2M0YzAiOnsiY3JlYXRlIjoxODAwMDAwMDAwMDAwLCJkZWxldGUiOjE4MDAwMDAwMDAwMDAsInJlYWQiOjMwMDAwMDAwMDAwMCwidXBkYXRlIjoxODAwMDAwMDAwMDAwfX0=",
          "dependencies": [
            "module.identity_subnet-nsg.azurerm_network_security_group.nsg",
            "module.identity_subnet.azurerm_subnet.az_subnet",
            "module.shared_vnet.azurerm_virtual_network.alz_vnet",
            "module.sharednetwork_rg.azurerm_resource_group.lawsrg"
          ]
        }
      ]
    },
    {
      "module": "module.sub_identity_rt_association",
      "mode": "managed",
      "type": "azurerm_subnet_route_table_association",
      "name": "rt_association",
      "provider": "provider[\"registry.terraform.io/hashicorp/azurerm\"]",
      "instances": [
        {
          "schema_version": 0,
          "attributes": {
            "id": "/subscriptions/76eaa65e-b2f7-4eb4-b96c-f91db52fbe8a/resourceGroups/shared-network-wu1-rg/providers/Microsoft.Network/virtualNetworks/shared-wu1-vnet/subnets/IdentitySubnet",
            "route_table_id": "/subscriptions/76eaa65e-b2f7-4eb4-b96c-f91db52fbe8a/resourceGroups/shared-network-wu1-rg/providers/Microsoft.Network/routeTables/IdentitySubnet-rt",
            "subnet_id": "/subscriptions/76eaa65e-b2f7-4eb4-b96c-f91db52fbe8a/resourceGroups/shared-network-wu1-rg/providers/Microsoft.Network/virtualNetworks/shared-wu1-vnet/subnets/IdentitySubnet",
            "timeouts": null
          },
          "sensitive_attributes": [],
          "private": "eyJlMmJmYjczMC1lY2FhLTExZTYtOGY4OC0zNDM2M2JjN2M0YzAiOnsiY3JlYXRlIjoxODAwMDAwMDAwMDAwLCJkZWxldGUiOjE4MDAwMDAwMDAwMDAsInJlYWQiOjMwMDAwMDAwMDAwMCwidXBkYXRlIjoxODAwMDAwMDAwMDAwfX0=",
          "dependencies": [
            "module.identity_subnet-rt.azurerm_route_table.subnet-rt",
            "module.identity_subnet.azurerm_subnet.az_subnet",
            "module.shared_vnet.azurerm_virtual_network.alz_vnet",
            "module.sharednetwork_rg.azurerm_resource_group.lawsrg"
          ]
        }
      ]
    },
    {
      "module": "module.sub_mgmt_rt_association",
      "mode": "managed",
      "type": "azurerm_subnet_route_table_association",
      "name": "rt_association",
      "provider": "provider[\"registry.terraform.io/hashicorp/azurerm\"]",
      "instances": [
        {
          "schema_version": 0,
          "attributes": {
            "id": "/subscriptions/76eaa65e-b2f7-4eb4-b96c-f91db52fbe8a/resourceGroups/app-network-wu1-rg/providers/Microsoft.Network/virtualNetworks/workload-wu1-vnet/subnets/MgmtSubnet",
            "route_table_id": "/subscriptions/76eaa65e-b2f7-4eb4-b96c-f91db52fbe8a/resourceGroups/app-network-wu1-rg/providers/Microsoft.Network/routeTables/MgmtSubnet-rt",
            "subnet_id": "/subscriptions/76eaa65e-b2f7-4eb4-b96c-f91db52fbe8a/resourceGroups/app-network-wu1-rg/providers/Microsoft.Network/virtualNetworks/workload-wu1-vnet/subnets/MgmtSubnet",
            "timeouts": null
          },
          "sensitive_attributes": [],
          "private": "eyJlMmJmYjczMC1lY2FhLTExZTYtOGY4OC0zNDM2M2JjN2M0YzAiOnsiY3JlYXRlIjoxODAwMDAwMDAwMDAwLCJkZWxldGUiOjE4MDAwMDAwMDAwMDAsInJlYWQiOjMwMDAwMDAwMDAwMCwidXBkYXRlIjoxODAwMDAwMDAwMDAwfX0=",
          "dependencies": [
            "module.app_network_rg.azurerm_resource_group.lawsrg",
            "module.management_subnet-rt.azurerm_route_table.subnet-rt",
            "module.management_subnet.azurerm_subnet.az_subnet",
            "module.workload_vnet.azurerm_virtual_network.alz_vnet"
          ]
        }
      ]
    },
    {
      "module": "module.sub_vm_data_rt_association",
      "mode": "managed",
      "type": "azurerm_subnet_route_table_association",
      "name": "rt_association",
      "provider": "provider[\"registry.terraform.io/hashicorp/azurerm\"]",
      "instances": [
        {
          "schema_version": 0,
          "attributes": {
            "id": "/subscriptions/76eaa65e-b2f7-4eb4-b96c-f91db52fbe8a/resourceGroups/app-network-wu1-rg/providers/Microsoft.Network/virtualNetworks/workload-wu1-vnet/subnets/VM-Data-Subnet",
            "route_table_id": "/subscriptions/76eaa65e-b2f7-4eb4-b96c-f91db52fbe8a/resourceGroups/app-network-wu1-rg/providers/Microsoft.Network/routeTables/VM-Data-Subnet-rt",
            "subnet_id": "/subscriptions/76eaa65e-b2f7-4eb4-b96c-f91db52fbe8a/resourceGroups/app-network-wu1-rg/providers/Microsoft.Network/virtualNetworks/workload-wu1-vnet/subnets/VM-Data-Subnet",
            "timeouts": null
          },
          "sensitive_attributes": [],
          "private": "eyJlMmJmYjczMC1lY2FhLTExZTYtOGY4OC0zNDM2M2JjN2M0YzAiOnsiY3JlYXRlIjoxODAwMDAwMDAwMDAwLCJkZWxldGUiOjE4MDAwMDAwMDAwMDAsInJlYWQiOjMwMDAwMDAwMDAwMCwidXBkYXRlIjoxODAwMDAwMDAwMDAwfX0=",
          "dependencies": [
            "module.app_network_rg.azurerm_resource_group.lawsrg",
            "module.vm_data_subnet-rt.azurerm_route_table.subnet-rt",
            "module.vm_data_subnet.azurerm_subnet.az_subnet",
            "module.workload_vnet.azurerm_virtual_network.alz_vnet"
          ]
        }
      ]
    },
    {
      "module": "module.vm_data_subnet",
      "mode": "managed",
      "type": "azurerm_subnet",
      "name": "az_subnet",
      "provider": "provider[\"registry.terraform.io/hashicorp/azurerm\"]",
      "instances": [
        {
          "schema_version": 0,
          "attributes": {
            "address_prefixes": [
              "10.25.103.0/24"
            ],
            "delegation": [],
            "enforce_private_link_endpoint_network_policies": false,
            "enforce_private_link_service_network_policies": false,
            "id": "/subscriptions/76eaa65e-b2f7-4eb4-b96c-f91db52fbe8a/resourceGroups/app-network-wu1-rg/providers/Microsoft.Network/virtualNetworks/workload-wu1-vnet/subnets/VM-Data-Subnet",
            "name": "VM-Data-Subnet",
            "private_endpoint_network_policies_enabled": true,
            "private_link_service_network_policies_enabled": true,
            "resource_group_name": "app-network-wu1-rg",
            "service_endpoint_policy_ids": [],
            "service_endpoints": [],
            "timeouts": null,
            "virtual_network_name": "workload-wu1-vnet"
          },
          "sensitive_attributes": [],
          "private": "eyJlMmJmYjczMC1lY2FhLTExZTYtOGY4OC0zNDM2M2JjN2M0YzAiOnsiY3JlYXRlIjoxODAwMDAwMDAwMDAwLCJkZWxldGUiOjE4MDAwMDAwMDAwMDAsInJlYWQiOjMwMDAwMDAwMDAwMCwidXBkYXRlIjoxODAwMDAwMDAwMDAwfX0=",
          "dependencies": [
            "module.app_network_rg.azurerm_resource_group.lawsrg",
            "module.workload_vnet.azurerm_virtual_network.alz_vnet"
          ]
        }
      ]
    },
    {
      "module": "module.vm_data_subnet-nsg",
      "mode": "managed",
      "type": "azurerm_network_security_group",
      "name": "nsg",
      "provider": "provider[\"registry.terraform.io/hashicorp/azurerm\"]",
      "instances": [
        {
          "schema_version": 0,
          "attributes": {
            "id": "/subscriptions/76eaa65e-b2f7-4eb4-b96c-f91db52fbe8a/resourceGroups/app-network-wu1-rg/providers/Microsoft.Network/networkSecurityGroups/VM-Data-Subnet-nsg",
            "location": "westus",
            "name": "VM-Data-Subnet-nsg",
            "resource_group_name": "app-network-wu1-rg",
            "security_rule": [],
            "tags": {
              "environment": "Production"
            },
            "timeouts": null
          },
          "sensitive_attributes": [],
          "private": "eyJlMmJmYjczMC1lY2FhLTExZTYtOGY4OC0zNDM2M2JjN2M0YzAiOnsiY3JlYXRlIjoxODAwMDAwMDAwMDAwLCJkZWxldGUiOjE4MDAwMDAwMDAwMDAsInJlYWQiOjMwMDAwMDAwMDAwMCwidXBkYXRlIjoxODAwMDAwMDAwMDAwfX0=",
          "dependencies": [
            "module.app_network_rg.azurerm_resource_group.lawsrg"
          ]
        }
      ]
    },
    {
      "module": "module.vm_data_subnet-rt",
      "mode": "managed",
      "type": "azurerm_route_table",
      "name": "subnet-rt",
      "provider": "provider[\"registry.terraform.io/hashicorp/azurerm\"]",
      "instances": [
        {
          "schema_version": 0,
          "attributes": {
            "disable_bgp_route_propagation": false,
            "id": "/subscriptions/76eaa65e-b2f7-4eb4-b96c-f91db52fbe8a/resourceGroups/app-network-wu1-rg/providers/Microsoft.Network/routeTables/VM-Data-Subnet-rt",
            "location": "westus",
            "name": "VM-Data-Subnet-rt",
            "resource_group_name": "app-network-wu1-rg",
            "route": [
              {
                "address_prefix": "10.25.103.0/24",
                "name": "to_fw",
                "next_hop_in_ip_address": "",
                "next_hop_type": "VnetLocal"
              }
            ],
            "subnets": [
              "/subscriptions/76eaa65e-b2f7-4eb4-b96c-f91db52fbe8a/resourceGroups/app-network-wu1-rg/providers/Microsoft.Network/virtualNetworks/workload-wu1-vnet/subnets/VM-Data-Subnet"
            ],
            "tags": {},
            "timeouts": null
          },
          "sensitive_attributes": [],
          "private": "eyJlMmJmYjczMC1lY2FhLTExZTYtOGY4OC0zNDM2M2JjN2M0YzAiOnsiY3JlYXRlIjoxODAwMDAwMDAwMDAwLCJkZWxldGUiOjE4MDAwMDAwMDAwMDAsInJlYWQiOjMwMDAwMDAwMDAwMCwidXBkYXRlIjoxODAwMDAwMDAwMDAwfX0=",
          "dependencies": [
            "module.app_network_rg.azurerm_resource_group.lawsrg"
          ]
        }
      ]
    },
    {
      "module": "module.vm_data_subnet_nsg_association",
      "mode": "managed",
      "type": "azurerm_subnet_network_security_group_association",
      "name": "nsg_association",
      "provider": "provider[\"registry.terraform.io/hashicorp/azurerm\"]",
      "instances": [
        {
          "schema_version": 0,
          "attributes": {
            "id": "/subscriptions/76eaa65e-b2f7-4eb4-b96c-f91db52fbe8a/resourceGroups/app-network-wu1-rg/providers/Microsoft.Network/virtualNetworks/workload-wu1-vnet/subnets/VM-Data-Subnet",
            "network_security_group_id": "/subscriptions/76eaa65e-b2f7-4eb4-b96c-f91db52fbe8a/resourceGroups/app-network-wu1-rg/providers/Microsoft.Network/networkSecurityGroups/VM-Data-Subnet-nsg",
            "subnet_id": "/subscriptions/76eaa65e-b2f7-4eb4-b96c-f91db52fbe8a/resourceGroups/app-network-wu1-rg/providers/Microsoft.Network/virtualNetworks/workload-wu1-vnet/subnets/VM-Data-Subnet",
            "timeouts": null
          },
          "sensitive_attributes": [],
          "private": "eyJlMmJmYjczMC1lY2FhLTExZTYtOGY4OC0zNDM2M2JjN2M0YzAiOnsiY3JlYXRlIjoxODAwMDAwMDAwMDAwLCJkZWxldGUiOjE4MDAwMDAwMDAwMDAsInJlYWQiOjMwMDAwMDAwMDAwMCwidXBkYXRlIjoxODAwMDAwMDAwMDAwfX0=",
          "dependencies": [
            "module.app_network_rg.azurerm_resource_group.lawsrg",
            "module.vm_data_subnet-nsg.azurerm_network_security_group.nsg",
            "module.vm_data_subnet.azurerm_subnet.az_subnet",
            "module.workload_vnet.azurerm_virtual_network.alz_vnet"
          ]
        }
      ]
    },
    {
      "module": "module.vpn_pip",
      "mode": "managed",
      "type": "azurerm_public_ip",
      "name": "pip",
      "provider": "provider[\"registry.terraform.io/hashicorp/azurerm\"]",
      "instances": [
        {
          "schema_version": 0,
          "attributes": {
            "allocation_method": "Static",
            "ddos_protection_mode": "VirtualNetworkInherited",
            "ddos_protection_plan_id": null,
            "domain_name_label": null,
            "edge_zone": "",
            "fqdn": null,
            "id": "/subscriptions/76eaa65e-b2f7-4eb4-b96c-f91db52fbe8a/resourceGroups/hub-network-wu1-rg/providers/Microsoft.Network/publicIPAddresses/vpn_vng-wu1-pip",
            "idle_timeout_in_minutes": 4,
            "ip_address": "13.88.172.209",
            "ip_tags": {},
            "ip_version": "IPv4",
            "location": "westus",
            "name": "vpn_vng-wu1-pip",
            "public_ip_prefix_id": null,
            "resource_group_name": "hub-network-wu1-rg",
            "reverse_fqdn": null,
            "sku": "Standard",
            "sku_tier": "Regional",
            "tags": {},
            "timeouts": null,
            "zones": []
          },
          "sensitive_attributes": [],
          "private": "eyJlMmJmYjczMC1lY2FhLTExZTYtOGY4OC0zNDM2M2JjN2M0YzAiOnsiY3JlYXRlIjoxODAwMDAwMDAwMDAwLCJkZWxldGUiOjE4MDAwMDAwMDAwMDAsInJlYWQiOjMwMDAwMDAwMDAwMCwidXBkYXRlIjoxODAwMDAwMDAwMDAwfX0=",
          "dependencies": [
            "module.hub_network_rg.azurerm_resource_group.lawsrg"
          ]
        }
      ]
    },
    {
      "module": "module.windows_vm[0]",
      "mode": "managed",
      "type": "azurerm_network_interface",
      "name": "nic",
      "provider": "provider[\"registry.terraform.io/hashicorp/azurerm\"]",
      "instances": [
        {
          "schema_version": 0,
          "attributes": {
            "applied_dns_servers": [],
            "dns_servers": [],
            "edge_zone": "",
            "enable_accelerated_networking": false,
            "enable_ip_forwarding": false,
            "id": "/subscriptions/76eaa65e-b2f7-4eb4-b96c-f91db52fbe8a/resourceGroups/aads-wu1-rg/providers/Microsoft.Network/networkInterfaces/dc-avd01-eth0",
            "internal_dns_name_label": "",
            "internal_domain_name_suffix": "",
            "ip_configuration": [
              {
                "gateway_load_balancer_frontend_ip_configuration_id": "",
                "name": "internal",
                "primary": true,
                "private_ip_address": "10.25.96.4",
                "private_ip_address_allocation": "Dynamic",
                "private_ip_address_version": "IPv4",
                "public_ip_address_id": "",
                "subnet_id": "/subscriptions/76eaa65e-b2f7-4eb4-b96c-f91db52fbe8a/resourceGroups/shared-network-wu1-rg/providers/Microsoft.Network/virtualNetworks/shared-wu1-vnet/subnets/IdentitySubnet"
              }
            ],
            "location": "westus",
            "mac_address": "00-0D-3A-36-EC-80",
            "name": "dc-avd01-eth0",
            "private_ip_address": "10.25.96.4",
            "private_ip_addresses": [
              "10.25.96.4"
            ],
            "resource_group_name": "aads-wu1-rg",
            "tags": {},
            "timeouts": null,
            "virtual_machine_id": "/subscriptions/76eaa65e-b2f7-4eb4-b96c-f91db52fbe8a/resourceGroups/aads-wu1-rg/providers/Microsoft.Compute/virtualMachines/DC-AVD01"
          },
          "sensitive_attributes": [],
          "private": "eyJlMmJmYjczMC1lY2FhLTExZTYtOGY4OC0zNDM2M2JjN2M0YzAiOnsiY3JlYXRlIjoxODAwMDAwMDAwMDAwLCJkZWxldGUiOjE4MDAwMDAwMDAwMDAsInJlYWQiOjMwMDAwMDAwMDAwMCwidXBkYXRlIjoxODAwMDAwMDAwMDAwfX0=",
          "dependencies": [
            "module.aads_rg.azurerm_resource_group.lawsrg",
            "module.identity_subnet.azurerm_subnet.az_subnet",
            "module.shared_vnet.azurerm_virtual_network.alz_vnet",
            "module.sharednetwork_rg.azurerm_resource_group.lawsrg"
          ]
        }
      ]
    },
    {
      "module": "module.windows_vm[0]",
      "mode": "managed",
      "type": "azurerm_windows_virtual_machine",
      "name": "virtual-machine",
      "provider": "provider[\"registry.terraform.io/hashicorp/azurerm\"]",
      "instances": [
        {
          "schema_version": 0,
          "attributes": {
            "additional_capabilities": [],
            "additional_unattend_content": [],
            "admin_password": "random_string.password.result0!",
            "admin_username": "eitadm",
            "allow_extension_operations": true,
            "availability_set_id": "",
            "boot_diagnostics": [],
            "bypass_platform_safety_checks_on_user_schedule_enabled": false,
            "capacity_reservation_group_id": "",
            "computer_name": "DC-AVD01",
            "custom_data": null,
            "dedicated_host_group_id": "",
            "dedicated_host_id": "",
            "edge_zone": "",
            "enable_automatic_updates": true,
            "encryption_at_host_enabled": false,
            "eviction_policy": "",
            "extensions_time_budget": "PT1H30M",
            "gallery_application": [],
            "hotpatching_enabled": false,
            "id": "/subscriptions/76eaa65e-b2f7-4eb4-b96c-f91db52fbe8a/resourceGroups/aads-wu1-rg/providers/Microsoft.Compute/virtualMachines/DC-AVD01",
            "identity": [],
            "license_type": "",
            "location": "westus",
            "max_bid_price": -1,
            "name": "DC-AVD01",
            "network_interface_ids": [
              "/subscriptions/76eaa65e-b2f7-4eb4-b96c-f91db52fbe8a/resourceGroups/aads-wu1-rg/providers/Microsoft.Network/networkInterfaces/dc-avd01-eth0"
            ],
            "os_disk": [
              {
                "caching": "ReadWrite",
                "diff_disk_settings": [],
                "disk_encryption_set_id": "",
                "disk_size_gb": 127,
                "name": "DC-AVD01_disk1_79e05ceb9b95435ca861aecad6fc4cd2",
                "secure_vm_disk_encryption_set_id": "",
                "security_encryption_type": "",
                "storage_account_type": "Standard_LRS",
                "write_accelerator_enabled": false
              }
            ],
            "patch_assessment_mode": "ImageDefault",
            "patch_mode": "AutomaticByOS",
            "plan": [],
            "platform_fault_domain": -1,
            "priority": "Regular",
            "private_ip_address": "10.25.96.4",
            "private_ip_addresses": [
              "10.25.96.4"
            ],
            "provision_vm_agent": true,
            "proximity_placement_group_id": "",
            "public_ip_address": "",
            "public_ip_addresses": [],
            "reboot_setting": "",
            "resource_group_name": "aads-wu1-rg",
            "secret": [],
            "secure_boot_enabled": false,
            "size": "Standard_B2s",
            "source_image_id": "",
            "source_image_reference": [
              {
                "offer": "WindowsServer",
                "publisher": "MicrosoftWindowsServer",
                "sku": "2019-Datacenter",
                "version": "latest"
              }
            ],
            "tags": {},
            "termination_notification": [],
            "timeouts": null,
            "timezone": "",
            "user_data": "",
            "virtual_machine_id": "aeab4e5c-3b3e-427e-a52f-3c9713a290c3",
            "virtual_machine_scale_set_id": "",
            "vtpm_enabled": false,
            "winrm_listener": [],
            "zone": ""
          },
          "sensitive_attributes": [],
          "private": "eyJlMmJmYjczMC1lY2FhLTExZTYtOGY4OC0zNDM2M2JjN2M0YzAiOnsiY3JlYXRlIjoyNzAwMDAwMDAwMDAwLCJkZWxldGUiOjI3MDAwMDAwMDAwMDAsInJlYWQiOjMwMDAwMDAwMDAwMCwidXBkYXRlIjoyNzAwMDAwMDAwMDAwfX0=",
          "dependencies": [
            "module.aads_rg.azurerm_resource_group.lawsrg",
            "module.identity_subnet.azurerm_subnet.az_subnet",
            "module.shared_vnet.azurerm_virtual_network.alz_vnet",
            "module.sharednetwork_rg.azurerm_resource_group.lawsrg",
            "module.windows_vm.azurerm_network_interface.nic"
          ]
        }
      ]
    },
    {
      "module": "module.workload_vnet",
      "mode": "managed",
      "type": "azurerm_virtual_network",
      "name": "alz_vnet",
      "provider": "provider[\"registry.terraform.io/hashicorp/azurerm\"]",
      "instances": [
        {
          "schema_version": 0,
          "attributes": {
            "address_space": [
              "10.25.100.0/22"
            ],
            "bgp_community": "",
            "ddos_protection_plan": [],
            "dns_servers": [],
            "edge_zone": "",
            "encryption": [],
            "flow_timeout_in_minutes": 0,
            "guid": "8536b205-3e52-456c-9794-0462b9a12239",
            "id": "/subscriptions/76eaa65e-b2f7-4eb4-b96c-f91db52fbe8a/resourceGroups/app-network-wu1-rg/providers/Microsoft.Network/virtualNetworks/workload-wu1-vnet",
            "location": "westus",
            "name": "workload-wu1-vnet",
            "resource_group_name": "app-network-wu1-rg",
            "subnet": [
              {
                "address_prefix": "10.25.100.0/24",
                "id": "/subscriptions/76eaa65e-b2f7-4eb4-b96c-f91db52fbe8a/resourceGroups/app-network-wu1-rg/providers/Microsoft.Network/virtualNetworks/workload-wu1-vnet/subnets/MgmtSubnet",
                "name": "MgmtSubnet",
                "security_group": "/subscriptions/76eaa65e-b2f7-4eb4-b96c-f91db52fbe8a/resourceGroups/app-network-wu1-rg/providers/Microsoft.Network/networkSecurityGroups/MgmtSubnet-nsg"
              },
              {
                "address_prefix": "10.25.103.0/24",
                "id": "/subscriptions/76eaa65e-b2f7-4eb4-b96c-f91db52fbe8a/resourceGroups/app-network-wu1-rg/providers/Microsoft.Network/virtualNetworks/workload-wu1-vnet/subnets/VM-Data-Subnet",
                "name": "VM-Data-Subnet",
                "security_group": "/subscriptions/76eaa65e-b2f7-4eb4-b96c-f91db52fbe8a/resourceGroups/app-network-wu1-rg/providers/Microsoft.Network/networkSecurityGroups/VM-Data-Subnet-nsg"
              }
            ],
            "tags": {},
            "timeouts": null
          },
          "sensitive_attributes": [],
          "private": "eyJlMmJmYjczMC1lY2FhLTExZTYtOGY4OC0zNDM2M2JjN2M0YzAiOnsiY3JlYXRlIjoxODAwMDAwMDAwMDAwLCJkZWxldGUiOjE4MDAwMDAwMDAwMDAsInJlYWQiOjMwMDAwMDAwMDAwMCwidXBkYXRlIjoxODAwMDAwMDAwMDAwfX0=",
          "dependencies": [
            "module.app_network_rg.azurerm_resource_group.lawsrg"
          ]
        }
      ]
    }
  ],
  "check_results": null
}
