{
  "version": 4,
  "terraform_version": "1.5.7",
  "serial": 1156,
  "lineage": "0440253c-4e9a-5be2-5817-57b2a6c87fa7",
  "outputs": {},
  "resources": [
    {
      "mode": "data",
      "type": "azurerm_client_config",
      "name": "current",
      "provider": "provider[\"registry.terraform.io/hashicorp/azurerm\"]",
      "instances": [
        {
          "schema_version": 0,
          "attributes": {
            "client_id": "7e419d06-e03a-4b7b-8662-1676f116fb04",
            "id": "Y2xpZW50Q29uZmlncy9jbGllbnRJZD03ZTQxOWQwNi1lMDNhLTRiN2ItODY2Mi0xNjc2ZjExNmZiMDQ7b2JqZWN0SWQ9YjE0MjJjN2YtN2ViMC00YzVhLTkzZGYtMTllZGU5OGI0YzA4O3N1YnNjcmlwdGlvbklkPTkwYzY4M2U2LWMzZmEtNGVkZi1hYzAwLTIyNGUwY2I3YTMzYzt0ZW5hbnRJZD1mMmMzN2ViOS05ZGNiLTRiZjAtYTdkZS0wODdjYzdkNDE0YWY=",
            "object_id": "b1422c7f-7eb0-4c5a-93df-19ede98b4c08",
            "subscription_id": "90c683e6-c3fa-4edf-ac00-224e0cb7a33c",
            "tenant_id": "f2c37eb9-9dcb-4bf0-a7de-087cc7d414af",
            "timeouts": null
          },
          "sensitive_attributes": []
        }
      ]
    },
    {
      "module": "module.action_group_test",
      "mode": "managed",
      "type": "azurerm_monitor_action_group",
      "name": "action_group",
      "provider": "provider[\"registry.terraform.io/hashicorp/azurerm\"]",
      "instances": [
        {
          "schema_version": 1,
          "attributes": {
            "arm_role_receiver": [],
            "automation_runbook_receiver": [],
            "azure_app_push_receiver": [],
            "azure_function_receiver": [],
            "email_receiver": [
              {
                "email_address": "albertotlapa@outlook.com",
                "name": "sendtoadmin",
                "use_common_alert_schema": false
              }
            ],
            "enabled": true,
            "event_hub_receiver": [],
            "id": "/subscriptions/90c683e6-c3fa-4edf-ac00-224e0cb7a33c/resourceGroups/monitoring-glb-rg/providers/Microsoft.Insights/actionGroups/action_group_1",
            "itsm_receiver": [],
            "location": "global",
            "logic_app_receiver": [],
            "name": "action_group_1",
            "resource_group_name": "monitoring-glb-rg",
            "short_name": "p0action",
            "sms_receiver": [],
            "tags": {},
            "timeouts": null,
            "voice_receiver": [],
            "webhook_receiver": []
          },
          "sensitive_attributes": [],
          "private": "eyJlMmJmYjczMC1lY2FhLTExZTYtOGY4OC0zNDM2M2JjN2M0YzAiOnsiY3JlYXRlIjoxODAwMDAwMDAwMDAwLCJkZWxldGUiOjE4MDAwMDAwMDAwMDAsInJlYWQiOjMwMDAwMDAwMDAwMCwidXBkYXRlIjoxODAwMDAwMDAwMDAwfSwic2NoZW1hX3ZlcnNpb24iOiIxIn0=",
          "dependencies": [
            "module.monitoring_RG.azurerm_resource_group.lawsrg"
          ]
        }
      ]
    },
    {
      "module": "module.app_RG",
      "mode": "managed",
      "type": "azurerm_resource_group",
      "name": "lawsrg",
      "provider": "provider[\"registry.terraform.io/hashicorp/azurerm\"]",
      "instances": [
        {
          "schema_version": 0,
          "attributes": {
            "id": "/subscriptions/90c683e6-c3fa-4edf-ac00-224e0cb7a33c/resourceGroups/app-powerbi-wu-rg",
            "location": "westus",
            "managed_by": "",
            "name": "app-powerbi-wu-rg",
            "tags": {},
            "timeouts": null
          },
          "sensitive_attributes": [],
          "private": "eyJlMmJmYjczMC1lY2FhLTExZTYtOGY4OC0zNDM2M2JjN2M0YzAiOnsiY3JlYXRlIjo1NDAwMDAwMDAwMDAwLCJkZWxldGUiOjU0MDAwMDAwMDAwMDAsInJlYWQiOjMwMDAwMDAwMDAwMCwidXBkYXRlIjo1NDAwMDAwMDAwMDAwfX0="
        }
      ]
    },
    {
      "module": "module.app_network_rg",
      "mode": "managed",
      "type": "azurerm_resource_group",
      "name": "lawsrg",
      "provider": "provider[\"registry.terraform.io/hashicorp/azurerm\"]",
      "instances": [
        {
          "schema_version": 0,
          "attributes": {
            "id": "/subscriptions/90c683e6-c3fa-4edf-ac00-224e0cb7a33c/resourceGroups/app-network-wu-rg",
            "location": "westus",
            "managed_by": "",
            "name": "app-network-wu-rg",
            "tags": {},
            "timeouts": null
          },
          "sensitive_attributes": [],
          "private": "eyJlMmJmYjczMC1lY2FhLTExZTYtOGY4OC0zNDM2M2JjN2M0YzAiOnsiY3JlYXRlIjo1NDAwMDAwMDAwMDAwLCJkZWxldGUiOjU0MDAwMDAwMDAwMDAsInJlYWQiOjMwMDAwMDAwMDAwMCwidXBkYXRlIjo1NDAwMDAwMDAwMDAwfX0="
        }
      ]
    },
    {
      "module": "module.app_vnet",
      "mode": "managed",
      "type": "azurerm_network_security_group",
      "name": "vnet-nsg",
      "provider": "provider[\"registry.terraform.io/hashicorp/azurerm\"]",
      "instances": []
    },
    {
      "module": "module.audit_SA[0]",
      "mode": "managed",
      "type": "azurerm_storage_account",
      "name": "storage_account",
      "provider": "provider[\"registry.terraform.io/hashicorp/azurerm\"]",
      "instances": [
        {
          "schema_version": 4,
          "attributes": {
            "access_tier": "Hot",
            "account_kind": "StorageV2",
            "account_replication_type": "LRS",
            "account_tier": "Standard",
            "allow_nested_items_to_be_public": true,
            "allowed_copy_scope": "",
            "azure_files_authentication": [],
            "blob_properties": [
              {
                "change_feed_enabled": false,
                "change_feed_retention_in_days": 0,
                "container_delete_retention_policy": [],
                "cors_rule": [],
                "default_service_version": "",
                "delete_retention_policy": [],
                "last_access_time_enabled": false,
                "restore_policy": [],
                "versioning_enabled": false
              }
            ],
            "cross_tenant_replication_enabled": true,
            "custom_domain": [],
            "customer_managed_key": [],
            "default_to_oauth_authentication": false,
            "edge_zone": "",
            "enable_https_traffic_only": true,
            "id": "/subscriptions/90c683e6-c3fa-4edf-ac00-224e0cb7a33c/resourceGroups/audit-logs-glb-rg/providers/Microsoft.Storage/storageAccounts/auditsaalzwusta",
            "identity": [],
            "immutability_policy": [],
            "infrastructure_encryption_enabled": false,
            "is_hns_enabled": false,
            "large_file_share_enabled": null,
            "location": "westus",
            "min_tls_version": "TLS1_2",
            "name": "auditsaalzwusta",
            "network_rules": [
              {
                "bypass": [
                  "AzureServices"
                ],
                "default_action": "Allow",
                "ip_rules": [],
                "private_link_access": [],
                "virtual_network_subnet_ids": []
              }
            ],
            "nfsv3_enabled": false,
            "primary_access_key": "meSywp/jWiG6h2IUtCHbPvFTsn7wIr5CfiQezV+BI2hp1oVeaLpzMnBsjEidfUO3M+wldWTS92SP+AStgvpjZg==",
            "primary_blob_connection_string": "DefaultEndpointsProtocol=https;BlobEndpoint=https://auditsaalzwusta.blob.core.windows.net/;AccountName=auditsaalzwusta;AccountKey=meSywp/jWiG6h2IUtCHbPvFTsn7wIr5CfiQezV+BI2hp1oVeaLpzMnBsjEidfUO3M+wldWTS92SP+AStgvpjZg==",
            "primary_blob_endpoint": "https://auditsaalzwusta.blob.core.windows.net/",
            "primary_blob_host": "auditsaalzwusta.blob.core.windows.net",
            "primary_connection_string": "DefaultEndpointsProtocol=https;AccountName=auditsaalzwusta;AccountKey=meSywp/jWiG6h2IUtCHbPvFTsn7wIr5CfiQezV+BI2hp1oVeaLpzMnBsjEidfUO3M+wldWTS92SP+AStgvpjZg==;EndpointSuffix=core.windows.net",
            "primary_dfs_endpoint": "https://auditsaalzwusta.dfs.core.windows.net/",
            "primary_dfs_host": "auditsaalzwusta.dfs.core.windows.net",
            "primary_file_endpoint": "https://auditsaalzwusta.file.core.windows.net/",
            "primary_file_host": "auditsaalzwusta.file.core.windows.net",
            "primary_location": "westus",
            "primary_queue_endpoint": "https://auditsaalzwusta.queue.core.windows.net/",
            "primary_queue_host": "auditsaalzwusta.queue.core.windows.net",
            "primary_table_endpoint": "https://auditsaalzwusta.table.core.windows.net/",
            "primary_table_host": "auditsaalzwusta.table.core.windows.net",
            "primary_web_endpoint": "https://auditsaalzwusta.z22.web.core.windows.net/",
            "primary_web_host": "auditsaalzwusta.z22.web.core.windows.net",
            "public_network_access_enabled": true,
            "queue_encryption_key_type": "Service",
            "queue_properties": [
              {
                "cors_rule": [],
                "hour_metrics": [
                  {
                    "enabled": true,
                    "include_apis": true,
                    "retention_policy_days": 7,
                    "version": "1.0"
                  }
                ],
                "logging": [
                  {
                    "delete": false,
                    "read": false,
                    "retention_policy_days": 0,
                    "version": "1.0",
                    "write": false
                  }
                ],
                "minute_metrics": [
                  {
                    "enabled": false,
                    "include_apis": false,
                    "retention_policy_days": 0,
                    "version": "1.0"
                  }
                ]
              }
            ],
            "resource_group_name": "audit-logs-glb-rg",
            "routing": [],
            "sas_policy": [],
            "secondary_access_key": "YXRhb5HgB9Dx/KjF4yrzaI/55UjyJS6egto/4TQvpEtrTlRJvI1wEFxfc2IsKxQm6YnpPvBlpyJP+AStUBW3fw==",
            "secondary_blob_connection_string": "",
            "secondary_blob_endpoint": null,
            "secondary_blob_host": null,
            "secondary_connection_string": "DefaultEndpointsProtocol=https;AccountName=auditsaalzwusta;AccountKey=YXRhb5HgB9Dx/KjF4yrzaI/55UjyJS6egto/4TQvpEtrTlRJvI1wEFxfc2IsKxQm6YnpPvBlpyJP+AStUBW3fw==;EndpointSuffix=core.windows.net",
            "secondary_dfs_endpoint": null,
            "secondary_dfs_host": null,
            "secondary_file_endpoint": null,
            "secondary_file_host": null,
            "secondary_location": "",
            "secondary_queue_endpoint": null,
            "secondary_queue_host": null,
            "secondary_table_endpoint": null,
            "secondary_table_host": null,
            "secondary_web_endpoint": null,
            "secondary_web_host": null,
            "sftp_enabled": false,
            "share_properties": [
              {
                "cors_rule": [],
                "retention_policy": [
                  {
                    "days": 7
                  }
                ],
                "smb": []
              }
            ],
            "shared_access_key_enabled": true,
            "static_website": [],
            "table_encryption_key_type": "Service",
            "tags": {},
            "timeouts": null
          },
          "sensitive_attributes": [],
          "private": "eyJlMmJmYjczMC1lY2FhLTExZTYtOGY4OC0zNDM2M2JjN2M0YzAiOnsiY3JlYXRlIjozNjAwMDAwMDAwMDAwLCJkZWxldGUiOjM2MDAwMDAwMDAwMDAsInJlYWQiOjMwMDAwMDAwMDAwMCwidXBkYXRlIjozNjAwMDAwMDAwMDAwfSwic2NoZW1hX3ZlcnNpb24iOiI0In0=",
          "dependencies": [
            "module.auditlogs_RG.azurerm_resource_group.lawsrg"
          ]
        }
      ]
    },
    {
      "module": "module.auditlogs_RG",
      "mode": "managed",
      "type": "azurerm_resource_group",
      "name": "lawsrg",
      "provider": "provider[\"registry.terraform.io/hashicorp/azurerm\"]",
      "instances": [
        {
          "schema_version": 0,
          "attributes": {
            "id": "/subscriptions/90c683e6-c3fa-4edf-ac00-224e0cb7a33c/resourceGroups/audit-logs-glb-rg",
            "location": "westus",
            "managed_by": "",
            "name": "audit-logs-glb-rg",
            "tags": {},
            "timeouts": null
          },
          "sensitive_attributes": [],
          "private": "eyJlMmJmYjczMC1lY2FhLTExZTYtOGY4OC0zNDM2M2JjN2M0YzAiOnsiY3JlYXRlIjo1NDAwMDAwMDAwMDAwLCJkZWxldGUiOjU0MDAwMDAwMDAwMDAsInJlYWQiOjMwMDAwMDAwMDAwMCwidXBkYXRlIjo1NDAwMDAwMDAwMDAwfX0="
        }
      ]
    },
    {
      "module": "module.auditlogs_WS",
      "mode": "managed",
      "type": "azurerm_log_analytics_workspace",
      "name": "laws",
      "provider": "provider[\"registry.terraform.io/hashicorp/azurerm\"]",
      "instances": [
        {
          "schema_version": 3,
          "attributes": {
            "allow_resource_only_permissions": true,
            "cmk_for_query_forced": false,
            "daily_quota_gb": -1,
            "id": "/subscriptions/90c683e6-c3fa-4edf-ac00-224e0cb7a33c/resourceGroups/audit-logs-glb-rg/providers/Microsoft.OperationalInsights/workspaces/auditlogs-alz-wu-workspace",
            "internet_ingestion_enabled": true,
            "internet_query_enabled": true,
            "local_authentication_disabled": false,
            "location": "westus",
            "name": "auditlogs-alz-wu-workspace",
            "primary_shared_key": "S1buGffuZzkzTL5tpwtHzkBIA0WDFPRcmg0yxkZ4mkhRJoy8P2E415M+LaUu0Dj1XaBODqoG9fuvlCtgNcapQw==",
            "reservation_capacity_in_gb_per_day": null,
            "resource_group_name": "audit-logs-glb-rg",
            "retention_in_days": 90,
            "secondary_shared_key": "GbUbPsxz8Ue3FvW+rLF12Xzg2APRNG+ah2cjVXh8hyHymuLE2jnJ1qsytXjP/SDFCb+QMsZF+l5X9BDctVIeAg==",
            "sku": "PerGB2018",
            "tags": {},
            "timeouts": null,
            "workspace_id": "8188e722-3ee2-4464-bc2d-73d3d0b77c2a"
          },
          "sensitive_attributes": [],
          "private": "eyJlMmJmYjczMC1lY2FhLTExZTYtOGY4OC0zNDM2M2JjN2M0YzAiOnsiY3JlYXRlIjoxODAwMDAwMDAwMDAwLCJkZWxldGUiOjE4MDAwMDAwMDAwMDAsInJlYWQiOjMwMDAwMDAwMDAwMCwidXBkYXRlIjoxODAwMDAwMDAwMDAwfSwic2NoZW1hX3ZlcnNpb24iOiIzIn0=",
          "dependencies": [
            "module.auditlogs_RG.azurerm_resource_group.lawsrg"
          ]
        }
      ]
    },
    {
      "module": "module.az_fw_in_out",
      "mode": "managed",
      "type": "azurerm_firewall",
      "name": "firewall",
      "provider": "provider[\"registry.terraform.io/hashicorp/azurerm\"]",
      "instances": [
        {
          "schema_version": 0,
          "attributes": {
            "dns_servers": [],
            "firewall_policy_id": null,
            "id": "/subscriptions/90c683e6-c3fa-4edf-ac00-224e0cb7a33c/resourceGroups/network-wu-rg/providers/Microsoft.Network/azureFirewalls/amvacfw",
            "ip_configuration": [
              {
                "name": "configuration",
                "private_ip_address": "10.32.92.4",
                "public_ip_address_id": "/subscriptions/90c683e6-c3fa-4edf-ac00-224e0cb7a33c/resourceGroups/network-wu-rg/providers/Microsoft.Network/publicIPAddresses/firewall-pipwu-vpn-pip",
                "subnet_id": "/subscriptions/90c683e6-c3fa-4edf-ac00-224e0cb7a33c/resourceGroups/network-wu-rg/providers/Microsoft.Network/virtualNetworks/var.hubvnet-wu-1/subnets/AzureFirewallSubnet"
              }
            ],
            "location": "westus",
            "management_ip_configuration": [],
            "name": "amvacfw",
            "private_ip_ranges": [],
            "resource_group_name": "network-wu-rg",
            "sku_name": "AZFW_VNet",
            "sku_tier": "Standard",
            "tags": {},
            "threat_intel_mode": "Alert",
            "timeouts": null,
            "virtual_hub": [],
            "zones": []
          },
          "sensitive_attributes": [],
          "private": "eyJlMmJmYjczMC1lY2FhLTExZTYtOGY4OC0zNDM2M2JjN2M0YzAiOnsiY3JlYXRlIjo1NDAwMDAwMDAwMDAwLCJkZWxldGUiOjU0MDAwMDAwMDAwMDAsInJlYWQiOjMwMDAwMDAwMDAwMCwidXBkYXRlIjo1NDAwMDAwMDAwMDAwfX0=",
          "dependencies": [
            "module.fw_pip.azurerm_public_ip.pip",
            "module.hub_network_rg.azurerm_resource_group.lawsrg",
            "module.hub_vnet_rgn1.azurerm_network_security_group.vnet-nsg",
            "module.hub_vnet_rgn1.azurerm_virtual_network.az_vnet"
          ]
        }
      ]
    },
    {
      "module": "module.backup_RG",
      "mode": "managed",
      "type": "azurerm_resource_group",
      "name": "lawsrg",
      "provider": "provider[\"registry.terraform.io/hashicorp/azurerm\"]",
      "instances": [
        {
          "schema_version": 0,
          "attributes": {
            "id": "/subscriptions/90c683e6-c3fa-4edf-ac00-224e0cb7a33c/resourceGroups/backup-wu-rg",
            "location": "westus",
            "managed_by": "",
            "name": "backup-wu-rg",
            "tags": {},
            "timeouts": null
          },
          "sensitive_attributes": [],
          "private": "eyJlMmJmYjczMC1lY2FhLTExZTYtOGY4OC0zNDM2M2JjN2M0YzAiOnsiY3JlYXRlIjo1NDAwMDAwMDAwMDAwLCJkZWxldGUiOjU0MDAwMDAwMDAwMDAsInJlYWQiOjMwMDAwMDAwMDAwMCwidXBkYXRlIjo1NDAwMDAwMDAwMDAwfX0="
        }
      ]
    },
    {
      "module": "module.backup_recovery_service_vault",
      "mode": "managed",
      "type": "azurerm_recovery_services_vault",
      "name": "vault",
      "provider": "provider[\"registry.terraform.io/hashicorp/azurerm\"]",
      "instances": [
        {
          "schema_version": 0,
          "attributes": {
            "classic_vmware_replication_enabled": null,
            "cross_region_restore_enabled": false,
            "encryption": [],
            "id": "/subscriptions/90c683e6-c3fa-4edf-ac00-224e0cb7a33c/resourceGroups/backup-wu-rg/providers/Microsoft.RecoveryServices/vaults/backup-wu-rsv",
            "identity": [],
            "immutability": null,
            "location": "westus",
            "monitoring": [],
            "name": "backup-wu-rsv",
            "public_network_access_enabled": true,
            "resource_group_name": "backup-wu-rg",
            "sku": "Standard",
            "soft_delete_enabled": true,
            "storage_mode_type": "GeoRedundant",
            "tags": {},
            "timeouts": null
          },
          "sensitive_attributes": [],
          "private": "eyJlMmJmYjczMC1lY2FhLTExZTYtOGY4OC0zNDM2M2JjN2M0YzAiOnsiY3JlYXRlIjo3MjAwMDAwMDAwMDAwLCJkZWxldGUiOjE4MDAwMDAwMDAwMDAsInJlYWQiOjMwMDAwMDAwMDAwMCwidXBkYXRlIjozNjAwMDAwMDAwMDAwfX0=",
          "dependencies": [
            "module.backup_RG.azurerm_resource_group.lawsrg"
          ]
        }
      ]
    },
    {
      "module": "module.cost_mgmt_sa[0]",
      "mode": "managed",
      "type": "azurerm_storage_account",
      "name": "storage_account",
      "provider": "provider[\"registry.terraform.io/hashicorp/azurerm\"]",
      "instances": [
        {
          "schema_version": 4,
          "attributes": {
            "access_tier": "Hot",
            "account_kind": "StorageV2",
            "account_replication_type": "LRS",
            "account_tier": "Standard",
            "allow_nested_items_to_be_public": true,
            "allowed_copy_scope": "",
            "azure_files_authentication": [],
            "blob_properties": [
              {
                "change_feed_enabled": false,
                "change_feed_retention_in_days": 0,
                "container_delete_retention_policy": [],
                "cors_rule": [],
                "default_service_version": "",
                "delete_retention_policy": [],
                "last_access_time_enabled": false,
                "restore_policy": [],
                "versioning_enabled": false
              }
            ],
            "cross_tenant_replication_enabled": true,
            "custom_domain": [],
            "customer_managed_key": [],
            "default_to_oauth_authentication": false,
            "edge_zone": "",
            "enable_https_traffic_only": true,
            "id": "/subscriptions/90c683e6-c3fa-4edf-ac00-224e0cb7a33c/resourceGroups/costmgmt-glb-rg/providers/Microsoft.Storage/storageAccounts/costmgmtwusta",
            "identity": [],
            "immutability_policy": [],
            "infrastructure_encryption_enabled": false,
            "is_hns_enabled": false,
            "large_file_share_enabled": null,
            "location": "westus",
            "min_tls_version": "TLS1_2",
            "name": "costmgmtwusta",
            "network_rules": [
              {
                "bypass": [
                  "AzureServices"
                ],
                "default_action": "Allow",
                "ip_rules": [],
                "private_link_access": [],
                "virtual_network_subnet_ids": []
              }
            ],
            "nfsv3_enabled": false,
            "primary_access_key": "mEYuhhAr3NWzw2V9V479+VPwBD11CPBNoufUP8EoXHv3rzqGVBNxy4HZ0yPyHD/pp8EVESB53bG8+AStwNJP0A==",
            "primary_blob_connection_string": "DefaultEndpointsProtocol=https;BlobEndpoint=https://costmgmtwusta.blob.core.windows.net/;AccountName=costmgmtwusta;AccountKey=mEYuhhAr3NWzw2V9V479+VPwBD11CPBNoufUP8EoXHv3rzqGVBNxy4HZ0yPyHD/pp8EVESB53bG8+AStwNJP0A==",
            "primary_blob_endpoint": "https://costmgmtwusta.blob.core.windows.net/",
            "primary_blob_host": "costmgmtwusta.blob.core.windows.net",
            "primary_connection_string": "DefaultEndpointsProtocol=https;AccountName=costmgmtwusta;AccountKey=mEYuhhAr3NWzw2V9V479+VPwBD11CPBNoufUP8EoXHv3rzqGVBNxy4HZ0yPyHD/pp8EVESB53bG8+AStwNJP0A==;EndpointSuffix=core.windows.net",
            "primary_dfs_endpoint": "https://costmgmtwusta.dfs.core.windows.net/",
            "primary_dfs_host": "costmgmtwusta.dfs.core.windows.net",
            "primary_file_endpoint": "https://costmgmtwusta.file.core.windows.net/",
            "primary_file_host": "costmgmtwusta.file.core.windows.net",
            "primary_location": "westus",
            "primary_queue_endpoint": "https://costmgmtwusta.queue.core.windows.net/",
            "primary_queue_host": "costmgmtwusta.queue.core.windows.net",
            "primary_table_endpoint": "https://costmgmtwusta.table.core.windows.net/",
            "primary_table_host": "costmgmtwusta.table.core.windows.net",
            "primary_web_endpoint": "https://costmgmtwusta.z22.web.core.windows.net/",
            "primary_web_host": "costmgmtwusta.z22.web.core.windows.net",
            "public_network_access_enabled": true,
            "queue_encryption_key_type": "Service",
            "queue_properties": [
              {
                "cors_rule": [],
                "hour_metrics": [
                  {
                    "enabled": true,
                    "include_apis": true,
                    "retention_policy_days": 7,
                    "version": "1.0"
                  }
                ],
                "logging": [
                  {
                    "delete": false,
                    "read": false,
                    "retention_policy_days": 0,
                    "version": "1.0",
                    "write": false
                  }
                ],
                "minute_metrics": [
                  {
                    "enabled": false,
                    "include_apis": false,
                    "retention_policy_days": 0,
                    "version": "1.0"
                  }
                ]
              }
            ],
            "resource_group_name": "costmgmt-glb-rg",
            "routing": [],
            "sas_policy": [],
            "secondary_access_key": "X1E0fy/MAPPjzBIZEjtsGvXaZ73EKzmz+dh/Akwg93MAcyiU4URK5i6wimpBQekSJiIMy6LT7jbP+AStlpDLzg==",
            "secondary_blob_connection_string": "",
            "secondary_blob_endpoint": null,
            "secondary_blob_host": null,
            "secondary_connection_string": "DefaultEndpointsProtocol=https;AccountName=costmgmtwusta;AccountKey=X1E0fy/MAPPjzBIZEjtsGvXaZ73EKzmz+dh/Akwg93MAcyiU4URK5i6wimpBQekSJiIMy6LT7jbP+AStlpDLzg==;EndpointSuffix=core.windows.net",
            "secondary_dfs_endpoint": null,
            "secondary_dfs_host": null,
            "secondary_file_endpoint": null,
            "secondary_file_host": null,
            "secondary_location": "",
            "secondary_queue_endpoint": null,
            "secondary_queue_host": null,
            "secondary_table_endpoint": null,
            "secondary_table_host": null,
            "secondary_web_endpoint": null,
            "secondary_web_host": null,
            "sftp_enabled": false,
            "share_properties": [
              {
                "cors_rule": [],
                "retention_policy": [
                  {
                    "days": 7
                  }
                ],
                "smb": []
              }
            ],
            "shared_access_key_enabled": true,
            "static_website": [],
            "table_encryption_key_type": "Service",
            "tags": {},
            "timeouts": null
          },
          "sensitive_attributes": [],
          "private": "eyJlMmJmYjczMC1lY2FhLTExZTYtOGY4OC0zNDM2M2JjN2M0YzAiOnsiY3JlYXRlIjozNjAwMDAwMDAwMDAwLCJkZWxldGUiOjM2MDAwMDAwMDAwMDAsInJlYWQiOjMwMDAwMDAwMDAwMCwidXBkYXRlIjozNjAwMDAwMDAwMDAwfSwic2NoZW1hX3ZlcnNpb24iOiI0In0=",
          "dependencies": [
            "module.costmgmt_RG.azurerm_resource_group.lawsrg"
          ]
        }
      ]
    },
    {
      "module": "module.costmgmt_RG",
      "mode": "managed",
      "type": "azurerm_resource_group",
      "name": "lawsrg",
      "provider": "provider[\"registry.terraform.io/hashicorp/azurerm\"]",
      "instances": [
        {
          "schema_version": 0,
          "attributes": {
            "id": "/subscriptions/90c683e6-c3fa-4edf-ac00-224e0cb7a33c/resourceGroups/costmgmt-glb-rg",
            "location": "westus",
            "managed_by": "",
            "name": "costmgmt-glb-rg",
            "tags": {},
            "timeouts": null
          },
          "sensitive_attributes": [],
          "private": "eyJlMmJmYjczMC1lY2FhLTExZTYtOGY4OC0zNDM2M2JjN2M0YzAiOnsiY3JlYXRlIjo1NDAwMDAwMDAwMDAwLCJkZWxldGUiOjU0MDAwMDAwMDAwMDAsInJlYWQiOjMwMDAwMDAwMDAwMCwidXBkYXRlIjo1NDAwMDAwMDAwMDAwfX0="
        }
      ]
    },
    {
      "module": "module.dr_aut_acc",
      "mode": "managed",
      "type": "azurerm_automation_account",
      "name": "automation_acc",
      "provider": "provider[\"registry.terraform.io/hashicorp/azurerm\"]",
      "instances": [
        {
          "schema_version": 0,
          "attributes": {
            "dsc_primary_access_key": "PtAUMJf7gqMwifTlTk0vsn7E1/5sWEYZOw5nml1Y51BDAmvjXdcQM9/g9MZdI6UpcmVLZT+Pq0K8K6xChiSDHQ==",
            "dsc_secondary_access_key": "JQxAooBHP7TCAmGJM32t4qypHaH1D+THZvNY8mMMpqdCeew3DI56bYkDUrZeABwCXcXhDkTD+4YWgrs8nZze9A==",
            "dsc_server_endpoint": "https://45b83d4f-03ee-4e5c-a54a-dee19fa93a80.agentsvc.usw3.azure-automation.net/accounts/45b83d4f-03ee-4e5c-a54a-dee19fa93a80",
            "encryption": [],
            "hybrid_service_url": "https://45b83d4f-03ee-4e5c-a54a-dee19fa93a80.jrds.usw3.azure-automation.net/automationAccounts/45b83d4f-03ee-4e5c-a54a-dee19fa93a80",
            "id": "/subscriptions/90c683e6-c3fa-4edf-ac00-224e0cb7a33c/resourceGroups/recovery-wu3-rg/providers/Microsoft.Automation/automationAccounts/recovery-wu3-autacc",
            "identity": [],
            "local_authentication_enabled": true,
            "location": "westus3",
            "name": "recovery-wu3-autacc",
            "private_endpoint_connection": [],
            "public_network_access_enabled": true,
            "resource_group_name": "recovery-wu3-rg",
            "sku_name": "Basic",
            "tags": {},
            "timeouts": null
          },
          "sensitive_attributes": [],
          "private": "eyJlMmJmYjczMC1lY2FhLTExZTYtOGY4OC0zNDM2M2JjN2M0YzAiOnsiY3JlYXRlIjoxODAwMDAwMDAwMDAwLCJkZWxldGUiOjE4MDAwMDAwMDAwMDAsInJlYWQiOjMwMDAwMDAwMDAwMCwidXBkYXRlIjoxODAwMDAwMDAwMDAwfX0=",
          "dependencies": [
            "module.recovery_rg.azurerm_resource_group.lawsrg"
          ]
        }
      ]
    },
    {
      "module": "module.dr_rsv",
      "mode": "managed",
      "type": "azurerm_recovery_services_vault",
      "name": "vault",
      "provider": "provider[\"registry.terraform.io/hashicorp/azurerm\"]",
      "instances": [
        {
          "schema_version": 0,
          "attributes": {
            "classic_vmware_replication_enabled": null,
            "cross_region_restore_enabled": false,
            "encryption": [],
            "id": "/subscriptions/90c683e6-c3fa-4edf-ac00-224e0cb7a33c/resourceGroups/recovery-wu3-rg/providers/Microsoft.RecoveryServices/vaults/asr-wu3-rsv",
            "identity": [],
            "immutability": null,
            "location": "westus3",
            "monitoring": [],
            "name": "asr-wu3-rsv",
            "public_network_access_enabled": true,
            "resource_group_name": "recovery-wu3-rg",
            "sku": "Standard",
            "soft_delete_enabled": true,
            "storage_mode_type": "GeoRedundant",
            "tags": {},
            "timeouts": null
          },
          "sensitive_attributes": [],
          "private": "eyJlMmJmYjczMC1lY2FhLTExZTYtOGY4OC0zNDM2M2JjN2M0YzAiOnsiY3JlYXRlIjo3MjAwMDAwMDAwMDAwLCJkZWxldGUiOjE4MDAwMDAwMDAwMDAsInJlYWQiOjMwMDAwMDAwMDAwMCwidXBkYXRlIjozNjAwMDAwMDAwMDAwfX0=",
          "dependencies": [
            "module.recovery_rg.azurerm_resource_group.lawsrg"
          ]
        }
      ]
    },
    {
      "module": "module.fw_pip",
      "mode": "managed",
      "type": "azurerm_public_ip",
      "name": "pip",
      "provider": "provider[\"registry.terraform.io/hashicorp/azurerm\"]",
      "instances": [
        {
          "schema_version": 0,
          "attributes": {
            "allocation_method": "Static",
            "ddos_protection_mode": "VirtualNetworkInherited",
            "ddos_protection_plan_id": null,
            "domain_name_label": null,
            "edge_zone": "",
            "fqdn": null,
            "id": "/subscriptions/90c683e6-c3fa-4edf-ac00-224e0cb7a33c/resourceGroups/network-wu-rg/providers/Microsoft.Network/publicIPAddresses/firewall-pipwu-vpn-pip",
            "idle_timeout_in_minutes": 4,
            "ip_address": "13.91.178.30",
            "ip_tags": {},
            "ip_version": "IPv4",
            "location": "westus",
            "name": "firewall-pipwu-vpn-pip",
            "public_ip_prefix_id": null,
            "resource_group_name": "network-wu-rg",
            "reverse_fqdn": null,
            "sku": "Standard",
            "sku_tier": "Regional",
            "tags": {},
            "timeouts": null,
            "zones": []
          },
          "sensitive_attributes": [],
          "private": "eyJlMmJmYjczMC1lY2FhLTExZTYtOGY4OC0zNDM2M2JjN2M0YzAiOnsiY3JlYXRlIjoxODAwMDAwMDAwMDAwLCJkZWxldGUiOjE4MDAwMDAwMDAwMDAsInJlYWQiOjMwMDAwMDAwMDAwMCwidXBkYXRlIjoxODAwMDAwMDAwMDAwfX0=",
          "dependencies": [
            "module.hub_network_rg.azurerm_resource_group.lawsrg"
          ]
        }
      ]
    },
    {
      "module": "module.hub_network_rg",
      "mode": "managed",
      "type": "azurerm_resource_group",
      "name": "lawsrg",
      "provider": "provider[\"registry.terraform.io/hashicorp/azurerm\"]",
      "instances": [
        {
          "schema_version": 0,
          "attributes": {
            "id": "/subscriptions/90c683e6-c3fa-4edf-ac00-224e0cb7a33c/resourceGroups/network-wu-rg",
            "location": "westus",
            "managed_by": "",
            "name": "network-wu-rg",
            "tags": {},
            "timeouts": null
          },
          "sensitive_attributes": [],
          "private": "eyJlMmJmYjczMC1lY2FhLTExZTYtOGY4OC0zNDM2M2JjN2M0YzAiOnsiY3JlYXRlIjo1NDAwMDAwMDAwMDAwLCJkZWxldGUiOjU0MDAwMDAwMDAwMDAsInJlYWQiOjMwMDAwMDAwMDAwMCwidXBkYXRlIjo1NDAwMDAwMDAwMDAwfX0="
        }
      ]
    },
    {
      "module": "module.hub_vnet_rgn1",
      "mode": "managed",
      "type": "azurerm_network_security_group",
      "name": "vnet-nsg",
      "provider": "provider[\"registry.terraform.io/hashicorp/azurerm\"]",
      "instances": []
    },
    {
      "module": "module.hub_vnet_rgn1",
      "mode": "managed",
      "type": "azurerm_virtual_network",
      "name": "az_vnet",
      "provider": "provider[\"registry.terraform.io/hashicorp/azurerm\"]",
      "instances": [
        {
          "schema_version": 0,
          "attributes": {
            "address_space": [
              "10.32.92.0/22"
            ],
            "bgp_community": "",
            "ddos_protection_plan": [],
            "dns_servers": [],
            "edge_zone": "",
            "encryption": [],
            "flow_timeout_in_minutes": 0,
            "guid": "bc2c7064-6132-4744-9e38-6da4226a7789",
            "id": "/subscriptions/90c683e6-c3fa-4edf-ac00-224e0cb7a33c/resourceGroups/network-wu-rg/providers/Microsoft.Network/virtualNetworks/var.hubvnet-wu-1",
            "location": "westus",
            "name": "var.hubvnet-wu-1",
            "resource_group_name": "network-wu-rg",
            "subnet": [
              {
                "address_prefix": "10.32.92.0/26",
                "id": "/subscriptions/90c683e6-c3fa-4edf-ac00-224e0cb7a33c/resourceGroups/network-wu-rg/providers/Microsoft.Network/virtualNetworks/var.hubvnet-wu-1/subnets/AzureFirewallSubnet",
                "name": "AzureFirewallSubnet",
                "security_group": ""
              },
              {
                "address_prefix": "10.32.95.224/27",
                "id": "/subscriptions/90c683e6-c3fa-4edf-ac00-224e0cb7a33c/resourceGroups/network-wu-rg/providers/Microsoft.Network/virtualNetworks/var.hubvnet-wu-1/subnets/GatewaySubnet",
                "name": "GatewaySubnet",
                "security_group": ""
              }
            ],
            "tags": {},
            "timeouts": null
          },
          "sensitive_attributes": [],
          "private": "eyJlMmJmYjczMC1lY2FhLTExZTYtOGY4OC0zNDM2M2JjN2M0YzAiOnsiY3JlYXRlIjoxODAwMDAwMDAwMDAwLCJkZWxldGUiOjE4MDAwMDAwMDAwMDAsInJlYWQiOjMwMDAwMDAwMDAwMCwidXBkYXRlIjoxODAwMDAwMDAwMDAwfX0=",
          "dependencies": [
            "module.hub_network_rg.azurerm_resource_group.lawsrg",
            "module.hub_vnet_rgn1.azurerm_network_security_group.vnet-nsg"
          ]
        }
      ]
    },
    {
      "module": "module.keyvault[0]",
      "mode": "managed",
      "type": "azurerm_key_vault",
      "name": "keyvault",
      "provider": "provider[\"registry.terraform.io/hashicorp/azurerm\"]",
      "instances": [
        {
          "schema_version": 2,
          "attributes": {
            "access_policy": [
              {
                "application_id": "",
                "certificate_permissions": [],
                "key_permissions": [
                  "List",
                  "Create",
                  "Delete",
                  "Get",
                  "Purge",
                  "Recover",
                  "Update",
                  "GetRotationPolicy",
                  "SetRotationPolicy"
                ],
                "object_id": "d223ee36-0475-4dbb-b3f0-96d8d8a65363",
                "secret_permissions": [
                  "Backup",
                  "Delete",
                  "Get",
                  "List",
                  "Purge",
                  "Recover",
                  "Restore",
                  "Set"
                ],
                "storage_permissions": [],
                "tenant_id": "f2c37eb9-9dcb-4bf0-a7de-087cc7d414af"
              },
              {
                "application_id": "",
                "certificate_permissions": [],
                "key_permissions": [
                  "List",
                  "Create",
                  "Delete",
                  "Get",
                  "Purge",
                  "Recover",
                  "Update",
                  "GetRotationPolicy",
                  "SetRotationPolicy"
                ],
                "object_id": "b1422c7f-7eb0-4c5a-93df-19ede98b4c08",
                "secret_permissions": [
                  "Backup",
                  "Delete",
                  "Get",
                  "List",
                  "Purge",
                  "Recover",
                  "Restore",
                  "Set"
                ],
                "storage_permissions": [],
                "tenant_id": "f2c37eb9-9dcb-4bf0-a7de-087cc7d414af"
              }
            ],
            "contact": [],
            "enable_rbac_authorization": false,
            "enabled_for_deployment": false,
            "enabled_for_disk_encryption": false,
            "enabled_for_template_deployment": false,
            "id": "/subscriptions/90c683e6-c3fa-4edf-ac00-224e0cb7a33c/resourceGroups/keys-glb-rg/providers/Microsoft.KeyVault/vaults/platform-keys-wu-kv",
            "location": "westus",
            "name": "platform-keys-wu-kv",
            "network_acls": [
              {
                "bypass": "AzureServices",
                "default_action": "Allow",
                "ip_rules": [],
                "virtual_network_subnet_ids": []
              }
            ],
            "public_network_access_enabled": true,
            "purge_protection_enabled": false,
            "resource_group_name": "keys-glb-rg",
            "sku_name": "standard",
            "soft_delete_retention_days": 7,
            "tags": {},
            "tenant_id": "f2c37eb9-9dcb-4bf0-a7de-087cc7d414af",
            "timeouts": null,
            "vault_uri": "https://platform-keys-wu-kv.vault.azure.net/"
          },
          "sensitive_attributes": [],
          "private": "eyJlMmJmYjczMC1lY2FhLTExZTYtOGY4OC0zNDM2M2JjN2M0YzAiOnsiY3JlYXRlIjoxODAwMDAwMDAwMDAwLCJkZWxldGUiOjE4MDAwMDAwMDAwMDAsInJlYWQiOjMwMDAwMDAwMDAwMCwidXBkYXRlIjoxODAwMDAwMDAwMDAwfSwic2NoZW1hX3ZlcnNpb24iOiIyIn0=",
          "dependencies": [
            "data.azurerm_client_config.current",
            "module.keyvault_RG.azurerm_resource_group.lawsrg"
          ]
        }
      ]
    },
    {
      "module": "module.keyvault_RG",
      "mode": "managed",
      "type": "azurerm_resource_group",
      "name": "lawsrg",
      "provider": "provider[\"registry.terraform.io/hashicorp/azurerm\"]",
      "instances": [
        {
          "schema_version": 0,
          "attributes": {
            "id": "/subscriptions/90c683e6-c3fa-4edf-ac00-224e0cb7a33c/resourceGroups/keys-glb-rg",
            "location": "westus",
            "managed_by": "",
            "name": "keys-glb-rg",
            "tags": {},
            "timeouts": null
          },
          "sensitive_attributes": [],
          "private": "eyJlMmJmYjczMC1lY2FhLTExZTYtOGY4OC0zNDM2M2JjN2M0YzAiOnsiY3JlYXRlIjo1NDAwMDAwMDAwMDAwLCJkZWxldGUiOjU0MDAwMDAwMDAwMDAsInJlYWQiOjMwMDAwMDAwMDAwMCwidXBkYXRlIjo1NDAwMDAwMDAwMDAwfX0="
        }
      ]
    },
    {
      "module": "module.monitoring_RG",
      "mode": "managed",
      "type": "azurerm_resource_group",
      "name": "lawsrg",
      "provider": "provider[\"registry.terraform.io/hashicorp/azurerm\"]",
      "instances": [
        {
          "schema_version": 0,
          "attributes": {
            "id": "/subscriptions/90c683e6-c3fa-4edf-ac00-224e0cb7a33c/resourceGroups/monitoring-glb-rg",
            "location": "westus",
            "managed_by": "",
            "name": "monitoring-glb-rg",
            "tags": {},
            "timeouts": null
          },
          "sensitive_attributes": [],
          "private": "eyJlMmJmYjczMC1lY2FhLTExZTYtOGY4OC0zNDM2M2JjN2M0YzAiOnsiY3JlYXRlIjo1NDAwMDAwMDAwMDAwLCJkZWxldGUiOjU0MDAwMDAwMDAwMDAsInJlYWQiOjMwMDAwMDAwMDAwMCwidXBkYXRlIjo1NDAwMDAwMDAwMDAwfX0="
        }
      ]
    },
    {
      "module": "module.operationallogs_WS",
      "mode": "managed",
      "type": "azurerm_log_analytics_workspace",
      "name": "laws",
      "provider": "provider[\"registry.terraform.io/hashicorp/azurerm\"]",
      "instances": [
        {
          "schema_version": 3,
          "attributes": {
            "allow_resource_only_permissions": true,
            "cmk_for_query_forced": false,
            "daily_quota_gb": -1,
            "id": "/subscriptions/90c683e6-c3fa-4edf-ac00-224e0cb7a33c/resourceGroups/monitoring-glb-rg/providers/Microsoft.OperationalInsights/workspaces/operationallogs-alz-wu-workspace",
            "internet_ingestion_enabled": true,
            "internet_query_enabled": true,
            "local_authentication_disabled": false,
            "location": "westus",
            "name": "operationallogs-alz-wu-workspace",
            "primary_shared_key": "dc4pvLcchAsHZksrx0hwcNjU9yj1Zfl3TfHd97l+cLAeK7OQufCsNSUTxG55HH5KpUwFy5xoSUOGBTRkTXTYXw==",
            "reservation_capacity_in_gb_per_day": null,
            "resource_group_name": "monitoring-glb-rg",
            "retention_in_days": 90,
            "secondary_shared_key": "bdCmLLcn5wYb57pnDfJw36NxheKS9zYOEC08eKfkv2CaailbAGEHAVQW3cgyNk8W2vt8GSTiur33ck5t13gHwA==",
            "sku": "PerGB2018",
            "tags": {},
            "timeouts": null,
            "workspace_id": "71415e2d-91e3-424d-a8e5-60cbc3fb6bde"
          },
          "sensitive_attributes": [],
          "private": "eyJlMmJmYjczMC1lY2FhLTExZTYtOGY4OC0zNDM2M2JjN2M0YzAiOnsiY3JlYXRlIjoxODAwMDAwMDAwMDAwLCJkZWxldGUiOjE4MDAwMDAwMDAwMDAsInJlYWQiOjMwMDAwMDAwMDAwMCwidXBkYXRlIjoxODAwMDAwMDAwMDAwfSwic2NoZW1hX3ZlcnNpb24iOiIzIn0=",
          "dependencies": [
            "module.monitoring_RG.azurerm_resource_group.lawsrg"
          ]
        }
      ]
    },
    {
      "module": "module.pip_nat_gw",
      "mode": "managed",
      "type": "azurerm_public_ip",
      "name": "pip",
      "provider": "provider[\"registry.terraform.io/hashicorp/azurerm\"]",
      "instances": [
        {
          "schema_version": 0,
          "attributes": {
            "allocation_method": "Static",
            "ddos_protection_mode": "VirtualNetworkInherited",
            "ddos_protection_plan_id": null,
            "domain_name_label": null,
            "edge_zone": "",
            "fqdn": null,
            "id": "/subscriptions/90c683e6-c3fa-4edf-ac00-224e0cb7a33c/resourceGroups/network-wu-rg/providers/Microsoft.Network/publicIPAddresses/natgw_pipwu-vpn-pip",
            "idle_timeout_in_minutes": 4,
            "ip_address": "13.91.177.160",
            "ip_tags": {},
            "ip_version": "IPv4",
            "location": "westus",
            "name": "natgw_pipwu-vpn-pip",
            "public_ip_prefix_id": null,
            "resource_group_name": "network-wu-rg",
            "reverse_fqdn": null,
            "sku": "Standard",
            "sku_tier": "Regional",
            "tags": {},
            "timeouts": null,
            "zones": []
          },
          "sensitive_attributes": [],
          "private": "eyJlMmJmYjczMC1lY2FhLTExZTYtOGY4OC0zNDM2M2JjN2M0YzAiOnsiY3JlYXRlIjoxODAwMDAwMDAwMDAwLCJkZWxldGUiOjE4MDAwMDAwMDAwMDAsInJlYWQiOjMwMDAwMDAwMDAwMCwidXBkYXRlIjoxODAwMDAwMDAwMDAwfX0=",
          "dependencies": [
            "module.hub_network_rg.azurerm_resource_group.lawsrg"
          ]
        }
      ]
    },
    {
      "module": "module.recovery_SA[0]",
      "mode": "managed",
      "type": "azurerm_storage_account",
      "name": "storage_account",
      "provider": "provider[\"registry.terraform.io/hashicorp/azurerm\"]",
      "instances": [
        {
          "schema_version": 4,
          "attributes": {
            "access_tier": "Hot",
            "account_kind": "StorageV2",
            "account_replication_type": "LRS",
            "account_tier": "Standard",
            "allow_nested_items_to_be_public": true,
            "allowed_copy_scope": "",
            "azure_files_authentication": [],
            "blob_properties": [
              {
                "change_feed_enabled": false,
                "change_feed_retention_in_days": 0,
                "container_delete_retention_policy": [],
                "cors_rule": [],
                "default_service_version": "",
                "delete_retention_policy": [],
                "last_access_time_enabled": false,
                "restore_policy": [],
                "versioning_enabled": false
              }
            ],
            "cross_tenant_replication_enabled": true,
            "custom_domain": [],
            "customer_managed_key": [],
            "default_to_oauth_authentication": false,
            "edge_zone": "",
            "enable_https_traffic_only": true,
            "id": "/subscriptions/90c683e6-c3fa-4edf-ac00-224e0cb7a33c/resourceGroups/recovery-wu3-rg/providers/Microsoft.Storage/storageAccounts/recoverywu3sta",
            "identity": [],
            "immutability_policy": [],
            "infrastructure_encryption_enabled": false,
            "is_hns_enabled": false,
            "large_file_share_enabled": null,
            "location": "westus3",
            "min_tls_version": "TLS1_2",
            "name": "recoverywu3sta",
            "network_rules": [
              {
                "bypass": [
                  "AzureServices"
                ],
                "default_action": "Allow",
                "ip_rules": [],
                "private_link_access": [],
                "virtual_network_subnet_ids": []
              }
            ],
            "nfsv3_enabled": false,
            "primary_access_key": "B1OU6i1B91ubm+jZhBwjC3mdaWEXyLnaidnWBqSpwo/818wKQBsIp1YYO0uyTD4sf25tZ6jvm6u6+AStqNET8Q==",
            "primary_blob_connection_string": "DefaultEndpointsProtocol=https;BlobEndpoint=https://recoverywu3sta.blob.core.windows.net/;AccountName=recoverywu3sta;AccountKey=B1OU6i1B91ubm+jZhBwjC3mdaWEXyLnaidnWBqSpwo/818wKQBsIp1YYO0uyTD4sf25tZ6jvm6u6+AStqNET8Q==",
            "primary_blob_endpoint": "https://recoverywu3sta.blob.core.windows.net/",
            "primary_blob_host": "recoverywu3sta.blob.core.windows.net",
            "primary_connection_string": "DefaultEndpointsProtocol=https;AccountName=recoverywu3sta;AccountKey=B1OU6i1B91ubm+jZhBwjC3mdaWEXyLnaidnWBqSpwo/818wKQBsIp1YYO0uyTD4sf25tZ6jvm6u6+AStqNET8Q==;EndpointSuffix=core.windows.net",
            "primary_dfs_endpoint": "https://recoverywu3sta.dfs.core.windows.net/",
            "primary_dfs_host": "recoverywu3sta.dfs.core.windows.net",
            "primary_file_endpoint": "https://recoverywu3sta.file.core.windows.net/",
            "primary_file_host": "recoverywu3sta.file.core.windows.net",
            "primary_location": "westus3",
            "primary_queue_endpoint": "https://recoverywu3sta.queue.core.windows.net/",
            "primary_queue_host": "recoverywu3sta.queue.core.windows.net",
            "primary_table_endpoint": "https://recoverywu3sta.table.core.windows.net/",
            "primary_table_host": "recoverywu3sta.table.core.windows.net",
            "primary_web_endpoint": "https://recoverywu3sta.z1.web.core.windows.net/",
            "primary_web_host": "recoverywu3sta.z1.web.core.windows.net",
            "public_network_access_enabled": true,
            "queue_encryption_key_type": "Service",
            "queue_properties": [
              {
                "cors_rule": [],
                "hour_metrics": [
                  {
                    "enabled": true,
                    "include_apis": true,
                    "retention_policy_days": 7,
                    "version": "1.0"
                  }
                ],
                "logging": [
                  {
                    "delete": false,
                    "read": false,
                    "retention_policy_days": 0,
                    "version": "1.0",
                    "write": false
                  }
                ],
                "minute_metrics": [
                  {
                    "enabled": false,
                    "include_apis": false,
                    "retention_policy_days": 0,
                    "version": "1.0"
                  }
                ]
              }
            ],
            "resource_group_name": "recovery-wu3-rg",
            "routing": [],
            "sas_policy": [],
            "secondary_access_key": "G07IEKIv44mYASLAvmM0/6LkXMpSUlQYNOwt8gLDMrMaTlOXksKmZxj1bTi11plOqYQY8banljC5+ASt8Nl10w==",
            "secondary_blob_connection_string": "",
            "secondary_blob_endpoint": null,
            "secondary_blob_host": null,
            "secondary_connection_string": "DefaultEndpointsProtocol=https;AccountName=recoverywu3sta;AccountKey=G07IEKIv44mYASLAvmM0/6LkXMpSUlQYNOwt8gLDMrMaTlOXksKmZxj1bTi11plOqYQY8banljC5+ASt8Nl10w==;EndpointSuffix=core.windows.net",
            "secondary_dfs_endpoint": null,
            "secondary_dfs_host": null,
            "secondary_file_endpoint": null,
            "secondary_file_host": null,
            "secondary_location": "",
            "secondary_queue_endpoint": null,
            "secondary_queue_host": null,
            "secondary_table_endpoint": null,
            "secondary_table_host": null,
            "secondary_web_endpoint": null,
            "secondary_web_host": null,
            "sftp_enabled": false,
            "share_properties": [
              {
                "cors_rule": [],
                "retention_policy": [
                  {
                    "days": 7
                  }
                ],
                "smb": []
              }
            ],
            "shared_access_key_enabled": true,
            "static_website": [],
            "table_encryption_key_type": "Service",
            "tags": {},
            "timeouts": null
          },
          "sensitive_attributes": [],
          "private": "eyJlMmJmYjczMC1lY2FhLTExZTYtOGY4OC0zNDM2M2JjN2M0YzAiOnsiY3JlYXRlIjozNjAwMDAwMDAwMDAwLCJkZWxldGUiOjM2MDAwMDAwMDAwMDAsInJlYWQiOjMwMDAwMDAwMDAwMCwidXBkYXRlIjozNjAwMDAwMDAwMDAwfSwic2NoZW1hX3ZlcnNpb24iOiI0In0=",
          "dependencies": [
            "module.recovery_rg.azurerm_resource_group.lawsrg"
          ]
        }
      ]
    },
    {
      "module": "module.recovery_rg",
      "mode": "managed",
      "type": "azurerm_resource_group",
      "name": "lawsrg",
      "provider": "provider[\"registry.terraform.io/hashicorp/azurerm\"]",
      "instances": [
        {
          "schema_version": 0,
          "attributes": {
            "id": "/subscriptions/90c683e6-c3fa-4edf-ac00-224e0cb7a33c/resourceGroups/recovery-wu3-rg",
            "location": "westus3",
            "managed_by": "",
            "name": "recovery-wu3-rg",
            "tags": {},
            "timeouts": null
          },
          "sensitive_attributes": [],
          "private": "eyJlMmJmYjczMC1lY2FhLTExZTYtOGY4OC0zNDM2M2JjN2M0YzAiOnsiY3JlYXRlIjo1NDAwMDAwMDAwMDAwLCJkZWxldGUiOjU0MDAwMDAwMDAwMDAsInJlYWQiOjMwMDAwMDAwMDAwMCwidXBkYXRlIjo1NDAwMDAwMDAwMDAwfX0="
        }
      ]
    },
    {
      "module": "module.secret_key",
      "mode": "managed",
      "type": "random_string",
      "name": "password",
      "provider": "provider[\"registry.terraform.io/hashicorp/random\"]",
      "instances": [
        {
          "schema_version": 1,
          "attributes": {
            "id": "i$QR\u003e$T3FT0HV2b\u003e",
            "keepers": null,
            "length": 16,
            "lower": true,
            "min_lower": 2,
            "min_numeric": 2,
            "min_special": 2,
            "min_upper": 2,
            "number": true,
            "override_special": null,
            "result": "i$QR\u003e$T3FT0HV2b\u003e",
            "special": true,
            "upper": true
          },
          "sensitive_attributes": [],
          "private": "eyJzY2hlbWFfdmVyc2lvbiI6IjEifQ==",
          "dependencies": [
            "data.azurerm_client_config.current",
            "module.keyvault.azurerm_key_vault.keyvault",
            "module.keyvault.azurerm_key_vault_access_policy.accesspolicy_sp",
            "module.keyvault.azurerm_key_vault_access_policy.accesspolicy_user",
            "module.keyvault_RG.azurerm_resource_group.lawsrg"
          ]
        }
      ]
    },
    {
      "module": "module.shared_vnet",
      "mode": "managed",
      "type": "azurerm_network_security_group",
      "name": "vnet-nsg",
      "provider": "provider[\"registry.terraform.io/hashicorp/azurerm\"]",
      "instances": [
        {
          "index_key": "IdentitySubnet-nsg",
          "schema_version": 0,
          "attributes": {
            "id": "/subscriptions/90c683e6-c3fa-4edf-ac00-224e0cb7a33c/resourceGroups/shared-network-wu-rg/providers/Microsoft.Network/networkSecurityGroups/IdentitySubnet-nsg",
            "location": "westus",
            "name": "IdentitySubnet-nsg",
            "resource_group_name": "shared-network-wu-rg",
            "security_rule": [],
            "tags": {},
            "timeouts": null
          },
          "sensitive_attributes": [],
          "private": "eyJlMmJmYjczMC1lY2FhLTExZTYtOGY4OC0zNDM2M2JjN2M0YzAiOnsiY3JlYXRlIjoxODAwMDAwMDAwMDAwLCJkZWxldGUiOjE4MDAwMDAwMDAwMDAsInJlYWQiOjMwMDAwMDAwMDAwMCwidXBkYXRlIjoxODAwMDAwMDAwMDAwfX0=",
          "dependencies": [
            "module.sharednetwork_RG.azurerm_resource_group.lawsrg"
          ]
        }
      ]
    },
    {
      "module": "module.shared_vnet",
      "mode": "managed",
      "type": "azurerm_virtual_network",
      "name": "az_vnet",
      "provider": "provider[\"registry.terraform.io/hashicorp/azurerm\"]",
      "instances": [
        {
          "schema_version": 0,
          "attributes": {
            "address_space": [
              "10.32.96.0/22"
            ],
            "bgp_community": "",
            "ddos_protection_plan": [],
            "dns_servers": [],
            "edge_zone": "",
            "encryption": [],
            "flow_timeout_in_minutes": 0,
            "guid": "d8696735-2b48-4f3e-adbe-46ba2c9033ec",
            "id": "/subscriptions/90c683e6-c3fa-4edf-ac00-224e0cb7a33c/resourceGroups/shared-network-wu-rg/providers/Microsoft.Network/virtualNetworks/shared-wu-vnet",
            "location": "westus",
            "name": "shared-wu-vnet",
            "resource_group_name": "shared-network-wu-rg",
            "subnet": [
              {
                "address_prefix": "10.32.96.0/22",
                "id": "/subscriptions/90c683e6-c3fa-4edf-ac00-224e0cb7a33c/resourceGroups/shared-network-wu-rg/providers/Microsoft.Network/virtualNetworks/shared-wu-vnet/subnets/IdentitySubnet",
                "name": "IdentitySubnet",
                "security_group": "/subscriptions/90c683e6-c3fa-4edf-ac00-224e0cb7a33c/resourceGroups/shared-network-wu-rg/providers/Microsoft.Network/networkSecurityGroups/IdentitySubnet-nsg"
              }
            ],
            "tags": {},
            "timeouts": null
          },
          "sensitive_attributes": [],
          "private": "eyJlMmJmYjczMC1lY2FhLTExZTYtOGY4OC0zNDM2M2JjN2M0YzAiOnsiY3JlYXRlIjoxODAwMDAwMDAwMDAwLCJkZWxldGUiOjE4MDAwMDAwMDAwMDAsInJlYWQiOjMwMDAwMDAwMDAwMCwidXBkYXRlIjoxODAwMDAwMDAwMDAwfX0=",
          "dependencies": [
            "module.shared_vnet.azurerm_network_security_group.vnet-nsg",
            "module.sharednetwork_RG.azurerm_resource_group.lawsrg"
          ]
        }
      ]
    },
    {
      "module": "module.shared_vnet_rt",
      "mode": "managed",
      "type": "azurerm_route_table",
      "name": "subnet-rt",
      "provider": "provider[\"registry.terraform.io/hashicorp/azurerm\"]",
      "instances": [
        {
          "index_key": "IdentitySubnet",
          "schema_version": 0,
          "attributes": {
            "disable_bgp_route_propagation": false,
            "id": "/subscriptions/90c683e6-c3fa-4edf-ac00-224e0cb7a33c/resourceGroups/shared-network-wu-rg/providers/Microsoft.Network/routeTables/IdentitySubnet-rt",
            "location": "westus",
            "name": "IdentitySubnet-rt",
            "resource_group_name": "shared-network-wu-rg",
            "route": [
              {
                "address_prefix": "10.32.96.0/22",
                "name": "IdentitySubnet-rt",
                "next_hop_in_ip_address": "",
                "next_hop_type": "VnetLocal"
              }
            ],
            "subnets": [],
            "tags": {},
            "timeouts": null
          },
          "sensitive_attributes": [],
          "private": "eyJlMmJmYjczMC1lY2FhLTExZTYtOGY4OC0zNDM2M2JjN2M0YzAiOnsiY3JlYXRlIjoxODAwMDAwMDAwMDAwLCJkZWxldGUiOjE4MDAwMDAwMDAwMDAsInJlYWQiOjMwMDAwMDAwMDAwMCwidXBkYXRlIjoxODAwMDAwMDAwMDAwfX0=",
          "dependencies": [
            "module.shared_vnet.azurerm_network_security_group.vnet-nsg",
            "module.shared_vnet.azurerm_virtual_network.az_vnet",
            "module.sharednetwork_RG.azurerm_resource_group.lawsrg"
          ]
        }
      ]
    },
    {
      "module": "module.sharednetwork_RG",
      "mode": "managed",
      "type": "azurerm_resource_group",
      "name": "lawsrg",
      "provider": "provider[\"registry.terraform.io/hashicorp/azurerm\"]",
      "instances": [
        {
          "schema_version": 0,
          "attributes": {
            "id": "/subscriptions/90c683e6-c3fa-4edf-ac00-224e0cb7a33c/resourceGroups/shared-network-wu-rg",
            "location": "westus",
            "managed_by": "",
            "name": "shared-network-wu-rg",
            "tags": {},
            "timeouts": null
          },
          "sensitive_attributes": [],
          "private": "eyJlMmJmYjczMC1lY2FhLTExZTYtOGY4OC0zNDM2M2JjN2M0YzAiOnsiY3JlYXRlIjo1NDAwMDAwMDAwMDAwLCJkZWxldGUiOjU0MDAwMDAwMDAwMDAsInJlYWQiOjMwMDAwMDAwMDAwMCwidXBkYXRlIjo1NDAwMDAwMDAwMDAwfX0="
        }
      ]
    },
    {
      "module": "module.vpn_pip",
      "mode": "managed",
      "type": "azurerm_public_ip",
      "name": "pip",
      "provider": "provider[\"registry.terraform.io/hashicorp/azurerm\"]",
      "instances": [
        {
          "schema_version": 0,
          "attributes": {
            "allocation_method": "Static",
            "ddos_protection_mode": "VirtualNetworkInherited",
            "ddos_protection_plan_id": null,
            "domain_name_label": null,
            "edge_zone": "",
            "fqdn": null,
            "id": "/subscriptions/90c683e6-c3fa-4edf-ac00-224e0cb7a33c/resourceGroups/network-wu-rg/providers/Microsoft.Network/publicIPAddresses/vpn_vngwu-vpn-pip",
            "idle_timeout_in_minutes": 4,
            "ip_address": "52.160.126.151",
            "ip_tags": {},
            "ip_version": "IPv4",
            "location": "westus",
            "name": "vpn_vngwu-vpn-pip",
            "public_ip_prefix_id": null,
            "resource_group_name": "network-wu-rg",
            "reverse_fqdn": null,
            "sku": "Standard",
            "sku_tier": "Regional",
            "tags": {},
            "timeouts": null,
            "zones": []
          },
          "sensitive_attributes": [],
          "private": "eyJlMmJmYjczMC1lY2FhLTExZTYtOGY4OC0zNDM2M2JjN2M0YzAiOnsiY3JlYXRlIjoxODAwMDAwMDAwMDAwLCJkZWxldGUiOjE4MDAwMDAwMDAwMDAsInJlYWQiOjMwMDAwMDAwMDAwMCwidXBkYXRlIjoxODAwMDAwMDAwMDAwfX0=",
          "dependencies": [
            "module.hub_network_rg.azurerm_resource_group.lawsrg"
          ]
        }
      ]
    },
    {
      "module": "module.workload_vnet",
      "mode": "managed",
      "type": "azurerm_network_security_group",
      "name": "vnet-nsg",
      "provider": "provider[\"registry.terraform.io/hashicorp/azurerm\"]",
      "instances": [
        {
          "index_key": "MgmtSubnet-nsg",
          "schema_version": 0,
          "attributes": {
            "id": "/subscriptions/90c683e6-c3fa-4edf-ac00-224e0cb7a33c/resourceGroups/app-network-wu-rg/providers/Microsoft.Network/networkSecurityGroups/MgmtSubnet-nsg",
            "location": "westus",
            "name": "MgmtSubnet-nsg",
            "resource_group_name": "app-network-wu-rg",
            "security_rule": [],
            "tags": {},
            "timeouts": null
          },
          "sensitive_attributes": [],
          "private": "eyJlMmJmYjczMC1lY2FhLTExZTYtOGY4OC0zNDM2M2JjN2M0YzAiOnsiY3JlYXRlIjoxODAwMDAwMDAwMDAwLCJkZWxldGUiOjE4MDAwMDAwMDAwMDAsInJlYWQiOjMwMDAwMDAwMDAwMCwidXBkYXRlIjoxODAwMDAwMDAwMDAwfX0=",
          "dependencies": [
            "module.app_network_rg.azurerm_resource_group.lawsrg"
          ]
        },
        {
          "index_key": "VM-Data-Subnet-nsg",
          "schema_version": 0,
          "attributes": {
            "id": "/subscriptions/90c683e6-c3fa-4edf-ac00-224e0cb7a33c/resourceGroups/app-network-wu-rg/providers/Microsoft.Network/networkSecurityGroups/VM-Data-Subnet-nsg",
            "location": "westus",
            "name": "VM-Data-Subnet-nsg",
            "resource_group_name": "app-network-wu-rg",
            "security_rule": [],
            "tags": {},
            "timeouts": null
          },
          "sensitive_attributes": [],
          "private": "eyJlMmJmYjczMC1lY2FhLTExZTYtOGY4OC0zNDM2M2JjN2M0YzAiOnsiY3JlYXRlIjoxODAwMDAwMDAwMDAwLCJkZWxldGUiOjE4MDAwMDAwMDAwMDAsInJlYWQiOjMwMDAwMDAwMDAwMCwidXBkYXRlIjoxODAwMDAwMDAwMDAwfX0=",
          "dependencies": [
            "module.app_network_rg.azurerm_resource_group.lawsrg"
          ]
        }
      ]
    },
    {
      "module": "module.workload_vnet",
      "mode": "managed",
      "type": "azurerm_virtual_network",
      "name": "az_vnet",
      "provider": "provider[\"registry.terraform.io/hashicorp/azurerm\"]",
      "instances": [
        {
          "schema_version": 0,
          "attributes": {
            "address_space": [
              "10.32.100.0/22"
            ],
            "bgp_community": "",
            "ddos_protection_plan": [],
            "dns_servers": [],
            "edge_zone": "",
            "encryption": [],
            "flow_timeout_in_minutes": 0,
            "guid": "7325a03e-3342-4611-84f6-ac1e3097e087",
            "id": "/subscriptions/90c683e6-c3fa-4edf-ac00-224e0cb7a33c/resourceGroups/app-network-wu-rg/providers/Microsoft.Network/virtualNetworks/workload-wu-vnet",
            "location": "westus",
            "name": "workload-wu-vnet",
            "resource_group_name": "app-network-wu-rg",
            "subnet": [
              {
                "address_prefix": "10.32.100.0/24",
                "id": "/subscriptions/90c683e6-c3fa-4edf-ac00-224e0cb7a33c/resourceGroups/app-network-wu-rg/providers/Microsoft.Network/virtualNetworks/workload-wu-vnet/subnets/MgmtSubnet",
                "name": "MgmtSubnet",
                "security_group": "/subscriptions/90c683e6-c3fa-4edf-ac00-224e0cb7a33c/resourceGroups/app-network-wu-rg/providers/Microsoft.Network/networkSecurityGroups/MgmtSubnet-nsg"
              },
              {
                "address_prefix": "10.32.103.0/24",
                "id": "/subscriptions/90c683e6-c3fa-4edf-ac00-224e0cb7a33c/resourceGroups/app-network-wu-rg/providers/Microsoft.Network/virtualNetworks/workload-wu-vnet/subnets/VM-Data-Subnet",
                "name": "VM-Data-Subnet",
                "security_group": "/subscriptions/90c683e6-c3fa-4edf-ac00-224e0cb7a33c/resourceGroups/app-network-wu-rg/providers/Microsoft.Network/networkSecurityGroups/VM-Data-Subnet-nsg"
              }
            ],
            "tags": {},
            "timeouts": null
          },
          "sensitive_attributes": [],
          "private": "eyJlMmJmYjczMC1lY2FhLTExZTYtOGY4OC0zNDM2M2JjN2M0YzAiOnsiY3JlYXRlIjoxODAwMDAwMDAwMDAwLCJkZWxldGUiOjE4MDAwMDAwMDAwMDAsInJlYWQiOjMwMDAwMDAwMDAwMCwidXBkYXRlIjoxODAwMDAwMDAwMDAwfX0=",
          "dependencies": [
            "module.app_network_rg.azurerm_resource_group.lawsrg",
            "module.workload_vnet.azurerm_network_security_group.vnet-nsg"
          ]
        }
      ]
    },
    {
      "module": "module.workload_vnet_rt",
      "mode": "managed",
      "type": "azurerm_route_table",
      "name": "subnet-rt",
      "provider": "provider[\"registry.terraform.io/hashicorp/azurerm\"]",
      "instances": [
        {
          "index_key": "MgmtSubnet",
          "schema_version": 0,
          "attributes": {
            "disable_bgp_route_propagation": false,
            "id": "/subscriptions/90c683e6-c3fa-4edf-ac00-224e0cb7a33c/resourceGroups/app-network-wu-rg/providers/Microsoft.Network/routeTables/MgmtSubnet-rt",
            "location": "westus",
            "name": "MgmtSubnet-rt",
            "resource_group_name": "app-network-wu-rg",
            "route": [
              {
                "address_prefix": "10.32.100.0/22",
                "name": "MgmtSubnet-rt",
                "next_hop_in_ip_address": "",
                "next_hop_type": "VnetLocal"
              }
            ],
            "subnets": [],
            "tags": {},
            "timeouts": null
          },
          "sensitive_attributes": [],
          "private": "eyJlMmJmYjczMC1lY2FhLTExZTYtOGY4OC0zNDM2M2JjN2M0YzAiOnsiY3JlYXRlIjoxODAwMDAwMDAwMDAwLCJkZWxldGUiOjE4MDAwMDAwMDAwMDAsInJlYWQiOjMwMDAwMDAwMDAwMCwidXBkYXRlIjoxODAwMDAwMDAwMDAwfX0=",
          "dependencies": [
            "module.app_network_rg.azurerm_resource_group.lawsrg",
            "module.workload_vnet.azurerm_network_security_group.vnet-nsg",
            "module.workload_vnet.azurerm_virtual_network.az_vnet"
          ]
        },
        {
          "index_key": "VM-Data-Subnet",
          "schema_version": 0,
          "attributes": {
            "disable_bgp_route_propagation": false,
            "id": "/subscriptions/90c683e6-c3fa-4edf-ac00-224e0cb7a33c/resourceGroups/app-network-wu-rg/providers/Microsoft.Network/routeTables/VM-Data-Subnet-rt",
            "location": "westus",
            "name": "VM-Data-Subnet-rt",
            "resource_group_name": "app-network-wu-rg",
            "route": [
              {
                "address_prefix": "10.32.100.0/22",
                "name": "VM-Data-Subnet-rt",
                "next_hop_in_ip_address": "",
                "next_hop_type": "VnetLocal"
              }
            ],
            "subnets": [],
            "tags": {},
            "timeouts": null
          },
          "sensitive_attributes": [],
          "private": "eyJlMmJmYjczMC1lY2FhLTExZTYtOGY4OC0zNDM2M2JjN2M0YzAiOnsiY3JlYXRlIjoxODAwMDAwMDAwMDAwLCJkZWxldGUiOjE4MDAwMDAwMDAwMDAsInJlYWQiOjMwMDAwMDAwMDAwMCwidXBkYXRlIjoxODAwMDAwMDAwMDAwfX0=",
          "dependencies": [
            "module.app_network_rg.azurerm_resource_group.lawsrg",
            "module.workload_vnet.azurerm_network_security_group.vnet-nsg",
            "module.workload_vnet.azurerm_virtual_network.az_vnet"
          ]
        }
      ]
    }
  ],
  "check_results": null
}
