{
  "version": 4,
  "terraform_version": "1.3.0",
  "serial": 134,
  "lineage": "67a989b9-2cfa-6cbe-52c0-a033c6127d56",
  "outputs": {},
  "resources": [
    {
      "mode": "data",
      "type": "azurerm_client_config",
      "name": "current",
      "provider": "provider[\"registry.terraform.io/hashicorp/azurerm\"]",
      "instances": [
        {
          "schema_version": 0,
          "attributes": {
            "client_id": "03ac8667-9625-46c6-becf-bf206d0cd680",
            "id": "Y2xpZW50Q29uZmlncy9jbGllbnRJZD0wM2FjODY2Ny05NjI1LTQ2YzYtYmVjZi1iZjIwNmQwY2Q2ODA7b2JqZWN0SWQ9ODJmMzA2ODYtZjJjMS00MzI3LWI0OTctMTE4YzM1NTlhMDA5O3N1YnNjcmlwdGlvbklkPTc5OGE2MmQ3LTA2YWYtNGRmZS1iNmYyLWRlOTA2ZTA0NmJlZDt0ZW5hbnRJZD00YWU1NGIwNS1iNzdlLTQyMjQtYWVmMS04NjYxNDIyZTA4MTY=",
            "object_id": "82f30686-f2c1-4327-b497-118c3559a009",
            "subscription_id": "798a62d7-06af-4dfe-b6f2-de906e046bed",
            "tenant_id": "4ae54b05-b77e-4224-aef1-8661422e0816",
            "timeouts": null
          },
          "sensitive_attributes": []
        }
      ]
    },
    {
      "module": "module.audit_sa[0]",
      "mode": "managed",
      "type": "azurerm_storage_account",
      "name": "storage_account",
      "provider": "provider[\"registry.terraform.io/hashicorp/azurerm\"]",
      "instances": [
        {
          "schema_version": 3,
          "attributes": {
            "access_tier": "Hot",
            "account_kind": "StorageV2",
            "account_replication_type": "LRS",
            "account_tier": "Standard",
            "allow_nested_items_to_be_public": true,
            "allowed_copy_scope": "",
            "azure_files_authentication": [],
            "blob_properties": [
              {
                "change_feed_enabled": false,
                "change_feed_retention_in_days": 0,
                "container_delete_retention_policy": [],
                "cors_rule": [],
                "default_service_version": "",
                "delete_retention_policy": [],
                "last_access_time_enabled": false,
                "restore_policy": [],
                "versioning_enabled": false
              }
            ],
            "cross_tenant_replication_enabled": true,
            "custom_domain": [],
            "customer_managed_key": [],
            "default_to_oauth_authentication": false,
            "edge_zone": "",
            "enable_https_traffic_only": true,
            "id": "/subscriptions/798a62d7-06af-4dfe-b6f2-de906e046bed/resourceGroups/att-auditlogs-alz-es1-rg/providers/Microsoft.Storage/storageAccounts/attauditsaalzes1sta",
            "identity": [],
            "immutability_policy": [],
            "infrastructure_encryption_enabled": false,
            "is_hns_enabled": false,
            "large_file_share_enabled": null,
            "location": "eastus",
            "min_tls_version": "TLS1_2",
            "name": "attauditsaalzes1sta",
            "network_rules": [
              {
                "bypass": [
                  "AzureServices"
                ],
                "default_action": "Allow",
                "ip_rules": [],
                "private_link_access": [],
                "virtual_network_subnet_ids": []
              }
            ],
            "nfsv3_enabled": false,
            "primary_access_key": "EzOU14Gh0ci+1nf18xp+19dwFAbARFl5USnBfFu+n+0J7zxU6eb+JBnbFKQuDBPHMdgOBsWClMyr+AStEF5QCw==",
            "primary_blob_connection_string": "DefaultEndpointsProtocol=https;BlobEndpoint=https://attauditsaalzes1sta.blob.core.windows.net/;AccountName=attauditsaalzes1sta;AccountKey=EzOU14Gh0ci+1nf18xp+19dwFAbARFl5USnBfFu+n+0J7zxU6eb+JBnbFKQuDBPHMdgOBsWClMyr+AStEF5QCw==",
            "primary_blob_endpoint": "https://attauditsaalzes1sta.blob.core.windows.net/",
            "primary_blob_host": "attauditsaalzes1sta.blob.core.windows.net",
            "primary_connection_string": "DefaultEndpointsProtocol=https;AccountName=attauditsaalzes1sta;AccountKey=EzOU14Gh0ci+1nf18xp+19dwFAbARFl5USnBfFu+n+0J7zxU6eb+JBnbFKQuDBPHMdgOBsWClMyr+AStEF5QCw==;EndpointSuffix=core.windows.net",
            "primary_dfs_endpoint": "https://attauditsaalzes1sta.dfs.core.windows.net/",
            "primary_dfs_host": "attauditsaalzes1sta.dfs.core.windows.net",
            "primary_file_endpoint": "https://attauditsaalzes1sta.file.core.windows.net/",
            "primary_file_host": "attauditsaalzes1sta.file.core.windows.net",
            "primary_location": "eastus",
            "primary_queue_endpoint": "https://attauditsaalzes1sta.queue.core.windows.net/",
            "primary_queue_host": "attauditsaalzes1sta.queue.core.windows.net",
            "primary_table_endpoint": "https://attauditsaalzes1sta.table.core.windows.net/",
            "primary_table_host": "attauditsaalzes1sta.table.core.windows.net",
            "primary_web_endpoint": "https://attauditsaalzes1sta.z13.web.core.windows.net/",
            "primary_web_host": "attauditsaalzes1sta.z13.web.core.windows.net",
            "public_network_access_enabled": true,
            "queue_encryption_key_type": "Service",
            "queue_properties": [
              {
                "cors_rule": [],
                "hour_metrics": [
                  {
                    "enabled": true,
                    "include_apis": true,
                    "retention_policy_days": 7,
                    "version": "1.0"
                  }
                ],
                "logging": [
                  {
                    "delete": false,
                    "read": false,
                    "retention_policy_days": 0,
                    "version": "1.0",
                    "write": false
                  }
                ],
                "minute_metrics": [
                  {
                    "enabled": false,
                    "include_apis": false,
                    "retention_policy_days": 0,
                    "version": "1.0"
                  }
                ]
              }
            ],
            "resource_group_name": "att-auditlogs-alz-es1-rg",
            "routing": [],
            "sas_policy": [],
            "secondary_access_key": "KGmi62mXgQdf+4hId9hF9shdJibDXYyJQ7LOsUWSKDMSFnRzNujZ9cL0woUmw1iFbOvAda8ZbqeL+AStpPH0rA==",
            "secondary_blob_connection_string": "",
            "secondary_blob_endpoint": null,
            "secondary_blob_host": null,
            "secondary_connection_string": "DefaultEndpointsProtocol=https;AccountName=attauditsaalzes1sta;AccountKey=KGmi62mXgQdf+4hId9hF9shdJibDXYyJQ7LOsUWSKDMSFnRzNujZ9cL0woUmw1iFbOvAda8ZbqeL+AStpPH0rA==;EndpointSuffix=core.windows.net",
            "secondary_dfs_endpoint": null,
            "secondary_dfs_host": null,
            "secondary_file_endpoint": null,
            "secondary_file_host": null,
            "secondary_location": "",
            "secondary_queue_endpoint": null,
            "secondary_queue_host": null,
            "secondary_table_endpoint": null,
            "secondary_table_host": null,
            "secondary_web_endpoint": null,
            "secondary_web_host": null,
            "sftp_enabled": false,
            "share_properties": [
              {
                "cors_rule": [],
                "retention_policy": [
                  {
                    "days": 7
                  }
                ],
                "smb": []
              }
            ],
            "shared_access_key_enabled": true,
            "static_website": [],
            "table_encryption_key_type": "Service",
            "tags": {
              "environment": "Testing"
            },
            "timeouts": null
          },
          "sensitive_attributes": [],
          "private": "eyJlMmJmYjczMC1lY2FhLTExZTYtOGY4OC0zNDM2M2JjN2M0YzAiOnsiY3JlYXRlIjozNjAwMDAwMDAwMDAwLCJkZWxldGUiOjM2MDAwMDAwMDAwMDAsInJlYWQiOjMwMDAwMDAwMDAwMCwidXBkYXRlIjozNjAwMDAwMDAwMDAwfSwic2NoZW1hX3ZlcnNpb24iOiIzIn0=",
          "dependencies": [
            "module.auditlogsrg.azurerm_resource_group.lawsrg"
          ]
        }
      ]
    },
    {
      "module": "module.auditlogsWS",
      "mode": "managed",
      "type": "azurerm_log_analytics_workspace",
      "name": "laws",
      "provider": "provider[\"registry.terraform.io/hashicorp/azurerm\"]",
      "instances": [
        {
          "schema_version": 3,
          "attributes": {
            "allow_resource_only_permissions": true,
            "cmk_for_query_forced": false,
            "daily_quota_gb": -1,
            "id": "/subscriptions/798a62d7-06af-4dfe-b6f2-de906e046bed/resourceGroups/att-auditlogs-alz-es1-rg/providers/Microsoft.OperationalInsights/workspaces/att-auditlogs-alz-es1-workspace",
            "internet_ingestion_enabled": true,
            "internet_query_enabled": true,
            "local_authentication_disabled": false,
            "location": "eastus",
            "name": "att-auditlogs-alz-es1-workspace",
            "primary_shared_key": "vBJslTbpfqP9yvYFN35KY2y0BxeWPdMKcVIUq+XxAX1ePZNjko/hUd0lZS9+ZQLDWRlJkJjsOx6ppRZ1+eKvkA==",
            "reservation_capacity_in_gb_per_day": null,
            "resource_group_name": "att-auditlogs-alz-es1-rg",
            "retention_in_days": 90,
            "secondary_shared_key": "3YgUxizKLy0P23Ryfkk1T9RdmunJgL92kg2bi3mDIP0DfscN/OLRgPVz2Y2a8RkbBLRFUasrF3K4Sbbapt8uCg==",
            "sku": "PerGB2018",
            "tags": {},
            "timeouts": null,
            "workspace_id": "9b188616-7966-4743-bb24-dfd0fdf0a540"
          },
          "sensitive_attributes": [],
          "private": "eyJlMmJmYjczMC1lY2FhLTExZTYtOGY4OC0zNDM2M2JjN2M0YzAiOnsiY3JlYXRlIjoxODAwMDAwMDAwMDAwLCJkZWxldGUiOjE4MDAwMDAwMDAwMDAsInJlYWQiOjMwMDAwMDAwMDAwMCwidXBkYXRlIjoxODAwMDAwMDAwMDAwfSwic2NoZW1hX3ZlcnNpb24iOiIzIn0=",
          "dependencies": [
            "module.auditlogsrg.azurerm_resource_group.lawsrg"
          ]
        }
      ]
    },
    {
      "module": "module.auditlogsrg",
      "mode": "managed",
      "type": "azurerm_resource_group",
      "name": "lawsrg",
      "provider": "provider[\"registry.terraform.io/hashicorp/azurerm\"]",
      "instances": [
        {
          "schema_version": 0,
          "attributes": {
            "id": "/subscriptions/798a62d7-06af-4dfe-b6f2-de906e046bed/resourceGroups/att-auditlogs-alz-es1-rg",
            "location": "eastus",
            "name": "att-auditlogs-alz-es1-rg",
            "tags": {},
            "timeouts": null
          },
          "sensitive_attributes": [],
          "private": "eyJlMmJmYjczMC1lY2FhLTExZTYtOGY4OC0zNDM2M2JjN2M0YzAiOnsiY3JlYXRlIjo1NDAwMDAwMDAwMDAwLCJkZWxldGUiOjU0MDAwMDAwMDAwMDAsInJlYWQiOjMwMDAwMDAwMDAwMCwidXBkYXRlIjo1NDAwMDAwMDAwMDAwfX0="
        }
      ]
    },
    {
      "module": "module.keyvault[0]",
      "mode": "managed",
      "type": "azurerm_key_vault",
      "name": "keyvault",
      "provider": "provider[\"registry.terraform.io/hashicorp/azurerm\"]",
      "instances": [
        {
          "schema_version": 2,
          "attributes": {
            "access_policy": [
              {
                "application_id": "",
                "certificate_permissions": [],
                "key_permissions": [
                  "List",
                  "Create",
                  "Delete",
                  "Get",
                  "Purge",
                  "Recover",
                  "Update",
                  "GetRotationPolicy",
                  "SetRotationPolicy"
                ],
                "object_id": "82f30686-f2c1-4327-b497-118c3559a009",
                "secret_permissions": [
                  "Set"
                ],
                "storage_permissions": [],
                "tenant_id": "4ae54b05-b77e-4224-aef1-8661422e0816"
              }
            ],
            "contact": [],
            "enable_rbac_authorization": false,
            "enabled_for_deployment": false,
            "enabled_for_disk_encryption": false,
            "enabled_for_template_deployment": false,
            "id": "/subscriptions/798a62d7-06af-4dfe-b6f2-de906e046bed/resourceGroups/att-keyvault-alz-es1-rg/providers/Microsoft.KeyVault/vaults/att-alz-es1-kv",
            "location": "eastus",
            "name": "att-alz-es1-kv",
            "network_acls": [
              {
                "bypass": "AzureServices",
                "default_action": "Allow",
                "ip_rules": [],
                "virtual_network_subnet_ids": []
              }
            ],
            "public_network_access_enabled": true,
            "purge_protection_enabled": false,
            "resource_group_name": "att-keyvault-alz-es1-rg",
            "sku_name": "standard",
            "soft_delete_retention_days": 7,
            "tags": {},
            "tenant_id": "4ae54b05-b77e-4224-aef1-8661422e0816",
            "timeouts": null,
            "vault_uri": "https://att-alz-es1-kv.vault.azure.net/"
          },
          "sensitive_attributes": [],
          "private": "eyJlMmJmYjczMC1lY2FhLTExZTYtOGY4OC0zNDM2M2JjN2M0YzAiOnsiY3JlYXRlIjoxODAwMDAwMDAwMDAwLCJkZWxldGUiOjE4MDAwMDAwMDAwMDAsInJlYWQiOjMwMDAwMDAwMDAwMCwidXBkYXRlIjoxODAwMDAwMDAwMDAwfSwic2NoZW1hX3ZlcnNpb24iOiIyIn0=",
          "dependencies": [
            "data.azurerm_client_config.current",
            "module.keyvaultrg.azurerm_resource_group.lawsrg"
          ]
        }
      ]
    },
    {
      "module": "module.keyvaultrg",
      "mode": "managed",
      "type": "azurerm_resource_group",
      "name": "lawsrg",
      "provider": "provider[\"registry.terraform.io/hashicorp/azurerm\"]",
      "instances": [
        {
          "schema_version": 0,
          "attributes": {
            "id": "/subscriptions/798a62d7-06af-4dfe-b6f2-de906e046bed/resourceGroups/att-keyvault-alz-es1-rg",
            "location": "eastus",
            "name": "att-keyvault-alz-es1-rg",
            "tags": {},
            "timeouts": null
          },
          "sensitive_attributes": [],
          "private": "eyJlMmJmYjczMC1lY2FhLTExZTYtOGY4OC0zNDM2M2JjN2M0YzAiOnsiY3JlYXRlIjo1NDAwMDAwMDAwMDAwLCJkZWxldGUiOjU0MDAwMDAwMDAwMDAsInJlYWQiOjMwMDAwMDAwMDAwMCwidXBkYXRlIjo1NDAwMDAwMDAwMDAwfX0="
        }
      ]
    },
    {
      "module": "module.networkrg",
      "mode": "managed",
      "type": "azurerm_resource_group",
      "name": "lawsrg",
      "provider": "provider[\"registry.terraform.io/hashicorp/azurerm\"]",
      "instances": [
        {
          "schema_version": 0,
          "attributes": {
            "id": "/subscriptions/798a62d7-06af-4dfe-b6f2-de906e046bed/resourceGroups/att-network-alz-es1-rg",
            "location": "eastus",
            "name": "att-network-alz-es1-rg",
            "tags": {},
            "timeouts": null
          },
          "sensitive_attributes": [],
          "private": "eyJlMmJmYjczMC1lY2FhLTExZTYtOGY4OC0zNDM2M2JjN2M0YzAiOnsiY3JlYXRlIjo1NDAwMDAwMDAwMDAwLCJkZWxldGUiOjU0MDAwMDAwMDAwMDAsInJlYWQiOjMwMDAwMDAwMDAwMCwidXBkYXRlIjo1NDAwMDAwMDAwMDAwfX0="
        }
      ]
    },
    {
      "module": "module.operational_sa[0]",
      "mode": "managed",
      "type": "azurerm_storage_account",
      "name": "storage_account",
      "provider": "provider[\"registry.terraform.io/hashicorp/azurerm\"]",
      "instances": [
        {
          "schema_version": 3,
          "attributes": {
            "access_tier": "Hot",
            "account_kind": "StorageV2",
            "account_replication_type": "LRS",
            "account_tier": "Standard",
            "allow_nested_items_to_be_public": true,
            "allowed_copy_scope": "",
            "azure_files_authentication": [],
            "blob_properties": [
              {
                "change_feed_enabled": false,
                "change_feed_retention_in_days": 0,
                "container_delete_retention_policy": [],
                "cors_rule": [],
                "default_service_version": "",
                "delete_retention_policy": [],
                "last_access_time_enabled": false,
                "restore_policy": [],
                "versioning_enabled": false
              }
            ],
            "cross_tenant_replication_enabled": true,
            "custom_domain": [],
            "customer_managed_key": [],
            "default_to_oauth_authentication": false,
            "edge_zone": "",
            "enable_https_traffic_only": true,
            "id": "/subscriptions/798a62d7-06af-4dfe-b6f2-de906e046bed/resourceGroups/att-operationallogs-alz-es1-rg/providers/Microsoft.Storage/storageAccounts/attdiagalzes1sta",
            "identity": [],
            "immutability_policy": [],
            "infrastructure_encryption_enabled": false,
            "is_hns_enabled": false,
            "large_file_share_enabled": null,
            "location": "eastus",
            "min_tls_version": "TLS1_2",
            "name": "attdiagalzes1sta",
            "network_rules": [
              {
                "bypass": [
                  "AzureServices"
                ],
                "default_action": "Allow",
                "ip_rules": [],
                "private_link_access": [],
                "virtual_network_subnet_ids": []
              }
            ],
            "nfsv3_enabled": false,
            "primary_access_key": "4SL/yRmD/CkraZU4MvziyUbhJGnGSiGIpuB0GtFBF5pZFmrsQ8OGj1CKGHZrZmiZfAXIx6HogFTn+ASt2Xn1IA==",
            "primary_blob_connection_string": "DefaultEndpointsProtocol=https;BlobEndpoint=https://attdiagalzes1sta.blob.core.windows.net/;AccountName=attdiagalzes1sta;AccountKey=4SL/yRmD/CkraZU4MvziyUbhJGnGSiGIpuB0GtFBF5pZFmrsQ8OGj1CKGHZrZmiZfAXIx6HogFTn+ASt2Xn1IA==",
            "primary_blob_endpoint": "https://attdiagalzes1sta.blob.core.windows.net/",
            "primary_blob_host": "attdiagalzes1sta.blob.core.windows.net",
            "primary_connection_string": "DefaultEndpointsProtocol=https;AccountName=attdiagalzes1sta;AccountKey=4SL/yRmD/CkraZU4MvziyUbhJGnGSiGIpuB0GtFBF5pZFmrsQ8OGj1CKGHZrZmiZfAXIx6HogFTn+ASt2Xn1IA==;EndpointSuffix=core.windows.net",
            "primary_dfs_endpoint": "https://attdiagalzes1sta.dfs.core.windows.net/",
            "primary_dfs_host": "attdiagalzes1sta.dfs.core.windows.net",
            "primary_file_endpoint": "https://attdiagalzes1sta.file.core.windows.net/",
            "primary_file_host": "attdiagalzes1sta.file.core.windows.net",
            "primary_location": "eastus",
            "primary_queue_endpoint": "https://attdiagalzes1sta.queue.core.windows.net/",
            "primary_queue_host": "attdiagalzes1sta.queue.core.windows.net",
            "primary_table_endpoint": "https://attdiagalzes1sta.table.core.windows.net/",
            "primary_table_host": "attdiagalzes1sta.table.core.windows.net",
            "primary_web_endpoint": "https://attdiagalzes1sta.z13.web.core.windows.net/",
            "primary_web_host": "attdiagalzes1sta.z13.web.core.windows.net",
            "public_network_access_enabled": true,
            "queue_encryption_key_type": "Service",
            "queue_properties": [
              {
                "cors_rule": [],
                "hour_metrics": [
                  {
                    "enabled": true,
                    "include_apis": true,
                    "retention_policy_days": 7,
                    "version": "1.0"
                  }
                ],
                "logging": [
                  {
                    "delete": false,
                    "read": false,
                    "retention_policy_days": 0,
                    "version": "1.0",
                    "write": false
                  }
                ],
                "minute_metrics": [
                  {
                    "enabled": false,
                    "include_apis": false,
                    "retention_policy_days": 0,
                    "version": "1.0"
                  }
                ]
              }
            ],
            "resource_group_name": "att-operationallogs-alz-es1-rg",
            "routing": [],
            "sas_policy": [],
            "secondary_access_key": "JjzPLJyn34FPFVs6wkoohCRb0yvCGUlSPmnBuWtVx0q2R9JNoHDy/4gI5J5K7SREbIDXPTVzP6AU+AStLrQwRQ==",
            "secondary_blob_connection_string": "",
            "secondary_blob_endpoint": null,
            "secondary_blob_host": null,
            "secondary_connection_string": "DefaultEndpointsProtocol=https;AccountName=attdiagalzes1sta;AccountKey=JjzPLJyn34FPFVs6wkoohCRb0yvCGUlSPmnBuWtVx0q2R9JNoHDy/4gI5J5K7SREbIDXPTVzP6AU+AStLrQwRQ==;EndpointSuffix=core.windows.net",
            "secondary_dfs_endpoint": null,
            "secondary_dfs_host": null,
            "secondary_file_endpoint": null,
            "secondary_file_host": null,
            "secondary_location": "",
            "secondary_queue_endpoint": null,
            "secondary_queue_host": null,
            "secondary_table_endpoint": null,
            "secondary_table_host": null,
            "secondary_web_endpoint": null,
            "secondary_web_host": null,
            "sftp_enabled": false,
            "share_properties": [
              {
                "cors_rule": [],
                "retention_policy": [
                  {
                    "days": 7
                  }
                ],
                "smb": []
              }
            ],
            "shared_access_key_enabled": true,
            "static_website": [],
            "table_encryption_key_type": "Service",
            "tags": {
              "environment": "Testing"
            },
            "timeouts": null
          },
          "sensitive_attributes": [],
          "private": "eyJlMmJmYjczMC1lY2FhLTExZTYtOGY4OC0zNDM2M2JjN2M0YzAiOnsiY3JlYXRlIjozNjAwMDAwMDAwMDAwLCJkZWxldGUiOjM2MDAwMDAwMDAwMDAsInJlYWQiOjMwMDAwMDAwMDAwMCwidXBkYXRlIjozNjAwMDAwMDAwMDAwfSwic2NoZW1hX3ZlcnNpb24iOiIzIn0=",
          "dependencies": [
            "module.operationallogsrg.azurerm_resource_group.lawsrg"
          ]
        }
      ]
    },
    {
      "module": "module.operationallogsWS",
      "mode": "managed",
      "type": "azurerm_log_analytics_workspace",
      "name": "laws",
      "provider": "provider[\"registry.terraform.io/hashicorp/azurerm\"]",
      "instances": [
        {
          "schema_version": 3,
          "attributes": {
            "allow_resource_only_permissions": true,
            "cmk_for_query_forced": false,
            "daily_quota_gb": -1,
            "id": "/subscriptions/798a62d7-06af-4dfe-b6f2-de906e046bed/resourceGroups/att-operationallogs-alz-es1-rg/providers/Microsoft.OperationalInsights/workspaces/att-operationallogs-alz-es1-workspace",
            "internet_ingestion_enabled": true,
            "internet_query_enabled": true,
            "local_authentication_disabled": false,
            "location": "eastus",
            "name": "att-operationallogs-alz-es1-workspace",
            "primary_shared_key": "hGulr/zcj40GQJhT3jf31RYjmhvZfNvmrx/nuzsn0fWlEa4qmO5rbRHLPXm33DqcwGW7eBz2iTzIY2J+YELYuw==",
            "reservation_capacity_in_gb_per_day": null,
            "resource_group_name": "att-operationallogs-alz-es1-rg",
            "retention_in_days": 90,
            "secondary_shared_key": "Dr/9H1dF3S8RmswjiOKeDNbVdMBLZQz39mOy8L/34VZUTnWVC+ynFkEtSbzYi4rLMJ3YVROGUzqJlsSC7gZUiw==",
            "sku": "PerGB2018",
            "tags": {},
            "timeouts": null,
            "workspace_id": "6fc1a1dc-6373-4cd2-a654-f6ebe0a7f2b0"
          },
          "sensitive_attributes": [],
          "private": "eyJlMmJmYjczMC1lY2FhLTExZTYtOGY4OC0zNDM2M2JjN2M0YzAiOnsiY3JlYXRlIjoxODAwMDAwMDAwMDAwLCJkZWxldGUiOjE4MDAwMDAwMDAwMDAsInJlYWQiOjMwMDAwMDAwMDAwMCwidXBkYXRlIjoxODAwMDAwMDAwMDAwfSwic2NoZW1hX3ZlcnNpb24iOiIzIn0=",
          "dependencies": [
            "module.operationallogsrg.azurerm_resource_group.lawsrg"
          ]
        }
      ]
    },
    {
      "module": "module.operationallogsrg",
      "mode": "managed",
      "type": "azurerm_resource_group",
      "name": "lawsrg",
      "provider": "provider[\"registry.terraform.io/hashicorp/azurerm\"]",
      "instances": [
        {
          "schema_version": 0,
          "attributes": {
            "id": "/subscriptions/798a62d7-06af-4dfe-b6f2-de906e046bed/resourceGroups/att-operationallogs-alz-es1-rg",
            "location": "eastus",
            "name": "att-operationallogs-alz-es1-rg",
            "tags": {},
            "timeouts": null
          },
          "sensitive_attributes": [],
          "private": "eyJlMmJmYjczMC1lY2FhLTExZTYtOGY4OC0zNDM2M2JjN2M0YzAiOnsiY3JlYXRlIjo1NDAwMDAwMDAwMDAwLCJkZWxldGUiOjU0MDAwMDAwMDAwMDAsInJlYWQiOjMwMDAwMDAwMDAwMCwidXBkYXRlIjo1NDAwMDAwMDAwMDAwfX0="
        }
      ]
    }
  ],
  "check_results": []
}
